{
    "version": 3,
    "terraform_version": "0.11.2",
    "serial": 21,
    "lineage": "7bd7238d-2e3a-40c7-b553-c13eead94099",
    "modules": [
        {
            "path": [
                "root"
            ],
            "outputs": {},
            "resources": {
                "signalform_dashboard.auth_api": {
                    "type": "signalform_dashboard",
                    "depends_on": [
                        "signalform_dashboard_group.auth_metrics",
                        "signalform_time_chart.auth_authenticateHawk",
                        "signalform_time_chart.auth_awsS3Credentials",
                        "signalform_time_chart.auth_azureAccounts",
                        "signalform_time_chart.auth_azureBlobSAS",
                        "signalform_time_chart.auth_azureTableSAS",
                        "signalform_time_chart.auth_azureTables",
                        "signalform_time_chart.auth_client",
                        "signalform_time_chart.auth_createClient",
                        "signalform_time_chart.auth_createRole",
                        "signalform_time_chart.auth_currentScopes",
                        "signalform_time_chart.auth_deleteClient",
                        "signalform_time_chart.auth_deleteRole",
                        "signalform_time_chart.auth_disableClient",
                        "signalform_time_chart.auth_enableClient",
                        "signalform_time_chart.auth_expandScopes",
                        "signalform_time_chart.auth_expandScopesGet",
                        "signalform_time_chart.auth_listClients",
                        "signalform_time_chart.auth_listRoles",
                        "signalform_time_chart.auth_ping",
                        "signalform_time_chart.auth_resetAccessToken",
                        "signalform_time_chart.auth_role",
                        "signalform_time_chart.auth_sentryDSN",
                        "signalform_time_chart.auth_statsumToken",
                        "signalform_time_chart.auth_testAuthenticate",
                        "signalform_time_chart.auth_testAuthenticateGet",
                        "signalform_time_chart.auth_updateClient",
                        "signalform_time_chart.auth_updateRole",
                        "signalform_time_chart.auth_webhooktunnelToken"
                    ],
                    "primary": {
                        "id": "DU5rfcWAcAA",
                        "attributes": {
                            "chart.#": "28",
                            "chart.1043254620.chart_id": "DU6Ppf8AgAA",
                            "chart.1043254620.column": "0",
                            "chart.1043254620.height": "2",
                            "chart.1043254620.row": "44",
                            "chart.1043254620.width": "12",
                            "chart.1197285385.chart_id": "DU6Po0WAgAA",
                            "chart.1197285385.column": "0",
                            "chart.1197285385.height": "2",
                            "chart.1197285385.row": "18",
                            "chart.1197285385.width": "12",
                            "chart.1225096836.chart_id": "DU6Pn-TAYAA",
                            "chart.1225096836.column": "0",
                            "chart.1225096836.height": "2",
                            "chart.1225096836.row": "26",
                            "chart.1225096836.width": "12",
                            "chart.1347565227.chart_id": "DU6PoXOAYAA",
                            "chart.1347565227.column": "0",
                            "chart.1347565227.height": "2",
                            "chart.1347565227.row": "48",
                            "chart.1347565227.width": "12",
                            "chart.135511554.chart_id": "DU6PntsAgAA",
                            "chart.135511554.column": "0",
                            "chart.135511554.height": "2",
                            "chart.135511554.row": "4",
                            "chart.135511554.width": "12",
                            "chart.1474114940.chart_id": "DU6Po1JAcAA",
                            "chart.1474114940.column": "0",
                            "chart.1474114940.height": "2",
                            "chart.1474114940.row": "16",
                            "chart.1474114940.width": "12",
                            "chart.159995331.chart_id": "DU5rjzRAYAA",
                            "chart.159995331.column": "0",
                            "chart.159995331.height": "2",
                            "chart.159995331.row": "50",
                            "chart.159995331.width": "12",
                            "chart.1873356152.chart_id": "DU6Pow6AgAA",
                            "chart.1873356152.column": "0",
                            "chart.1873356152.height": "2",
                            "chart.1873356152.row": "22",
                            "chart.1873356152.width": "12",
                            "chart.2081730303.chart_id": "DU6Pnq9AcAA",
                            "chart.2081730303.column": "0",
                            "chart.2081730303.height": "2",
                            "chart.2081730303.row": "52",
                            "chart.2081730303.width": "12",
                            "chart.2285291350.chart_id": "DU6PphIAcAA",
                            "chart.2285291350.column": "0",
                            "chart.2285291350.height": "2",
                            "chart.2285291350.row": "8",
                            "chart.2285291350.width": "12",
                            "chart.2714433611.chart_id": "DU6PoC_AYAA",
                            "chart.2714433611.column": "0",
                            "chart.2714433611.height": "2",
                            "chart.2714433611.row": "54",
                            "chart.2714433611.width": "12",
                            "chart.317766691.chart_id": "DU6Po13AYAA",
                            "chart.317766691.column": "0",
                            "chart.317766691.height": "2",
                            "chart.317766691.row": "2",
                            "chart.317766691.width": "12",
                            "chart.3335121501.chart_id": "DU6PmzkAgAA",
                            "chart.3335121501.column": "0",
                            "chart.3335121501.height": "2",
                            "chart.3335121501.row": "12",
                            "chart.3335121501.width": "12",
                            "chart.3408787208.chart_id": "DU6PnxQAcAA",
                            "chart.3408787208.column": "0",
                            "chart.3408787208.height": "2",
                            "chart.3408787208.row": "36",
                            "chart.3408787208.width": "12",
                            "chart.3465972232.chart_id": "DU6Pn-VAgAA",
                            "chart.3465972232.column": "0",
                            "chart.3465972232.height": "2",
                            "chart.3465972232.row": "32",
                            "chart.3465972232.width": "12",
                            "chart.3512125549.chart_id": "DU6HvfqAgAA",
                            "chart.3512125549.column": "0",
                            "chart.3512125549.height": "2",
                            "chart.3512125549.row": "6",
                            "chart.3512125549.width": "12",
                            "chart.3578363831.chart_id": "DU6Pn-uAcAA",
                            "chart.3578363831.column": "0",
                            "chart.3578363831.height": "2",
                            "chart.3578363831.row": "30",
                            "chart.3578363831.width": "12",
                            "chart.3711387709.chart_id": "DU5rdrYAYAE",
                            "chart.3711387709.column": "0",
                            "chart.3711387709.height": "2",
                            "chart.3711387709.row": "56",
                            "chart.3711387709.width": "12",
                            "chart.3752302661.chart_id": "DU6PnuxAYAA",
                            "chart.3752302661.column": "0",
                            "chart.3752302661.height": "2",
                            "chart.3752302661.row": "38",
                            "chart.3752302661.width": "12",
                            "chart.4213523098.chart_id": "DU6Pox1AYAA",
                            "chart.4213523098.column": "0",
                            "chart.4213523098.height": "2",
                            "chart.4213523098.row": "14",
                            "chart.4213523098.width": "12",
                            "chart.4241484982.chart_id": "DU6PnqLAgAA",
                            "chart.4241484982.column": "0",
                            "chart.4241484982.height": "2",
                            "chart.4241484982.row": "34",
                            "chart.4241484982.width": "12",
                            "chart.503350631.chart_id": "DU6Pm4UAYAA",
                            "chart.503350631.column": "0",
                            "chart.503350631.height": "2",
                            "chart.503350631.row": "42",
                            "chart.503350631.width": "12",
                            "chart.591957459.chart_id": "DU6Pn_BAYAA",
                            "chart.591957459.column": "0",
                            "chart.591957459.height": "2",
                            "chart.591957459.row": "10",
                            "chart.591957459.width": "12",
                            "chart.638133733.chart_id": "DU6PoyDAgAA",
                            "chart.638133733.column": "0",
                            "chart.638133733.height": "2",
                            "chart.638133733.row": "46",
                            "chart.638133733.width": "12",
                            "chart.669048093.chart_id": "DU6Pm2SAgAA",
                            "chart.669048093.column": "0",
                            "chart.669048093.height": "2",
                            "chart.669048093.row": "40",
                            "chart.669048093.width": "12",
                            "chart.774989616.chart_id": "DU6HxB4AgAA",
                            "chart.774989616.column": "0",
                            "chart.774989616.height": "2",
                            "chart.774989616.row": "24",
                            "chart.774989616.width": "12",
                            "chart.789133143.chart_id": "DU6PnysAYAA",
                            "chart.789133143.column": "0",
                            "chart.789133143.height": "2",
                            "chart.789133143.row": "28",
                            "chart.789133143.width": "12",
                            "chart.9233841.chart_id": "DU6PphVAYAA",
                            "chart.9233841.column": "0",
                            "chart.9233841.height": "2",
                            "chart.9233841.row": "20",
                            "chart.9233841.width": "12",
                            "charts_resolution": "highest",
                            "dashboard_group": "DU5rcsOAYAA",
                            "id": "DU5rfcWAcAA",
                            "last_updated": "1.51744553244E+12",
                            "name": "auth API",
                            "resource_url": "https://app.signalfx.com/#/dashboard/\u003cid\u003e",
                            "synced": "true",
                            "time_range": "-1d",
                            "url": "https://app.signalfx.com/#/dashboard/DU5rfcWAcAA"
                        },
                        "meta": {},
                        "tainted": false
                    },
                    "deposed": [],
                    "provider": "provider.signalform"
                },
                "signalform_dashboard.auth_pulse": {
                    "type": "signalform_dashboard",
                    "depends_on": [
                        "signalform_dashboard_group.auth_metrics",
                        "signalform_time_chart.auth_pulse_client-created",
                        "signalform_time_chart.auth_pulse_client-deleted",
                        "signalform_time_chart.auth_pulse_client-updated",
                        "signalform_time_chart.auth_pulse_role-created",
                        "signalform_time_chart.auth_pulse_role-deleted",
                        "signalform_time_chart.auth_pulse_role-updated"
                    ],
                    "primary": {
                        "id": "DU6B-YfAYAA",
                        "attributes": {
                            "chart.#": "6",
                            "chart.1675366933.chart_id": "DU6CHkcAcAA",
                            "chart.1675366933.column": "0",
                            "chart.1675366933.height": "2",
                            "chart.1675366933.row": "5",
                            "chart.1675366933.width": "12",
                            "chart.2172185818.chart_id": "DU6PplgAYAA",
                            "chart.2172185818.column": "0",
                            "chart.2172185818.height": "2",
                            "chart.2172185818.row": "1",
                            "chart.2172185818.width": "12",
                            "chart.3142466482.chart_id": "DU6PoDqAgAA",
                            "chart.3142466482.column": "0",
                            "chart.3142466482.height": "2",
                            "chart.3142466482.row": "4",
                            "chart.3142466482.width": "12",
                            "chart.3306963144.chart_id": "DU6PobQAYAA",
                            "chart.3306963144.column": "0",
                            "chart.3306963144.height": "2",
                            "chart.3306963144.row": "0",
                            "chart.3306963144.width": "12",
                            "chart.3446317759.chart_id": "DU6PoApAcAA",
                            "chart.3446317759.column": "0",
                            "chart.3446317759.height": "2",
                            "chart.3446317759.row": "3",
                            "chart.3446317759.width": "12",
                            "chart.912733330.chart_id": "DU6PnsNAYAA",
                            "chart.912733330.column": "0",
                            "chart.912733330.height": "2",
                            "chart.912733330.row": "2",
                            "chart.912733330.width": "12",
                            "charts_resolution": "highest",
                            "dashboard_group": "DU5rcsOAYAA",
                            "id": "DU6B-YfAYAA",
                            "last_updated": "1.517445532113E+12",
                            "name": "auth Pulse Publishing",
                            "resource_url": "https://app.signalfx.com/#/dashboard/\u003cid\u003e",
                            "synced": "true",
                            "time_range": "-1d",
                            "url": "https://app.signalfx.com/#/dashboard/DU6B-YfAYAA"
                        },
                        "meta": {},
                        "tainted": false
                    },
                    "deposed": [],
                    "provider": "provider.signalform"
                },
                "signalform_dashboard.aws-provisioner_api": {
                    "type": "signalform_dashboard",
                    "depends_on": [
                        "signalform_dashboard_group.aws-provisioner_metrics",
                        "signalform_time_chart.aws-provisioner_backendStatus",
                        "signalform_time_chart.aws-provisioner_createSecret",
                        "signalform_time_chart.aws-provisioner_createWorkerType",
                        "signalform_time_chart.aws-provisioner_getLaunchSpecs",
                        "signalform_time_chart.aws-provisioner_getSecret",
                        "signalform_time_chart.aws-provisioner_instanceStarted",
                        "signalform_time_chart.aws-provisioner_listWorkerTypeSummaries",
                        "signalform_time_chart.aws-provisioner_listWorkerTypes",
                        "signalform_time_chart.aws-provisioner_ping",
                        "signalform_time_chart.aws-provisioner_removeSecret",
                        "signalform_time_chart.aws-provisioner_removeWorkerType",
                        "signalform_time_chart.aws-provisioner_state",
                        "signalform_time_chart.aws-provisioner_updateWorkerType",
                        "signalform_time_chart.aws-provisioner_workerType",
                        "signalform_time_chart.aws-provisioner_workerTypeLastModified"
                    ],
                    "primary": {
                        "id": "DU6SAbUAYAA",
                        "attributes": {
                            "chart.#": "15",
                            "chart.1236361998.chart_id": "DU6SAPaAgAA",
                            "chart.1236361998.column": "0",
                            "chart.1236361998.height": "2",
                            "chart.1236361998.row": "6",
                            "chart.1236361998.width": "12",
                            "chart.1397355075.chart_id": "DU6SAmxAcAA",
                            "chart.1397355075.column": "0",
                            "chart.1397355075.height": "2",
                            "chart.1397355075.row": "16",
                            "chart.1397355075.width": "12",
                            "chart.140347995.chart_id": "DU6SATiAYAA",
                            "chart.140347995.column": "0",
                            "chart.140347995.height": "2",
                            "chart.140347995.row": "14",
                            "chart.140347995.width": "12",
                            "chart.1440969965.chart_id": "DU6SAPyAcAA",
                            "chart.1440969965.column": "0",
                            "chart.1440969965.height": "2",
                            "chart.1440969965.row": "4",
                            "chart.1440969965.width": "12",
                            "chart.174740117.chart_id": "DU6SAmvAYAA",
                            "chart.174740117.column": "0",
                            "chart.174740117.height": "2",
                            "chart.174740117.row": "30",
                            "chart.174740117.width": "12",
                            "chart.1832706608.chart_id": "DU6SBsIAYAA",
                            "chart.1832706608.column": "0",
                            "chart.1832706608.height": "2",
                            "chart.1832706608.row": "26",
                            "chart.1832706608.width": "12",
                            "chart.2028963509.chart_id": "DU6R_vZAcAA",
                            "chart.2028963509.column": "0",
                            "chart.2028963509.height": "2",
                            "chart.2028963509.row": "28",
                            "chart.2028963509.width": "12",
                            "chart.2121877022.chart_id": "DU6SCSkAYAA",
                            "chart.2121877022.column": "0",
                            "chart.2121877022.height": "2",
                            "chart.2121877022.row": "22",
                            "chart.2121877022.width": "12",
                            "chart.2218738781.chart_id": "DU6SBG4AgAA",
                            "chart.2218738781.column": "0",
                            "chart.2218738781.height": "2",
                            "chart.2218738781.row": "10",
                            "chart.2218738781.width": "12",
                            "chart.2377309808.chart_id": "DU6SALkAYAA",
                            "chart.2377309808.column": "0",
                            "chart.2377309808.height": "2",
                            "chart.2377309808.row": "24",
                            "chart.2377309808.width": "12",
                            "chart.2715421069.chart_id": "DU6SA1QAgAA",
                            "chart.2715421069.column": "0",
                            "chart.2715421069.height": "2",
                            "chart.2715421069.row": "20",
                            "chart.2715421069.width": "12",
                            "chart.2821162023.chart_id": "DU6SCMzAcAA",
                            "chart.2821162023.column": "0",
                            "chart.2821162023.height": "2",
                            "chart.2821162023.row": "18",
                            "chart.2821162023.width": "12",
                            "chart.2950122976.chart_id": "DU6SCbfAYAA",
                            "chart.2950122976.column": "0",
                            "chart.2950122976.height": "2",
                            "chart.2950122976.row": "8",
                            "chart.2950122976.width": "12",
                            "chart.3190215892.chart_id": "DU6R_0UAcAA",
                            "chart.3190215892.column": "0",
                            "chart.3190215892.height": "2",
                            "chart.3190215892.row": "2",
                            "chart.3190215892.width": "12",
                            "chart.515347099.chart_id": "DU6SARwAYAE",
                            "chart.515347099.column": "0",
                            "chart.515347099.height": "2",
                            "chart.515347099.row": "12",
                            "chart.515347099.width": "12",
                            "charts_resolution": "highest",
                            "dashboard_group": "DU6R__tAgAA",
                            "id": "DU6SAbUAYAA",
                            "last_updated": "1.517446188925E+12",
                            "name": "aws-provisioner API",
                            "resource_url": "https://app.signalfx.com/#/dashboard/\u003cid\u003e",
                            "synced": "true",
                            "time_range": "-1d",
                            "url": "https://app.signalfx.com/#/dashboard/DU6SAbUAYAA"
                        },
                        "meta": {},
                        "tainted": false
                    },
                    "deposed": [],
                    "provider": "provider.signalform"
                },
                "signalform_dashboard.aws-provisioner_pulse": {
                    "type": "signalform_dashboard",
                    "depends_on": [
                        "signalform_dashboard_group.aws-provisioner_metrics",
                        "signalform_time_chart.aws-provisioner_pulse_worker-type-created",
                        "signalform_time_chart.aws-provisioner_pulse_worker-type-removed",
                        "signalform_time_chart.aws-provisioner_pulse_worker-type-updated"
                    ],
                    "primary": {
                        "id": "DU6SEidAcAA",
                        "attributes": {
                            "chart.#": "3",
                            "chart.1997989955.chart_id": "DU6SAmPAYAA",
                            "chart.1997989955.column": "0",
                            "chart.1997989955.height": "2",
                            "chart.1997989955.row": "1",
                            "chart.1997989955.width": "12",
                            "chart.2115352855.chart_id": "DU6SAYtAYAA",
                            "chart.2115352855.column": "0",
                            "chart.2115352855.height": "2",
                            "chart.2115352855.row": "2",
                            "chart.2115352855.width": "12",
                            "chart.3417881695.chart_id": "DU6SB56AcAA",
                            "chart.3417881695.column": "0",
                            "chart.3417881695.height": "2",
                            "chart.3417881695.row": "0",
                            "chart.3417881695.width": "12",
                            "charts_resolution": "highest",
                            "dashboard_group": "DU6R__tAgAA",
                            "id": "DU6SEidAcAA",
                            "last_updated": "1.517446188455E+12",
                            "name": "aws-provisioner Pulse Publishing",
                            "resource_url": "https://app.signalfx.com/#/dashboard/\u003cid\u003e",
                            "synced": "true",
                            "time_range": "-1d",
                            "url": "https://app.signalfx.com/#/dashboard/DU6SEidAcAA"
                        },
                        "meta": {},
                        "tainted": false
                    },
                    "deposed": [],
                    "provider": "provider.signalform"
                },
                "signalform_dashboard.github_api": {
                    "type": "signalform_dashboard",
                    "depends_on": [
                        "signalform_dashboard_group.github_metrics",
                        "signalform_time_chart.github_badge",
                        "signalform_time_chart.github_builds",
                        "signalform_time_chart.github_createComment",
                        "signalform_time_chart.github_createStatus",
                        "signalform_time_chart.github_githubWebHookConsumer",
                        "signalform_time_chart.github_latest",
                        "signalform_time_chart.github_ping",
                        "signalform_time_chart.github_repository"
                    ],
                    "primary": {
                        "id": "DU6SAeoAgAA",
                        "attributes": {
                            "chart.#": "8",
                            "chart.1136321297.chart_id": "DU6R_sQAcAA",
                            "chart.1136321297.column": "0",
                            "chart.1136321297.height": "2",
                            "chart.1136321297.row": "12",
                            "chart.1136321297.width": "12",
                            "chart.1849658073.chart_id": "DU6R_QcAcAA",
                            "chart.1849658073.column": "0",
                            "chart.1849658073.height": "2",
                            "chart.1849658073.row": "2",
                            "chart.1849658073.width": "12",
                            "chart.1860471514.chart_id": "DU6R_NoAgAA",
                            "chart.1860471514.column": "0",
                            "chart.1860471514.height": "2",
                            "chart.1860471514.row": "8",
                            "chart.1860471514.width": "12",
                            "chart.2979442451.chart_id": "DU6SAVTAgAA",
                            "chart.2979442451.column": "0",
                            "chart.2979442451.height": "2",
                            "chart.2979442451.row": "16",
                            "chart.2979442451.width": "12",
                            "chart.3003074662.chart_id": "DU6SARIAgAA",
                            "chart.3003074662.column": "0",
                            "chart.3003074662.height": "2",
                            "chart.3003074662.row": "6",
                            "chart.3003074662.width": "12",
                            "chart.3509001247.chart_id": "DU6SAGaAYAA",
                            "chart.3509001247.column": "0",
                            "chart.3509001247.height": "2",
                            "chart.3509001247.row": "4",
                            "chart.3509001247.width": "12",
                            "chart.955138703.chart_id": "DU6SCp_AgAA",
                            "chart.955138703.column": "0",
                            "chart.955138703.height": "2",
                            "chart.955138703.row": "10",
                            "chart.955138703.width": "12",
                            "chart.963520791.chart_id": "DU6SETtAgAA",
                            "chart.963520791.column": "0",
                            "chart.963520791.height": "2",
                            "chart.963520791.row": "14",
                            "chart.963520791.width": "12",
                            "charts_resolution": "highest",
                            "dashboard_group": "DU6SARXAgAA",
                            "id": "DU6SAeoAgAA",
                            "last_updated": "1.517446189469E+12",
                            "name": "github API",
                            "resource_url": "https://app.signalfx.com/#/dashboard/\u003cid\u003e",
                            "synced": "true",
                            "time_range": "-1d",
                            "url": "https://app.signalfx.com/#/dashboard/DU6SAeoAgAA"
                        },
                        "meta": {},
                        "tainted": false
                    },
                    "deposed": [],
                    "provider": "provider.signalform"
                },
                "signalform_dashboard.github_pulse": {
                    "type": "signalform_dashboard",
                    "depends_on": [
                        "signalform_dashboard_group.github_metrics",
                        "signalform_time_chart.github_pulse_pull-request",
                        "signalform_time_chart.github_pulse_push",
                        "signalform_time_chart.github_pulse_release"
                    ],
                    "primary": {
                        "id": "DU6SCwQAcAA",
                        "attributes": {
                            "chart.#": "3",
                            "chart.1028408164.chart_id": "DU6R_6CAcAA",
                            "chart.1028408164.column": "0",
                            "chart.1028408164.height": "2",
                            "chart.1028408164.row": "1",
                            "chart.1028408164.width": "12",
                            "chart.1410934580.chart_id": "DU6SB28AcAA",
                            "chart.1410934580.column": "0",
                            "chart.1410934580.height": "2",
                            "chart.1410934580.row": "0",
                            "chart.1410934580.width": "12",
                            "chart.4008535780.chart_id": "DU6SBC9AYAA",
                            "chart.4008535780.column": "0",
                            "chart.4008535780.height": "2",
                            "chart.4008535780.row": "2",
                            "chart.4008535780.width": "12",
                            "charts_resolution": "highest",
                            "dashboard_group": "DU6SARXAgAA",
                            "id": "DU6SCwQAcAA",
                            "last_updated": "1.517446188939E+12",
                            "name": "github Pulse Publishing",
                            "resource_url": "https://app.signalfx.com/#/dashboard/\u003cid\u003e",
                            "synced": "true",
                            "time_range": "-1d",
                            "url": "https://app.signalfx.com/#/dashboard/DU6SCwQAcAA"
                        },
                        "meta": {},
                        "tainted": false
                    },
                    "deposed": [],
                    "provider": "provider.signalform"
                },
                "signalform_dashboard.hooks_api": {
                    "type": "signalform_dashboard",
                    "depends_on": [
                        "signalform_dashboard_group.hooks_metrics",
                        "signalform_time_chart.hooks_createHook",
                        "signalform_time_chart.hooks_getHookSchedule",
                        "signalform_time_chart.hooks_getHookStatus",
                        "signalform_time_chart.hooks_getTriggerToken",
                        "signalform_time_chart.hooks_hook",
                        "signalform_time_chart.hooks_listHookGroups",
                        "signalform_time_chart.hooks_listHooks",
                        "signalform_time_chart.hooks_ping",
                        "signalform_time_chart.hooks_removeHook",
                        "signalform_time_chart.hooks_resetTriggerToken",
                        "signalform_time_chart.hooks_triggerHook",
                        "signalform_time_chart.hooks_triggerHookWithToken",
                        "signalform_time_chart.hooks_updateHook"
                    ],
                    "primary": {
                        "id": "DU6SFJ3AYAA",
                        "attributes": {
                            "chart.#": "13",
                            "chart.1393273499.chart_id": "DU6SALuAYAA",
                            "chart.1393273499.column": "0",
                            "chart.1393273499.height": "2",
                            "chart.1393273499.row": "4",
                            "chart.1393273499.width": "12",
                            "chart.1410549990.chart_id": "DU6SDa1AgAA",
                            "chart.1410549990.column": "0",
                            "chart.1410549990.height": "2",
                            "chart.1410549990.row": "20",
                            "chart.1410549990.width": "12",
                            "chart.147740295.chart_id": "DU6R_skAYAA",
                            "chart.147740295.column": "0",
                            "chart.147740295.height": "2",
                            "chart.147740295.row": "12",
                            "chart.147740295.width": "12",
                            "chart.1743759034.chart_id": "DU6SCOBAYAA",
                            "chart.1743759034.column": "0",
                            "chart.1743759034.height": "2",
                            "chart.1743759034.row": "14",
                            "chart.1743759034.width": "12",
                            "chart.1997429085.chart_id": "DU6SAogAgAA",
                            "chart.1997429085.column": "0",
                            "chart.1997429085.height": "2",
                            "chart.1997429085.row": "16",
                            "chart.1997429085.width": "12",
                            "chart.2765523305.chart_id": "DU6SASaAgAA",
                            "chart.2765523305.column": "0",
                            "chart.2765523305.height": "2",
                            "chart.2765523305.row": "18",
                            "chart.2765523305.width": "12",
                            "chart.3116093203.chart_id": "DU6SARtAcAA",
                            "chart.3116093203.column": "0",
                            "chart.3116093203.height": "2",
                            "chart.3116093203.row": "26",
                            "chart.3116093203.width": "12",
                            "chart.3234133232.chart_id": "DU6SD94AcAA",
                            "chart.3234133232.column": "0",
                            "chart.3234133232.height": "2",
                            "chart.3234133232.row": "10",
                            "chart.3234133232.width": "12",
                            "chart.3362078038.chart_id": "DU6SBxlAYAA",
                            "chart.3362078038.column": "0",
                            "chart.3362078038.height": "2",
                            "chart.3362078038.row": "8",
                            "chart.3362078038.width": "12",
                            "chart.3401933656.chart_id": "DU6SA96AYAA",
                            "chart.3401933656.column": "0",
                            "chart.3401933656.height": "2",
                            "chart.3401933656.row": "6",
                            "chart.3401933656.width": "12",
                            "chart.4159938341.chart_id": "DU6SB2XAgAA",
                            "chart.4159938341.column": "0",
                            "chart.4159938341.height": "2",
                            "chart.4159938341.row": "22",
                            "chart.4159938341.width": "12",
                            "chart.670636025.chart_id": "DU6SAVaAgAA",
                            "chart.670636025.column": "0",
                            "chart.670636025.height": "2",
                            "chart.670636025.row": "24",
                            "chart.670636025.width": "12",
                            "chart.873555680.chart_id": "DU6SBYTAgAA",
                            "chart.873555680.column": "0",
                            "chart.873555680.height": "2",
                            "chart.873555680.row": "2",
                            "chart.873555680.width": "12",
                            "charts_resolution": "highest",
                            "dashboard_group": "DU6SAIIAcAA",
                            "id": "DU6SFJ3AYAA",
                            "last_updated": "1.517446189639E+12",
                            "name": "hooks API",
                            "resource_url": "https://app.signalfx.com/#/dashboard/\u003cid\u003e",
                            "synced": "true",
                            "time_range": "-1d",
                            "url": "https://app.signalfx.com/#/dashboard/DU6SFJ3AYAA"
                        },
                        "meta": {},
                        "tainted": false
                    },
                    "deposed": [],
                    "provider": "provider.signalform"
                },
                "signalform_dashboard.hooks_pulse": {
                    "type": "signalform_dashboard",
                    "depends_on": [
                        "signalform_dashboard_group.hooks_metrics"
                    ],
                    "primary": {
                        "id": "DU6SAZDAgAA",
                        "attributes": {
                            "charts_resolution": "highest",
                            "dashboard_group": "DU6SAIIAcAA",
                            "id": "DU6SAZDAgAA",
                            "last_updated": "1.517446188566E+12",
                            "name": "hooks Pulse Publishing",
                            "resource_url": "https://app.signalfx.com/#/dashboard/\u003cid\u003e",
                            "synced": "true",
                            "time_range": "-1d",
                            "url": "https://app.signalfx.com/#/dashboard/DU6SAZDAgAA"
                        },
                        "meta": {},
                        "tainted": false
                    },
                    "deposed": [],
                    "provider": "provider.signalform"
                },
                "signalform_dashboard.index_api": {
                    "type": "signalform_dashboard",
                    "depends_on": [
                        "signalform_dashboard_group.index_metrics",
                        "signalform_time_chart.index_findArtifactFromTask",
                        "signalform_time_chart.index_findTask",
                        "signalform_time_chart.index_insertTask",
                        "signalform_time_chart.index_listNamespaces",
                        "signalform_time_chart.index_listTasks",
                        "signalform_time_chart.index_ping"
                    ],
                    "primary": {
                        "id": "DU6SBTAAgAA",
                        "attributes": {
                            "chart.#": "6",
                            "chart.1165081397.chart_id": "DU6R__UAcAA",
                            "chart.1165081397.column": "0",
                            "chart.1165081397.height": "2",
                            "chart.1165081397.row": "10",
                            "chart.1165081397.width": "12",
                            "chart.1613632004.chart_id": "DU6SBIFAcAE",
                            "chart.1613632004.column": "0",
                            "chart.1613632004.height": "2",
                            "chart.1613632004.row": "4",
                            "chart.1613632004.width": "12",
                            "chart.2253233718.chart_id": "DU6SBRAAYAA",
                            "chart.2253233718.column": "0",
                            "chart.2253233718.height": "2",
                            "chart.2253233718.row": "6",
                            "chart.2253233718.width": "12",
                            "chart.3658343561.chart_id": "DU6SCxNAYAA",
                            "chart.3658343561.column": "0",
                            "chart.3658343561.height": "2",
                            "chart.3658343561.row": "8",
                            "chart.3658343561.width": "12",
                            "chart.4060336799.chart_id": "DU6SB6kAcAA",
                            "chart.4060336799.column": "0",
                            "chart.4060336799.height": "2",
                            "chart.4060336799.row": "2",
                            "chart.4060336799.width": "12",
                            "chart.4278092466.chart_id": "DU6SB3rAcAA",
                            "chart.4278092466.column": "0",
                            "chart.4278092466.height": "2",
                            "chart.4278092466.row": "12",
                            "chart.4278092466.width": "12",
                            "charts_resolution": "highest",
                            "dashboard_group": "DU6SAU0AcAA",
                            "id": "DU6SBTAAgAA",
                            "last_updated": "1.51744618927E+12",
                            "name": "index API",
                            "resource_url": "https://app.signalfx.com/#/dashboard/\u003cid\u003e",
                            "synced": "true",
                            "time_range": "-1d",
                            "url": "https://app.signalfx.com/#/dashboard/DU6SBTAAgAA"
                        },
                        "meta": {},
                        "tainted": false
                    },
                    "deposed": [],
                    "provider": "provider.signalform"
                },
                "signalform_dashboard.index_pulse": {
                    "type": "signalform_dashboard",
                    "depends_on": [
                        "signalform_dashboard_group.index_metrics"
                    ],
                    "primary": {
                        "id": "DU6SBaXAgAE",
                        "attributes": {
                            "charts_resolution": "highest",
                            "dashboard_group": "DU6SAU0AcAA",
                            "id": "DU6SBaXAgAE",
                            "last_updated": "1.517446188813E+12",
                            "name": "index Pulse Publishing",
                            "resource_url": "https://app.signalfx.com/#/dashboard/\u003cid\u003e",
                            "synced": "true",
                            "time_range": "-1d",
                            "url": "https://app.signalfx.com/#/dashboard/DU6SBaXAgAE"
                        },
                        "meta": {},
                        "tainted": false
                    },
                    "deposed": [],
                    "provider": "provider.signalform"
                },
                "signalform_dashboard.login_api": {
                    "type": "signalform_dashboard",
                    "depends_on": [
                        "signalform_dashboard_group.login_metrics",
                        "signalform_time_chart.login_oidcCredentials",
                        "signalform_time_chart.login_ping"
                    ],
                    "primary": {
                        "id": "DU6SBYvAcAA",
                        "attributes": {
                            "chart.#": "2",
                            "chart.1423054587.chart_id": "DU6SARsAcAA",
                            "chart.1423054587.column": "0",
                            "chart.1423054587.height": "2",
                            "chart.1423054587.row": "4",
                            "chart.1423054587.width": "12",
                            "chart.874308500.chart_id": "DU6SCywAcAA",
                            "chart.874308500.column": "0",
                            "chart.874308500.height": "2",
                            "chart.874308500.row": "2",
                            "chart.874308500.width": "12",
                            "charts_resolution": "highest",
                            "dashboard_group": "DU6SAhxAcAA",
                            "id": "DU6SBYvAcAA",
                            "last_updated": "1.517446188723E+12",
                            "name": "login API",
                            "resource_url": "https://app.signalfx.com/#/dashboard/\u003cid\u003e",
                            "synced": "true",
                            "time_range": "-1d",
                            "url": "https://app.signalfx.com/#/dashboard/DU6SBYvAcAA"
                        },
                        "meta": {},
                        "tainted": false
                    },
                    "deposed": [],
                    "provider": "provider.signalform"
                },
                "signalform_dashboard.login_pulse": {
                    "type": "signalform_dashboard",
                    "depends_on": [
                        "signalform_dashboard_group.login_metrics"
                    ],
                    "primary": {
                        "id": "DU6SEhIAgAA",
                        "attributes": {
                            "charts_resolution": "highest",
                            "dashboard_group": "DU6SAhxAcAA",
                            "id": "DU6SEhIAgAA",
                            "last_updated": "1.517446188136E+12",
                            "name": "login Pulse Publishing",
                            "resource_url": "https://app.signalfx.com/#/dashboard/\u003cid\u003e",
                            "synced": "true",
                            "time_range": "-1d",
                            "url": "https://app.signalfx.com/#/dashboard/DU6SEhIAgAA"
                        },
                        "meta": {},
                        "tainted": false
                    },
                    "deposed": [],
                    "provider": "provider.signalform"
                },
                "signalform_dashboard.notify_api": {
                    "type": "signalform_dashboard",
                    "depends_on": [
                        "signalform_dashboard_group.notify_metrics",
                        "signalform_time_chart.notify_email",
                        "signalform_time_chart.notify_irc",
                        "signalform_time_chart.notify_ping",
                        "signalform_time_chart.notify_pulse"
                    ],
                    "primary": {
                        "id": "DU6SBdAAYAA",
                        "attributes": {
                            "chart.#": "4",
                            "chart.1138347923.chart_id": "DU6SES8AYAA",
                            "chart.1138347923.column": "0",
                            "chart.1138347923.height": "2",
                            "chart.1138347923.row": "8",
                            "chart.1138347923.width": "12",
                            "chart.1607072316.chart_id": "DU6SBMjAYAA",
                            "chart.1607072316.column": "0",
                            "chart.1607072316.height": "2",
                            "chart.1607072316.row": "6",
                            "chart.1607072316.width": "12",
                            "chart.54684788.chart_id": "DU6SB38AYAA",
                            "chart.54684788.column": "0",
                            "chart.54684788.height": "2",
                            "chart.54684788.row": "2",
                            "chart.54684788.width": "12",
                            "chart.750193625.chart_id": "DU6SBTEAgAE",
                            "chart.750193625.column": "0",
                            "chart.750193625.height": "2",
                            "chart.750193625.row": "4",
                            "chart.750193625.width": "12",
                            "charts_resolution": "highest",
                            "dashboard_group": "DU6SCbeAgAA",
                            "id": "DU6SBdAAYAA",
                            "last_updated": "1.517446189482E+12",
                            "name": "notify API",
                            "resource_url": "https://app.signalfx.com/#/dashboard/\u003cid\u003e",
                            "synced": "true",
                            "time_range": "-1d",
                            "url": "https://app.signalfx.com/#/dashboard/DU6SBdAAYAA"
                        },
                        "meta": {},
                        "tainted": false
                    },
                    "deposed": [],
                    "provider": "provider.signalform"
                },
                "signalform_dashboard.notify_pulse": {
                    "type": "signalform_dashboard",
                    "depends_on": [
                        "signalform_dashboard_group.notify_metrics"
                    ],
                    "primary": {
                        "id": "DU6SBa6AcAA",
                        "attributes": {
                            "charts_resolution": "highest",
                            "dashboard_group": "DU6SCbeAgAA",
                            "id": "DU6SBa6AcAA",
                            "last_updated": "1.517446189234E+12",
                            "name": "notify Pulse Publishing",
                            "resource_url": "https://app.signalfx.com/#/dashboard/\u003cid\u003e",
                            "synced": "true",
                            "time_range": "-1d",
                            "url": "https://app.signalfx.com/#/dashboard/DU6SBa6AcAA"
                        },
                        "meta": {},
                        "tainted": false
                    },
                    "deposed": [],
                    "provider": "provider.signalform"
                },
                "signalform_dashboard.purge-cache_api": {
                    "type": "signalform_dashboard",
                    "depends_on": [
                        "signalform_dashboard_group.purge-cache_metrics",
                        "signalform_time_chart.purge-cache_allPurgeRequests",
                        "signalform_time_chart.purge-cache_ping",
                        "signalform_time_chart.purge-cache_purgeCache",
                        "signalform_time_chart.purge-cache_purgeRequests"
                    ],
                    "primary": {
                        "id": "DU6SBcvAcAA",
                        "attributes": {
                            "chart.#": "4",
                            "chart.1472947916.chart_id": "DU6SBHJAcAA",
                            "chart.1472947916.column": "0",
                            "chart.1472947916.height": "2",
                            "chart.1472947916.row": "2",
                            "chart.1472947916.width": "12",
                            "chart.2564660496.chart_id": "DU6SCBcAcAA",
                            "chart.2564660496.column": "0",
                            "chart.2564660496.height": "2",
                            "chart.2564660496.row": "4",
                            "chart.2564660496.width": "12",
                            "chart.2938203384.chart_id": "DU6SD5HAgAA",
                            "chart.2938203384.column": "0",
                            "chart.2938203384.height": "2",
                            "chart.2938203384.row": "6",
                            "chart.2938203384.width": "12",
                            "chart.3384161664.chart_id": "DU6SCijAgAA",
                            "chart.3384161664.column": "0",
                            "chart.3384161664.height": "2",
                            "chart.3384161664.row": "8",
                            "chart.3384161664.width": "12",
                            "charts_resolution": "highest",
                            "dashboard_group": "DU6R_zuAYAA",
                            "id": "DU6SBcvAcAA",
                            "last_updated": "1.517446189357E+12",
                            "name": "purge-cache API",
                            "resource_url": "https://app.signalfx.com/#/dashboard/\u003cid\u003e",
                            "synced": "true",
                            "time_range": "-1d",
                            "url": "https://app.signalfx.com/#/dashboard/DU6SBcvAcAA"
                        },
                        "meta": {},
                        "tainted": false
                    },
                    "deposed": [],
                    "provider": "provider.signalform"
                },
                "signalform_dashboard.purge-cache_pulse": {
                    "type": "signalform_dashboard",
                    "depends_on": [
                        "signalform_dashboard_group.purge-cache_metrics",
                        "signalform_time_chart.purge-cache_pulse_purge-cache"
                    ],
                    "primary": {
                        "id": "DU6SCp9AgAI",
                        "attributes": {
                            "chart.#": "1",
                            "chart.2464683129.chart_id": "DU6SBr7AcAE",
                            "chart.2464683129.column": "0",
                            "chart.2464683129.height": "2",
                            "chart.2464683129.row": "0",
                            "chart.2464683129.width": "12",
                            "charts_resolution": "highest",
                            "dashboard_group": "DU6R_zuAYAA",
                            "id": "DU6SCp9AgAI",
                            "last_updated": "1.51744618823E+12",
                            "name": "purge-cache Pulse Publishing",
                            "resource_url": "https://app.signalfx.com/#/dashboard/\u003cid\u003e",
                            "synced": "true",
                            "time_range": "-1d",
                            "url": "https://app.signalfx.com/#/dashboard/DU6SCp9AgAI"
                        },
                        "meta": {},
                        "tainted": false
                    },
                    "deposed": [],
                    "provider": "provider.signalform"
                },
                "signalform_dashboard.queue_api": {
                    "type": "signalform_dashboard",
                    "depends_on": [
                        "signalform_dashboard_group.queue_metrics",
                        "signalform_time_chart.queue_cancelTask",
                        "signalform_time_chart.queue_claimTask",
                        "signalform_time_chart.queue_claimWork",
                        "signalform_time_chart.queue_completeArtifact",
                        "signalform_time_chart.queue_createArtifact",
                        "signalform_time_chart.queue_createTask",
                        "signalform_time_chart.queue_declareProvisioner",
                        "signalform_time_chart.queue_declareWorker",
                        "signalform_time_chart.queue_declareWorkerType",
                        "signalform_time_chart.queue_defineTask",
                        "signalform_time_chart.queue_getArtifact",
                        "signalform_time_chart.queue_getLatestArtifact",
                        "signalform_time_chart.queue_getProvisioner",
                        "signalform_time_chart.queue_getWorker",
                        "signalform_time_chart.queue_getWorkerType",
                        "signalform_time_chart.queue_listArtifacts",
                        "signalform_time_chart.queue_listDependentTasks",
                        "signalform_time_chart.queue_listLatestArtifacts",
                        "signalform_time_chart.queue_listProvisioners",
                        "signalform_time_chart.queue_listTaskGroup",
                        "signalform_time_chart.queue_listWorkerTypes",
                        "signalform_time_chart.queue_listWorkers",
                        "signalform_time_chart.queue_pendingTasks",
                        "signalform_time_chart.queue_ping",
                        "signalform_time_chart.queue_pollTaskUrls",
                        "signalform_time_chart.queue_quarantineWorker",
                        "signalform_time_chart.queue_reclaimTask",
                        "signalform_time_chart.queue_reportCompleted",
                        "signalform_time_chart.queue_reportException",
                        "signalform_time_chart.queue_reportFailed",
                        "signalform_time_chart.queue_rerunTask",
                        "signalform_time_chart.queue_scheduleTask",
                        "signalform_time_chart.queue_status",
                        "signalform_time_chart.queue_task"
                    ],
                    "primary": {
                        "id": "DU6SDQQAgAA",
                        "attributes": {
                            "chart.#": "34",
                            "chart.1052513289.chart_id": "DU6R_cZAYAA",
                            "chart.1052513289.column": "0",
                            "chart.1052513289.height": "2",
                            "chart.1052513289.row": "6",
                            "chart.1052513289.width": "12",
                            "chart.1110217535.chart_id": "DU6SBo4AYAA",
                            "chart.1110217535.column": "0",
                            "chart.1110217535.height": "2",
                            "chart.1110217535.row": "20",
                            "chart.1110217535.width": "12",
                            "chart.1134347184.chart_id": "DU6SA9ZAcAA",
                            "chart.1134347184.column": "0",
                            "chart.1134347184.height": "2",
                            "chart.1134347184.row": "54",
                            "chart.1134347184.width": "12",
                            "chart.1171154450.chart_id": "DU6R_RNAgAA",
                            "chart.1171154450.column": "0",
                            "chart.1171154450.height": "2",
                            "chart.1171154450.row": "62",
                            "chart.1171154450.width": "12",
                            "chart.1220090074.chart_id": "DU6SAyBAgAA",
                            "chart.1220090074.column": "0",
                            "chart.1220090074.height": "2",
                            "chart.1220090074.row": "8",
                            "chart.1220090074.width": "12",
                            "chart.1269382548.chart_id": "DU6SAPpAYAA",
                            "chart.1269382548.column": "0",
                            "chart.1269382548.height": "2",
                            "chart.1269382548.row": "64",
                            "chart.1269382548.width": "12",
                            "chart.1406923598.chart_id": "DU6R_l4AgAA",
                            "chart.1406923598.column": "0",
                            "chart.1406923598.height": "2",
                            "chart.1406923598.row": "58",
                            "chart.1406923598.width": "12",
                            "chart.1522272222.chart_id": "DU6R_7gAgAA",
                            "chart.1522272222.column": "0",
                            "chart.1522272222.height": "2",
                            "chart.1522272222.row": "22",
                            "chart.1522272222.width": "12",
                            "chart.1546769328.chart_id": "DU6R_4sAYAA",
                            "chart.1546769328.column": "0",
                            "chart.1546769328.height": "2",
                            "chart.1546769328.row": "24",
                            "chart.1546769328.width": "12",
                            "chart.1633306121.chart_id": "DU6SAFgAYAE",
                            "chart.1633306121.column": "0",
                            "chart.1633306121.height": "2",
                            "chart.1633306121.row": "26",
                            "chart.1633306121.width": "12",
                            "chart.1710320189.chart_id": "DU6R_frAYAA",
                            "chart.1710320189.column": "0",
                            "chart.1710320189.height": "2",
                            "chart.1710320189.row": "14",
                            "chart.1710320189.width": "12",
                            "chart.2078596030.chart_id": "DU6SAxjAgAA",
                            "chart.2078596030.column": "0",
                            "chart.2078596030.height": "2",
                            "chart.2078596030.row": "2",
                            "chart.2078596030.width": "12",
                            "chart.2162123906.chart_id": "DU6SBQ9AcEI",
                            "chart.2162123906.column": "0",
                            "chart.2162123906.height": "2",
                            "chart.2162123906.row": "50",
                            "chart.2162123906.width": "12",
                            "chart.2261548001.chart_id": "DU6SDoCAcAA",
                            "chart.2261548001.column": "0",
                            "chart.2261548001.height": "2",
                            "chart.2261548001.row": "16",
                            "chart.2261548001.width": "12",
                            "chart.2395493138.chart_id": "DU6SAJ-AgAA",
                            "chart.2395493138.column": "0",
                            "chart.2395493138.height": "2",
                            "chart.2395493138.row": "42",
                            "chart.2395493138.width": "12",
                            "chart.2416750112.chart_id": "DU6R_zeAcAA",
                            "chart.2416750112.column": "0",
                            "chart.2416750112.height": "2",
                            "chart.2416750112.row": "12",
                            "chart.2416750112.width": "12",
                            "chart.2723133716.chart_id": "DU6R_VJAcAA",
                            "chart.2723133716.column": "0",
                            "chart.2723133716.height": "2",
                            "chart.2723133716.row": "38",
                            "chart.2723133716.width": "12",
                            "chart.2765622852.chart_id": "DU6SCXQAcAA",
                            "chart.2765622852.column": "0",
                            "chart.2765622852.height": "2",
                            "chart.2765622852.row": "46",
                            "chart.2765622852.width": "12",
                            "chart.3342679764.chart_id": "DU6R_wdAgAA",
                            "chart.3342679764.column": "0",
                            "chart.3342679764.height": "2",
                            "chart.3342679764.row": "44",
                            "chart.3342679764.width": "12",
                            "chart.3358793627.chart_id": "DU6R_qqAYAA",
                            "chart.3358793627.column": "0",
                            "chart.3358793627.height": "2",
                            "chart.3358793627.row": "40",
                            "chart.3358793627.width": "12",
                            "chart.3495999936.chart_id": "DU6R_xCAcAA",
                            "chart.3495999936.column": "0",
                            "chart.3495999936.height": "2",
                            "chart.3495999936.row": "60",
                            "chart.3495999936.width": "12",
                            "chart.3815909559.chart_id": "DU6SBoUAcAA",
                            "chart.3815909559.column": "0",
                            "chart.3815909559.height": "2",
                            "chart.3815909559.row": "34",
                            "chart.3815909559.width": "12",
                            "chart.4052655760.chart_id": "DU6SB0QAgAA",
                            "chart.4052655760.column": "0",
                            "chart.4052655760.height": "2",
                            "chart.4052655760.row": "4",
                            "chart.4052655760.width": "12",
                            "chart.4086446570.chart_id": "DU6SCG5AcAA",
                            "chart.4086446570.column": "0",
                            "chart.4086446570.height": "2",
                            "chart.4086446570.row": "48",
                            "chart.4086446570.width": "12",
                            "chart.4250831149.chart_id": "DU6SAJFAgAA",
                            "chart.4250831149.column": "0",
                            "chart.4250831149.height": "2",
                            "chart.4250831149.row": "32",
                            "chart.4250831149.width": "12",
                            "chart.545901008.chart_id": "DU6SBWhAYAA",
                            "chart.545901008.column": "0",
                            "chart.545901008.height": "2",
                            "chart.545901008.row": "30",
                            "chart.545901008.width": "12",
                            "chart.58785505.chart_id": "DU6SCIDAYAA",
                            "chart.58785505.column": "0",
                            "chart.58785505.height": "2",
                            "chart.58785505.row": "66",
                            "chart.58785505.width": "12",
                            "chart.643759089.chart_id": "DU6SBIvAYAA",
                            "chart.643759089.column": "0",
                            "chart.643759089.height": "2",
                            "chart.643759089.row": "52",
                            "chart.643759089.width": "12",
                            "chart.711508327.chart_id": "DU6R_OFAcAA",
                            "chart.711508327.column": "0",
                            "chart.711508327.height": "2",
                            "chart.711508327.row": "56",
                            "chart.711508327.width": "12",
                            "chart.740156550.chart_id": "DU6R_51AcAA",
                            "chart.740156550.column": "0",
                            "chart.740156550.height": "2",
                            "chart.740156550.row": "28",
                            "chart.740156550.width": "12",
                            "chart.800308825.chart_id": "DU6R_qSAcAA",
                            "chart.800308825.column": "0",
                            "chart.800308825.height": "2",
                            "chart.800308825.row": "18",
                            "chart.800308825.width": "12",
                            "chart.894239590.chart_id": "DU6SCf8AYAA",
                            "chart.894239590.column": "0",
                            "chart.894239590.height": "2",
                            "chart.894239590.row": "68",
                            "chart.894239590.width": "12",
                            "chart.954035857.chart_id": "DU6SAvAAcAA",
                            "chart.954035857.column": "0",
                            "chart.954035857.height": "2",
                            "chart.954035857.row": "36",
                            "chart.954035857.width": "12",
                            "chart.964528828.chart_id": "DU6SAnAAYAA",
                            "chart.964528828.column": "0",
                            "chart.964528828.height": "2",
                            "chart.964528828.row": "10",
                            "chart.964528828.width": "12",
                            "charts_resolution": "highest",
                            "dashboard_group": "DU6R_OgAgAA",
                            "id": "DU6SDQQAgAA",
                            "last_updated": "1.517446190273E+12",
                            "name": "queue API",
                            "resource_url": "https://app.signalfx.com/#/dashboard/\u003cid\u003e",
                            "synced": "true",
                            "time_range": "-1d",
                            "url": "https://app.signalfx.com/#/dashboard/DU6SDQQAgAA"
                        },
                        "meta": {},
                        "tainted": false
                    },
                    "deposed": [],
                    "provider": "provider.signalform"
                },
                "signalform_dashboard.queue_pulse": {
                    "type": "signalform_dashboard",
                    "depends_on": [
                        "signalform_dashboard_group.queue_metrics",
                        "signalform_time_chart.queue_pulse_artifact-created",
                        "signalform_time_chart.queue_pulse_task-completed",
                        "signalform_time_chart.queue_pulse_task-defined",
                        "signalform_time_chart.queue_pulse_task-exception",
                        "signalform_time_chart.queue_pulse_task-failed",
                        "signalform_time_chart.queue_pulse_task-group-resolved",
                        "signalform_time_chart.queue_pulse_task-pending",
                        "signalform_time_chart.queue_pulse_task-running"
                    ],
                    "primary": {
                        "id": "DU6SCwrAYAA",
                        "attributes": {
                            "chart.#": "8",
                            "chart.1419207382.chart_id": "DU6SBMhAgAA",
                            "chart.1419207382.column": "0",
                            "chart.1419207382.height": "2",
                            "chart.1419207382.row": "4",
                            "chart.1419207382.width": "12",
                            "chart.1547720719.chart_id": "DU6SAGBAcAA",
                            "chart.1547720719.column": "0",
                            "chart.1547720719.height": "2",
                            "chart.1547720719.row": "7",
                            "chart.1547720719.width": "12",
                            "chart.1784078514.chart_id": "DU6R_PaAgAA",
                            "chart.1784078514.column": "0",
                            "chart.1784078514.height": "2",
                            "chart.1784078514.row": "0",
                            "chart.1784078514.width": "12",
                            "chart.2300178200.chart_id": "DU6SAe2AYAA",
                            "chart.2300178200.column": "0",
                            "chart.2300178200.height": "2",
                            "chart.2300178200.row": "5",
                            "chart.2300178200.width": "12",
                            "chart.235620383.chart_id": "DU6SAGRAYAA",
                            "chart.235620383.column": "0",
                            "chart.235620383.height": "2",
                            "chart.235620383.row": "6",
                            "chart.235620383.width": "12",
                            "chart.3776658985.chart_id": "DU6SAScAcAA",
                            "chart.3776658985.column": "0",
                            "chart.3776658985.height": "2",
                            "chart.3776658985.row": "3",
                            "chart.3776658985.width": "12",
                            "chart.566439343.chart_id": "DU6SAF2AYAA",
                            "chart.566439343.column": "0",
                            "chart.566439343.height": "2",
                            "chart.566439343.row": "1",
                            "chart.566439343.width": "12",
                            "chart.79873144.chart_id": "DU6SB7pAYAA",
                            "chart.79873144.column": "0",
                            "chart.79873144.height": "2",
                            "chart.79873144.row": "2",
                            "chart.79873144.width": "12",
                            "charts_resolution": "highest",
                            "dashboard_group": "DU6R_OgAgAA",
                            "id": "DU6SCwrAYAA",
                            "last_updated": "1.5174461891E+12",
                            "name": "queue Pulse Publishing",
                            "resource_url": "https://app.signalfx.com/#/dashboard/\u003cid\u003e",
                            "synced": "true",
                            "time_range": "-1d",
                            "url": "https://app.signalfx.com/#/dashboard/DU6SCwrAYAA"
                        },
                        "meta": {},
                        "tainted": false
                    },
                    "deposed": [],
                    "provider": "provider.signalform"
                },
                "signalform_dashboard.secrets_api": {
                    "type": "signalform_dashboard",
                    "depends_on": [
                        "signalform_dashboard_group.secrets_metrics",
                        "signalform_time_chart.secrets_get",
                        "signalform_time_chart.secrets_list",
                        "signalform_time_chart.secrets_ping",
                        "signalform_time_chart.secrets_remove",
                        "signalform_time_chart.secrets_set"
                    ],
                    "primary": {
                        "id": "DU6SEqgAgAA",
                        "attributes": {
                            "chart.#": "5",
                            "chart.1289159386.chart_id": "DU6SA3yAgAA",
                            "chart.1289159386.column": "0",
                            "chart.1289159386.height": "2",
                            "chart.1289159386.row": "8",
                            "chart.1289159386.width": "12",
                            "chart.2914815870.chart_id": "DU6SBtFAgAA",
                            "chart.2914815870.column": "0",
                            "chart.2914815870.height": "2",
                            "chart.2914815870.row": "2",
                            "chart.2914815870.width": "12",
                            "chart.3069720907.chart_id": "DU6SCx9AgAA",
                            "chart.3069720907.column": "0",
                            "chart.3069720907.height": "2",
                            "chart.3069720907.row": "4",
                            "chart.3069720907.width": "12",
                            "chart.362825040.chart_id": "DU6SDYbAcAI",
                            "chart.362825040.column": "0",
                            "chart.362825040.height": "2",
                            "chart.362825040.row": "6",
                            "chart.362825040.width": "12",
                            "chart.551273257.chart_id": "DU6SCcXAcAA",
                            "chart.551273257.column": "0",
                            "chart.551273257.height": "2",
                            "chart.551273257.row": "10",
                            "chart.551273257.width": "12",
                            "charts_resolution": "highest",
                            "dashboard_group": "DU6SAMQAcAA",
                            "id": "DU6SEqgAgAA",
                            "last_updated": "1.517446188858E+12",
                            "name": "secrets API",
                            "resource_url": "https://app.signalfx.com/#/dashboard/\u003cid\u003e",
                            "synced": "true",
                            "time_range": "-1d",
                            "url": "https://app.signalfx.com/#/dashboard/DU6SEqgAgAA"
                        },
                        "meta": {},
                        "tainted": false
                    },
                    "deposed": [],
                    "provider": "provider.signalform"
                },
                "signalform_dashboard.secrets_pulse": {
                    "type": "signalform_dashboard",
                    "depends_on": [
                        "signalform_dashboard_group.secrets_metrics"
                    ],
                    "primary": {
                        "id": "DU6SCoTAYAA",
                        "attributes": {
                            "charts_resolution": "highest",
                            "dashboard_group": "DU6SAMQAcAA",
                            "id": "DU6SCoTAYAA",
                            "last_updated": "1.517446188008E+12",
                            "name": "secrets Pulse Publishing",
                            "resource_url": "https://app.signalfx.com/#/dashboard/\u003cid\u003e",
                            "synced": "true",
                            "time_range": "-1d",
                            "url": "https://app.signalfx.com/#/dashboard/DU6SCoTAYAA"
                        },
                        "meta": {},
                        "tainted": false
                    },
                    "deposed": [],
                    "provider": "provider.signalform"
                },
                "signalform_dashboard.tc-treeherder_api": {
                    "type": "signalform_dashboard",
                    "depends_on": [
                        "signalform_dashboard_group.tc-treeherder_metrics"
                    ],
                    "primary": {
                        "id": "DU6SA1ZAgAA",
                        "attributes": {
                            "charts_resolution": "highest",
                            "dashboard_group": "DU6SDZ0AgAA",
                            "id": "DU6SA1ZAgAA",
                            "last_updated": "1.517446188599E+12",
                            "name": "tc-treeherder API",
                            "resource_url": "https://app.signalfx.com/#/dashboard/\u003cid\u003e",
                            "synced": "true",
                            "time_range": "-1d",
                            "url": "https://app.signalfx.com/#/dashboard/DU6SA1ZAgAA"
                        },
                        "meta": {},
                        "tainted": false
                    },
                    "deposed": [],
                    "provider": "provider.signalform"
                },
                "signalform_dashboard.tc-treeherder_pulse": {
                    "type": "signalform_dashboard",
                    "depends_on": [
                        "signalform_dashboard_group.tc-treeherder_metrics",
                        "signalform_time_chart.tc-treeherder_pulse_jobs"
                    ],
                    "primary": {
                        "id": "DU6SEleAcAA",
                        "attributes": {
                            "chart.#": "1",
                            "chart.1693050578.chart_id": "DU6SC0hAYAA",
                            "chart.1693050578.column": "0",
                            "chart.1693050578.height": "2",
                            "chart.1693050578.row": "0",
                            "chart.1693050578.width": "12",
                            "charts_resolution": "highest",
                            "dashboard_group": "DU6SDZ0AgAA",
                            "id": "DU6SEleAcAA",
                            "last_updated": "1.517446188732E+12",
                            "name": "tc-treeherder Pulse Publishing",
                            "resource_url": "https://app.signalfx.com/#/dashboard/\u003cid\u003e",
                            "synced": "true",
                            "time_range": "-1d",
                            "url": "https://app.signalfx.com/#/dashboard/DU6SEleAcAA"
                        },
                        "meta": {},
                        "tainted": false
                    },
                    "deposed": [],
                    "provider": "provider.signalform"
                },
                "signalform_dashboard.top_level_dashboard": {
                    "type": "signalform_dashboard",
                    "depends_on": [
                        "signalform_dashboard_group.top_level_dashboard",
                        "signalform_text_chart.project_links"
                    ],
                    "primary": {
                        "id": "DU5rffTAgAA",
                        "attributes": {
                            "chart.#": "1",
                            "chart.1986123263.chart_id": "DU5rj1PAgAA",
                            "chart.1986123263.column": "0",
                            "chart.1986123263.height": "2",
                            "chart.1986123263.row": "0",
                            "chart.1986123263.width": "12",
                            "dashboard_group": "DU5rihtAgAE",
                            "id": "DU5rffTAgAA",
                            "last_updated": "1.51744635852E+12",
                            "name": "Service Dashboards",
                            "resource_url": "https://app.signalfx.com/#/dashboard/\u003cid\u003e",
                            "synced": "true",
                            "url": "https://app.signalfx.com/#/dashboard/DU5rffTAgAA"
                        },
                        "meta": {},
                        "tainted": false
                    },
                    "deposed": [],
                    "provider": "provider.signalform"
                },
                "signalform_dashboard_group.auth_metrics": {
                    "type": "signalform_dashboard_group",
                    "depends_on": [],
                    "primary": {
                        "id": "DU5rcsOAYAA",
                        "attributes": {
                            "description": "Metrics for auth",
                            "id": "DU5rcsOAYAA",
                            "last_updated": "1.517436159821E+12",
                            "name": "auth metrics",
                            "synced": "true"
                        },
                        "meta": {},
                        "tainted": false
                    },
                    "deposed": [],
                    "provider": "provider.signalform"
                },
                "signalform_dashboard_group.aws-provisioner_metrics": {
                    "type": "signalform_dashboard_group",
                    "depends_on": [],
                    "primary": {
                        "id": "DU6R__tAgAA",
                        "attributes": {
                            "description": "Metrics for aws-provisioner",
                            "id": "DU6R__tAgAA",
                            "last_updated": "1.517446183599E+12",
                            "name": "aws-provisioner metrics",
                            "synced": "true"
                        },
                        "meta": {},
                        "tainted": false
                    },
                    "deposed": [],
                    "provider": "provider.signalform"
                },
                "signalform_dashboard_group.github_metrics": {
                    "type": "signalform_dashboard_group",
                    "depends_on": [],
                    "primary": {
                        "id": "DU6SARXAgAA",
                        "attributes": {
                            "description": "Metrics for github",
                            "id": "DU6SARXAgAA",
                            "last_updated": "1.517446180539E+12",
                            "name": "github metrics",
                            "synced": "true"
                        },
                        "meta": {},
                        "tainted": false
                    },
                    "deposed": [],
                    "provider": "provider.signalform"
                },
                "signalform_dashboard_group.hooks_metrics": {
                    "type": "signalform_dashboard_group",
                    "depends_on": [],
                    "primary": {
                        "id": "DU6SAIIAcAA",
                        "attributes": {
                            "description": "Metrics for hooks",
                            "id": "DU6SAIIAcAA",
                            "last_updated": "1.517446183986E+12",
                            "name": "hooks metrics",
                            "synced": "true"
                        },
                        "meta": {},
                        "tainted": false
                    },
                    "deposed": [],
                    "provider": "provider.signalform"
                },
                "signalform_dashboard_group.index_metrics": {
                    "type": "signalform_dashboard_group",
                    "depends_on": [],
                    "primary": {
                        "id": "DU6SAU0AcAA",
                        "attributes": {
                            "description": "Metrics for index",
                            "id": "DU6SAU0AcAA",
                            "last_updated": "1.517446186562E+12",
                            "name": "index metrics",
                            "synced": "true"
                        },
                        "meta": {},
                        "tainted": false
                    },
                    "deposed": [],
                    "provider": "provider.signalform"
                },
                "signalform_dashboard_group.login_metrics": {
                    "type": "signalform_dashboard_group",
                    "depends_on": [],
                    "primary": {
                        "id": "DU6SAhxAcAA",
                        "attributes": {
                            "description": "Metrics for login",
                            "id": "DU6SAhxAcAA",
                            "last_updated": "1.517446181191E+12",
                            "name": "login metrics",
                            "synced": "true"
                        },
                        "meta": {},
                        "tainted": false
                    },
                    "deposed": [],
                    "provider": "provider.signalform"
                },
                "signalform_dashboard_group.notify_metrics": {
                    "type": "signalform_dashboard_group",
                    "depends_on": [],
                    "primary": {
                        "id": "DU6SCbeAgAA",
                        "attributes": {
                            "description": "Metrics for notify",
                            "id": "DU6SCbeAgAA",
                            "last_updated": "1.517446186986E+12",
                            "name": "notify metrics",
                            "synced": "true"
                        },
                        "meta": {},
                        "tainted": false
                    },
                    "deposed": [],
                    "provider": "provider.signalform"
                },
                "signalform_dashboard_group.purge-cache_metrics": {
                    "type": "signalform_dashboard_group",
                    "depends_on": [],
                    "primary": {
                        "id": "DU6R_zuAYAA",
                        "attributes": {
                            "description": "Metrics for purge-cache",
                            "id": "DU6R_zuAYAA",
                            "last_updated": "1.517446182042E+12",
                            "name": "purge-cache metrics",
                            "synced": "true"
                        },
                        "meta": {},
                        "tainted": false
                    },
                    "deposed": [],
                    "provider": "provider.signalform"
                },
                "signalform_dashboard_group.queue_metrics": {
                    "type": "signalform_dashboard_group",
                    "depends_on": [],
                    "primary": {
                        "id": "DU6R_OgAgAA",
                        "attributes": {
                            "description": "Metrics for queue",
                            "id": "DU6R_OgAgAA",
                            "last_updated": "1.517446179157E+12",
                            "name": "queue metrics",
                            "synced": "true"
                        },
                        "meta": {},
                        "tainted": false
                    },
                    "deposed": [],
                    "provider": "provider.signalform"
                },
                "signalform_dashboard_group.secrets_metrics": {
                    "type": "signalform_dashboard_group",
                    "depends_on": [],
                    "primary": {
                        "id": "DU6SAMQAcAA",
                        "attributes": {
                            "description": "Metrics for secrets",
                            "id": "DU6SAMQAcAA",
                            "last_updated": "1.517446180268E+12",
                            "name": "secrets metrics",
                            "synced": "true"
                        },
                        "meta": {},
                        "tainted": false
                    },
                    "deposed": [],
                    "provider": "provider.signalform"
                },
                "signalform_dashboard_group.tc-treeherder_metrics": {
                    "type": "signalform_dashboard_group",
                    "depends_on": [],
                    "primary": {
                        "id": "DU6SDZ0AgAA",
                        "attributes": {
                            "description": "Metrics for tc-treeherder",
                            "id": "DU6SDZ0AgAA",
                            "last_updated": "1.517446185708E+12",
                            "name": "tc-treeherder metrics",
                            "synced": "true"
                        },
                        "meta": {},
                        "tainted": false
                    },
                    "deposed": [],
                    "provider": "provider.signalform"
                },
                "signalform_dashboard_group.top_level_dashboard": {
                    "type": "signalform_dashboard_group",
                    "depends_on": [],
                    "primary": {
                        "id": "DU5rihtAgAE",
                        "attributes": {
                            "description": "Links to per-service dashboards",
                            "id": "DU5rihtAgAE",
                            "last_updated": "1.517436159819E+12",
                            "name": "taskcluster metrics",
                            "synced": "true"
                        },
                        "meta": {},
                        "tainted": false
                    },
                    "deposed": [],
                    "provider": "provider.signalform"
                },
                "signalform_text_chart.project_links": {
                    "type": "signalform_text_chart",
                    "depends_on": [
                        "signalform_dashboard.auth_api",
                        "signalform_dashboard.aws-provisioner_api",
                        "signalform_dashboard.github_api",
                        "signalform_dashboard.hooks_api",
                        "signalform_dashboard.index_api",
                        "signalform_dashboard.login_api",
                        "signalform_dashboard.notify_api",
                        "signalform_dashboard.purge-cache_api",
                        "signalform_dashboard.queue_api",
                        "signalform_dashboard.secrets_api",
                        "signalform_dashboard.tc-treeherder_api"
                    ],
                    "primary": {
                        "id": "DU5rj1PAgAA",
                        "attributes": {
                            "description": "Links to all per-service dashboards",
                            "id": "DU5rj1PAgAA",
                            "last_updated": "1.51744632466E+12",
                            "markdown": "* [auth](https://app.signalfx.com/#/dashboard/DU5rfcWAcAA)\n* [aws-provisioner](https://app.signalfx.com/#/dashboard/DU6SAbUAYAA)\n* [github](https://app.signalfx.com/#/dashboard/DU6SAeoAgAA)\n* [hooks](https://app.signalfx.com/#/dashboard/DU6SFJ3AYAA)\n* [index](https://app.signalfx.com/#/dashboard/DU6SBTAAgAA)\n* [login](https://app.signalfx.com/#/dashboard/DU6SBYvAcAA)\n* [notify](https://app.signalfx.com/#/dashboard/DU6SBdAAYAA)\n* [purge-cache](https://app.signalfx.com/#/dashboard/DU6SBcvAcAA)\n* [queue](https://app.signalfx.com/#/dashboard/DU6SDQQAgAA)\n* [secrets](https://app.signalfx.com/#/dashboard/DU6SEqgAgAA)\n* [tc-treeherder](https://app.signalfx.com/#/dashboard/DU6SA1ZAgAA)\n\n",
                            "name": "per-service dashboards",
                            "resource_url": "https://app.signalfx.com/#/chart/\u003cid\u003e",
                            "synced": "true",
                            "url": "https://app.signalfx.com/#/chart/DU5rj1PAgAA"
                        },
                        "meta": {},
                        "tainted": false
                    },
                    "deposed": [],
                    "provider": "provider.signalform"
                },
                "signalform_time_chart.auth_authenticateHawk": {
                    "type": "signalform_time_chart",
                    "depends_on": [],
                    "primary": {
                        "id": "DU5rjzRAYAA",
                        "attributes": {
                            "axis_left.#": "1",
                            "axis_left.1687451994.high_watermark": "3.4028234663852886E+38",
                            "axis_left.1687451994.label": "duration (ms)",
                            "axis_left.1687451994.low_watermark": "-3.4028234663852886E+38",
                            "axis_left.1687451994.max_value": "3.4028234663852886E+38",
                            "axis_left.1687451994.min_value": "-3.4028234663852886E+38",
                            "axis_right.#": "1",
                            "axis_right.2313185360.high_watermark": "3.4028234663852886E+38",
                            "axis_right.2313185360.label": "requests",
                            "axis_right.2313185360.low_watermark": "-3.4028234663852886E+38",
                            "axis_right.2313185360.max_value": "3.4028234663852886E+38",
                            "axis_right.2313185360.min_value": "-3.4028234663852886E+38",
                            "id": "DU5rjzRAYAA",
                            "last_updated": "1.517441185292E+12",
                            "name": "auth.authenticateHawk() duration / count",
                            "plot_type": "LineChart",
                            "program_text": "data(\"taskcluster-auth.api.authenticateHawk.all.5m.count\", rollup=\"sum\", extrapolation=\"zero\").publish(label=\"count\")\ndata(\"taskcluster-auth.api.authenticateHawk.client-error.5m.count\", rollup=\"sum\", extrapolation=\"zero\").publish(label=\"client-errors\")\ndata(\"taskcluster-auth.api.authenticateHawk.server-error.5m.count\", rollup=\"sum\", extrapolation=\"zero\").publish(label=\"server-errors\")\ndata(\"taskcluster-auth.api.authenticateHawk.all.5m.max\", rollup=\"max\").publish(label=\"max\")\ndata(\"taskcluster-auth.api.authenticateHawk.all.5m.p99\", rollup=\"max\").publish(label=\"p99\")\ndata(\"taskcluster-auth.api.authenticateHawk.all.5m.p95\", rollup=\"max\").publish(label=\"p95\")\ndata(\"taskcluster-auth.api.authenticateHawk.all.5m.p75\", rollup=\"max\").publish(label=\"p75\")\ndata(\"taskcluster-auth.api.authenticateHawk.all.5m.p50\", rollup=\"max\").publish(label=\"p50\")\ndata(\"taskcluster-auth.api.authenticateHawk.all.5m.p25\", rollup=\"max\").publish(label=\"p25\")\ndata(\"taskcluster-auth.api.authenticateHawk.all.5m.min\", rollup=\"min\").publish(label=\"min\")\n",
                            "resource_url": "https://app.signalfx.com/#/chart/\u003cid\u003e",
                            "show_data_markers": "true",
                            "stacked": "false",
                            "synced": "true",
                            "time_range": "-1d",
                            "url": "https://app.signalfx.com/#/chart/DU5rjzRAYAA",
                            "viz_options.#": "10",
                            "viz_options.104843832.axis": "left",
                            "viz_options.104843832.color": "green",
                            "viz_options.104843832.label": "p50",
                            "viz_options.104843832.plot_type": "",
                            "viz_options.1086408202.axis": "left",
                            "viz_options.1086408202.color": "green",
                            "viz_options.1086408202.label": "min",
                            "viz_options.1086408202.plot_type": "",
                            "viz_options.167522665.axis": "left",
                            "viz_options.167522665.color": "brown",
                            "viz_options.167522665.label": "max",
                            "viz_options.167522665.plot_type": "AreaChart",
                            "viz_options.1961470473.axis": "right",
                            "viz_options.1961470473.color": "pink",
                            "viz_options.1961470473.label": "count",
                            "viz_options.1961470473.plot_type": "",
                            "viz_options.2128466923.axis": "left",
                            "viz_options.2128466923.color": "green",
                            "viz_options.2128466923.label": "p25",
                            "viz_options.2128466923.plot_type": "",
                            "viz_options.2210909955.axis": "right",
                            "viz_options.2210909955.color": "emerald",
                            "viz_options.2210909955.label": "client-errors",
                            "viz_options.2210909955.plot_type": "",
                            "viz_options.2636455216.axis": "left",
                            "viz_options.2636455216.color": "orange",
                            "viz_options.2636455216.label": "p99",
                            "viz_options.2636455216.plot_type": "",
                            "viz_options.2750596149.axis": "left",
                            "viz_options.2750596149.color": "yellow",
                            "viz_options.2750596149.label": "p95",
                            "viz_options.2750596149.plot_type": "",
                            "viz_options.3723831655.axis": "right",
                            "viz_options.3723831655.color": "brown",
                            "viz_options.3723831655.label": "server-errors",
                            "viz_options.3723831655.plot_type": "",
                            "viz_options.4202610054.axis": "left",
                            "viz_options.4202610054.color": "green",
                            "viz_options.4202610054.label": "p75",
                            "viz_options.4202610054.plot_type": ""
                        },
                        "meta": {},
                        "tainted": false
                    },
                    "deposed": [],
                    "provider": "provider.signalform"
                },
                "signalform_time_chart.auth_awsS3Credentials": {
                    "type": "signalform_time_chart",
                    "depends_on": [],
                    "primary": {
                        "id": "DU6PnqLAgAA",
                        "attributes": {
                            "axis_left.#": "1",
                            "axis_left.1687451994.high_watermark": "3.4028234663852886E+38",
                            "axis_left.1687451994.label": "duration (ms)",
                            "axis_left.1687451994.low_watermark": "-3.4028234663852886E+38",
                            "axis_left.1687451994.max_value": "3.4028234663852886E+38",
                            "axis_left.1687451994.min_value": "-3.4028234663852886E+38",
                            "axis_right.#": "1",
                            "axis_right.2313185360.high_watermark": "3.4028234663852886E+38",
                            "axis_right.2313185360.label": "requests",
                            "axis_right.2313185360.low_watermark": "-3.4028234663852886E+38",
                            "axis_right.2313185360.max_value": "3.4028234663852886E+38",
                            "axis_right.2313185360.min_value": "-3.4028234663852886E+38",
                            "id": "DU6PnqLAgAA",
                            "last_updated": "1.517445531402E+12",
                            "name": "auth.awsS3Credentials() duration / count",
                            "plot_type": "LineChart",
                            "program_text": "data(\"taskcluster-auth.api.awsS3Credentials.all.5m.count\", rollup=\"sum\", extrapolation=\"zero\").publish(label=\"count\")\ndata(\"taskcluster-auth.api.awsS3Credentials.client-error.5m.count\", rollup=\"sum\", extrapolation=\"zero\").publish(label=\"client-errors\")\ndata(\"taskcluster-auth.api.awsS3Credentials.server-error.5m.count\", rollup=\"sum\", extrapolation=\"zero\").publish(label=\"server-errors\")\ndata(\"taskcluster-auth.api.awsS3Credentials.all.5m.max\", rollup=\"max\").publish(label=\"max\")\ndata(\"taskcluster-auth.api.awsS3Credentials.all.5m.p99\", rollup=\"max\").publish(label=\"p99\")\ndata(\"taskcluster-auth.api.awsS3Credentials.all.5m.p95\", rollup=\"max\").publish(label=\"p95\")\ndata(\"taskcluster-auth.api.awsS3Credentials.all.5m.p75\", rollup=\"max\").publish(label=\"p75\")\ndata(\"taskcluster-auth.api.awsS3Credentials.all.5m.p50\", rollup=\"max\").publish(label=\"p50\")\ndata(\"taskcluster-auth.api.awsS3Credentials.all.5m.p25\", rollup=\"max\").publish(label=\"p25\")\ndata(\"taskcluster-auth.api.awsS3Credentials.all.5m.min\", rollup=\"min\").publish(label=\"min\")\n",
                            "resource_url": "https://app.signalfx.com/#/chart/\u003cid\u003e",
                            "show_data_markers": "true",
                            "stacked": "false",
                            "synced": "true",
                            "time_range": "-1d",
                            "url": "https://app.signalfx.com/#/chart/DU6PnqLAgAA",
                            "viz_options.#": "10",
                            "viz_options.104843832.axis": "left",
                            "viz_options.104843832.color": "green",
                            "viz_options.104843832.label": "p50",
                            "viz_options.104843832.plot_type": "",
                            "viz_options.1086408202.axis": "left",
                            "viz_options.1086408202.color": "green",
                            "viz_options.1086408202.label": "min",
                            "viz_options.1086408202.plot_type": "",
                            "viz_options.167522665.axis": "left",
                            "viz_options.167522665.color": "brown",
                            "viz_options.167522665.label": "max",
                            "viz_options.167522665.plot_type": "AreaChart",
                            "viz_options.1961470473.axis": "right",
                            "viz_options.1961470473.color": "pink",
                            "viz_options.1961470473.label": "count",
                            "viz_options.1961470473.plot_type": "",
                            "viz_options.2128466923.axis": "left",
                            "viz_options.2128466923.color": "green",
                            "viz_options.2128466923.label": "p25",
                            "viz_options.2128466923.plot_type": "",
                            "viz_options.2210909955.axis": "right",
                            "viz_options.2210909955.color": "emerald",
                            "viz_options.2210909955.label": "client-errors",
                            "viz_options.2210909955.plot_type": "",
                            "viz_options.2636455216.axis": "left",
                            "viz_options.2636455216.color": "orange",
                            "viz_options.2636455216.label": "p99",
                            "viz_options.2636455216.plot_type": "",
                            "viz_options.2750596149.axis": "left",
                            "viz_options.2750596149.color": "yellow",
                            "viz_options.2750596149.label": "p95",
                            "viz_options.2750596149.plot_type": "",
                            "viz_options.3723831655.axis": "right",
                            "viz_options.3723831655.color": "brown",
                            "viz_options.3723831655.label": "server-errors",
                            "viz_options.3723831655.plot_type": "",
                            "viz_options.4202610054.axis": "left",
                            "viz_options.4202610054.color": "green",
                            "viz_options.4202610054.label": "p75",
                            "viz_options.4202610054.plot_type": ""
                        },
                        "meta": {},
                        "tainted": false
                    },
                    "deposed": [],
                    "provider": "provider.signalform"
                },
                "signalform_time_chart.auth_azureAccounts": {
                    "type": "signalform_time_chart",
                    "depends_on": [],
                    "primary": {
                        "id": "DU6PnxQAcAA",
                        "attributes": {
                            "axis_left.#": "1",
                            "axis_left.1687451994.high_watermark": "3.4028234663852886E+38",
                            "axis_left.1687451994.label": "duration (ms)",
                            "axis_left.1687451994.low_watermark": "-3.4028234663852886E+38",
                            "axis_left.1687451994.max_value": "3.4028234663852886E+38",
                            "axis_left.1687451994.min_value": "-3.4028234663852886E+38",
                            "axis_right.#": "1",
                            "axis_right.2313185360.high_watermark": "3.4028234663852886E+38",
                            "axis_right.2313185360.label": "requests",
                            "axis_right.2313185360.low_watermark": "-3.4028234663852886E+38",
                            "axis_right.2313185360.max_value": "3.4028234663852886E+38",
                            "axis_right.2313185360.min_value": "-3.4028234663852886E+38",
                            "id": "DU6PnxQAcAA",
                            "last_updated": "1.517445531722E+12",
                            "name": "auth.azureAccounts() duration / count",
                            "plot_type": "LineChart",
                            "program_text": "data(\"taskcluster-auth.api.azureAccounts.all.5m.count\", rollup=\"sum\", extrapolation=\"zero\").publish(label=\"count\")\ndata(\"taskcluster-auth.api.azureAccounts.client-error.5m.count\", rollup=\"sum\", extrapolation=\"zero\").publish(label=\"client-errors\")\ndata(\"taskcluster-auth.api.azureAccounts.server-error.5m.count\", rollup=\"sum\", extrapolation=\"zero\").publish(label=\"server-errors\")\ndata(\"taskcluster-auth.api.azureAccounts.all.5m.max\", rollup=\"max\").publish(label=\"max\")\ndata(\"taskcluster-auth.api.azureAccounts.all.5m.p99\", rollup=\"max\").publish(label=\"p99\")\ndata(\"taskcluster-auth.api.azureAccounts.all.5m.p95\", rollup=\"max\").publish(label=\"p95\")\ndata(\"taskcluster-auth.api.azureAccounts.all.5m.p75\", rollup=\"max\").publish(label=\"p75\")\ndata(\"taskcluster-auth.api.azureAccounts.all.5m.p50\", rollup=\"max\").publish(label=\"p50\")\ndata(\"taskcluster-auth.api.azureAccounts.all.5m.p25\", rollup=\"max\").publish(label=\"p25\")\ndata(\"taskcluster-auth.api.azureAccounts.all.5m.min\", rollup=\"min\").publish(label=\"min\")\n",
                            "resource_url": "https://app.signalfx.com/#/chart/\u003cid\u003e",
                            "show_data_markers": "true",
                            "stacked": "false",
                            "synced": "true",
                            "time_range": "-1d",
                            "url": "https://app.signalfx.com/#/chart/DU6PnxQAcAA",
                            "viz_options.#": "10",
                            "viz_options.104843832.axis": "left",
                            "viz_options.104843832.color": "green",
                            "viz_options.104843832.label": "p50",
                            "viz_options.104843832.plot_type": "",
                            "viz_options.1086408202.axis": "left",
                            "viz_options.1086408202.color": "green",
                            "viz_options.1086408202.label": "min",
                            "viz_options.1086408202.plot_type": "",
                            "viz_options.167522665.axis": "left",
                            "viz_options.167522665.color": "brown",
                            "viz_options.167522665.label": "max",
                            "viz_options.167522665.plot_type": "AreaChart",
                            "viz_options.1961470473.axis": "right",
                            "viz_options.1961470473.color": "pink",
                            "viz_options.1961470473.label": "count",
                            "viz_options.1961470473.plot_type": "",
                            "viz_options.2128466923.axis": "left",
                            "viz_options.2128466923.color": "green",
                            "viz_options.2128466923.label": "p25",
                            "viz_options.2128466923.plot_type": "",
                            "viz_options.2210909955.axis": "right",
                            "viz_options.2210909955.color": "emerald",
                            "viz_options.2210909955.label": "client-errors",
                            "viz_options.2210909955.plot_type": "",
                            "viz_options.2636455216.axis": "left",
                            "viz_options.2636455216.color": "orange",
                            "viz_options.2636455216.label": "p99",
                            "viz_options.2636455216.plot_type": "",
                            "viz_options.2750596149.axis": "left",
                            "viz_options.2750596149.color": "yellow",
                            "viz_options.2750596149.label": "p95",
                            "viz_options.2750596149.plot_type": "",
                            "viz_options.3723831655.axis": "right",
                            "viz_options.3723831655.color": "brown",
                            "viz_options.3723831655.label": "server-errors",
                            "viz_options.3723831655.plot_type": "",
                            "viz_options.4202610054.axis": "left",
                            "viz_options.4202610054.color": "green",
                            "viz_options.4202610054.label": "p75",
                            "viz_options.4202610054.plot_type": ""
                        },
                        "meta": {},
                        "tainted": false
                    },
                    "deposed": [],
                    "provider": "provider.signalform"
                },
                "signalform_time_chart.auth_azureBlobSAS": {
                    "type": "signalform_time_chart",
                    "depends_on": [],
                    "primary": {
                        "id": "DU6Pm4UAYAA",
                        "attributes": {
                            "axis_left.#": "1",
                            "axis_left.1687451994.high_watermark": "3.4028234663852886E+38",
                            "axis_left.1687451994.label": "duration (ms)",
                            "axis_left.1687451994.low_watermark": "-3.4028234663852886E+38",
                            "axis_left.1687451994.max_value": "3.4028234663852886E+38",
                            "axis_left.1687451994.min_value": "-3.4028234663852886E+38",
                            "axis_right.#": "1",
                            "axis_right.2313185360.high_watermark": "3.4028234663852886E+38",
                            "axis_right.2313185360.label": "requests",
                            "axis_right.2313185360.low_watermark": "-3.4028234663852886E+38",
                            "axis_right.2313185360.max_value": "3.4028234663852886E+38",
                            "axis_right.2313185360.min_value": "-3.4028234663852886E+38",
                            "id": "DU6Pm4UAYAA",
                            "last_updated": "1.517445531227E+12",
                            "name": "auth.azureBlobSAS() duration / count",
                            "plot_type": "LineChart",
                            "program_text": "data(\"taskcluster-auth.api.azureBlobSAS.all.5m.count\", rollup=\"sum\", extrapolation=\"zero\").publish(label=\"count\")\ndata(\"taskcluster-auth.api.azureBlobSAS.client-error.5m.count\", rollup=\"sum\", extrapolation=\"zero\").publish(label=\"client-errors\")\ndata(\"taskcluster-auth.api.azureBlobSAS.server-error.5m.count\", rollup=\"sum\", extrapolation=\"zero\").publish(label=\"server-errors\")\ndata(\"taskcluster-auth.api.azureBlobSAS.all.5m.max\", rollup=\"max\").publish(label=\"max\")\ndata(\"taskcluster-auth.api.azureBlobSAS.all.5m.p99\", rollup=\"max\").publish(label=\"p99\")\ndata(\"taskcluster-auth.api.azureBlobSAS.all.5m.p95\", rollup=\"max\").publish(label=\"p95\")\ndata(\"taskcluster-auth.api.azureBlobSAS.all.5m.p75\", rollup=\"max\").publish(label=\"p75\")\ndata(\"taskcluster-auth.api.azureBlobSAS.all.5m.p50\", rollup=\"max\").publish(label=\"p50\")\ndata(\"taskcluster-auth.api.azureBlobSAS.all.5m.p25\", rollup=\"max\").publish(label=\"p25\")\ndata(\"taskcluster-auth.api.azureBlobSAS.all.5m.min\", rollup=\"min\").publish(label=\"min\")\n",
                            "resource_url": "https://app.signalfx.com/#/chart/\u003cid\u003e",
                            "show_data_markers": "true",
                            "stacked": "false",
                            "synced": "true",
                            "time_range": "-1d",
                            "url": "https://app.signalfx.com/#/chart/DU6Pm4UAYAA",
                            "viz_options.#": "10",
                            "viz_options.104843832.axis": "left",
                            "viz_options.104843832.color": "green",
                            "viz_options.104843832.label": "p50",
                            "viz_options.104843832.plot_type": "",
                            "viz_options.1086408202.axis": "left",
                            "viz_options.1086408202.color": "green",
                            "viz_options.1086408202.label": "min",
                            "viz_options.1086408202.plot_type": "",
                            "viz_options.167522665.axis": "left",
                            "viz_options.167522665.color": "brown",
                            "viz_options.167522665.label": "max",
                            "viz_options.167522665.plot_type": "AreaChart",
                            "viz_options.1961470473.axis": "right",
                            "viz_options.1961470473.color": "pink",
                            "viz_options.1961470473.label": "count",
                            "viz_options.1961470473.plot_type": "",
                            "viz_options.2128466923.axis": "left",
                            "viz_options.2128466923.color": "green",
                            "viz_options.2128466923.label": "p25",
                            "viz_options.2128466923.plot_type": "",
                            "viz_options.2210909955.axis": "right",
                            "viz_options.2210909955.color": "emerald",
                            "viz_options.2210909955.label": "client-errors",
                            "viz_options.2210909955.plot_type": "",
                            "viz_options.2636455216.axis": "left",
                            "viz_options.2636455216.color": "orange",
                            "viz_options.2636455216.label": "p99",
                            "viz_options.2636455216.plot_type": "",
                            "viz_options.2750596149.axis": "left",
                            "viz_options.2750596149.color": "yellow",
                            "viz_options.2750596149.label": "p95",
                            "viz_options.2750596149.plot_type": "",
                            "viz_options.3723831655.axis": "right",
                            "viz_options.3723831655.color": "brown",
                            "viz_options.3723831655.label": "server-errors",
                            "viz_options.3723831655.plot_type": "",
                            "viz_options.4202610054.axis": "left",
                            "viz_options.4202610054.color": "green",
                            "viz_options.4202610054.label": "p75",
                            "viz_options.4202610054.plot_type": ""
                        },
                        "meta": {},
                        "tainted": false
                    },
                    "deposed": [],
                    "provider": "provider.signalform"
                },
                "signalform_time_chart.auth_azureTableSAS": {
                    "type": "signalform_time_chart",
                    "depends_on": [],
                    "primary": {
                        "id": "DU6Pm2SAgAA",
                        "attributes": {
                            "axis_left.#": "1",
                            "axis_left.1687451994.high_watermark": "3.4028234663852886E+38",
                            "axis_left.1687451994.label": "duration (ms)",
                            "axis_left.1687451994.low_watermark": "-3.4028234663852886E+38",
                            "axis_left.1687451994.max_value": "3.4028234663852886E+38",
                            "axis_left.1687451994.min_value": "-3.4028234663852886E+38",
                            "axis_right.#": "1",
                            "axis_right.2313185360.high_watermark": "3.4028234663852886E+38",
                            "axis_right.2313185360.label": "requests",
                            "axis_right.2313185360.low_watermark": "-3.4028234663852886E+38",
                            "axis_right.2313185360.max_value": "3.4028234663852886E+38",
                            "axis_right.2313185360.min_value": "-3.4028234663852886E+38",
                            "id": "DU6Pm2SAgAA",
                            "last_updated": "1.517445531039E+12",
                            "name": "auth.azureTableSAS() duration / count",
                            "plot_type": "LineChart",
                            "program_text": "data(\"taskcluster-auth.api.azureTableSAS.all.5m.count\", rollup=\"sum\", extrapolation=\"zero\").publish(label=\"count\")\ndata(\"taskcluster-auth.api.azureTableSAS.client-error.5m.count\", rollup=\"sum\", extrapolation=\"zero\").publish(label=\"client-errors\")\ndata(\"taskcluster-auth.api.azureTableSAS.server-error.5m.count\", rollup=\"sum\", extrapolation=\"zero\").publish(label=\"server-errors\")\ndata(\"taskcluster-auth.api.azureTableSAS.all.5m.max\", rollup=\"max\").publish(label=\"max\")\ndata(\"taskcluster-auth.api.azureTableSAS.all.5m.p99\", rollup=\"max\").publish(label=\"p99\")\ndata(\"taskcluster-auth.api.azureTableSAS.all.5m.p95\", rollup=\"max\").publish(label=\"p95\")\ndata(\"taskcluster-auth.api.azureTableSAS.all.5m.p75\", rollup=\"max\").publish(label=\"p75\")\ndata(\"taskcluster-auth.api.azureTableSAS.all.5m.p50\", rollup=\"max\").publish(label=\"p50\")\ndata(\"taskcluster-auth.api.azureTableSAS.all.5m.p25\", rollup=\"max\").publish(label=\"p25\")\ndata(\"taskcluster-auth.api.azureTableSAS.all.5m.min\", rollup=\"min\").publish(label=\"min\")\n",
                            "resource_url": "https://app.signalfx.com/#/chart/\u003cid\u003e",
                            "show_data_markers": "true",
                            "stacked": "false",
                            "synced": "true",
                            "time_range": "-1d",
                            "url": "https://app.signalfx.com/#/chart/DU6Pm2SAgAA",
                            "viz_options.#": "10",
                            "viz_options.104843832.axis": "left",
                            "viz_options.104843832.color": "green",
                            "viz_options.104843832.label": "p50",
                            "viz_options.104843832.plot_type": "",
                            "viz_options.1086408202.axis": "left",
                            "viz_options.1086408202.color": "green",
                            "viz_options.1086408202.label": "min",
                            "viz_options.1086408202.plot_type": "",
                            "viz_options.167522665.axis": "left",
                            "viz_options.167522665.color": "brown",
                            "viz_options.167522665.label": "max",
                            "viz_options.167522665.plot_type": "AreaChart",
                            "viz_options.1961470473.axis": "right",
                            "viz_options.1961470473.color": "pink",
                            "viz_options.1961470473.label": "count",
                            "viz_options.1961470473.plot_type": "",
                            "viz_options.2128466923.axis": "left",
                            "viz_options.2128466923.color": "green",
                            "viz_options.2128466923.label": "p25",
                            "viz_options.2128466923.plot_type": "",
                            "viz_options.2210909955.axis": "right",
                            "viz_options.2210909955.color": "emerald",
                            "viz_options.2210909955.label": "client-errors",
                            "viz_options.2210909955.plot_type": "",
                            "viz_options.2636455216.axis": "left",
                            "viz_options.2636455216.color": "orange",
                            "viz_options.2636455216.label": "p99",
                            "viz_options.2636455216.plot_type": "",
                            "viz_options.2750596149.axis": "left",
                            "viz_options.2750596149.color": "yellow",
                            "viz_options.2750596149.label": "p95",
                            "viz_options.2750596149.plot_type": "",
                            "viz_options.3723831655.axis": "right",
                            "viz_options.3723831655.color": "brown",
                            "viz_options.3723831655.label": "server-errors",
                            "viz_options.3723831655.plot_type": "",
                            "viz_options.4202610054.axis": "left",
                            "viz_options.4202610054.color": "green",
                            "viz_options.4202610054.label": "p75",
                            "viz_options.4202610054.plot_type": ""
                        },
                        "meta": {},
                        "tainted": false
                    },
                    "deposed": [],
                    "provider": "provider.signalform"
                },
                "signalform_time_chart.auth_azureTables": {
                    "type": "signalform_time_chart",
                    "depends_on": [],
                    "primary": {
                        "id": "DU6PnuxAYAA",
                        "attributes": {
                            "axis_left.#": "1",
                            "axis_left.1687451994.high_watermark": "3.4028234663852886E+38",
                            "axis_left.1687451994.label": "duration (ms)",
                            "axis_left.1687451994.low_watermark": "-3.4028234663852886E+38",
                            "axis_left.1687451994.max_value": "3.4028234663852886E+38",
                            "axis_left.1687451994.min_value": "-3.4028234663852886E+38",
                            "axis_right.#": "1",
                            "axis_right.2313185360.high_watermark": "3.4028234663852886E+38",
                            "axis_right.2313185360.label": "requests",
                            "axis_right.2313185360.low_watermark": "-3.4028234663852886E+38",
                            "axis_right.2313185360.max_value": "3.4028234663852886E+38",
                            "axis_right.2313185360.min_value": "-3.4028234663852886E+38",
                            "id": "DU6PnuxAYAA",
                            "last_updated": "1.517445531656E+12",
                            "name": "auth.azureTables() duration / count",
                            "plot_type": "LineChart",
                            "program_text": "data(\"taskcluster-auth.api.azureTables.all.5m.count\", rollup=\"sum\", extrapolation=\"zero\").publish(label=\"count\")\ndata(\"taskcluster-auth.api.azureTables.client-error.5m.count\", rollup=\"sum\", extrapolation=\"zero\").publish(label=\"client-errors\")\ndata(\"taskcluster-auth.api.azureTables.server-error.5m.count\", rollup=\"sum\", extrapolation=\"zero\").publish(label=\"server-errors\")\ndata(\"taskcluster-auth.api.azureTables.all.5m.max\", rollup=\"max\").publish(label=\"max\")\ndata(\"taskcluster-auth.api.azureTables.all.5m.p99\", rollup=\"max\").publish(label=\"p99\")\ndata(\"taskcluster-auth.api.azureTables.all.5m.p95\", rollup=\"max\").publish(label=\"p95\")\ndata(\"taskcluster-auth.api.azureTables.all.5m.p75\", rollup=\"max\").publish(label=\"p75\")\ndata(\"taskcluster-auth.api.azureTables.all.5m.p50\", rollup=\"max\").publish(label=\"p50\")\ndata(\"taskcluster-auth.api.azureTables.all.5m.p25\", rollup=\"max\").publish(label=\"p25\")\ndata(\"taskcluster-auth.api.azureTables.all.5m.min\", rollup=\"min\").publish(label=\"min\")\n",
                            "resource_url": "https://app.signalfx.com/#/chart/\u003cid\u003e",
                            "show_data_markers": "true",
                            "stacked": "false",
                            "synced": "true",
                            "time_range": "-1d",
                            "url": "https://app.signalfx.com/#/chart/DU6PnuxAYAA",
                            "viz_options.#": "10",
                            "viz_options.104843832.axis": "left",
                            "viz_options.104843832.color": "green",
                            "viz_options.104843832.label": "p50",
                            "viz_options.104843832.plot_type": "",
                            "viz_options.1086408202.axis": "left",
                            "viz_options.1086408202.color": "green",
                            "viz_options.1086408202.label": "min",
                            "viz_options.1086408202.plot_type": "",
                            "viz_options.167522665.axis": "left",
                            "viz_options.167522665.color": "brown",
                            "viz_options.167522665.label": "max",
                            "viz_options.167522665.plot_type": "AreaChart",
                            "viz_options.1961470473.axis": "right",
                            "viz_options.1961470473.color": "pink",
                            "viz_options.1961470473.label": "count",
                            "viz_options.1961470473.plot_type": "",
                            "viz_options.2128466923.axis": "left",
                            "viz_options.2128466923.color": "green",
                            "viz_options.2128466923.label": "p25",
                            "viz_options.2128466923.plot_type": "",
                            "viz_options.2210909955.axis": "right",
                            "viz_options.2210909955.color": "emerald",
                            "viz_options.2210909955.label": "client-errors",
                            "viz_options.2210909955.plot_type": "",
                            "viz_options.2636455216.axis": "left",
                            "viz_options.2636455216.color": "orange",
                            "viz_options.2636455216.label": "p99",
                            "viz_options.2636455216.plot_type": "",
                            "viz_options.2750596149.axis": "left",
                            "viz_options.2750596149.color": "yellow",
                            "viz_options.2750596149.label": "p95",
                            "viz_options.2750596149.plot_type": "",
                            "viz_options.3723831655.axis": "right",
                            "viz_options.3723831655.color": "brown",
                            "viz_options.3723831655.label": "server-errors",
                            "viz_options.3723831655.plot_type": "",
                            "viz_options.4202610054.axis": "left",
                            "viz_options.4202610054.color": "green",
                            "viz_options.4202610054.label": "p75",
                            "viz_options.4202610054.plot_type": ""
                        },
                        "meta": {},
                        "tainted": false
                    },
                    "deposed": [],
                    "provider": "provider.signalform"
                },
                "signalform_time_chart.auth_client": {
                    "type": "signalform_time_chart",
                    "depends_on": [],
                    "primary": {
                        "id": "DU6PntsAgAA",
                        "attributes": {
                            "axis_left.#": "1",
                            "axis_left.1687451994.high_watermark": "3.4028234663852886E+38",
                            "axis_left.1687451994.label": "duration (ms)",
                            "axis_left.1687451994.low_watermark": "-3.4028234663852886E+38",
                            "axis_left.1687451994.max_value": "3.4028234663852886E+38",
                            "axis_left.1687451994.min_value": "-3.4028234663852886E+38",
                            "axis_right.#": "1",
                            "axis_right.2313185360.high_watermark": "3.4028234663852886E+38",
                            "axis_right.2313185360.label": "requests",
                            "axis_right.2313185360.low_watermark": "-3.4028234663852886E+38",
                            "axis_right.2313185360.max_value": "3.4028234663852886E+38",
                            "axis_right.2313185360.min_value": "-3.4028234663852886E+38",
                            "id": "DU6PntsAgAA",
                            "last_updated": "1.517445531603E+12",
                            "name": "auth.client() duration / count",
                            "plot_type": "LineChart",
                            "program_text": "data(\"taskcluster-auth.api.client.all.5m.count\", rollup=\"sum\", extrapolation=\"zero\").publish(label=\"count\")\ndata(\"taskcluster-auth.api.client.client-error.5m.count\", rollup=\"sum\", extrapolation=\"zero\").publish(label=\"client-errors\")\ndata(\"taskcluster-auth.api.client.server-error.5m.count\", rollup=\"sum\", extrapolation=\"zero\").publish(label=\"server-errors\")\ndata(\"taskcluster-auth.api.client.all.5m.max\", rollup=\"max\").publish(label=\"max\")\ndata(\"taskcluster-auth.api.client.all.5m.p99\", rollup=\"max\").publish(label=\"p99\")\ndata(\"taskcluster-auth.api.client.all.5m.p95\", rollup=\"max\").publish(label=\"p95\")\ndata(\"taskcluster-auth.api.client.all.5m.p75\", rollup=\"max\").publish(label=\"p75\")\ndata(\"taskcluster-auth.api.client.all.5m.p50\", rollup=\"max\").publish(label=\"p50\")\ndata(\"taskcluster-auth.api.client.all.5m.p25\", rollup=\"max\").publish(label=\"p25\")\ndata(\"taskcluster-auth.api.client.all.5m.min\", rollup=\"min\").publish(label=\"min\")\n",
                            "resource_url": "https://app.signalfx.com/#/chart/\u003cid\u003e",
                            "show_data_markers": "true",
                            "stacked": "false",
                            "synced": "true",
                            "time_range": "-1d",
                            "url": "https://app.signalfx.com/#/chart/DU6PntsAgAA",
                            "viz_options.#": "10",
                            "viz_options.104843832.axis": "left",
                            "viz_options.104843832.color": "green",
                            "viz_options.104843832.label": "p50",
                            "viz_options.104843832.plot_type": "",
                            "viz_options.1086408202.axis": "left",
                            "viz_options.1086408202.color": "green",
                            "viz_options.1086408202.label": "min",
                            "viz_options.1086408202.plot_type": "",
                            "viz_options.167522665.axis": "left",
                            "viz_options.167522665.color": "brown",
                            "viz_options.167522665.label": "max",
                            "viz_options.167522665.plot_type": "AreaChart",
                            "viz_options.1961470473.axis": "right",
                            "viz_options.1961470473.color": "pink",
                            "viz_options.1961470473.label": "count",
                            "viz_options.1961470473.plot_type": "",
                            "viz_options.2128466923.axis": "left",
                            "viz_options.2128466923.color": "green",
                            "viz_options.2128466923.label": "p25",
                            "viz_options.2128466923.plot_type": "",
                            "viz_options.2210909955.axis": "right",
                            "viz_options.2210909955.color": "emerald",
                            "viz_options.2210909955.label": "client-errors",
                            "viz_options.2210909955.plot_type": "",
                            "viz_options.2636455216.axis": "left",
                            "viz_options.2636455216.color": "orange",
                            "viz_options.2636455216.label": "p99",
                            "viz_options.2636455216.plot_type": "",
                            "viz_options.2750596149.axis": "left",
                            "viz_options.2750596149.color": "yellow",
                            "viz_options.2750596149.label": "p95",
                            "viz_options.2750596149.plot_type": "",
                            "viz_options.3723831655.axis": "right",
                            "viz_options.3723831655.color": "brown",
                            "viz_options.3723831655.label": "server-errors",
                            "viz_options.3723831655.plot_type": "",
                            "viz_options.4202610054.axis": "left",
                            "viz_options.4202610054.color": "green",
                            "viz_options.4202610054.label": "p75",
                            "viz_options.4202610054.plot_type": ""
                        },
                        "meta": {},
                        "tainted": false
                    },
                    "deposed": [],
                    "provider": "provider.signalform"
                },
                "signalform_time_chart.auth_createClient": {
                    "type": "signalform_time_chart",
                    "depends_on": [],
                    "primary": {
                        "id": "DU6HvfqAgAA",
                        "attributes": {
                            "axis_left.#": "1",
                            "axis_left.1687451994.high_watermark": "3.4028234663852886E+38",
                            "axis_left.1687451994.label": "duration (ms)",
                            "axis_left.1687451994.low_watermark": "-3.4028234663852886E+38",
                            "axis_left.1687451994.max_value": "3.4028234663852886E+38",
                            "axis_left.1687451994.min_value": "-3.4028234663852886E+38",
                            "axis_right.#": "1",
                            "axis_right.2313185360.high_watermark": "3.4028234663852886E+38",
                            "axis_right.2313185360.label": "requests",
                            "axis_right.2313185360.low_watermark": "-3.4028234663852886E+38",
                            "axis_right.2313185360.max_value": "3.4028234663852886E+38",
                            "axis_right.2313185360.min_value": "-3.4028234663852886E+38",
                            "id": "DU6HvfqAgAA",
                            "last_updated": "1.517443654082E+12",
                            "name": "auth.createClient() duration / count",
                            "plot_type": "LineChart",
                            "program_text": "data(\"taskcluster-auth.api.createClient.all.5m.count\", rollup=\"sum\", extrapolation=\"zero\").publish(label=\"count\")\ndata(\"taskcluster-auth.api.createClient.client-error.5m.count\", rollup=\"sum\", extrapolation=\"zero\").publish(label=\"client-errors\")\ndata(\"taskcluster-auth.api.createClient.server-error.5m.count\", rollup=\"sum\", extrapolation=\"zero\").publish(label=\"server-errors\")\ndata(\"taskcluster-auth.api.createClient.all.5m.max\", rollup=\"max\").publish(label=\"max\")\ndata(\"taskcluster-auth.api.createClient.all.5m.p99\", rollup=\"max\").publish(label=\"p99\")\ndata(\"taskcluster-auth.api.createClient.all.5m.p95\", rollup=\"max\").publish(label=\"p95\")\ndata(\"taskcluster-auth.api.createClient.all.5m.p75\", rollup=\"max\").publish(label=\"p75\")\ndata(\"taskcluster-auth.api.createClient.all.5m.p50\", rollup=\"max\").publish(label=\"p50\")\ndata(\"taskcluster-auth.api.createClient.all.5m.p25\", rollup=\"max\").publish(label=\"p25\")\ndata(\"taskcluster-auth.api.createClient.all.5m.min\", rollup=\"min\").publish(label=\"min\")\n",
                            "resource_url": "https://app.signalfx.com/#/chart/\u003cid\u003e",
                            "show_data_markers": "true",
                            "stacked": "false",
                            "synced": "true",
                            "time_range": "-1d",
                            "url": "https://app.signalfx.com/#/chart/DU6HvfqAgAA",
                            "viz_options.#": "10",
                            "viz_options.104843832.axis": "left",
                            "viz_options.104843832.color": "green",
                            "viz_options.104843832.label": "p50",
                            "viz_options.104843832.plot_type": "",
                            "viz_options.1086408202.axis": "left",
                            "viz_options.1086408202.color": "green",
                            "viz_options.1086408202.label": "min",
                            "viz_options.1086408202.plot_type": "",
                            "viz_options.167522665.axis": "left",
                            "viz_options.167522665.color": "brown",
                            "viz_options.167522665.label": "max",
                            "viz_options.167522665.plot_type": "AreaChart",
                            "viz_options.1961470473.axis": "right",
                            "viz_options.1961470473.color": "pink",
                            "viz_options.1961470473.label": "count",
                            "viz_options.1961470473.plot_type": "",
                            "viz_options.2128466923.axis": "left",
                            "viz_options.2128466923.color": "green",
                            "viz_options.2128466923.label": "p25",
                            "viz_options.2128466923.plot_type": "",
                            "viz_options.2210909955.axis": "right",
                            "viz_options.2210909955.color": "emerald",
                            "viz_options.2210909955.label": "client-errors",
                            "viz_options.2210909955.plot_type": "",
                            "viz_options.2636455216.axis": "left",
                            "viz_options.2636455216.color": "orange",
                            "viz_options.2636455216.label": "p99",
                            "viz_options.2636455216.plot_type": "",
                            "viz_options.2750596149.axis": "left",
                            "viz_options.2750596149.color": "yellow",
                            "viz_options.2750596149.label": "p95",
                            "viz_options.2750596149.plot_type": "",
                            "viz_options.3723831655.axis": "right",
                            "viz_options.3723831655.color": "brown",
                            "viz_options.3723831655.label": "server-errors",
                            "viz_options.3723831655.plot_type": "",
                            "viz_options.4202610054.axis": "left",
                            "viz_options.4202610054.color": "green",
                            "viz_options.4202610054.label": "p75",
                            "viz_options.4202610054.plot_type": ""
                        },
                        "meta": {},
                        "tainted": false
                    },
                    "deposed": [],
                    "provider": "provider.signalform"
                },
                "signalform_time_chart.auth_createRole": {
                    "type": "signalform_time_chart",
                    "depends_on": [],
                    "primary": {
                        "id": "DU6Pow6AgAA",
                        "attributes": {
                            "axis_left.#": "1",
                            "axis_left.1687451994.high_watermark": "3.4028234663852886E+38",
                            "axis_left.1687451994.label": "duration (ms)",
                            "axis_left.1687451994.low_watermark": "-3.4028234663852886E+38",
                            "axis_left.1687451994.max_value": "3.4028234663852886E+38",
                            "axis_left.1687451994.min_value": "-3.4028234663852886E+38",
                            "axis_right.#": "1",
                            "axis_right.2313185360.high_watermark": "3.4028234663852886E+38",
                            "axis_right.2313185360.label": "requests",
                            "axis_right.2313185360.low_watermark": "-3.4028234663852886E+38",
                            "axis_right.2313185360.max_value": "3.4028234663852886E+38",
                            "axis_right.2313185360.min_value": "-3.4028234663852886E+38",
                            "id": "DU6Pow6AgAA",
                            "last_updated": "1.517445530785E+12",
                            "name": "auth.createRole() duration / count",
                            "plot_type": "LineChart",
                            "program_text": "data(\"taskcluster-auth.api.createRole.all.5m.count\", rollup=\"sum\", extrapolation=\"zero\").publish(label=\"count\")\ndata(\"taskcluster-auth.api.createRole.client-error.5m.count\", rollup=\"sum\", extrapolation=\"zero\").publish(label=\"client-errors\")\ndata(\"taskcluster-auth.api.createRole.server-error.5m.count\", rollup=\"sum\", extrapolation=\"zero\").publish(label=\"server-errors\")\ndata(\"taskcluster-auth.api.createRole.all.5m.max\", rollup=\"max\").publish(label=\"max\")\ndata(\"taskcluster-auth.api.createRole.all.5m.p99\", rollup=\"max\").publish(label=\"p99\")\ndata(\"taskcluster-auth.api.createRole.all.5m.p95\", rollup=\"max\").publish(label=\"p95\")\ndata(\"taskcluster-auth.api.createRole.all.5m.p75\", rollup=\"max\").publish(label=\"p75\")\ndata(\"taskcluster-auth.api.createRole.all.5m.p50\", rollup=\"max\").publish(label=\"p50\")\ndata(\"taskcluster-auth.api.createRole.all.5m.p25\", rollup=\"max\").publish(label=\"p25\")\ndata(\"taskcluster-auth.api.createRole.all.5m.min\", rollup=\"min\").publish(label=\"min\")\n",
                            "resource_url": "https://app.signalfx.com/#/chart/\u003cid\u003e",
                            "show_data_markers": "true",
                            "stacked": "false",
                            "synced": "true",
                            "time_range": "-1d",
                            "url": "https://app.signalfx.com/#/chart/DU6Pow6AgAA",
                            "viz_options.#": "10",
                            "viz_options.104843832.axis": "left",
                            "viz_options.104843832.color": "green",
                            "viz_options.104843832.label": "p50",
                            "viz_options.104843832.plot_type": "",
                            "viz_options.1086408202.axis": "left",
                            "viz_options.1086408202.color": "green",
                            "viz_options.1086408202.label": "min",
                            "viz_options.1086408202.plot_type": "",
                            "viz_options.167522665.axis": "left",
                            "viz_options.167522665.color": "brown",
                            "viz_options.167522665.label": "max",
                            "viz_options.167522665.plot_type": "AreaChart",
                            "viz_options.1961470473.axis": "right",
                            "viz_options.1961470473.color": "pink",
                            "viz_options.1961470473.label": "count",
                            "viz_options.1961470473.plot_type": "",
                            "viz_options.2128466923.axis": "left",
                            "viz_options.2128466923.color": "green",
                            "viz_options.2128466923.label": "p25",
                            "viz_options.2128466923.plot_type": "",
                            "viz_options.2210909955.axis": "right",
                            "viz_options.2210909955.color": "emerald",
                            "viz_options.2210909955.label": "client-errors",
                            "viz_options.2210909955.plot_type": "",
                            "viz_options.2636455216.axis": "left",
                            "viz_options.2636455216.color": "orange",
                            "viz_options.2636455216.label": "p99",
                            "viz_options.2636455216.plot_type": "",
                            "viz_options.2750596149.axis": "left",
                            "viz_options.2750596149.color": "yellow",
                            "viz_options.2750596149.label": "p95",
                            "viz_options.2750596149.plot_type": "",
                            "viz_options.3723831655.axis": "right",
                            "viz_options.3723831655.color": "brown",
                            "viz_options.3723831655.label": "server-errors",
                            "viz_options.3723831655.plot_type": "",
                            "viz_options.4202610054.axis": "left",
                            "viz_options.4202610054.color": "green",
                            "viz_options.4202610054.label": "p75",
                            "viz_options.4202610054.plot_type": ""
                        },
                        "meta": {},
                        "tainted": false
                    },
                    "deposed": [],
                    "provider": "provider.signalform"
                },
                "signalform_time_chart.auth_currentScopes": {
                    "type": "signalform_time_chart",
                    "depends_on": [],
                    "primary": {
                        "id": "DU6Pn-VAgAA",
                        "attributes": {
                            "axis_left.#": "1",
                            "axis_left.1687451994.high_watermark": "3.4028234663852886E+38",
                            "axis_left.1687451994.label": "duration (ms)",
                            "axis_left.1687451994.low_watermark": "-3.4028234663852886E+38",
                            "axis_left.1687451994.max_value": "3.4028234663852886E+38",
                            "axis_left.1687451994.min_value": "-3.4028234663852886E+38",
                            "axis_right.#": "1",
                            "axis_right.2313185360.high_watermark": "3.4028234663852886E+38",
                            "axis_right.2313185360.label": "requests",
                            "axis_right.2313185360.low_watermark": "-3.4028234663852886E+38",
                            "axis_right.2313185360.max_value": "3.4028234663852886E+38",
                            "axis_right.2313185360.min_value": "-3.4028234663852886E+38",
                            "id": "DU6Pn-VAgAA",
                            "last_updated": "1.517445531038E+12",
                            "name": "auth.currentScopes() duration / count",
                            "plot_type": "LineChart",
                            "program_text": "data(\"taskcluster-auth.api.currentScopes.all.5m.count\", rollup=\"sum\", extrapolation=\"zero\").publish(label=\"count\")\ndata(\"taskcluster-auth.api.currentScopes.client-error.5m.count\", rollup=\"sum\", extrapolation=\"zero\").publish(label=\"client-errors\")\ndata(\"taskcluster-auth.api.currentScopes.server-error.5m.count\", rollup=\"sum\", extrapolation=\"zero\").publish(label=\"server-errors\")\ndata(\"taskcluster-auth.api.currentScopes.all.5m.max\", rollup=\"max\").publish(label=\"max\")\ndata(\"taskcluster-auth.api.currentScopes.all.5m.p99\", rollup=\"max\").publish(label=\"p99\")\ndata(\"taskcluster-auth.api.currentScopes.all.5m.p95\", rollup=\"max\").publish(label=\"p95\")\ndata(\"taskcluster-auth.api.currentScopes.all.5m.p75\", rollup=\"max\").publish(label=\"p75\")\ndata(\"taskcluster-auth.api.currentScopes.all.5m.p50\", rollup=\"max\").publish(label=\"p50\")\ndata(\"taskcluster-auth.api.currentScopes.all.5m.p25\", rollup=\"max\").publish(label=\"p25\")\ndata(\"taskcluster-auth.api.currentScopes.all.5m.min\", rollup=\"min\").publish(label=\"min\")\n",
                            "resource_url": "https://app.signalfx.com/#/chart/\u003cid\u003e",
                            "show_data_markers": "true",
                            "stacked": "false",
                            "synced": "true",
                            "time_range": "-1d",
                            "url": "https://app.signalfx.com/#/chart/DU6Pn-VAgAA",
                            "viz_options.#": "10",
                            "viz_options.104843832.axis": "left",
                            "viz_options.104843832.color": "green",
                            "viz_options.104843832.label": "p50",
                            "viz_options.104843832.plot_type": "",
                            "viz_options.1086408202.axis": "left",
                            "viz_options.1086408202.color": "green",
                            "viz_options.1086408202.label": "min",
                            "viz_options.1086408202.plot_type": "",
                            "viz_options.167522665.axis": "left",
                            "viz_options.167522665.color": "brown",
                            "viz_options.167522665.label": "max",
                            "viz_options.167522665.plot_type": "AreaChart",
                            "viz_options.1961470473.axis": "right",
                            "viz_options.1961470473.color": "pink",
                            "viz_options.1961470473.label": "count",
                            "viz_options.1961470473.plot_type": "",
                            "viz_options.2128466923.axis": "left",
                            "viz_options.2128466923.color": "green",
                            "viz_options.2128466923.label": "p25",
                            "viz_options.2128466923.plot_type": "",
                            "viz_options.2210909955.axis": "right",
                            "viz_options.2210909955.color": "emerald",
                            "viz_options.2210909955.label": "client-errors",
                            "viz_options.2210909955.plot_type": "",
                            "viz_options.2636455216.axis": "left",
                            "viz_options.2636455216.color": "orange",
                            "viz_options.2636455216.label": "p99",
                            "viz_options.2636455216.plot_type": "",
                            "viz_options.2750596149.axis": "left",
                            "viz_options.2750596149.color": "yellow",
                            "viz_options.2750596149.label": "p95",
                            "viz_options.2750596149.plot_type": "",
                            "viz_options.3723831655.axis": "right",
                            "viz_options.3723831655.color": "brown",
                            "viz_options.3723831655.label": "server-errors",
                            "viz_options.3723831655.plot_type": "",
                            "viz_options.4202610054.axis": "left",
                            "viz_options.4202610054.color": "green",
                            "viz_options.4202610054.label": "p75",
                            "viz_options.4202610054.plot_type": ""
                        },
                        "meta": {},
                        "tainted": false
                    },
                    "deposed": [],
                    "provider": "provider.signalform"
                },
                "signalform_time_chart.auth_deleteClient": {
                    "type": "signalform_time_chart",
                    "depends_on": [],
                    "primary": {
                        "id": "DU6Po1JAcAA",
                        "attributes": {
                            "axis_left.#": "1",
                            "axis_left.1687451994.high_watermark": "3.4028234663852886E+38",
                            "axis_left.1687451994.label": "duration (ms)",
                            "axis_left.1687451994.low_watermark": "-3.4028234663852886E+38",
                            "axis_left.1687451994.max_value": "3.4028234663852886E+38",
                            "axis_left.1687451994.min_value": "-3.4028234663852886E+38",
                            "axis_right.#": "1",
                            "axis_right.2313185360.high_watermark": "3.4028234663852886E+38",
                            "axis_right.2313185360.label": "requests",
                            "axis_right.2313185360.low_watermark": "-3.4028234663852886E+38",
                            "axis_right.2313185360.max_value": "3.4028234663852886E+38",
                            "axis_right.2313185360.min_value": "-3.4028234663852886E+38",
                            "id": "DU6Po1JAcAA",
                            "last_updated": "1.517445531281E+12",
                            "name": "auth.deleteClient() duration / count",
                            "plot_type": "LineChart",
                            "program_text": "data(\"taskcluster-auth.api.deleteClient.all.5m.count\", rollup=\"sum\", extrapolation=\"zero\").publish(label=\"count\")\ndata(\"taskcluster-auth.api.deleteClient.client-error.5m.count\", rollup=\"sum\", extrapolation=\"zero\").publish(label=\"client-errors\")\ndata(\"taskcluster-auth.api.deleteClient.server-error.5m.count\", rollup=\"sum\", extrapolation=\"zero\").publish(label=\"server-errors\")\ndata(\"taskcluster-auth.api.deleteClient.all.5m.max\", rollup=\"max\").publish(label=\"max\")\ndata(\"taskcluster-auth.api.deleteClient.all.5m.p99\", rollup=\"max\").publish(label=\"p99\")\ndata(\"taskcluster-auth.api.deleteClient.all.5m.p95\", rollup=\"max\").publish(label=\"p95\")\ndata(\"taskcluster-auth.api.deleteClient.all.5m.p75\", rollup=\"max\").publish(label=\"p75\")\ndata(\"taskcluster-auth.api.deleteClient.all.5m.p50\", rollup=\"max\").publish(label=\"p50\")\ndata(\"taskcluster-auth.api.deleteClient.all.5m.p25\", rollup=\"max\").publish(label=\"p25\")\ndata(\"taskcluster-auth.api.deleteClient.all.5m.min\", rollup=\"min\").publish(label=\"min\")\n",
                            "resource_url": "https://app.signalfx.com/#/chart/\u003cid\u003e",
                            "show_data_markers": "true",
                            "stacked": "false",
                            "synced": "true",
                            "time_range": "-1d",
                            "url": "https://app.signalfx.com/#/chart/DU6Po1JAcAA",
                            "viz_options.#": "10",
                            "viz_options.104843832.axis": "left",
                            "viz_options.104843832.color": "green",
                            "viz_options.104843832.label": "p50",
                            "viz_options.104843832.plot_type": "",
                            "viz_options.1086408202.axis": "left",
                            "viz_options.1086408202.color": "green",
                            "viz_options.1086408202.label": "min",
                            "viz_options.1086408202.plot_type": "",
                            "viz_options.167522665.axis": "left",
                            "viz_options.167522665.color": "brown",
                            "viz_options.167522665.label": "max",
                            "viz_options.167522665.plot_type": "AreaChart",
                            "viz_options.1961470473.axis": "right",
                            "viz_options.1961470473.color": "pink",
                            "viz_options.1961470473.label": "count",
                            "viz_options.1961470473.plot_type": "",
                            "viz_options.2128466923.axis": "left",
                            "viz_options.2128466923.color": "green",
                            "viz_options.2128466923.label": "p25",
                            "viz_options.2128466923.plot_type": "",
                            "viz_options.2210909955.axis": "right",
                            "viz_options.2210909955.color": "emerald",
                            "viz_options.2210909955.label": "client-errors",
                            "viz_options.2210909955.plot_type": "",
                            "viz_options.2636455216.axis": "left",
                            "viz_options.2636455216.color": "orange",
                            "viz_options.2636455216.label": "p99",
                            "viz_options.2636455216.plot_type": "",
                            "viz_options.2750596149.axis": "left",
                            "viz_options.2750596149.color": "yellow",
                            "viz_options.2750596149.label": "p95",
                            "viz_options.2750596149.plot_type": "",
                            "viz_options.3723831655.axis": "right",
                            "viz_options.3723831655.color": "brown",
                            "viz_options.3723831655.label": "server-errors",
                            "viz_options.3723831655.plot_type": "",
                            "viz_options.4202610054.axis": "left",
                            "viz_options.4202610054.color": "green",
                            "viz_options.4202610054.label": "p75",
                            "viz_options.4202610054.plot_type": ""
                        },
                        "meta": {},
                        "tainted": false
                    },
                    "deposed": [],
                    "provider": "provider.signalform"
                },
                "signalform_time_chart.auth_deleteRole": {
                    "type": "signalform_time_chart",
                    "depends_on": [],
                    "primary": {
                        "id": "DU6Pn-TAYAA",
                        "attributes": {
                            "axis_left.#": "1",
                            "axis_left.1687451994.high_watermark": "3.4028234663852886E+38",
                            "axis_left.1687451994.label": "duration (ms)",
                            "axis_left.1687451994.low_watermark": "-3.4028234663852886E+38",
                            "axis_left.1687451994.max_value": "3.4028234663852886E+38",
                            "axis_left.1687451994.min_value": "-3.4028234663852886E+38",
                            "axis_right.#": "1",
                            "axis_right.2313185360.high_watermark": "3.4028234663852886E+38",
                            "axis_right.2313185360.label": "requests",
                            "axis_right.2313185360.low_watermark": "-3.4028234663852886E+38",
                            "axis_right.2313185360.max_value": "3.4028234663852886E+38",
                            "axis_right.2313185360.min_value": "-3.4028234663852886E+38",
                            "id": "DU6Pn-TAYAA",
                            "last_updated": "1.517445530937E+12",
                            "name": "auth.deleteRole() duration / count",
                            "plot_type": "LineChart",
                            "program_text": "data(\"taskcluster-auth.api.deleteRole.all.5m.count\", rollup=\"sum\", extrapolation=\"zero\").publish(label=\"count\")\ndata(\"taskcluster-auth.api.deleteRole.client-error.5m.count\", rollup=\"sum\", extrapolation=\"zero\").publish(label=\"client-errors\")\ndata(\"taskcluster-auth.api.deleteRole.server-error.5m.count\", rollup=\"sum\", extrapolation=\"zero\").publish(label=\"server-errors\")\ndata(\"taskcluster-auth.api.deleteRole.all.5m.max\", rollup=\"max\").publish(label=\"max\")\ndata(\"taskcluster-auth.api.deleteRole.all.5m.p99\", rollup=\"max\").publish(label=\"p99\")\ndata(\"taskcluster-auth.api.deleteRole.all.5m.p95\", rollup=\"max\").publish(label=\"p95\")\ndata(\"taskcluster-auth.api.deleteRole.all.5m.p75\", rollup=\"max\").publish(label=\"p75\")\ndata(\"taskcluster-auth.api.deleteRole.all.5m.p50\", rollup=\"max\").publish(label=\"p50\")\ndata(\"taskcluster-auth.api.deleteRole.all.5m.p25\", rollup=\"max\").publish(label=\"p25\")\ndata(\"taskcluster-auth.api.deleteRole.all.5m.min\", rollup=\"min\").publish(label=\"min\")\n",
                            "resource_url": "https://app.signalfx.com/#/chart/\u003cid\u003e",
                            "show_data_markers": "true",
                            "stacked": "false",
                            "synced": "true",
                            "time_range": "-1d",
                            "url": "https://app.signalfx.com/#/chart/DU6Pn-TAYAA",
                            "viz_options.#": "10",
                            "viz_options.104843832.axis": "left",
                            "viz_options.104843832.color": "green",
                            "viz_options.104843832.label": "p50",
                            "viz_options.104843832.plot_type": "",
                            "viz_options.1086408202.axis": "left",
                            "viz_options.1086408202.color": "green",
                            "viz_options.1086408202.label": "min",
                            "viz_options.1086408202.plot_type": "",
                            "viz_options.167522665.axis": "left",
                            "viz_options.167522665.color": "brown",
                            "viz_options.167522665.label": "max",
                            "viz_options.167522665.plot_type": "AreaChart",
                            "viz_options.1961470473.axis": "right",
                            "viz_options.1961470473.color": "pink",
                            "viz_options.1961470473.label": "count",
                            "viz_options.1961470473.plot_type": "",
                            "viz_options.2128466923.axis": "left",
                            "viz_options.2128466923.color": "green",
                            "viz_options.2128466923.label": "p25",
                            "viz_options.2128466923.plot_type": "",
                            "viz_options.2210909955.axis": "right",
                            "viz_options.2210909955.color": "emerald",
                            "viz_options.2210909955.label": "client-errors",
                            "viz_options.2210909955.plot_type": "",
                            "viz_options.2636455216.axis": "left",
                            "viz_options.2636455216.color": "orange",
                            "viz_options.2636455216.label": "p99",
                            "viz_options.2636455216.plot_type": "",
                            "viz_options.2750596149.axis": "left",
                            "viz_options.2750596149.color": "yellow",
                            "viz_options.2750596149.label": "p95",
                            "viz_options.2750596149.plot_type": "",
                            "viz_options.3723831655.axis": "right",
                            "viz_options.3723831655.color": "brown",
                            "viz_options.3723831655.label": "server-errors",
                            "viz_options.3723831655.plot_type": "",
                            "viz_options.4202610054.axis": "left",
                            "viz_options.4202610054.color": "green",
                            "viz_options.4202610054.label": "p75",
                            "viz_options.4202610054.plot_type": ""
                        },
                        "meta": {},
                        "tainted": false
                    },
                    "deposed": [],
                    "provider": "provider.signalform"
                },
                "signalform_time_chart.auth_disableClient": {
                    "type": "signalform_time_chart",
                    "depends_on": [],
                    "primary": {
                        "id": "DU6Pox1AYAA",
                        "attributes": {
                            "axis_left.#": "1",
                            "axis_left.1687451994.high_watermark": "3.4028234663852886E+38",
                            "axis_left.1687451994.label": "duration (ms)",
                            "axis_left.1687451994.low_watermark": "-3.4028234663852886E+38",
                            "axis_left.1687451994.max_value": "3.4028234663852886E+38",
                            "axis_left.1687451994.min_value": "-3.4028234663852886E+38",
                            "axis_right.#": "1",
                            "axis_right.2313185360.high_watermark": "3.4028234663852886E+38",
                            "axis_right.2313185360.label": "requests",
                            "axis_right.2313185360.low_watermark": "-3.4028234663852886E+38",
                            "axis_right.2313185360.max_value": "3.4028234663852886E+38",
                            "axis_right.2313185360.min_value": "-3.4028234663852886E+38",
                            "id": "DU6Pox1AYAA",
                            "last_updated": "1.517445530933E+12",
                            "name": "auth.disableClient() duration / count",
                            "plot_type": "LineChart",
                            "program_text": "data(\"taskcluster-auth.api.disableClient.all.5m.count\", rollup=\"sum\", extrapolation=\"zero\").publish(label=\"count\")\ndata(\"taskcluster-auth.api.disableClient.client-error.5m.count\", rollup=\"sum\", extrapolation=\"zero\").publish(label=\"client-errors\")\ndata(\"taskcluster-auth.api.disableClient.server-error.5m.count\", rollup=\"sum\", extrapolation=\"zero\").publish(label=\"server-errors\")\ndata(\"taskcluster-auth.api.disableClient.all.5m.max\", rollup=\"max\").publish(label=\"max\")\ndata(\"taskcluster-auth.api.disableClient.all.5m.p99\", rollup=\"max\").publish(label=\"p99\")\ndata(\"taskcluster-auth.api.disableClient.all.5m.p95\", rollup=\"max\").publish(label=\"p95\")\ndata(\"taskcluster-auth.api.disableClient.all.5m.p75\", rollup=\"max\").publish(label=\"p75\")\ndata(\"taskcluster-auth.api.disableClient.all.5m.p50\", rollup=\"max\").publish(label=\"p50\")\ndata(\"taskcluster-auth.api.disableClient.all.5m.p25\", rollup=\"max\").publish(label=\"p25\")\ndata(\"taskcluster-auth.api.disableClient.all.5m.min\", rollup=\"min\").publish(label=\"min\")\n",
                            "resource_url": "https://app.signalfx.com/#/chart/\u003cid\u003e",
                            "show_data_markers": "true",
                            "stacked": "false",
                            "synced": "true",
                            "time_range": "-1d",
                            "url": "https://app.signalfx.com/#/chart/DU6Pox1AYAA",
                            "viz_options.#": "10",
                            "viz_options.104843832.axis": "left",
                            "viz_options.104843832.color": "green",
                            "viz_options.104843832.label": "p50",
                            "viz_options.104843832.plot_type": "",
                            "viz_options.1086408202.axis": "left",
                            "viz_options.1086408202.color": "green",
                            "viz_options.1086408202.label": "min",
                            "viz_options.1086408202.plot_type": "",
                            "viz_options.167522665.axis": "left",
                            "viz_options.167522665.color": "brown",
                            "viz_options.167522665.label": "max",
                            "viz_options.167522665.plot_type": "AreaChart",
                            "viz_options.1961470473.axis": "right",
                            "viz_options.1961470473.color": "pink",
                            "viz_options.1961470473.label": "count",
                            "viz_options.1961470473.plot_type": "",
                            "viz_options.2128466923.axis": "left",
                            "viz_options.2128466923.color": "green",
                            "viz_options.2128466923.label": "p25",
                            "viz_options.2128466923.plot_type": "",
                            "viz_options.2210909955.axis": "right",
                            "viz_options.2210909955.color": "emerald",
                            "viz_options.2210909955.label": "client-errors",
                            "viz_options.2210909955.plot_type": "",
                            "viz_options.2636455216.axis": "left",
                            "viz_options.2636455216.color": "orange",
                            "viz_options.2636455216.label": "p99",
                            "viz_options.2636455216.plot_type": "",
                            "viz_options.2750596149.axis": "left",
                            "viz_options.2750596149.color": "yellow",
                            "viz_options.2750596149.label": "p95",
                            "viz_options.2750596149.plot_type": "",
                            "viz_options.3723831655.axis": "right",
                            "viz_options.3723831655.color": "brown",
                            "viz_options.3723831655.label": "server-errors",
                            "viz_options.3723831655.plot_type": "",
                            "viz_options.4202610054.axis": "left",
                            "viz_options.4202610054.color": "green",
                            "viz_options.4202610054.label": "p75",
                            "viz_options.4202610054.plot_type": ""
                        },
                        "meta": {},
                        "tainted": false
                    },
                    "deposed": [],
                    "provider": "provider.signalform"
                },
                "signalform_time_chart.auth_enableClient": {
                    "type": "signalform_time_chart",
                    "depends_on": [],
                    "primary": {
                        "id": "DU6PmzkAgAA",
                        "attributes": {
                            "axis_left.#": "1",
                            "axis_left.1687451994.high_watermark": "3.4028234663852886E+38",
                            "axis_left.1687451994.label": "duration (ms)",
                            "axis_left.1687451994.low_watermark": "-3.4028234663852886E+38",
                            "axis_left.1687451994.max_value": "3.4028234663852886E+38",
                            "axis_left.1687451994.min_value": "-3.4028234663852886E+38",
                            "axis_right.#": "1",
                            "axis_right.2313185360.high_watermark": "3.4028234663852886E+38",
                            "axis_right.2313185360.label": "requests",
                            "axis_right.2313185360.low_watermark": "-3.4028234663852886E+38",
                            "axis_right.2313185360.max_value": "3.4028234663852886E+38",
                            "axis_right.2313185360.min_value": "-3.4028234663852886E+38",
                            "id": "DU6PmzkAgAA",
                            "last_updated": "1.517445530798E+12",
                            "name": "auth.enableClient() duration / count",
                            "plot_type": "LineChart",
                            "program_text": "data(\"taskcluster-auth.api.enableClient.all.5m.count\", rollup=\"sum\", extrapolation=\"zero\").publish(label=\"count\")\ndata(\"taskcluster-auth.api.enableClient.client-error.5m.count\", rollup=\"sum\", extrapolation=\"zero\").publish(label=\"client-errors\")\ndata(\"taskcluster-auth.api.enableClient.server-error.5m.count\", rollup=\"sum\", extrapolation=\"zero\").publish(label=\"server-errors\")\ndata(\"taskcluster-auth.api.enableClient.all.5m.max\", rollup=\"max\").publish(label=\"max\")\ndata(\"taskcluster-auth.api.enableClient.all.5m.p99\", rollup=\"max\").publish(label=\"p99\")\ndata(\"taskcluster-auth.api.enableClient.all.5m.p95\", rollup=\"max\").publish(label=\"p95\")\ndata(\"taskcluster-auth.api.enableClient.all.5m.p75\", rollup=\"max\").publish(label=\"p75\")\ndata(\"taskcluster-auth.api.enableClient.all.5m.p50\", rollup=\"max\").publish(label=\"p50\")\ndata(\"taskcluster-auth.api.enableClient.all.5m.p25\", rollup=\"max\").publish(label=\"p25\")\ndata(\"taskcluster-auth.api.enableClient.all.5m.min\", rollup=\"min\").publish(label=\"min\")\n",
                            "resource_url": "https://app.signalfx.com/#/chart/\u003cid\u003e",
                            "show_data_markers": "true",
                            "stacked": "false",
                            "synced": "true",
                            "time_range": "-1d",
                            "url": "https://app.signalfx.com/#/chart/DU6PmzkAgAA",
                            "viz_options.#": "10",
                            "viz_options.104843832.axis": "left",
                            "viz_options.104843832.color": "green",
                            "viz_options.104843832.label": "p50",
                            "viz_options.104843832.plot_type": "",
                            "viz_options.1086408202.axis": "left",
                            "viz_options.1086408202.color": "green",
                            "viz_options.1086408202.label": "min",
                            "viz_options.1086408202.plot_type": "",
                            "viz_options.167522665.axis": "left",
                            "viz_options.167522665.color": "brown",
                            "viz_options.167522665.label": "max",
                            "viz_options.167522665.plot_type": "AreaChart",
                            "viz_options.1961470473.axis": "right",
                            "viz_options.1961470473.color": "pink",
                            "viz_options.1961470473.label": "count",
                            "viz_options.1961470473.plot_type": "",
                            "viz_options.2128466923.axis": "left",
                            "viz_options.2128466923.color": "green",
                            "viz_options.2128466923.label": "p25",
                            "viz_options.2128466923.plot_type": "",
                            "viz_options.2210909955.axis": "right",
                            "viz_options.2210909955.color": "emerald",
                            "viz_options.2210909955.label": "client-errors",
                            "viz_options.2210909955.plot_type": "",
                            "viz_options.2636455216.axis": "left",
                            "viz_options.2636455216.color": "orange",
                            "viz_options.2636455216.label": "p99",
                            "viz_options.2636455216.plot_type": "",
                            "viz_options.2750596149.axis": "left",
                            "viz_options.2750596149.color": "yellow",
                            "viz_options.2750596149.label": "p95",
                            "viz_options.2750596149.plot_type": "",
                            "viz_options.3723831655.axis": "right",
                            "viz_options.3723831655.color": "brown",
                            "viz_options.3723831655.label": "server-errors",
                            "viz_options.3723831655.plot_type": "",
                            "viz_options.4202610054.axis": "left",
                            "viz_options.4202610054.color": "green",
                            "viz_options.4202610054.label": "p75",
                            "viz_options.4202610054.plot_type": ""
                        },
                        "meta": {},
                        "tainted": false
                    },
                    "deposed": [],
                    "provider": "provider.signalform"
                },
                "signalform_time_chart.auth_expandScopes": {
                    "type": "signalform_time_chart",
                    "depends_on": [],
                    "primary": {
                        "id": "DU6Pn-uAcAA",
                        "attributes": {
                            "axis_left.#": "1",
                            "axis_left.1687451994.high_watermark": "3.4028234663852886E+38",
                            "axis_left.1687451994.label": "duration (ms)",
                            "axis_left.1687451994.low_watermark": "-3.4028234663852886E+38",
                            "axis_left.1687451994.max_value": "3.4028234663852886E+38",
                            "axis_left.1687451994.min_value": "-3.4028234663852886E+38",
                            "axis_right.#": "1",
                            "axis_right.2313185360.high_watermark": "3.4028234663852886E+38",
                            "axis_right.2313185360.label": "requests",
                            "axis_right.2313185360.low_watermark": "-3.4028234663852886E+38",
                            "axis_right.2313185360.max_value": "3.4028234663852886E+38",
                            "axis_right.2313185360.min_value": "-3.4028234663852886E+38",
                            "id": "DU6Pn-uAcAA",
                            "last_updated": "1.517445531051E+12",
                            "name": "auth.expandScopes() duration / count",
                            "plot_type": "LineChart",
                            "program_text": "data(\"taskcluster-auth.api.expandScopes.all.5m.count\", rollup=\"sum\", extrapolation=\"zero\").publish(label=\"count\")\ndata(\"taskcluster-auth.api.expandScopes.client-error.5m.count\", rollup=\"sum\", extrapolation=\"zero\").publish(label=\"client-errors\")\ndata(\"taskcluster-auth.api.expandScopes.server-error.5m.count\", rollup=\"sum\", extrapolation=\"zero\").publish(label=\"server-errors\")\ndata(\"taskcluster-auth.api.expandScopes.all.5m.max\", rollup=\"max\").publish(label=\"max\")\ndata(\"taskcluster-auth.api.expandScopes.all.5m.p99\", rollup=\"max\").publish(label=\"p99\")\ndata(\"taskcluster-auth.api.expandScopes.all.5m.p95\", rollup=\"max\").publish(label=\"p95\")\ndata(\"taskcluster-auth.api.expandScopes.all.5m.p75\", rollup=\"max\").publish(label=\"p75\")\ndata(\"taskcluster-auth.api.expandScopes.all.5m.p50\", rollup=\"max\").publish(label=\"p50\")\ndata(\"taskcluster-auth.api.expandScopes.all.5m.p25\", rollup=\"max\").publish(label=\"p25\")\ndata(\"taskcluster-auth.api.expandScopes.all.5m.min\", rollup=\"min\").publish(label=\"min\")\n",
                            "resource_url": "https://app.signalfx.com/#/chart/\u003cid\u003e",
                            "show_data_markers": "true",
                            "stacked": "false",
                            "synced": "true",
                            "time_range": "-1d",
                            "url": "https://app.signalfx.com/#/chart/DU6Pn-uAcAA",
                            "viz_options.#": "10",
                            "viz_options.104843832.axis": "left",
                            "viz_options.104843832.color": "green",
                            "viz_options.104843832.label": "p50",
                            "viz_options.104843832.plot_type": "",
                            "viz_options.1086408202.axis": "left",
                            "viz_options.1086408202.color": "green",
                            "viz_options.1086408202.label": "min",
                            "viz_options.1086408202.plot_type": "",
                            "viz_options.167522665.axis": "left",
                            "viz_options.167522665.color": "brown",
                            "viz_options.167522665.label": "max",
                            "viz_options.167522665.plot_type": "AreaChart",
                            "viz_options.1961470473.axis": "right",
                            "viz_options.1961470473.color": "pink",
                            "viz_options.1961470473.label": "count",
                            "viz_options.1961470473.plot_type": "",
                            "viz_options.2128466923.axis": "left",
                            "viz_options.2128466923.color": "green",
                            "viz_options.2128466923.label": "p25",
                            "viz_options.2128466923.plot_type": "",
                            "viz_options.2210909955.axis": "right",
                            "viz_options.2210909955.color": "emerald",
                            "viz_options.2210909955.label": "client-errors",
                            "viz_options.2210909955.plot_type": "",
                            "viz_options.2636455216.axis": "left",
                            "viz_options.2636455216.color": "orange",
                            "viz_options.2636455216.label": "p99",
                            "viz_options.2636455216.plot_type": "",
                            "viz_options.2750596149.axis": "left",
                            "viz_options.2750596149.color": "yellow",
                            "viz_options.2750596149.label": "p95",
                            "viz_options.2750596149.plot_type": "",
                            "viz_options.3723831655.axis": "right",
                            "viz_options.3723831655.color": "brown",
                            "viz_options.3723831655.label": "server-errors",
                            "viz_options.3723831655.plot_type": "",
                            "viz_options.4202610054.axis": "left",
                            "viz_options.4202610054.color": "green",
                            "viz_options.4202610054.label": "p75",
                            "viz_options.4202610054.plot_type": ""
                        },
                        "meta": {},
                        "tainted": false
                    },
                    "deposed": [],
                    "provider": "provider.signalform"
                },
                "signalform_time_chart.auth_expandScopesGet": {
                    "type": "signalform_time_chart",
                    "depends_on": [],
                    "primary": {
                        "id": "DU6PnysAYAA",
                        "attributes": {
                            "axis_left.#": "1",
                            "axis_left.1687451994.high_watermark": "3.4028234663852886E+38",
                            "axis_left.1687451994.label": "duration (ms)",
                            "axis_left.1687451994.low_watermark": "-3.4028234663852886E+38",
                            "axis_left.1687451994.max_value": "3.4028234663852886E+38",
                            "axis_left.1687451994.min_value": "-3.4028234663852886E+38",
                            "axis_right.#": "1",
                            "axis_right.2313185360.high_watermark": "3.4028234663852886E+38",
                            "axis_right.2313185360.label": "requests",
                            "axis_right.2313185360.low_watermark": "-3.4028234663852886E+38",
                            "axis_right.2313185360.max_value": "3.4028234663852886E+38",
                            "axis_right.2313185360.min_value": "-3.4028234663852886E+38",
                            "id": "DU6PnysAYAA",
                            "last_updated": "1.517445531815E+12",
                            "name": "auth.expandScopesGet() duration / count",
                            "plot_type": "LineChart",
                            "program_text": "data(\"taskcluster-auth.api.expandScopesGet.all.5m.count\", rollup=\"sum\", extrapolation=\"zero\").publish(label=\"count\")\ndata(\"taskcluster-auth.api.expandScopesGet.client-error.5m.count\", rollup=\"sum\", extrapolation=\"zero\").publish(label=\"client-errors\")\ndata(\"taskcluster-auth.api.expandScopesGet.server-error.5m.count\", rollup=\"sum\", extrapolation=\"zero\").publish(label=\"server-errors\")\ndata(\"taskcluster-auth.api.expandScopesGet.all.5m.max\", rollup=\"max\").publish(label=\"max\")\ndata(\"taskcluster-auth.api.expandScopesGet.all.5m.p99\", rollup=\"max\").publish(label=\"p99\")\ndata(\"taskcluster-auth.api.expandScopesGet.all.5m.p95\", rollup=\"max\").publish(label=\"p95\")\ndata(\"taskcluster-auth.api.expandScopesGet.all.5m.p75\", rollup=\"max\").publish(label=\"p75\")\ndata(\"taskcluster-auth.api.expandScopesGet.all.5m.p50\", rollup=\"max\").publish(label=\"p50\")\ndata(\"taskcluster-auth.api.expandScopesGet.all.5m.p25\", rollup=\"max\").publish(label=\"p25\")\ndata(\"taskcluster-auth.api.expandScopesGet.all.5m.min\", rollup=\"min\").publish(label=\"min\")\n",
                            "resource_url": "https://app.signalfx.com/#/chart/\u003cid\u003e",
                            "show_data_markers": "true",
                            "stacked": "false",
                            "synced": "true",
                            "time_range": "-1d",
                            "url": "https://app.signalfx.com/#/chart/DU6PnysAYAA",
                            "viz_options.#": "10",
                            "viz_options.104843832.axis": "left",
                            "viz_options.104843832.color": "green",
                            "viz_options.104843832.label": "p50",
                            "viz_options.104843832.plot_type": "",
                            "viz_options.1086408202.axis": "left",
                            "viz_options.1086408202.color": "green",
                            "viz_options.1086408202.label": "min",
                            "viz_options.1086408202.plot_type": "",
                            "viz_options.167522665.axis": "left",
                            "viz_options.167522665.color": "brown",
                            "viz_options.167522665.label": "max",
                            "viz_options.167522665.plot_type": "AreaChart",
                            "viz_options.1961470473.axis": "right",
                            "viz_options.1961470473.color": "pink",
                            "viz_options.1961470473.label": "count",
                            "viz_options.1961470473.plot_type": "",
                            "viz_options.2128466923.axis": "left",
                            "viz_options.2128466923.color": "green",
                            "viz_options.2128466923.label": "p25",
                            "viz_options.2128466923.plot_type": "",
                            "viz_options.2210909955.axis": "right",
                            "viz_options.2210909955.color": "emerald",
                            "viz_options.2210909955.label": "client-errors",
                            "viz_options.2210909955.plot_type": "",
                            "viz_options.2636455216.axis": "left",
                            "viz_options.2636455216.color": "orange",
                            "viz_options.2636455216.label": "p99",
                            "viz_options.2636455216.plot_type": "",
                            "viz_options.2750596149.axis": "left",
                            "viz_options.2750596149.color": "yellow",
                            "viz_options.2750596149.label": "p95",
                            "viz_options.2750596149.plot_type": "",
                            "viz_options.3723831655.axis": "right",
                            "viz_options.3723831655.color": "brown",
                            "viz_options.3723831655.label": "server-errors",
                            "viz_options.3723831655.plot_type": "",
                            "viz_options.4202610054.axis": "left",
                            "viz_options.4202610054.color": "green",
                            "viz_options.4202610054.label": "p75",
                            "viz_options.4202610054.plot_type": ""
                        },
                        "meta": {},
                        "tainted": false
                    },
                    "deposed": [],
                    "provider": "provider.signalform"
                },
                "signalform_time_chart.auth_listClients": {
                    "type": "signalform_time_chart",
                    "depends_on": [],
                    "primary": {
                        "id": "DU6Po13AYAA",
                        "attributes": {
                            "axis_left.#": "1",
                            "axis_left.1687451994.high_watermark": "3.4028234663852886E+38",
                            "axis_left.1687451994.label": "duration (ms)",
                            "axis_left.1687451994.low_watermark": "-3.4028234663852886E+38",
                            "axis_left.1687451994.max_value": "3.4028234663852886E+38",
                            "axis_left.1687451994.min_value": "-3.4028234663852886E+38",
                            "axis_right.#": "1",
                            "axis_right.2313185360.high_watermark": "3.4028234663852886E+38",
                            "axis_right.2313185360.label": "requests",
                            "axis_right.2313185360.low_watermark": "-3.4028234663852886E+38",
                            "axis_right.2313185360.max_value": "3.4028234663852886E+38",
                            "axis_right.2313185360.min_value": "-3.4028234663852886E+38",
                            "id": "DU6Po13AYAA",
                            "last_updated": "1.517445531314E+12",
                            "name": "auth.listClients() duration / count",
                            "plot_type": "LineChart",
                            "program_text": "data(\"taskcluster-auth.api.listClients.all.5m.count\", rollup=\"sum\", extrapolation=\"zero\").publish(label=\"count\")\ndata(\"taskcluster-auth.api.listClients.client-error.5m.count\", rollup=\"sum\", extrapolation=\"zero\").publish(label=\"client-errors\")\ndata(\"taskcluster-auth.api.listClients.server-error.5m.count\", rollup=\"sum\", extrapolation=\"zero\").publish(label=\"server-errors\")\ndata(\"taskcluster-auth.api.listClients.all.5m.max\", rollup=\"max\").publish(label=\"max\")\ndata(\"taskcluster-auth.api.listClients.all.5m.p99\", rollup=\"max\").publish(label=\"p99\")\ndata(\"taskcluster-auth.api.listClients.all.5m.p95\", rollup=\"max\").publish(label=\"p95\")\ndata(\"taskcluster-auth.api.listClients.all.5m.p75\", rollup=\"max\").publish(label=\"p75\")\ndata(\"taskcluster-auth.api.listClients.all.5m.p50\", rollup=\"max\").publish(label=\"p50\")\ndata(\"taskcluster-auth.api.listClients.all.5m.p25\", rollup=\"max\").publish(label=\"p25\")\ndata(\"taskcluster-auth.api.listClients.all.5m.min\", rollup=\"min\").publish(label=\"min\")\n",
                            "resource_url": "https://app.signalfx.com/#/chart/\u003cid\u003e",
                            "show_data_markers": "true",
                            "stacked": "false",
                            "synced": "true",
                            "time_range": "-1d",
                            "url": "https://app.signalfx.com/#/chart/DU6Po13AYAA",
                            "viz_options.#": "10",
                            "viz_options.104843832.axis": "left",
                            "viz_options.104843832.color": "green",
                            "viz_options.104843832.label": "p50",
                            "viz_options.104843832.plot_type": "",
                            "viz_options.1086408202.axis": "left",
                            "viz_options.1086408202.color": "green",
                            "viz_options.1086408202.label": "min",
                            "viz_options.1086408202.plot_type": "",
                            "viz_options.167522665.axis": "left",
                            "viz_options.167522665.color": "brown",
                            "viz_options.167522665.label": "max",
                            "viz_options.167522665.plot_type": "AreaChart",
                            "viz_options.1961470473.axis": "right",
                            "viz_options.1961470473.color": "pink",
                            "viz_options.1961470473.label": "count",
                            "viz_options.1961470473.plot_type": "",
                            "viz_options.2128466923.axis": "left",
                            "viz_options.2128466923.color": "green",
                            "viz_options.2128466923.label": "p25",
                            "viz_options.2128466923.plot_type": "",
                            "viz_options.2210909955.axis": "right",
                            "viz_options.2210909955.color": "emerald",
                            "viz_options.2210909955.label": "client-errors",
                            "viz_options.2210909955.plot_type": "",
                            "viz_options.2636455216.axis": "left",
                            "viz_options.2636455216.color": "orange",
                            "viz_options.2636455216.label": "p99",
                            "viz_options.2636455216.plot_type": "",
                            "viz_options.2750596149.axis": "left",
                            "viz_options.2750596149.color": "yellow",
                            "viz_options.2750596149.label": "p95",
                            "viz_options.2750596149.plot_type": "",
                            "viz_options.3723831655.axis": "right",
                            "viz_options.3723831655.color": "brown",
                            "viz_options.3723831655.label": "server-errors",
                            "viz_options.3723831655.plot_type": "",
                            "viz_options.4202610054.axis": "left",
                            "viz_options.4202610054.color": "green",
                            "viz_options.4202610054.label": "p75",
                            "viz_options.4202610054.plot_type": ""
                        },
                        "meta": {},
                        "tainted": false
                    },
                    "deposed": [],
                    "provider": "provider.signalform"
                },
                "signalform_time_chart.auth_listRoles": {
                    "type": "signalform_time_chart",
                    "depends_on": [],
                    "primary": {
                        "id": "DU6Po0WAgAA",
                        "attributes": {
                            "axis_left.#": "1",
                            "axis_left.1687451994.high_watermark": "3.4028234663852886E+38",
                            "axis_left.1687451994.label": "duration (ms)",
                            "axis_left.1687451994.low_watermark": "-3.4028234663852886E+38",
                            "axis_left.1687451994.max_value": "3.4028234663852886E+38",
                            "axis_left.1687451994.min_value": "-3.4028234663852886E+38",
                            "axis_right.#": "1",
                            "axis_right.2313185360.high_watermark": "3.4028234663852886E+38",
                            "axis_right.2313185360.label": "requests",
                            "axis_right.2313185360.low_watermark": "-3.4028234663852886E+38",
                            "axis_right.2313185360.max_value": "3.4028234663852886E+38",
                            "axis_right.2313185360.min_value": "-3.4028234663852886E+38",
                            "id": "DU6Po0WAgAA",
                            "last_updated": "1.517445531229E+12",
                            "name": "auth.listRoles() duration / count",
                            "plot_type": "LineChart",
                            "program_text": "data(\"taskcluster-auth.api.listRoles.all.5m.count\", rollup=\"sum\", extrapolation=\"zero\").publish(label=\"count\")\ndata(\"taskcluster-auth.api.listRoles.client-error.5m.count\", rollup=\"sum\", extrapolation=\"zero\").publish(label=\"client-errors\")\ndata(\"taskcluster-auth.api.listRoles.server-error.5m.count\", rollup=\"sum\", extrapolation=\"zero\").publish(label=\"server-errors\")\ndata(\"taskcluster-auth.api.listRoles.all.5m.max\", rollup=\"max\").publish(label=\"max\")\ndata(\"taskcluster-auth.api.listRoles.all.5m.p99\", rollup=\"max\").publish(label=\"p99\")\ndata(\"taskcluster-auth.api.listRoles.all.5m.p95\", rollup=\"max\").publish(label=\"p95\")\ndata(\"taskcluster-auth.api.listRoles.all.5m.p75\", rollup=\"max\").publish(label=\"p75\")\ndata(\"taskcluster-auth.api.listRoles.all.5m.p50\", rollup=\"max\").publish(label=\"p50\")\ndata(\"taskcluster-auth.api.listRoles.all.5m.p25\", rollup=\"max\").publish(label=\"p25\")\ndata(\"taskcluster-auth.api.listRoles.all.5m.min\", rollup=\"min\").publish(label=\"min\")\n",
                            "resource_url": "https://app.signalfx.com/#/chart/\u003cid\u003e",
                            "show_data_markers": "true",
                            "stacked": "false",
                            "synced": "true",
                            "time_range": "-1d",
                            "url": "https://app.signalfx.com/#/chart/DU6Po0WAgAA",
                            "viz_options.#": "10",
                            "viz_options.104843832.axis": "left",
                            "viz_options.104843832.color": "green",
                            "viz_options.104843832.label": "p50",
                            "viz_options.104843832.plot_type": "",
                            "viz_options.1086408202.axis": "left",
                            "viz_options.1086408202.color": "green",
                            "viz_options.1086408202.label": "min",
                            "viz_options.1086408202.plot_type": "",
                            "viz_options.167522665.axis": "left",
                            "viz_options.167522665.color": "brown",
                            "viz_options.167522665.label": "max",
                            "viz_options.167522665.plot_type": "AreaChart",
                            "viz_options.1961470473.axis": "right",
                            "viz_options.1961470473.color": "pink",
                            "viz_options.1961470473.label": "count",
                            "viz_options.1961470473.plot_type": "",
                            "viz_options.2128466923.axis": "left",
                            "viz_options.2128466923.color": "green",
                            "viz_options.2128466923.label": "p25",
                            "viz_options.2128466923.plot_type": "",
                            "viz_options.2210909955.axis": "right",
                            "viz_options.2210909955.color": "emerald",
                            "viz_options.2210909955.label": "client-errors",
                            "viz_options.2210909955.plot_type": "",
                            "viz_options.2636455216.axis": "left",
                            "viz_options.2636455216.color": "orange",
                            "viz_options.2636455216.label": "p99",
                            "viz_options.2636455216.plot_type": "",
                            "viz_options.2750596149.axis": "left",
                            "viz_options.2750596149.color": "yellow",
                            "viz_options.2750596149.label": "p95",
                            "viz_options.2750596149.plot_type": "",
                            "viz_options.3723831655.axis": "right",
                            "viz_options.3723831655.color": "brown",
                            "viz_options.3723831655.label": "server-errors",
                            "viz_options.3723831655.plot_type": "",
                            "viz_options.4202610054.axis": "left",
                            "viz_options.4202610054.color": "green",
                            "viz_options.4202610054.label": "p75",
                            "viz_options.4202610054.plot_type": ""
                        },
                        "meta": {},
                        "tainted": false
                    },
                    "deposed": [],
                    "provider": "provider.signalform"
                },
                "signalform_time_chart.auth_ping": {
                    "type": "signalform_time_chart",
                    "depends_on": [],
                    "primary": {
                        "id": "DU5rdrYAYAE",
                        "attributes": {
                            "axis_left.#": "1",
                            "axis_left.1687451994.high_watermark": "3.4028234663852886E+38",
                            "axis_left.1687451994.label": "duration (ms)",
                            "axis_left.1687451994.low_watermark": "-3.4028234663852886E+38",
                            "axis_left.1687451994.max_value": "3.4028234663852886E+38",
                            "axis_left.1687451994.min_value": "-3.4028234663852886E+38",
                            "axis_right.#": "1",
                            "axis_right.2313185360.high_watermark": "3.4028234663852886E+38",
                            "axis_right.2313185360.label": "requests",
                            "axis_right.2313185360.low_watermark": "-3.4028234663852886E+38",
                            "axis_right.2313185360.max_value": "3.4028234663852886E+38",
                            "axis_right.2313185360.min_value": "-3.4028234663852886E+38",
                            "id": "DU5rdrYAYAE",
                            "last_updated": "1.517441185329E+12",
                            "name": "auth.ping() duration / count",
                            "plot_type": "LineChart",
                            "program_text": "data(\"taskcluster-auth.api.ping.all.5m.count\", rollup=\"sum\", extrapolation=\"zero\").publish(label=\"count\")\ndata(\"taskcluster-auth.api.ping.client-error.5m.count\", rollup=\"sum\", extrapolation=\"zero\").publish(label=\"client-errors\")\ndata(\"taskcluster-auth.api.ping.server-error.5m.count\", rollup=\"sum\", extrapolation=\"zero\").publish(label=\"server-errors\")\ndata(\"taskcluster-auth.api.ping.all.5m.max\", rollup=\"max\").publish(label=\"max\")\ndata(\"taskcluster-auth.api.ping.all.5m.p99\", rollup=\"max\").publish(label=\"p99\")\ndata(\"taskcluster-auth.api.ping.all.5m.p95\", rollup=\"max\").publish(label=\"p95\")\ndata(\"taskcluster-auth.api.ping.all.5m.p75\", rollup=\"max\").publish(label=\"p75\")\ndata(\"taskcluster-auth.api.ping.all.5m.p50\", rollup=\"max\").publish(label=\"p50\")\ndata(\"taskcluster-auth.api.ping.all.5m.p25\", rollup=\"max\").publish(label=\"p25\")\ndata(\"taskcluster-auth.api.ping.all.5m.min\", rollup=\"min\").publish(label=\"min\")\n",
                            "resource_url": "https://app.signalfx.com/#/chart/\u003cid\u003e",
                            "show_data_markers": "true",
                            "stacked": "false",
                            "synced": "true",
                            "time_range": "-1d",
                            "url": "https://app.signalfx.com/#/chart/DU5rdrYAYAE",
                            "viz_options.#": "10",
                            "viz_options.104843832.axis": "left",
                            "viz_options.104843832.color": "green",
                            "viz_options.104843832.label": "p50",
                            "viz_options.104843832.plot_type": "",
                            "viz_options.1086408202.axis": "left",
                            "viz_options.1086408202.color": "green",
                            "viz_options.1086408202.label": "min",
                            "viz_options.1086408202.plot_type": "",
                            "viz_options.167522665.axis": "left",
                            "viz_options.167522665.color": "brown",
                            "viz_options.167522665.label": "max",
                            "viz_options.167522665.plot_type": "AreaChart",
                            "viz_options.1961470473.axis": "right",
                            "viz_options.1961470473.color": "pink",
                            "viz_options.1961470473.label": "count",
                            "viz_options.1961470473.plot_type": "",
                            "viz_options.2128466923.axis": "left",
                            "viz_options.2128466923.color": "green",
                            "viz_options.2128466923.label": "p25",
                            "viz_options.2128466923.plot_type": "",
                            "viz_options.2210909955.axis": "right",
                            "viz_options.2210909955.color": "emerald",
                            "viz_options.2210909955.label": "client-errors",
                            "viz_options.2210909955.plot_type": "",
                            "viz_options.2636455216.axis": "left",
                            "viz_options.2636455216.color": "orange",
                            "viz_options.2636455216.label": "p99",
                            "viz_options.2636455216.plot_type": "",
                            "viz_options.2750596149.axis": "left",
                            "viz_options.2750596149.color": "yellow",
                            "viz_options.2750596149.label": "p95",
                            "viz_options.2750596149.plot_type": "",
                            "viz_options.3723831655.axis": "right",
                            "viz_options.3723831655.color": "brown",
                            "viz_options.3723831655.label": "server-errors",
                            "viz_options.3723831655.plot_type": "",
                            "viz_options.4202610054.axis": "left",
                            "viz_options.4202610054.color": "green",
                            "viz_options.4202610054.label": "p75",
                            "viz_options.4202610054.plot_type": ""
                        },
                        "meta": {},
                        "tainted": false
                    },
                    "deposed": [],
                    "provider": "provider.signalform"
                },
                "signalform_time_chart.auth_pulse_client-created": {
                    "type": "signalform_time_chart",
                    "depends_on": [],
                    "primary": {
                        "id": "DU6PobQAYAA",
                        "attributes": {
                            "axis_left.#": "1",
                            "axis_left.1687451994.high_watermark": "3.4028234663852886E+38",
                            "axis_left.1687451994.label": "duration (ms)",
                            "axis_left.1687451994.low_watermark": "-3.4028234663852886E+38",
                            "axis_left.1687451994.max_value": "3.4028234663852886E+38",
                            "axis_left.1687451994.min_value": "-3.4028234663852886E+38",
                            "axis_right.#": "1",
                            "axis_right.2805749534.high_watermark": "3.4028234663852886E+38",
                            "axis_right.2805749534.label": "messages",
                            "axis_right.2805749534.low_watermark": "-3.4028234663852886E+38",
                            "axis_right.2805749534.max_value": "3.4028234663852886E+38",
                            "axis_right.2805749534.min_value": "-3.4028234663852886E+38",
                            "id": "DU6PobQAYAA",
                            "last_updated": "1.517445531438E+12",
                            "name": "auth - client-created publish duration / messages",
                            "plot_type": "LineChart",
                            "program_text": "data(\"taskcluster-auth.publisher.exchange/taskcluster-auth/v1//client-created.5m.count\", rollup=\"sum\", extrapolation=\"zero\").publish(label=\"messages\")\ndata(\"taskcluster-auth.publisher.exchange/taskcluster-auth/v1//client-created.5m.max\", rollup=\"max\").publish(label=\"max\")\ndata(\"taskcluster-auth.publisher.exchange/taskcluster-auth/v1//client-created.5m.p99\", rollup=\"max\").publish(label=\"p99\")\ndata(\"taskcluster-auth.publisher.exchange/taskcluster-auth/v1//client-created.5m.p95\", rollup=\"max\").publish(label=\"p95\")\ndata(\"taskcluster-auth.publisher.exchange/taskcluster-auth/v1//client-created.5m.p75\", rollup=\"max\").publish(label=\"p75\")\ndata(\"taskcluster-auth.publisher.exchange/taskcluster-auth/v1//client-created.5m.p50\", rollup=\"max\").publish(label=\"p50\")\ndata(\"taskcluster-auth.publisher.exchange/taskcluster-auth/v1//client-created.5m.p25\", rollup=\"max\").publish(label=\"p25\")\ndata(\"taskcluster-auth.publisher.exchange/taskcluster-auth/v1//client-created.5m.min\", rollup=\"min\").publish(label=\"min\")\n",
                            "resource_url": "https://app.signalfx.com/#/chart/\u003cid\u003e",
                            "show_data_markers": "true",
                            "stacked": "false",
                            "synced": "true",
                            "time_range": "-1d",
                            "url": "https://app.signalfx.com/#/chart/DU6PobQAYAA",
                            "viz_options.#": "8",
                            "viz_options.104843832.axis": "left",
                            "viz_options.104843832.color": "green",
                            "viz_options.104843832.label": "p50",
                            "viz_options.104843832.plot_type": "",
                            "viz_options.1086408202.axis": "left",
                            "viz_options.1086408202.color": "green",
                            "viz_options.1086408202.label": "min",
                            "viz_options.1086408202.plot_type": "",
                            "viz_options.167522665.axis": "left",
                            "viz_options.167522665.color": "brown",
                            "viz_options.167522665.label": "max",
                            "viz_options.167522665.plot_type": "AreaChart",
                            "viz_options.2128466923.axis": "left",
                            "viz_options.2128466923.color": "green",
                            "viz_options.2128466923.label": "p25",
                            "viz_options.2128466923.plot_type": "",
                            "viz_options.2636455216.axis": "left",
                            "viz_options.2636455216.color": "orange",
                            "viz_options.2636455216.label": "p99",
                            "viz_options.2636455216.plot_type": "",
                            "viz_options.2750596149.axis": "left",
                            "viz_options.2750596149.color": "yellow",
                            "viz_options.2750596149.label": "p95",
                            "viz_options.2750596149.plot_type": "",
                            "viz_options.4124249296.axis": "right",
                            "viz_options.4124249296.color": "pink",
                            "viz_options.4124249296.label": "messages",
                            "viz_options.4124249296.plot_type": "",
                            "viz_options.4202610054.axis": "left",
                            "viz_options.4202610054.color": "green",
                            "viz_options.4202610054.label": "p75",
                            "viz_options.4202610054.plot_type": ""
                        },
                        "meta": {},
                        "tainted": false
                    },
                    "deposed": [],
                    "provider": "provider.signalform"
                },
                "signalform_time_chart.auth_pulse_client-deleted": {
                    "type": "signalform_time_chart",
                    "depends_on": [],
                    "primary": {
                        "id": "DU6PnsNAYAA",
                        "attributes": {
                            "axis_left.#": "1",
                            "axis_left.1687451994.high_watermark": "3.4028234663852886E+38",
                            "axis_left.1687451994.label": "duration (ms)",
                            "axis_left.1687451994.low_watermark": "-3.4028234663852886E+38",
                            "axis_left.1687451994.max_value": "3.4028234663852886E+38",
                            "axis_left.1687451994.min_value": "-3.4028234663852886E+38",
                            "axis_right.#": "1",
                            "axis_right.2805749534.high_watermark": "3.4028234663852886E+38",
                            "axis_right.2805749534.label": "messages",
                            "axis_right.2805749534.low_watermark": "-3.4028234663852886E+38",
                            "axis_right.2805749534.max_value": "3.4028234663852886E+38",
                            "axis_right.2805749534.min_value": "-3.4028234663852886E+38",
                            "id": "DU6PnsNAYAA",
                            "last_updated": "1.517445531593E+12",
                            "name": "auth - client-deleted publish duration / messages",
                            "plot_type": "LineChart",
                            "program_text": "data(\"taskcluster-auth.publisher.exchange/taskcluster-auth/v1//client-deleted.5m.count\", rollup=\"sum\", extrapolation=\"zero\").publish(label=\"messages\")\ndata(\"taskcluster-auth.publisher.exchange/taskcluster-auth/v1//client-deleted.5m.max\", rollup=\"max\").publish(label=\"max\")\ndata(\"taskcluster-auth.publisher.exchange/taskcluster-auth/v1//client-deleted.5m.p99\", rollup=\"max\").publish(label=\"p99\")\ndata(\"taskcluster-auth.publisher.exchange/taskcluster-auth/v1//client-deleted.5m.p95\", rollup=\"max\").publish(label=\"p95\")\ndata(\"taskcluster-auth.publisher.exchange/taskcluster-auth/v1//client-deleted.5m.p75\", rollup=\"max\").publish(label=\"p75\")\ndata(\"taskcluster-auth.publisher.exchange/taskcluster-auth/v1//client-deleted.5m.p50\", rollup=\"max\").publish(label=\"p50\")\ndata(\"taskcluster-auth.publisher.exchange/taskcluster-auth/v1//client-deleted.5m.p25\", rollup=\"max\").publish(label=\"p25\")\ndata(\"taskcluster-auth.publisher.exchange/taskcluster-auth/v1//client-deleted.5m.min\", rollup=\"min\").publish(label=\"min\")\n",
                            "resource_url": "https://app.signalfx.com/#/chart/\u003cid\u003e",
                            "show_data_markers": "true",
                            "stacked": "false",
                            "synced": "true",
                            "time_range": "-1d",
                            "url": "https://app.signalfx.com/#/chart/DU6PnsNAYAA",
                            "viz_options.#": "8",
                            "viz_options.104843832.axis": "left",
                            "viz_options.104843832.color": "green",
                            "viz_options.104843832.label": "p50",
                            "viz_options.104843832.plot_type": "",
                            "viz_options.1086408202.axis": "left",
                            "viz_options.1086408202.color": "green",
                            "viz_options.1086408202.label": "min",
                            "viz_options.1086408202.plot_type": "",
                            "viz_options.167522665.axis": "left",
                            "viz_options.167522665.color": "brown",
                            "viz_options.167522665.label": "max",
                            "viz_options.167522665.plot_type": "AreaChart",
                            "viz_options.2128466923.axis": "left",
                            "viz_options.2128466923.color": "green",
                            "viz_options.2128466923.label": "p25",
                            "viz_options.2128466923.plot_type": "",
                            "viz_options.2636455216.axis": "left",
                            "viz_options.2636455216.color": "orange",
                            "viz_options.2636455216.label": "p99",
                            "viz_options.2636455216.plot_type": "",
                            "viz_options.2750596149.axis": "left",
                            "viz_options.2750596149.color": "yellow",
                            "viz_options.2750596149.label": "p95",
                            "viz_options.2750596149.plot_type": "",
                            "viz_options.4124249296.axis": "right",
                            "viz_options.4124249296.color": "pink",
                            "viz_options.4124249296.label": "messages",
                            "viz_options.4124249296.plot_type": "",
                            "viz_options.4202610054.axis": "left",
                            "viz_options.4202610054.color": "green",
                            "viz_options.4202610054.label": "p75",
                            "viz_options.4202610054.plot_type": ""
                        },
                        "meta": {},
                        "tainted": false
                    },
                    "deposed": [],
                    "provider": "provider.signalform"
                },
                "signalform_time_chart.auth_pulse_client-updated": {
                    "type": "signalform_time_chart",
                    "depends_on": [],
                    "primary": {
                        "id": "DU6PplgAYAA",
                        "attributes": {
                            "axis_left.#": "1",
                            "axis_left.1687451994.high_watermark": "3.4028234663852886E+38",
                            "axis_left.1687451994.label": "duration (ms)",
                            "axis_left.1687451994.low_watermark": "-3.4028234663852886E+38",
                            "axis_left.1687451994.max_value": "3.4028234663852886E+38",
                            "axis_left.1687451994.min_value": "-3.4028234663852886E+38",
                            "axis_right.#": "1",
                            "axis_right.2805749534.high_watermark": "3.4028234663852886E+38",
                            "axis_right.2805749534.label": "messages",
                            "axis_right.2805749534.low_watermark": "-3.4028234663852886E+38",
                            "axis_right.2805749534.max_value": "3.4028234663852886E+38",
                            "axis_right.2805749534.min_value": "-3.4028234663852886E+38",
                            "id": "DU6PplgAYAA",
                            "last_updated": "1.517445531738E+12",
                            "name": "auth - client-updated publish duration / messages",
                            "plot_type": "LineChart",
                            "program_text": "data(\"taskcluster-auth.publisher.exchange/taskcluster-auth/v1//client-updated.5m.count\", rollup=\"sum\", extrapolation=\"zero\").publish(label=\"messages\")\ndata(\"taskcluster-auth.publisher.exchange/taskcluster-auth/v1//client-updated.5m.max\", rollup=\"max\").publish(label=\"max\")\ndata(\"taskcluster-auth.publisher.exchange/taskcluster-auth/v1//client-updated.5m.p99\", rollup=\"max\").publish(label=\"p99\")\ndata(\"taskcluster-auth.publisher.exchange/taskcluster-auth/v1//client-updated.5m.p95\", rollup=\"max\").publish(label=\"p95\")\ndata(\"taskcluster-auth.publisher.exchange/taskcluster-auth/v1//client-updated.5m.p75\", rollup=\"max\").publish(label=\"p75\")\ndata(\"taskcluster-auth.publisher.exchange/taskcluster-auth/v1//client-updated.5m.p50\", rollup=\"max\").publish(label=\"p50\")\ndata(\"taskcluster-auth.publisher.exchange/taskcluster-auth/v1//client-updated.5m.p25\", rollup=\"max\").publish(label=\"p25\")\ndata(\"taskcluster-auth.publisher.exchange/taskcluster-auth/v1//client-updated.5m.min\", rollup=\"min\").publish(label=\"min\")\n",
                            "resource_url": "https://app.signalfx.com/#/chart/\u003cid\u003e",
                            "show_data_markers": "true",
                            "stacked": "false",
                            "synced": "true",
                            "time_range": "-1d",
                            "url": "https://app.signalfx.com/#/chart/DU6PplgAYAA",
                            "viz_options.#": "8",
                            "viz_options.104843832.axis": "left",
                            "viz_options.104843832.color": "green",
                            "viz_options.104843832.label": "p50",
                            "viz_options.104843832.plot_type": "",
                            "viz_options.1086408202.axis": "left",
                            "viz_options.1086408202.color": "green",
                            "viz_options.1086408202.label": "min",
                            "viz_options.1086408202.plot_type": "",
                            "viz_options.167522665.axis": "left",
                            "viz_options.167522665.color": "brown",
                            "viz_options.167522665.label": "max",
                            "viz_options.167522665.plot_type": "AreaChart",
                            "viz_options.2128466923.axis": "left",
                            "viz_options.2128466923.color": "green",
                            "viz_options.2128466923.label": "p25",
                            "viz_options.2128466923.plot_type": "",
                            "viz_options.2636455216.axis": "left",
                            "viz_options.2636455216.color": "orange",
                            "viz_options.2636455216.label": "p99",
                            "viz_options.2636455216.plot_type": "",
                            "viz_options.2750596149.axis": "left",
                            "viz_options.2750596149.color": "yellow",
                            "viz_options.2750596149.label": "p95",
                            "viz_options.2750596149.plot_type": "",
                            "viz_options.4124249296.axis": "right",
                            "viz_options.4124249296.color": "pink",
                            "viz_options.4124249296.label": "messages",
                            "viz_options.4124249296.plot_type": "",
                            "viz_options.4202610054.axis": "left",
                            "viz_options.4202610054.color": "green",
                            "viz_options.4202610054.label": "p75",
                            "viz_options.4202610054.plot_type": ""
                        },
                        "meta": {},
                        "tainted": false
                    },
                    "deposed": [],
                    "provider": "provider.signalform"
                },
                "signalform_time_chart.auth_pulse_role-created": {
                    "type": "signalform_time_chart",
                    "depends_on": [],
                    "primary": {
                        "id": "DU6PoApAcAA",
                        "attributes": {
                            "axis_left.#": "1",
                            "axis_left.1687451994.high_watermark": "3.4028234663852886E+38",
                            "axis_left.1687451994.label": "duration (ms)",
                            "axis_left.1687451994.low_watermark": "-3.4028234663852886E+38",
                            "axis_left.1687451994.max_value": "3.4028234663852886E+38",
                            "axis_left.1687451994.min_value": "-3.4028234663852886E+38",
                            "axis_right.#": "1",
                            "axis_right.2805749534.high_watermark": "3.4028234663852886E+38",
                            "axis_right.2805749534.label": "messages",
                            "axis_right.2805749534.low_watermark": "-3.4028234663852886E+38",
                            "axis_right.2805749534.max_value": "3.4028234663852886E+38",
                            "axis_right.2805749534.min_value": "-3.4028234663852886E+38",
                            "id": "DU6PoApAcAA",
                            "last_updated": "1.517445531403E+12",
                            "name": "auth - role-created publish duration / messages",
                            "plot_type": "LineChart",
                            "program_text": "data(\"taskcluster-auth.publisher.exchange/taskcluster-auth/v1//role-created.5m.count\", rollup=\"sum\", extrapolation=\"zero\").publish(label=\"messages\")\ndata(\"taskcluster-auth.publisher.exchange/taskcluster-auth/v1//role-created.5m.max\", rollup=\"max\").publish(label=\"max\")\ndata(\"taskcluster-auth.publisher.exchange/taskcluster-auth/v1//role-created.5m.p99\", rollup=\"max\").publish(label=\"p99\")\ndata(\"taskcluster-auth.publisher.exchange/taskcluster-auth/v1//role-created.5m.p95\", rollup=\"max\").publish(label=\"p95\")\ndata(\"taskcluster-auth.publisher.exchange/taskcluster-auth/v1//role-created.5m.p75\", rollup=\"max\").publish(label=\"p75\")\ndata(\"taskcluster-auth.publisher.exchange/taskcluster-auth/v1//role-created.5m.p50\", rollup=\"max\").publish(label=\"p50\")\ndata(\"taskcluster-auth.publisher.exchange/taskcluster-auth/v1//role-created.5m.p25\", rollup=\"max\").publish(label=\"p25\")\ndata(\"taskcluster-auth.publisher.exchange/taskcluster-auth/v1//role-created.5m.min\", rollup=\"min\").publish(label=\"min\")\n",
                            "resource_url": "https://app.signalfx.com/#/chart/\u003cid\u003e",
                            "show_data_markers": "true",
                            "stacked": "false",
                            "synced": "true",
                            "time_range": "-1d",
                            "url": "https://app.signalfx.com/#/chart/DU6PoApAcAA",
                            "viz_options.#": "8",
                            "viz_options.104843832.axis": "left",
                            "viz_options.104843832.color": "green",
                            "viz_options.104843832.label": "p50",
                            "viz_options.104843832.plot_type": "",
                            "viz_options.1086408202.axis": "left",
                            "viz_options.1086408202.color": "green",
                            "viz_options.1086408202.label": "min",
                            "viz_options.1086408202.plot_type": "",
                            "viz_options.167522665.axis": "left",
                            "viz_options.167522665.color": "brown",
                            "viz_options.167522665.label": "max",
                            "viz_options.167522665.plot_type": "AreaChart",
                            "viz_options.2128466923.axis": "left",
                            "viz_options.2128466923.color": "green",
                            "viz_options.2128466923.label": "p25",
                            "viz_options.2128466923.plot_type": "",
                            "viz_options.2636455216.axis": "left",
                            "viz_options.2636455216.color": "orange",
                            "viz_options.2636455216.label": "p99",
                            "viz_options.2636455216.plot_type": "",
                            "viz_options.2750596149.axis": "left",
                            "viz_options.2750596149.color": "yellow",
                            "viz_options.2750596149.label": "p95",
                            "viz_options.2750596149.plot_type": "",
                            "viz_options.4124249296.axis": "right",
                            "viz_options.4124249296.color": "pink",
                            "viz_options.4124249296.label": "messages",
                            "viz_options.4124249296.plot_type": "",
                            "viz_options.4202610054.axis": "left",
                            "viz_options.4202610054.color": "green",
                            "viz_options.4202610054.label": "p75",
                            "viz_options.4202610054.plot_type": ""
                        },
                        "meta": {},
                        "tainted": false
                    },
                    "deposed": [],
                    "provider": "provider.signalform"
                },
                "signalform_time_chart.auth_pulse_role-deleted": {
                    "type": "signalform_time_chart",
                    "depends_on": [],
                    "primary": {
                        "id": "DU6CHkcAcAA",
                        "attributes": {
                            "axis_left.#": "1",
                            "axis_left.1687451994.high_watermark": "3.4028234663852886E+38",
                            "axis_left.1687451994.label": "duration (ms)",
                            "axis_left.1687451994.low_watermark": "-3.4028234663852886E+38",
                            "axis_left.1687451994.max_value": "3.4028234663852886E+38",
                            "axis_left.1687451994.min_value": "-3.4028234663852886E+38",
                            "axis_right.#": "1",
                            "axis_right.2805749534.high_watermark": "3.4028234663852886E+38",
                            "axis_right.2805749534.label": "messages",
                            "axis_right.2805749534.low_watermark": "-3.4028234663852886E+38",
                            "axis_right.2805749534.max_value": "3.4028234663852886E+38",
                            "axis_right.2805749534.min_value": "-3.4028234663852886E+38",
                            "id": "DU6CHkcAcAA",
                            "last_updated": "1.517445531916E+12",
                            "name": "auth - role-deleted publish duration / messages",
                            "plot_type": "LineChart",
                            "program_text": "data(\"taskcluster-auth.publisher.exchange/taskcluster-auth/v1//role-deleted.5m.count\", rollup=\"sum\", extrapolation=\"zero\").publish(label=\"messages\")\ndata(\"taskcluster-auth.publisher.exchange/taskcluster-auth/v1//role-deleted.5m.max\", rollup=\"max\").publish(label=\"max\")\ndata(\"taskcluster-auth.publisher.exchange/taskcluster-auth/v1//role-deleted.5m.p99\", rollup=\"max\").publish(label=\"p99\")\ndata(\"taskcluster-auth.publisher.exchange/taskcluster-auth/v1//role-deleted.5m.p95\", rollup=\"max\").publish(label=\"p95\")\ndata(\"taskcluster-auth.publisher.exchange/taskcluster-auth/v1//role-deleted.5m.p75\", rollup=\"max\").publish(label=\"p75\")\ndata(\"taskcluster-auth.publisher.exchange/taskcluster-auth/v1//role-deleted.5m.p50\", rollup=\"max\").publish(label=\"p50\")\ndata(\"taskcluster-auth.publisher.exchange/taskcluster-auth/v1//role-deleted.5m.p25\", rollup=\"max\").publish(label=\"p25\")\ndata(\"taskcluster-auth.publisher.exchange/taskcluster-auth/v1//role-deleted.5m.min\", rollup=\"min\").publish(label=\"min\")\n",
                            "resource_url": "https://app.signalfx.com/#/chart/\u003cid\u003e",
                            "show_data_markers": "true",
                            "stacked": "false",
                            "synced": "true",
                            "time_range": "-1d",
                            "url": "https://app.signalfx.com/#/chart/DU6CHkcAcAA",
                            "viz_options.#": "8",
                            "viz_options.104843832.axis": "left",
                            "viz_options.104843832.color": "green",
                            "viz_options.104843832.label": "p50",
                            "viz_options.104843832.plot_type": "",
                            "viz_options.1086408202.axis": "left",
                            "viz_options.1086408202.color": "green",
                            "viz_options.1086408202.label": "min",
                            "viz_options.1086408202.plot_type": "",
                            "viz_options.167522665.axis": "left",
                            "viz_options.167522665.color": "brown",
                            "viz_options.167522665.label": "max",
                            "viz_options.167522665.plot_type": "AreaChart",
                            "viz_options.2128466923.axis": "left",
                            "viz_options.2128466923.color": "green",
                            "viz_options.2128466923.label": "p25",
                            "viz_options.2128466923.plot_type": "",
                            "viz_options.2636455216.axis": "left",
                            "viz_options.2636455216.color": "orange",
                            "viz_options.2636455216.label": "p99",
                            "viz_options.2636455216.plot_type": "",
                            "viz_options.2750596149.axis": "left",
                            "viz_options.2750596149.color": "yellow",
                            "viz_options.2750596149.label": "p95",
                            "viz_options.2750596149.plot_type": "",
                            "viz_options.4124249296.axis": "right",
                            "viz_options.4124249296.color": "pink",
                            "viz_options.4124249296.label": "messages",
                            "viz_options.4124249296.plot_type": "",
                            "viz_options.4202610054.axis": "left",
                            "viz_options.4202610054.color": "green",
                            "viz_options.4202610054.label": "p75",
                            "viz_options.4202610054.plot_type": ""
                        },
                        "meta": {},
                        "tainted": false
                    },
                    "deposed": [],
                    "provider": "provider.signalform"
                },
                "signalform_time_chart.auth_pulse_role-updated": {
                    "type": "signalform_time_chart",
                    "depends_on": [],
                    "primary": {
                        "id": "DU6PoDqAgAA",
                        "attributes": {
                            "axis_left.#": "1",
                            "axis_left.1687451994.high_watermark": "3.4028234663852886E+38",
                            "axis_left.1687451994.label": "duration (ms)",
                            "axis_left.1687451994.low_watermark": "-3.4028234663852886E+38",
                            "axis_left.1687451994.max_value": "3.4028234663852886E+38",
                            "axis_left.1687451994.min_value": "-3.4028234663852886E+38",
                            "axis_right.#": "1",
                            "axis_right.2805749534.high_watermark": "3.4028234663852886E+38",
                            "axis_right.2805749534.label": "messages",
                            "axis_right.2805749534.low_watermark": "-3.4028234663852886E+38",
                            "axis_right.2805749534.max_value": "3.4028234663852886E+38",
                            "axis_right.2805749534.min_value": "-3.4028234663852886E+38",
                            "id": "DU6PoDqAgAA",
                            "last_updated": "1.517445531557E+12",
                            "name": "auth - role-updated publish duration / messages",
                            "plot_type": "LineChart",
                            "program_text": "data(\"taskcluster-auth.publisher.exchange/taskcluster-auth/v1//role-updated.5m.count\", rollup=\"sum\", extrapolation=\"zero\").publish(label=\"messages\")\ndata(\"taskcluster-auth.publisher.exchange/taskcluster-auth/v1//role-updated.5m.max\", rollup=\"max\").publish(label=\"max\")\ndata(\"taskcluster-auth.publisher.exchange/taskcluster-auth/v1//role-updated.5m.p99\", rollup=\"max\").publish(label=\"p99\")\ndata(\"taskcluster-auth.publisher.exchange/taskcluster-auth/v1//role-updated.5m.p95\", rollup=\"max\").publish(label=\"p95\")\ndata(\"taskcluster-auth.publisher.exchange/taskcluster-auth/v1//role-updated.5m.p75\", rollup=\"max\").publish(label=\"p75\")\ndata(\"taskcluster-auth.publisher.exchange/taskcluster-auth/v1//role-updated.5m.p50\", rollup=\"max\").publish(label=\"p50\")\ndata(\"taskcluster-auth.publisher.exchange/taskcluster-auth/v1//role-updated.5m.p25\", rollup=\"max\").publish(label=\"p25\")\ndata(\"taskcluster-auth.publisher.exchange/taskcluster-auth/v1//role-updated.5m.min\", rollup=\"min\").publish(label=\"min\")\n",
                            "resource_url": "https://app.signalfx.com/#/chart/\u003cid\u003e",
                            "show_data_markers": "true",
                            "stacked": "false",
                            "synced": "true",
                            "time_range": "-1d",
                            "url": "https://app.signalfx.com/#/chart/DU6PoDqAgAA",
                            "viz_options.#": "8",
                            "viz_options.104843832.axis": "left",
                            "viz_options.104843832.color": "green",
                            "viz_options.104843832.label": "p50",
                            "viz_options.104843832.plot_type": "",
                            "viz_options.1086408202.axis": "left",
                            "viz_options.1086408202.color": "green",
                            "viz_options.1086408202.label": "min",
                            "viz_options.1086408202.plot_type": "",
                            "viz_options.167522665.axis": "left",
                            "viz_options.167522665.color": "brown",
                            "viz_options.167522665.label": "max",
                            "viz_options.167522665.plot_type": "AreaChart",
                            "viz_options.2128466923.axis": "left",
                            "viz_options.2128466923.color": "green",
                            "viz_options.2128466923.label": "p25",
                            "viz_options.2128466923.plot_type": "",
                            "viz_options.2636455216.axis": "left",
                            "viz_options.2636455216.color": "orange",
                            "viz_options.2636455216.label": "p99",
                            "viz_options.2636455216.plot_type": "",
                            "viz_options.2750596149.axis": "left",
                            "viz_options.2750596149.color": "yellow",
                            "viz_options.2750596149.label": "p95",
                            "viz_options.2750596149.plot_type": "",
                            "viz_options.4124249296.axis": "right",
                            "viz_options.4124249296.color": "pink",
                            "viz_options.4124249296.label": "messages",
                            "viz_options.4124249296.plot_type": "",
                            "viz_options.4202610054.axis": "left",
                            "viz_options.4202610054.color": "green",
                            "viz_options.4202610054.label": "p75",
                            "viz_options.4202610054.plot_type": ""
                        },
                        "meta": {},
                        "tainted": false
                    },
                    "deposed": [],
                    "provider": "provider.signalform"
                },
                "signalform_time_chart.auth_resetAccessToken": {
                    "type": "signalform_time_chart",
                    "depends_on": [],
                    "primary": {
                        "id": "DU6PphIAcAA",
                        "attributes": {
                            "axis_left.#": "1",
                            "axis_left.1687451994.high_watermark": "3.4028234663852886E+38",
                            "axis_left.1687451994.label": "duration (ms)",
                            "axis_left.1687451994.low_watermark": "-3.4028234663852886E+38",
                            "axis_left.1687451994.max_value": "3.4028234663852886E+38",
                            "axis_left.1687451994.min_value": "-3.4028234663852886E+38",
                            "axis_right.#": "1",
                            "axis_right.2313185360.high_watermark": "3.4028234663852886E+38",
                            "axis_right.2313185360.label": "requests",
                            "axis_right.2313185360.low_watermark": "-3.4028234663852886E+38",
                            "axis_right.2313185360.max_value": "3.4028234663852886E+38",
                            "axis_right.2313185360.min_value": "-3.4028234663852886E+38",
                            "id": "DU6PphIAcAA",
                            "last_updated": "1.517445531062E+12",
                            "name": "auth.resetAccessToken() duration / count",
                            "plot_type": "LineChart",
                            "program_text": "data(\"taskcluster-auth.api.resetAccessToken.all.5m.count\", rollup=\"sum\", extrapolation=\"zero\").publish(label=\"count\")\ndata(\"taskcluster-auth.api.resetAccessToken.client-error.5m.count\", rollup=\"sum\", extrapolation=\"zero\").publish(label=\"client-errors\")\ndata(\"taskcluster-auth.api.resetAccessToken.server-error.5m.count\", rollup=\"sum\", extrapolation=\"zero\").publish(label=\"server-errors\")\ndata(\"taskcluster-auth.api.resetAccessToken.all.5m.max\", rollup=\"max\").publish(label=\"max\")\ndata(\"taskcluster-auth.api.resetAccessToken.all.5m.p99\", rollup=\"max\").publish(label=\"p99\")\ndata(\"taskcluster-auth.api.resetAccessToken.all.5m.p95\", rollup=\"max\").publish(label=\"p95\")\ndata(\"taskcluster-auth.api.resetAccessToken.all.5m.p75\", rollup=\"max\").publish(label=\"p75\")\ndata(\"taskcluster-auth.api.resetAccessToken.all.5m.p50\", rollup=\"max\").publish(label=\"p50\")\ndata(\"taskcluster-auth.api.resetAccessToken.all.5m.p25\", rollup=\"max\").publish(label=\"p25\")\ndata(\"taskcluster-auth.api.resetAccessToken.all.5m.min\", rollup=\"min\").publish(label=\"min\")\n",
                            "resource_url": "https://app.signalfx.com/#/chart/\u003cid\u003e",
                            "show_data_markers": "true",
                            "stacked": "false",
                            "synced": "true",
                            "time_range": "-1d",
                            "url": "https://app.signalfx.com/#/chart/DU6PphIAcAA",
                            "viz_options.#": "10",
                            "viz_options.104843832.axis": "left",
                            "viz_options.104843832.color": "green",
                            "viz_options.104843832.label": "p50",
                            "viz_options.104843832.plot_type": "",
                            "viz_options.1086408202.axis": "left",
                            "viz_options.1086408202.color": "green",
                            "viz_options.1086408202.label": "min",
                            "viz_options.1086408202.plot_type": "",
                            "viz_options.167522665.axis": "left",
                            "viz_options.167522665.color": "brown",
                            "viz_options.167522665.label": "max",
                            "viz_options.167522665.plot_type": "AreaChart",
                            "viz_options.1961470473.axis": "right",
                            "viz_options.1961470473.color": "pink",
                            "viz_options.1961470473.label": "count",
                            "viz_options.1961470473.plot_type": "",
                            "viz_options.2128466923.axis": "left",
                            "viz_options.2128466923.color": "green",
                            "viz_options.2128466923.label": "p25",
                            "viz_options.2128466923.plot_type": "",
                            "viz_options.2210909955.axis": "right",
                            "viz_options.2210909955.color": "emerald",
                            "viz_options.2210909955.label": "client-errors",
                            "viz_options.2210909955.plot_type": "",
                            "viz_options.2636455216.axis": "left",
                            "viz_options.2636455216.color": "orange",
                            "viz_options.2636455216.label": "p99",
                            "viz_options.2636455216.plot_type": "",
                            "viz_options.2750596149.axis": "left",
                            "viz_options.2750596149.color": "yellow",
                            "viz_options.2750596149.label": "p95",
                            "viz_options.2750596149.plot_type": "",
                            "viz_options.3723831655.axis": "right",
                            "viz_options.3723831655.color": "brown",
                            "viz_options.3723831655.label": "server-errors",
                            "viz_options.3723831655.plot_type": "",
                            "viz_options.4202610054.axis": "left",
                            "viz_options.4202610054.color": "green",
                            "viz_options.4202610054.label": "p75",
                            "viz_options.4202610054.plot_type": ""
                        },
                        "meta": {},
                        "tainted": false
                    },
                    "deposed": [],
                    "provider": "provider.signalform"
                },
                "signalform_time_chart.auth_role": {
                    "type": "signalform_time_chart",
                    "depends_on": [],
                    "primary": {
                        "id": "DU6PphVAYAA",
                        "attributes": {
                            "axis_left.#": "1",
                            "axis_left.1687451994.high_watermark": "3.4028234663852886E+38",
                            "axis_left.1687451994.label": "duration (ms)",
                            "axis_left.1687451994.low_watermark": "-3.4028234663852886E+38",
                            "axis_left.1687451994.max_value": "3.4028234663852886E+38",
                            "axis_left.1687451994.min_value": "-3.4028234663852886E+38",
                            "axis_right.#": "1",
                            "axis_right.2313185360.high_watermark": "3.4028234663852886E+38",
                            "axis_right.2313185360.label": "requests",
                            "axis_right.2313185360.low_watermark": "-3.4028234663852886E+38",
                            "axis_right.2313185360.max_value": "3.4028234663852886E+38",
                            "axis_right.2313185360.min_value": "-3.4028234663852886E+38",
                            "id": "DU6PphVAYAA",
                            "last_updated": "1.517445531465E+12",
                            "name": "auth.role() duration / count",
                            "plot_type": "LineChart",
                            "program_text": "data(\"taskcluster-auth.api.role.all.5m.count\", rollup=\"sum\", extrapolation=\"zero\").publish(label=\"count\")\ndata(\"taskcluster-auth.api.role.client-error.5m.count\", rollup=\"sum\", extrapolation=\"zero\").publish(label=\"client-errors\")\ndata(\"taskcluster-auth.api.role.server-error.5m.count\", rollup=\"sum\", extrapolation=\"zero\").publish(label=\"server-errors\")\ndata(\"taskcluster-auth.api.role.all.5m.max\", rollup=\"max\").publish(label=\"max\")\ndata(\"taskcluster-auth.api.role.all.5m.p99\", rollup=\"max\").publish(label=\"p99\")\ndata(\"taskcluster-auth.api.role.all.5m.p95\", rollup=\"max\").publish(label=\"p95\")\ndata(\"taskcluster-auth.api.role.all.5m.p75\", rollup=\"max\").publish(label=\"p75\")\ndata(\"taskcluster-auth.api.role.all.5m.p50\", rollup=\"max\").publish(label=\"p50\")\ndata(\"taskcluster-auth.api.role.all.5m.p25\", rollup=\"max\").publish(label=\"p25\")\ndata(\"taskcluster-auth.api.role.all.5m.min\", rollup=\"min\").publish(label=\"min\")\n",
                            "resource_url": "https://app.signalfx.com/#/chart/\u003cid\u003e",
                            "show_data_markers": "true",
                            "stacked": "false",
                            "synced": "true",
                            "time_range": "-1d",
                            "url": "https://app.signalfx.com/#/chart/DU6PphVAYAA",
                            "viz_options.#": "10",
                            "viz_options.104843832.axis": "left",
                            "viz_options.104843832.color": "green",
                            "viz_options.104843832.label": "p50",
                            "viz_options.104843832.plot_type": "",
                            "viz_options.1086408202.axis": "left",
                            "viz_options.1086408202.color": "green",
                            "viz_options.1086408202.label": "min",
                            "viz_options.1086408202.plot_type": "",
                            "viz_options.167522665.axis": "left",
                            "viz_options.167522665.color": "brown",
                            "viz_options.167522665.label": "max",
                            "viz_options.167522665.plot_type": "AreaChart",
                            "viz_options.1961470473.axis": "right",
                            "viz_options.1961470473.color": "pink",
                            "viz_options.1961470473.label": "count",
                            "viz_options.1961470473.plot_type": "",
                            "viz_options.2128466923.axis": "left",
                            "viz_options.2128466923.color": "green",
                            "viz_options.2128466923.label": "p25",
                            "viz_options.2128466923.plot_type": "",
                            "viz_options.2210909955.axis": "right",
                            "viz_options.2210909955.color": "emerald",
                            "viz_options.2210909955.label": "client-errors",
                            "viz_options.2210909955.plot_type": "",
                            "viz_options.2636455216.axis": "left",
                            "viz_options.2636455216.color": "orange",
                            "viz_options.2636455216.label": "p99",
                            "viz_options.2636455216.plot_type": "",
                            "viz_options.2750596149.axis": "left",
                            "viz_options.2750596149.color": "yellow",
                            "viz_options.2750596149.label": "p95",
                            "viz_options.2750596149.plot_type": "",
                            "viz_options.3723831655.axis": "right",
                            "viz_options.3723831655.color": "brown",
                            "viz_options.3723831655.label": "server-errors",
                            "viz_options.3723831655.plot_type": "",
                            "viz_options.4202610054.axis": "left",
                            "viz_options.4202610054.color": "green",
                            "viz_options.4202610054.label": "p75",
                            "viz_options.4202610054.plot_type": ""
                        },
                        "meta": {},
                        "tainted": false
                    },
                    "deposed": [],
                    "provider": "provider.signalform"
                },
                "signalform_time_chart.auth_sentryDSN": {
                    "type": "signalform_time_chart",
                    "depends_on": [],
                    "primary": {
                        "id": "DU6Ppf8AgAA",
                        "attributes": {
                            "axis_left.#": "1",
                            "axis_left.1687451994.high_watermark": "3.4028234663852886E+38",
                            "axis_left.1687451994.label": "duration (ms)",
                            "axis_left.1687451994.low_watermark": "-3.4028234663852886E+38",
                            "axis_left.1687451994.max_value": "3.4028234663852886E+38",
                            "axis_left.1687451994.min_value": "-3.4028234663852886E+38",
                            "axis_right.#": "1",
                            "axis_right.2313185360.high_watermark": "3.4028234663852886E+38",
                            "axis_right.2313185360.label": "requests",
                            "axis_right.2313185360.low_watermark": "-3.4028234663852886E+38",
                            "axis_right.2313185360.max_value": "3.4028234663852886E+38",
                            "axis_right.2313185360.min_value": "-3.4028234663852886E+38",
                            "id": "DU6Ppf8AgAA",
                            "last_updated": "1.517445531057E+12",
                            "name": "auth.sentryDSN() duration / count",
                            "plot_type": "LineChart",
                            "program_text": "data(\"taskcluster-auth.api.sentryDSN.all.5m.count\", rollup=\"sum\", extrapolation=\"zero\").publish(label=\"count\")\ndata(\"taskcluster-auth.api.sentryDSN.client-error.5m.count\", rollup=\"sum\", extrapolation=\"zero\").publish(label=\"client-errors\")\ndata(\"taskcluster-auth.api.sentryDSN.server-error.5m.count\", rollup=\"sum\", extrapolation=\"zero\").publish(label=\"server-errors\")\ndata(\"taskcluster-auth.api.sentryDSN.all.5m.max\", rollup=\"max\").publish(label=\"max\")\ndata(\"taskcluster-auth.api.sentryDSN.all.5m.p99\", rollup=\"max\").publish(label=\"p99\")\ndata(\"taskcluster-auth.api.sentryDSN.all.5m.p95\", rollup=\"max\").publish(label=\"p95\")\ndata(\"taskcluster-auth.api.sentryDSN.all.5m.p75\", rollup=\"max\").publish(label=\"p75\")\ndata(\"taskcluster-auth.api.sentryDSN.all.5m.p50\", rollup=\"max\").publish(label=\"p50\")\ndata(\"taskcluster-auth.api.sentryDSN.all.5m.p25\", rollup=\"max\").publish(label=\"p25\")\ndata(\"taskcluster-auth.api.sentryDSN.all.5m.min\", rollup=\"min\").publish(label=\"min\")\n",
                            "resource_url": "https://app.signalfx.com/#/chart/\u003cid\u003e",
                            "show_data_markers": "true",
                            "stacked": "false",
                            "synced": "true",
                            "time_range": "-1d",
                            "url": "https://app.signalfx.com/#/chart/DU6Ppf8AgAA",
                            "viz_options.#": "10",
                            "viz_options.104843832.axis": "left",
                            "viz_options.104843832.color": "green",
                            "viz_options.104843832.label": "p50",
                            "viz_options.104843832.plot_type": "",
                            "viz_options.1086408202.axis": "left",
                            "viz_options.1086408202.color": "green",
                            "viz_options.1086408202.label": "min",
                            "viz_options.1086408202.plot_type": "",
                            "viz_options.167522665.axis": "left",
                            "viz_options.167522665.color": "brown",
                            "viz_options.167522665.label": "max",
                            "viz_options.167522665.plot_type": "AreaChart",
                            "viz_options.1961470473.axis": "right",
                            "viz_options.1961470473.color": "pink",
                            "viz_options.1961470473.label": "count",
                            "viz_options.1961470473.plot_type": "",
                            "viz_options.2128466923.axis": "left",
                            "viz_options.2128466923.color": "green",
                            "viz_options.2128466923.label": "p25",
                            "viz_options.2128466923.plot_type": "",
                            "viz_options.2210909955.axis": "right",
                            "viz_options.2210909955.color": "emerald",
                            "viz_options.2210909955.label": "client-errors",
                            "viz_options.2210909955.plot_type": "",
                            "viz_options.2636455216.axis": "left",
                            "viz_options.2636455216.color": "orange",
                            "viz_options.2636455216.label": "p99",
                            "viz_options.2636455216.plot_type": "",
                            "viz_options.2750596149.axis": "left",
                            "viz_options.2750596149.color": "yellow",
                            "viz_options.2750596149.label": "p95",
                            "viz_options.2750596149.plot_type": "",
                            "viz_options.3723831655.axis": "right",
                            "viz_options.3723831655.color": "brown",
                            "viz_options.3723831655.label": "server-errors",
                            "viz_options.3723831655.plot_type": "",
                            "viz_options.4202610054.axis": "left",
                            "viz_options.4202610054.color": "green",
                            "viz_options.4202610054.label": "p75",
                            "viz_options.4202610054.plot_type": ""
                        },
                        "meta": {},
                        "tainted": false
                    },
                    "deposed": [],
                    "provider": "provider.signalform"
                },
                "signalform_time_chart.auth_statsumToken": {
                    "type": "signalform_time_chart",
                    "depends_on": [],
                    "primary": {
                        "id": "DU6PoyDAgAA",
                        "attributes": {
                            "axis_left.#": "1",
                            "axis_left.1687451994.high_watermark": "3.4028234663852886E+38",
                            "axis_left.1687451994.label": "duration (ms)",
                            "axis_left.1687451994.low_watermark": "-3.4028234663852886E+38",
                            "axis_left.1687451994.max_value": "3.4028234663852886E+38",
                            "axis_left.1687451994.min_value": "-3.4028234663852886E+38",
                            "axis_right.#": "1",
                            "axis_right.2313185360.high_watermark": "3.4028234663852886E+38",
                            "axis_right.2313185360.label": "requests",
                            "axis_right.2313185360.low_watermark": "-3.4028234663852886E+38",
                            "axis_right.2313185360.max_value": "3.4028234663852886E+38",
                            "axis_right.2313185360.min_value": "-3.4028234663852886E+38",
                            "id": "DU6PoyDAgAA",
                            "last_updated": "1.517445531064E+12",
                            "name": "auth.statsumToken() duration / count",
                            "plot_type": "LineChart",
                            "program_text": "data(\"taskcluster-auth.api.statsumToken.all.5m.count\", rollup=\"sum\", extrapolation=\"zero\").publish(label=\"count\")\ndata(\"taskcluster-auth.api.statsumToken.client-error.5m.count\", rollup=\"sum\", extrapolation=\"zero\").publish(label=\"client-errors\")\ndata(\"taskcluster-auth.api.statsumToken.server-error.5m.count\", rollup=\"sum\", extrapolation=\"zero\").publish(label=\"server-errors\")\ndata(\"taskcluster-auth.api.statsumToken.all.5m.max\", rollup=\"max\").publish(label=\"max\")\ndata(\"taskcluster-auth.api.statsumToken.all.5m.p99\", rollup=\"max\").publish(label=\"p99\")\ndata(\"taskcluster-auth.api.statsumToken.all.5m.p95\", rollup=\"max\").publish(label=\"p95\")\ndata(\"taskcluster-auth.api.statsumToken.all.5m.p75\", rollup=\"max\").publish(label=\"p75\")\ndata(\"taskcluster-auth.api.statsumToken.all.5m.p50\", rollup=\"max\").publish(label=\"p50\")\ndata(\"taskcluster-auth.api.statsumToken.all.5m.p25\", rollup=\"max\").publish(label=\"p25\")\ndata(\"taskcluster-auth.api.statsumToken.all.5m.min\", rollup=\"min\").publish(label=\"min\")\n",
                            "resource_url": "https://app.signalfx.com/#/chart/\u003cid\u003e",
                            "show_data_markers": "true",
                            "stacked": "false",
                            "synced": "true",
                            "time_range": "-1d",
                            "url": "https://app.signalfx.com/#/chart/DU6PoyDAgAA",
                            "viz_options.#": "10",
                            "viz_options.104843832.axis": "left",
                            "viz_options.104843832.color": "green",
                            "viz_options.104843832.label": "p50",
                            "viz_options.104843832.plot_type": "",
                            "viz_options.1086408202.axis": "left",
                            "viz_options.1086408202.color": "green",
                            "viz_options.1086408202.label": "min",
                            "viz_options.1086408202.plot_type": "",
                            "viz_options.167522665.axis": "left",
                            "viz_options.167522665.color": "brown",
                            "viz_options.167522665.label": "max",
                            "viz_options.167522665.plot_type": "AreaChart",
                            "viz_options.1961470473.axis": "right",
                            "viz_options.1961470473.color": "pink",
                            "viz_options.1961470473.label": "count",
                            "viz_options.1961470473.plot_type": "",
                            "viz_options.2128466923.axis": "left",
                            "viz_options.2128466923.color": "green",
                            "viz_options.2128466923.label": "p25",
                            "viz_options.2128466923.plot_type": "",
                            "viz_options.2210909955.axis": "right",
                            "viz_options.2210909955.color": "emerald",
                            "viz_options.2210909955.label": "client-errors",
                            "viz_options.2210909955.plot_type": "",
                            "viz_options.2636455216.axis": "left",
                            "viz_options.2636455216.color": "orange",
                            "viz_options.2636455216.label": "p99",
                            "viz_options.2636455216.plot_type": "",
                            "viz_options.2750596149.axis": "left",
                            "viz_options.2750596149.color": "yellow",
                            "viz_options.2750596149.label": "p95",
                            "viz_options.2750596149.plot_type": "",
                            "viz_options.3723831655.axis": "right",
                            "viz_options.3723831655.color": "brown",
                            "viz_options.3723831655.label": "server-errors",
                            "viz_options.3723831655.plot_type": "",
                            "viz_options.4202610054.axis": "left",
                            "viz_options.4202610054.color": "green",
                            "viz_options.4202610054.label": "p75",
                            "viz_options.4202610054.plot_type": ""
                        },
                        "meta": {},
                        "tainted": false
                    },
                    "deposed": [],
                    "provider": "provider.signalform"
                },
                "signalform_time_chart.auth_testAuthenticate": {
                    "type": "signalform_time_chart",
                    "depends_on": [],
                    "primary": {
                        "id": "DU6Pnq9AcAA",
                        "attributes": {
                            "axis_left.#": "1",
                            "axis_left.1687451994.high_watermark": "3.4028234663852886E+38",
                            "axis_left.1687451994.label": "duration (ms)",
                            "axis_left.1687451994.low_watermark": "-3.4028234663852886E+38",
                            "axis_left.1687451994.max_value": "3.4028234663852886E+38",
                            "axis_left.1687451994.min_value": "-3.4028234663852886E+38",
                            "axis_right.#": "1",
                            "axis_right.2313185360.high_watermark": "3.4028234663852886E+38",
                            "axis_right.2313185360.label": "requests",
                            "axis_right.2313185360.low_watermark": "-3.4028234663852886E+38",
                            "axis_right.2313185360.max_value": "3.4028234663852886E+38",
                            "axis_right.2313185360.min_value": "-3.4028234663852886E+38",
                            "id": "DU6Pnq9AcAA",
                            "last_updated": "1.517445531535E+12",
                            "name": "auth.testAuthenticate() duration / count",
                            "plot_type": "LineChart",
                            "program_text": "data(\"taskcluster-auth.api.testAuthenticate.all.5m.count\", rollup=\"sum\", extrapolation=\"zero\").publish(label=\"count\")\ndata(\"taskcluster-auth.api.testAuthenticate.client-error.5m.count\", rollup=\"sum\", extrapolation=\"zero\").publish(label=\"client-errors\")\ndata(\"taskcluster-auth.api.testAuthenticate.server-error.5m.count\", rollup=\"sum\", extrapolation=\"zero\").publish(label=\"server-errors\")\ndata(\"taskcluster-auth.api.testAuthenticate.all.5m.max\", rollup=\"max\").publish(label=\"max\")\ndata(\"taskcluster-auth.api.testAuthenticate.all.5m.p99\", rollup=\"max\").publish(label=\"p99\")\ndata(\"taskcluster-auth.api.testAuthenticate.all.5m.p95\", rollup=\"max\").publish(label=\"p95\")\ndata(\"taskcluster-auth.api.testAuthenticate.all.5m.p75\", rollup=\"max\").publish(label=\"p75\")\ndata(\"taskcluster-auth.api.testAuthenticate.all.5m.p50\", rollup=\"max\").publish(label=\"p50\")\ndata(\"taskcluster-auth.api.testAuthenticate.all.5m.p25\", rollup=\"max\").publish(label=\"p25\")\ndata(\"taskcluster-auth.api.testAuthenticate.all.5m.min\", rollup=\"min\").publish(label=\"min\")\n",
                            "resource_url": "https://app.signalfx.com/#/chart/\u003cid\u003e",
                            "show_data_markers": "true",
                            "stacked": "false",
                            "synced": "true",
                            "time_range": "-1d",
                            "url": "https://app.signalfx.com/#/chart/DU6Pnq9AcAA",
                            "viz_options.#": "10",
                            "viz_options.104843832.axis": "left",
                            "viz_options.104843832.color": "green",
                            "viz_options.104843832.label": "p50",
                            "viz_options.104843832.plot_type": "",
                            "viz_options.1086408202.axis": "left",
                            "viz_options.1086408202.color": "green",
                            "viz_options.1086408202.label": "min",
                            "viz_options.1086408202.plot_type": "",
                            "viz_options.167522665.axis": "left",
                            "viz_options.167522665.color": "brown",
                            "viz_options.167522665.label": "max",
                            "viz_options.167522665.plot_type": "AreaChart",
                            "viz_options.1961470473.axis": "right",
                            "viz_options.1961470473.color": "pink",
                            "viz_options.1961470473.label": "count",
                            "viz_options.1961470473.plot_type": "",
                            "viz_options.2128466923.axis": "left",
                            "viz_options.2128466923.color": "green",
                            "viz_options.2128466923.label": "p25",
                            "viz_options.2128466923.plot_type": "",
                            "viz_options.2210909955.axis": "right",
                            "viz_options.2210909955.color": "emerald",
                            "viz_options.2210909955.label": "client-errors",
                            "viz_options.2210909955.plot_type": "",
                            "viz_options.2636455216.axis": "left",
                            "viz_options.2636455216.color": "orange",
                            "viz_options.2636455216.label": "p99",
                            "viz_options.2636455216.plot_type": "",
                            "viz_options.2750596149.axis": "left",
                            "viz_options.2750596149.color": "yellow",
                            "viz_options.2750596149.label": "p95",
                            "viz_options.2750596149.plot_type": "",
                            "viz_options.3723831655.axis": "right",
                            "viz_options.3723831655.color": "brown",
                            "viz_options.3723831655.label": "server-errors",
                            "viz_options.3723831655.plot_type": "",
                            "viz_options.4202610054.axis": "left",
                            "viz_options.4202610054.color": "green",
                            "viz_options.4202610054.label": "p75",
                            "viz_options.4202610054.plot_type": ""
                        },
                        "meta": {},
                        "tainted": false
                    },
                    "deposed": [],
                    "provider": "provider.signalform"
                },
                "signalform_time_chart.auth_testAuthenticateGet": {
                    "type": "signalform_time_chart",
                    "depends_on": [],
                    "primary": {
                        "id": "DU6PoC_AYAA",
                        "attributes": {
                            "axis_left.#": "1",
                            "axis_left.1687451994.high_watermark": "3.4028234663852886E+38",
                            "axis_left.1687451994.label": "duration (ms)",
                            "axis_left.1687451994.low_watermark": "-3.4028234663852886E+38",
                            "axis_left.1687451994.max_value": "3.4028234663852886E+38",
                            "axis_left.1687451994.min_value": "-3.4028234663852886E+38",
                            "axis_right.#": "1",
                            "axis_right.2313185360.high_watermark": "3.4028234663852886E+38",
                            "axis_right.2313185360.label": "requests",
                            "axis_right.2313185360.low_watermark": "-3.4028234663852886E+38",
                            "axis_right.2313185360.max_value": "3.4028234663852886E+38",
                            "axis_right.2313185360.min_value": "-3.4028234663852886E+38",
                            "id": "DU6PoC_AYAA",
                            "last_updated": "1.517445531528E+12",
                            "name": "auth.testAuthenticateGet() duration / count",
                            "plot_type": "LineChart",
                            "program_text": "data(\"taskcluster-auth.api.testAuthenticateGet.all.5m.count\", rollup=\"sum\", extrapolation=\"zero\").publish(label=\"count\")\ndata(\"taskcluster-auth.api.testAuthenticateGet.client-error.5m.count\", rollup=\"sum\", extrapolation=\"zero\").publish(label=\"client-errors\")\ndata(\"taskcluster-auth.api.testAuthenticateGet.server-error.5m.count\", rollup=\"sum\", extrapolation=\"zero\").publish(label=\"server-errors\")\ndata(\"taskcluster-auth.api.testAuthenticateGet.all.5m.max\", rollup=\"max\").publish(label=\"max\")\ndata(\"taskcluster-auth.api.testAuthenticateGet.all.5m.p99\", rollup=\"max\").publish(label=\"p99\")\ndata(\"taskcluster-auth.api.testAuthenticateGet.all.5m.p95\", rollup=\"max\").publish(label=\"p95\")\ndata(\"taskcluster-auth.api.testAuthenticateGet.all.5m.p75\", rollup=\"max\").publish(label=\"p75\")\ndata(\"taskcluster-auth.api.testAuthenticateGet.all.5m.p50\", rollup=\"max\").publish(label=\"p50\")\ndata(\"taskcluster-auth.api.testAuthenticateGet.all.5m.p25\", rollup=\"max\").publish(label=\"p25\")\ndata(\"taskcluster-auth.api.testAuthenticateGet.all.5m.min\", rollup=\"min\").publish(label=\"min\")\n",
                            "resource_url": "https://app.signalfx.com/#/chart/\u003cid\u003e",
                            "show_data_markers": "true",
                            "stacked": "false",
                            "synced": "true",
                            "time_range": "-1d",
                            "url": "https://app.signalfx.com/#/chart/DU6PoC_AYAA",
                            "viz_options.#": "10",
                            "viz_options.104843832.axis": "left",
                            "viz_options.104843832.color": "green",
                            "viz_options.104843832.label": "p50",
                            "viz_options.104843832.plot_type": "",
                            "viz_options.1086408202.axis": "left",
                            "viz_options.1086408202.color": "green",
                            "viz_options.1086408202.label": "min",
                            "viz_options.1086408202.plot_type": "",
                            "viz_options.167522665.axis": "left",
                            "viz_options.167522665.color": "brown",
                            "viz_options.167522665.label": "max",
                            "viz_options.167522665.plot_type": "AreaChart",
                            "viz_options.1961470473.axis": "right",
                            "viz_options.1961470473.color": "pink",
                            "viz_options.1961470473.label": "count",
                            "viz_options.1961470473.plot_type": "",
                            "viz_options.2128466923.axis": "left",
                            "viz_options.2128466923.color": "green",
                            "viz_options.2128466923.label": "p25",
                            "viz_options.2128466923.plot_type": "",
                            "viz_options.2210909955.axis": "right",
                            "viz_options.2210909955.color": "emerald",
                            "viz_options.2210909955.label": "client-errors",
                            "viz_options.2210909955.plot_type": "",
                            "viz_options.2636455216.axis": "left",
                            "viz_options.2636455216.color": "orange",
                            "viz_options.2636455216.label": "p99",
                            "viz_options.2636455216.plot_type": "",
                            "viz_options.2750596149.axis": "left",
                            "viz_options.2750596149.color": "yellow",
                            "viz_options.2750596149.label": "p95",
                            "viz_options.2750596149.plot_type": "",
                            "viz_options.3723831655.axis": "right",
                            "viz_options.3723831655.color": "brown",
                            "viz_options.3723831655.label": "server-errors",
                            "viz_options.3723831655.plot_type": "",
                            "viz_options.4202610054.axis": "left",
                            "viz_options.4202610054.color": "green",
                            "viz_options.4202610054.label": "p75",
                            "viz_options.4202610054.plot_type": ""
                        },
                        "meta": {},
                        "tainted": false
                    },
                    "deposed": [],
                    "provider": "provider.signalform"
                },
                "signalform_time_chart.auth_updateClient": {
                    "type": "signalform_time_chart",
                    "depends_on": [],
                    "primary": {
                        "id": "DU6Pn_BAYAA",
                        "attributes": {
                            "axis_left.#": "1",
                            "axis_left.1687451994.high_watermark": "3.4028234663852886E+38",
                            "axis_left.1687451994.label": "duration (ms)",
                            "axis_left.1687451994.low_watermark": "-3.4028234663852886E+38",
                            "axis_left.1687451994.max_value": "3.4028234663852886E+38",
                            "axis_left.1687451994.min_value": "-3.4028234663852886E+38",
                            "axis_right.#": "1",
                            "axis_right.2313185360.high_watermark": "3.4028234663852886E+38",
                            "axis_right.2313185360.label": "requests",
                            "axis_right.2313185360.low_watermark": "-3.4028234663852886E+38",
                            "axis_right.2313185360.max_value": "3.4028234663852886E+38",
                            "axis_right.2313185360.min_value": "-3.4028234663852886E+38",
                            "id": "DU6Pn_BAYAA",
                            "last_updated": "1.517445531089E+12",
                            "name": "auth.updateClient() duration / count",
                            "plot_type": "LineChart",
                            "program_text": "data(\"taskcluster-auth.api.updateClient.all.5m.count\", rollup=\"sum\", extrapolation=\"zero\").publish(label=\"count\")\ndata(\"taskcluster-auth.api.updateClient.client-error.5m.count\", rollup=\"sum\", extrapolation=\"zero\").publish(label=\"client-errors\")\ndata(\"taskcluster-auth.api.updateClient.server-error.5m.count\", rollup=\"sum\", extrapolation=\"zero\").publish(label=\"server-errors\")\ndata(\"taskcluster-auth.api.updateClient.all.5m.max\", rollup=\"max\").publish(label=\"max\")\ndata(\"taskcluster-auth.api.updateClient.all.5m.p99\", rollup=\"max\").publish(label=\"p99\")\ndata(\"taskcluster-auth.api.updateClient.all.5m.p95\", rollup=\"max\").publish(label=\"p95\")\ndata(\"taskcluster-auth.api.updateClient.all.5m.p75\", rollup=\"max\").publish(label=\"p75\")\ndata(\"taskcluster-auth.api.updateClient.all.5m.p50\", rollup=\"max\").publish(label=\"p50\")\ndata(\"taskcluster-auth.api.updateClient.all.5m.p25\", rollup=\"max\").publish(label=\"p25\")\ndata(\"taskcluster-auth.api.updateClient.all.5m.min\", rollup=\"min\").publish(label=\"min\")\n",
                            "resource_url": "https://app.signalfx.com/#/chart/\u003cid\u003e",
                            "show_data_markers": "true",
                            "stacked": "false",
                            "synced": "true",
                            "time_range": "-1d",
                            "url": "https://app.signalfx.com/#/chart/DU6Pn_BAYAA",
                            "viz_options.#": "10",
                            "viz_options.104843832.axis": "left",
                            "viz_options.104843832.color": "green",
                            "viz_options.104843832.label": "p50",
                            "viz_options.104843832.plot_type": "",
                            "viz_options.1086408202.axis": "left",
                            "viz_options.1086408202.color": "green",
                            "viz_options.1086408202.label": "min",
                            "viz_options.1086408202.plot_type": "",
                            "viz_options.167522665.axis": "left",
                            "viz_options.167522665.color": "brown",
                            "viz_options.167522665.label": "max",
                            "viz_options.167522665.plot_type": "AreaChart",
                            "viz_options.1961470473.axis": "right",
                            "viz_options.1961470473.color": "pink",
                            "viz_options.1961470473.label": "count",
                            "viz_options.1961470473.plot_type": "",
                            "viz_options.2128466923.axis": "left",
                            "viz_options.2128466923.color": "green",
                            "viz_options.2128466923.label": "p25",
                            "viz_options.2128466923.plot_type": "",
                            "viz_options.2210909955.axis": "right",
                            "viz_options.2210909955.color": "emerald",
                            "viz_options.2210909955.label": "client-errors",
                            "viz_options.2210909955.plot_type": "",
                            "viz_options.2636455216.axis": "left",
                            "viz_options.2636455216.color": "orange",
                            "viz_options.2636455216.label": "p99",
                            "viz_options.2636455216.plot_type": "",
                            "viz_options.2750596149.axis": "left",
                            "viz_options.2750596149.color": "yellow",
                            "viz_options.2750596149.label": "p95",
                            "viz_options.2750596149.plot_type": "",
                            "viz_options.3723831655.axis": "right",
                            "viz_options.3723831655.color": "brown",
                            "viz_options.3723831655.label": "server-errors",
                            "viz_options.3723831655.plot_type": "",
                            "viz_options.4202610054.axis": "left",
                            "viz_options.4202610054.color": "green",
                            "viz_options.4202610054.label": "p75",
                            "viz_options.4202610054.plot_type": ""
                        },
                        "meta": {},
                        "tainted": false
                    },
                    "deposed": [],
                    "provider": "provider.signalform"
                },
                "signalform_time_chart.auth_updateRole": {
                    "type": "signalform_time_chart",
                    "depends_on": [],
                    "primary": {
                        "id": "DU6HxB4AgAA",
                        "attributes": {
                            "axis_left.#": "1",
                            "axis_left.1687451994.high_watermark": "3.4028234663852886E+38",
                            "axis_left.1687451994.label": "duration (ms)",
                            "axis_left.1687451994.low_watermark": "-3.4028234663852886E+38",
                            "axis_left.1687451994.max_value": "3.4028234663852886E+38",
                            "axis_left.1687451994.min_value": "-3.4028234663852886E+38",
                            "axis_right.#": "1",
                            "axis_right.2313185360.high_watermark": "3.4028234663852886E+38",
                            "axis_right.2313185360.label": "requests",
                            "axis_right.2313185360.low_watermark": "-3.4028234663852886E+38",
                            "axis_right.2313185360.max_value": "3.4028234663852886E+38",
                            "axis_right.2313185360.min_value": "-3.4028234663852886E+38",
                            "id": "DU6HxB4AgAA",
                            "last_updated": "1.517443654074E+12",
                            "name": "auth.updateRole() duration / count",
                            "plot_type": "LineChart",
                            "program_text": "data(\"taskcluster-auth.api.updateRole.all.5m.count\", rollup=\"sum\", extrapolation=\"zero\").publish(label=\"count\")\ndata(\"taskcluster-auth.api.updateRole.client-error.5m.count\", rollup=\"sum\", extrapolation=\"zero\").publish(label=\"client-errors\")\ndata(\"taskcluster-auth.api.updateRole.server-error.5m.count\", rollup=\"sum\", extrapolation=\"zero\").publish(label=\"server-errors\")\ndata(\"taskcluster-auth.api.updateRole.all.5m.max\", rollup=\"max\").publish(label=\"max\")\ndata(\"taskcluster-auth.api.updateRole.all.5m.p99\", rollup=\"max\").publish(label=\"p99\")\ndata(\"taskcluster-auth.api.updateRole.all.5m.p95\", rollup=\"max\").publish(label=\"p95\")\ndata(\"taskcluster-auth.api.updateRole.all.5m.p75\", rollup=\"max\").publish(label=\"p75\")\ndata(\"taskcluster-auth.api.updateRole.all.5m.p50\", rollup=\"max\").publish(label=\"p50\")\ndata(\"taskcluster-auth.api.updateRole.all.5m.p25\", rollup=\"max\").publish(label=\"p25\")\ndata(\"taskcluster-auth.api.updateRole.all.5m.min\", rollup=\"min\").publish(label=\"min\")\n",
                            "resource_url": "https://app.signalfx.com/#/chart/\u003cid\u003e",
                            "show_data_markers": "true",
                            "stacked": "false",
                            "synced": "true",
                            "time_range": "-1d",
                            "url": "https://app.signalfx.com/#/chart/DU6HxB4AgAA",
                            "viz_options.#": "10",
                            "viz_options.104843832.axis": "left",
                            "viz_options.104843832.color": "green",
                            "viz_options.104843832.label": "p50",
                            "viz_options.104843832.plot_type": "",
                            "viz_options.1086408202.axis": "left",
                            "viz_options.1086408202.color": "green",
                            "viz_options.1086408202.label": "min",
                            "viz_options.1086408202.plot_type": "",
                            "viz_options.167522665.axis": "left",
                            "viz_options.167522665.color": "brown",
                            "viz_options.167522665.label": "max",
                            "viz_options.167522665.plot_type": "AreaChart",
                            "viz_options.1961470473.axis": "right",
                            "viz_options.1961470473.color": "pink",
                            "viz_options.1961470473.label": "count",
                            "viz_options.1961470473.plot_type": "",
                            "viz_options.2128466923.axis": "left",
                            "viz_options.2128466923.color": "green",
                            "viz_options.2128466923.label": "p25",
                            "viz_options.2128466923.plot_type": "",
                            "viz_options.2210909955.axis": "right",
                            "viz_options.2210909955.color": "emerald",
                            "viz_options.2210909955.label": "client-errors",
                            "viz_options.2210909955.plot_type": "",
                            "viz_options.2636455216.axis": "left",
                            "viz_options.2636455216.color": "orange",
                            "viz_options.2636455216.label": "p99",
                            "viz_options.2636455216.plot_type": "",
                            "viz_options.2750596149.axis": "left",
                            "viz_options.2750596149.color": "yellow",
                            "viz_options.2750596149.label": "p95",
                            "viz_options.2750596149.plot_type": "",
                            "viz_options.3723831655.axis": "right",
                            "viz_options.3723831655.color": "brown",
                            "viz_options.3723831655.label": "server-errors",
                            "viz_options.3723831655.plot_type": "",
                            "viz_options.4202610054.axis": "left",
                            "viz_options.4202610054.color": "green",
                            "viz_options.4202610054.label": "p75",
                            "viz_options.4202610054.plot_type": ""
                        },
                        "meta": {},
                        "tainted": false
                    },
                    "deposed": [],
                    "provider": "provider.signalform"
                },
                "signalform_time_chart.auth_webhooktunnelToken": {
                    "type": "signalform_time_chart",
                    "depends_on": [],
                    "primary": {
                        "id": "DU6PoXOAYAA",
                        "attributes": {
                            "axis_left.#": "1",
                            "axis_left.1687451994.high_watermark": "3.4028234663852886E+38",
                            "axis_left.1687451994.label": "duration (ms)",
                            "axis_left.1687451994.low_watermark": "-3.4028234663852886E+38",
                            "axis_left.1687451994.max_value": "3.4028234663852886E+38",
                            "axis_left.1687451994.min_value": "-3.4028234663852886E+38",
                            "axis_right.#": "1",
                            "axis_right.2313185360.high_watermark": "3.4028234663852886E+38",
                            "axis_right.2313185360.label": "requests",
                            "axis_right.2313185360.low_watermark": "-3.4028234663852886E+38",
                            "axis_right.2313185360.max_value": "3.4028234663852886E+38",
                            "axis_right.2313185360.min_value": "-3.4028234663852886E+38",
                            "id": "DU6PoXOAYAA",
                            "last_updated": "1.517445531045E+12",
                            "name": "auth.webhooktunnelToken() duration / count",
                            "plot_type": "LineChart",
                            "program_text": "data(\"taskcluster-auth.api.webhooktunnelToken.all.5m.count\", rollup=\"sum\", extrapolation=\"zero\").publish(label=\"count\")\ndata(\"taskcluster-auth.api.webhooktunnelToken.client-error.5m.count\", rollup=\"sum\", extrapolation=\"zero\").publish(label=\"client-errors\")\ndata(\"taskcluster-auth.api.webhooktunnelToken.server-error.5m.count\", rollup=\"sum\", extrapolation=\"zero\").publish(label=\"server-errors\")\ndata(\"taskcluster-auth.api.webhooktunnelToken.all.5m.max\", rollup=\"max\").publish(label=\"max\")\ndata(\"taskcluster-auth.api.webhooktunnelToken.all.5m.p99\", rollup=\"max\").publish(label=\"p99\")\ndata(\"taskcluster-auth.api.webhooktunnelToken.all.5m.p95\", rollup=\"max\").publish(label=\"p95\")\ndata(\"taskcluster-auth.api.webhooktunnelToken.all.5m.p75\", rollup=\"max\").publish(label=\"p75\")\ndata(\"taskcluster-auth.api.webhooktunnelToken.all.5m.p50\", rollup=\"max\").publish(label=\"p50\")\ndata(\"taskcluster-auth.api.webhooktunnelToken.all.5m.p25\", rollup=\"max\").publish(label=\"p25\")\ndata(\"taskcluster-auth.api.webhooktunnelToken.all.5m.min\", rollup=\"min\").publish(label=\"min\")\n",
                            "resource_url": "https://app.signalfx.com/#/chart/\u003cid\u003e",
                            "show_data_markers": "true",
                            "stacked": "false",
                            "synced": "true",
                            "time_range": "-1d",
                            "url": "https://app.signalfx.com/#/chart/DU6PoXOAYAA",
                            "viz_options.#": "10",
                            "viz_options.104843832.axis": "left",
                            "viz_options.104843832.color": "green",
                            "viz_options.104843832.label": "p50",
                            "viz_options.104843832.plot_type": "",
                            "viz_options.1086408202.axis": "left",
                            "viz_options.1086408202.color": "green",
                            "viz_options.1086408202.label": "min",
                            "viz_options.1086408202.plot_type": "",
                            "viz_options.167522665.axis": "left",
                            "viz_options.167522665.color": "brown",
                            "viz_options.167522665.label": "max",
                            "viz_options.167522665.plot_type": "AreaChart",
                            "viz_options.1961470473.axis": "right",
                            "viz_options.1961470473.color": "pink",
                            "viz_options.1961470473.label": "count",
                            "viz_options.1961470473.plot_type": "",
                            "viz_options.2128466923.axis": "left",
                            "viz_options.2128466923.color": "green",
                            "viz_options.2128466923.label": "p25",
                            "viz_options.2128466923.plot_type": "",
                            "viz_options.2210909955.axis": "right",
                            "viz_options.2210909955.color": "emerald",
                            "viz_options.2210909955.label": "client-errors",
                            "viz_options.2210909955.plot_type": "",
                            "viz_options.2636455216.axis": "left",
                            "viz_options.2636455216.color": "orange",
                            "viz_options.2636455216.label": "p99",
                            "viz_options.2636455216.plot_type": "",
                            "viz_options.2750596149.axis": "left",
                            "viz_options.2750596149.color": "yellow",
                            "viz_options.2750596149.label": "p95",
                            "viz_options.2750596149.plot_type": "",
                            "viz_options.3723831655.axis": "right",
                            "viz_options.3723831655.color": "brown",
                            "viz_options.3723831655.label": "server-errors",
                            "viz_options.3723831655.plot_type": "",
                            "viz_options.4202610054.axis": "left",
                            "viz_options.4202610054.color": "green",
                            "viz_options.4202610054.label": "p75",
                            "viz_options.4202610054.plot_type": ""
                        },
                        "meta": {},
                        "tainted": false
                    },
                    "deposed": [],
                    "provider": "provider.signalform"
                },
                "signalform_time_chart.aws-provisioner_backendStatus": {
                    "type": "signalform_time_chart",
                    "depends_on": [],
                    "primary": {
                        "id": "DU6R_vZAcAA",
                        "attributes": {
                            "axis_left.#": "1",
                            "axis_left.1687451994.high_watermark": "3.4028234663852886E+38",
                            "axis_left.1687451994.label": "duration (ms)",
                            "axis_left.1687451994.low_watermark": "-3.4028234663852886E+38",
                            "axis_left.1687451994.max_value": "3.4028234663852886E+38",
                            "axis_left.1687451994.min_value": "-3.4028234663852886E+38",
                            "axis_right.#": "1",
                            "axis_right.2313185360.high_watermark": "3.4028234663852886E+38",
                            "axis_right.2313185360.label": "requests",
                            "axis_right.2313185360.low_watermark": "-3.4028234663852886E+38",
                            "axis_right.2313185360.max_value": "3.4028234663852886E+38",
                            "axis_right.2313185360.min_value": "-3.4028234663852886E+38",
                            "id": "DU6R_vZAcAA",
                            "last_updated": "1.517446181174E+12",
                            "name": "aws-provisioner.backendStatus() duration / count",
                            "plot_type": "LineChart",
                            "program_text": "data(\"aws-provisioner.api.backendStatus.all.5m.count\", rollup=\"sum\", extrapolation=\"zero\").publish(label=\"count\")\ndata(\"aws-provisioner.api.backendStatus.client-error.5m.count\", rollup=\"sum\", extrapolation=\"zero\").publish(label=\"client-errors\")\ndata(\"aws-provisioner.api.backendStatus.server-error.5m.count\", rollup=\"sum\", extrapolation=\"zero\").publish(label=\"server-errors\")\ndata(\"aws-provisioner.api.backendStatus.all.5m.max\", rollup=\"max\").publish(label=\"max\")\ndata(\"aws-provisioner.api.backendStatus.all.5m.p99\", rollup=\"max\").publish(label=\"p99\")\ndata(\"aws-provisioner.api.backendStatus.all.5m.p95\", rollup=\"max\").publish(label=\"p95\")\ndata(\"aws-provisioner.api.backendStatus.all.5m.p75\", rollup=\"max\").publish(label=\"p75\")\ndata(\"aws-provisioner.api.backendStatus.all.5m.p50\", rollup=\"max\").publish(label=\"p50\")\ndata(\"aws-provisioner.api.backendStatus.all.5m.p25\", rollup=\"max\").publish(label=\"p25\")\ndata(\"aws-provisioner.api.backendStatus.all.5m.min\", rollup=\"min\").publish(label=\"min\")\n",
                            "resource_url": "https://app.signalfx.com/#/chart/\u003cid\u003e",
                            "show_data_markers": "true",
                            "stacked": "false",
                            "synced": "true",
                            "time_range": "-1d",
                            "url": "https://app.signalfx.com/#/chart/DU6R_vZAcAA",
                            "viz_options.#": "10",
                            "viz_options.104843832.axis": "left",
                            "viz_options.104843832.color": "green",
                            "viz_options.104843832.label": "p50",
                            "viz_options.104843832.plot_type": "",
                            "viz_options.1086408202.axis": "left",
                            "viz_options.1086408202.color": "green",
                            "viz_options.1086408202.label": "min",
                            "viz_options.1086408202.plot_type": "",
                            "viz_options.167522665.axis": "left",
                            "viz_options.167522665.color": "brown",
                            "viz_options.167522665.label": "max",
                            "viz_options.167522665.plot_type": "AreaChart",
                            "viz_options.1961470473.axis": "right",
                            "viz_options.1961470473.color": "pink",
                            "viz_options.1961470473.label": "count",
                            "viz_options.1961470473.plot_type": "",
                            "viz_options.2128466923.axis": "left",
                            "viz_options.2128466923.color": "green",
                            "viz_options.2128466923.label": "p25",
                            "viz_options.2128466923.plot_type": "",
                            "viz_options.2210909955.axis": "right",
                            "viz_options.2210909955.color": "emerald",
                            "viz_options.2210909955.label": "client-errors",
                            "viz_options.2210909955.plot_type": "",
                            "viz_options.2636455216.axis": "left",
                            "viz_options.2636455216.color": "orange",
                            "viz_options.2636455216.label": "p99",
                            "viz_options.2636455216.plot_type": "",
                            "viz_options.2750596149.axis": "left",
                            "viz_options.2750596149.color": "yellow",
                            "viz_options.2750596149.label": "p95",
                            "viz_options.2750596149.plot_type": "",
                            "viz_options.3723831655.axis": "right",
                            "viz_options.3723831655.color": "brown",
                            "viz_options.3723831655.label": "server-errors",
                            "viz_options.3723831655.plot_type": "",
                            "viz_options.4202610054.axis": "left",
                            "viz_options.4202610054.color": "green",
                            "viz_options.4202610054.label": "p75",
                            "viz_options.4202610054.plot_type": ""
                        },
                        "meta": {},
                        "tainted": false
                    },
                    "deposed": [],
                    "provider": "provider.signalform"
                },
                "signalform_time_chart.aws-provisioner_createSecret": {
                    "type": "signalform_time_chart",
                    "depends_on": [],
                    "primary": {
                        "id": "DU6SAmxAcAA",
                        "attributes": {
                            "axis_left.#": "1",
                            "axis_left.1687451994.high_watermark": "3.4028234663852886E+38",
                            "axis_left.1687451994.label": "duration (ms)",
                            "axis_left.1687451994.low_watermark": "-3.4028234663852886E+38",
                            "axis_left.1687451994.max_value": "3.4028234663852886E+38",
                            "axis_left.1687451994.min_value": "-3.4028234663852886E+38",
                            "axis_right.#": "1",
                            "axis_right.2313185360.high_watermark": "3.4028234663852886E+38",
                            "axis_right.2313185360.label": "requests",
                            "axis_right.2313185360.low_watermark": "-3.4028234663852886E+38",
                            "axis_right.2313185360.max_value": "3.4028234663852886E+38",
                            "axis_right.2313185360.min_value": "-3.4028234663852886E+38",
                            "id": "DU6SAmxAcAA",
                            "last_updated": "1.517446273417E+12",
                            "name": "aws-provisioner.createSecret() duration / count",
                            "plot_type": "LineChart",
                            "program_text": "data(\"aws-provisioner.api.createSecret.all.5m.count\", rollup=\"sum\", extrapolation=\"zero\").publish(label=\"count\")\ndata(\"aws-provisioner.api.createSecret.client-error.5m.count\", rollup=\"sum\", extrapolation=\"zero\").publish(label=\"client-errors\")\ndata(\"aws-provisioner.api.createSecret.server-error.5m.count\", rollup=\"sum\", extrapolation=\"zero\").publish(label=\"server-errors\")\ndata(\"aws-provisioner.api.createSecret.all.5m.max\", rollup=\"max\").publish(label=\"max\")\ndata(\"aws-provisioner.api.createSecret.all.5m.p99\", rollup=\"max\").publish(label=\"p99\")\ndata(\"aws-provisioner.api.createSecret.all.5m.p95\", rollup=\"max\").publish(label=\"p95\")\ndata(\"aws-provisioner.api.createSecret.all.5m.p75\", rollup=\"max\").publish(label=\"p75\")\ndata(\"aws-provisioner.api.createSecret.all.5m.p50\", rollup=\"max\").publish(label=\"p50\")\ndata(\"aws-provisioner.api.createSecret.all.5m.p25\", rollup=\"max\").publish(label=\"p25\")\ndata(\"aws-provisioner.api.createSecret.all.5m.min\", rollup=\"min\").publish(label=\"min\")\n",
                            "resource_url": "https://app.signalfx.com/#/chart/\u003cid\u003e",
                            "show_data_markers": "true",
                            "stacked": "false",
                            "synced": "true",
                            "time_range": "-1d",
                            "url": "https://app.signalfx.com/#/chart/DU6SAmxAcAA",
                            "viz_options.#": "10",
                            "viz_options.104843832.axis": "left",
                            "viz_options.104843832.color": "green",
                            "viz_options.104843832.label": "p50",
                            "viz_options.104843832.plot_type": "",
                            "viz_options.1086408202.axis": "left",
                            "viz_options.1086408202.color": "green",
                            "viz_options.1086408202.label": "min",
                            "viz_options.1086408202.plot_type": "",
                            "viz_options.167522665.axis": "left",
                            "viz_options.167522665.color": "brown",
                            "viz_options.167522665.label": "max",
                            "viz_options.167522665.plot_type": "AreaChart",
                            "viz_options.1961470473.axis": "right",
                            "viz_options.1961470473.color": "pink",
                            "viz_options.1961470473.label": "count",
                            "viz_options.1961470473.plot_type": "",
                            "viz_options.2128466923.axis": "left",
                            "viz_options.2128466923.color": "green",
                            "viz_options.2128466923.label": "p25",
                            "viz_options.2128466923.plot_type": "",
                            "viz_options.2210909955.axis": "right",
                            "viz_options.2210909955.color": "emerald",
                            "viz_options.2210909955.label": "client-errors",
                            "viz_options.2210909955.plot_type": "",
                            "viz_options.2636455216.axis": "left",
                            "viz_options.2636455216.color": "orange",
                            "viz_options.2636455216.label": "p99",
                            "viz_options.2636455216.plot_type": "",
                            "viz_options.2750596149.axis": "left",
                            "viz_options.2750596149.color": "yellow",
                            "viz_options.2750596149.label": "p95",
                            "viz_options.2750596149.plot_type": "",
                            "viz_options.3723831655.axis": "right",
                            "viz_options.3723831655.color": "brown",
                            "viz_options.3723831655.label": "server-errors",
                            "viz_options.3723831655.plot_type": "",
                            "viz_options.4202610054.axis": "left",
                            "viz_options.4202610054.color": "green",
                            "viz_options.4202610054.label": "p75",
                            "viz_options.4202610054.plot_type": ""
                        },
                        "meta": {},
                        "tainted": false
                    },
                    "deposed": [],
                    "provider": "provider.signalform"
                },
                "signalform_time_chart.aws-provisioner_createWorkerType": {
                    "type": "signalform_time_chart",
                    "depends_on": [],
                    "primary": {
                        "id": "DU6SAPyAcAA",
                        "attributes": {
                            "axis_left.#": "1",
                            "axis_left.1687451994.high_watermark": "3.4028234663852886E+38",
                            "axis_left.1687451994.label": "duration (ms)",
                            "axis_left.1687451994.low_watermark": "-3.4028234663852886E+38",
                            "axis_left.1687451994.max_value": "3.4028234663852886E+38",
                            "axis_left.1687451994.min_value": "-3.4028234663852886E+38",
                            "axis_right.#": "1",
                            "axis_right.2313185360.high_watermark": "3.4028234663852886E+38",
                            "axis_right.2313185360.label": "requests",
                            "axis_right.2313185360.low_watermark": "-3.4028234663852886E+38",
                            "axis_right.2313185360.max_value": "3.4028234663852886E+38",
                            "axis_right.2313185360.min_value": "-3.4028234663852886E+38",
                            "id": "DU6SAPyAcAA",
                            "last_updated": "1.517446273972E+12",
                            "name": "aws-provisioner.createWorkerType() duration / count",
                            "plot_type": "LineChart",
                            "program_text": "data(\"aws-provisioner.api.createWorkerType.all.5m.count\", rollup=\"sum\", extrapolation=\"zero\").publish(label=\"count\")\ndata(\"aws-provisioner.api.createWorkerType.client-error.5m.count\", rollup=\"sum\", extrapolation=\"zero\").publish(label=\"client-errors\")\ndata(\"aws-provisioner.api.createWorkerType.server-error.5m.count\", rollup=\"sum\", extrapolation=\"zero\").publish(label=\"server-errors\")\ndata(\"aws-provisioner.api.createWorkerType.all.5m.max\", rollup=\"max\").publish(label=\"max\")\ndata(\"aws-provisioner.api.createWorkerType.all.5m.p99\", rollup=\"max\").publish(label=\"p99\")\ndata(\"aws-provisioner.api.createWorkerType.all.5m.p95\", rollup=\"max\").publish(label=\"p95\")\ndata(\"aws-provisioner.api.createWorkerType.all.5m.p75\", rollup=\"max\").publish(label=\"p75\")\ndata(\"aws-provisioner.api.createWorkerType.all.5m.p50\", rollup=\"max\").publish(label=\"p50\")\ndata(\"aws-provisioner.api.createWorkerType.all.5m.p25\", rollup=\"max\").publish(label=\"p25\")\ndata(\"aws-provisioner.api.createWorkerType.all.5m.min\", rollup=\"min\").publish(label=\"min\")\n",
                            "resource_url": "https://app.signalfx.com/#/chart/\u003cid\u003e",
                            "show_data_markers": "true",
                            "stacked": "false",
                            "synced": "true",
                            "time_range": "-1d",
                            "url": "https://app.signalfx.com/#/chart/DU6SAPyAcAA",
                            "viz_options.#": "10",
                            "viz_options.104843832.axis": "left",
                            "viz_options.104843832.color": "green",
                            "viz_options.104843832.label": "p50",
                            "viz_options.104843832.plot_type": "",
                            "viz_options.1086408202.axis": "left",
                            "viz_options.1086408202.color": "green",
                            "viz_options.1086408202.label": "min",
                            "viz_options.1086408202.plot_type": "",
                            "viz_options.167522665.axis": "left",
                            "viz_options.167522665.color": "brown",
                            "viz_options.167522665.label": "max",
                            "viz_options.167522665.plot_type": "AreaChart",
                            "viz_options.1961470473.axis": "right",
                            "viz_options.1961470473.color": "pink",
                            "viz_options.1961470473.label": "count",
                            "viz_options.1961470473.plot_type": "",
                            "viz_options.2128466923.axis": "left",
                            "viz_options.2128466923.color": "green",
                            "viz_options.2128466923.label": "p25",
                            "viz_options.2128466923.plot_type": "",
                            "viz_options.2210909955.axis": "right",
                            "viz_options.2210909955.color": "emerald",
                            "viz_options.2210909955.label": "client-errors",
                            "viz_options.2210909955.plot_type": "",
                            "viz_options.2636455216.axis": "left",
                            "viz_options.2636455216.color": "orange",
                            "viz_options.2636455216.label": "p99",
                            "viz_options.2636455216.plot_type": "",
                            "viz_options.2750596149.axis": "left",
                            "viz_options.2750596149.color": "yellow",
                            "viz_options.2750596149.label": "p95",
                            "viz_options.2750596149.plot_type": "",
                            "viz_options.3723831655.axis": "right",
                            "viz_options.3723831655.color": "brown",
                            "viz_options.3723831655.label": "server-errors",
                            "viz_options.3723831655.plot_type": "",
                            "viz_options.4202610054.axis": "left",
                            "viz_options.4202610054.color": "green",
                            "viz_options.4202610054.label": "p75",
                            "viz_options.4202610054.plot_type": ""
                        },
                        "meta": {},
                        "tainted": false
                    },
                    "deposed": [],
                    "provider": "provider.signalform"
                },
                "signalform_time_chart.aws-provisioner_getLaunchSpecs": {
                    "type": "signalform_time_chart",
                    "depends_on": [],
                    "primary": {
                        "id": "DU6SALkAYAA",
                        "attributes": {
                            "axis_left.#": "1",
                            "axis_left.1687451994.high_watermark": "3.4028234663852886E+38",
                            "axis_left.1687451994.label": "duration (ms)",
                            "axis_left.1687451994.low_watermark": "-3.4028234663852886E+38",
                            "axis_left.1687451994.max_value": "3.4028234663852886E+38",
                            "axis_left.1687451994.min_value": "-3.4028234663852886E+38",
                            "axis_right.#": "1",
                            "axis_right.2313185360.high_watermark": "3.4028234663852886E+38",
                            "axis_right.2313185360.label": "requests",
                            "axis_right.2313185360.low_watermark": "-3.4028234663852886E+38",
                            "axis_right.2313185360.max_value": "3.4028234663852886E+38",
                            "axis_right.2313185360.min_value": "-3.4028234663852886E+38",
                            "id": "DU6SALkAYAA",
                            "last_updated": "1.517446274306E+12",
                            "name": "aws-provisioner.getLaunchSpecs() duration / count",
                            "plot_type": "LineChart",
                            "program_text": "data(\"aws-provisioner.api.getLaunchSpecs.all.5m.count\", rollup=\"sum\", extrapolation=\"zero\").publish(label=\"count\")\ndata(\"aws-provisioner.api.getLaunchSpecs.client-error.5m.count\", rollup=\"sum\", extrapolation=\"zero\").publish(label=\"client-errors\")\ndata(\"aws-provisioner.api.getLaunchSpecs.server-error.5m.count\", rollup=\"sum\", extrapolation=\"zero\").publish(label=\"server-errors\")\ndata(\"aws-provisioner.api.getLaunchSpecs.all.5m.max\", rollup=\"max\").publish(label=\"max\")\ndata(\"aws-provisioner.api.getLaunchSpecs.all.5m.p99\", rollup=\"max\").publish(label=\"p99\")\ndata(\"aws-provisioner.api.getLaunchSpecs.all.5m.p95\", rollup=\"max\").publish(label=\"p95\")\ndata(\"aws-provisioner.api.getLaunchSpecs.all.5m.p75\", rollup=\"max\").publish(label=\"p75\")\ndata(\"aws-provisioner.api.getLaunchSpecs.all.5m.p50\", rollup=\"max\").publish(label=\"p50\")\ndata(\"aws-provisioner.api.getLaunchSpecs.all.5m.p25\", rollup=\"max\").publish(label=\"p25\")\ndata(\"aws-provisioner.api.getLaunchSpecs.all.5m.min\", rollup=\"min\").publish(label=\"min\")\n",
                            "resource_url": "https://app.signalfx.com/#/chart/\u003cid\u003e",
                            "show_data_markers": "true",
                            "stacked": "false",
                            "synced": "true",
                            "time_range": "-1d",
                            "url": "https://app.signalfx.com/#/chart/DU6SALkAYAA",
                            "viz_options.#": "10",
                            "viz_options.104843832.axis": "left",
                            "viz_options.104843832.color": "green",
                            "viz_options.104843832.label": "p50",
                            "viz_options.104843832.plot_type": "",
                            "viz_options.1086408202.axis": "left",
                            "viz_options.1086408202.color": "green",
                            "viz_options.1086408202.label": "min",
                            "viz_options.1086408202.plot_type": "",
                            "viz_options.167522665.axis": "left",
                            "viz_options.167522665.color": "brown",
                            "viz_options.167522665.label": "max",
                            "viz_options.167522665.plot_type": "AreaChart",
                            "viz_options.1961470473.axis": "right",
                            "viz_options.1961470473.color": "pink",
                            "viz_options.1961470473.label": "count",
                            "viz_options.1961470473.plot_type": "",
                            "viz_options.2128466923.axis": "left",
                            "viz_options.2128466923.color": "green",
                            "viz_options.2128466923.label": "p25",
                            "viz_options.2128466923.plot_type": "",
                            "viz_options.2210909955.axis": "right",
                            "viz_options.2210909955.color": "emerald",
                            "viz_options.2210909955.label": "client-errors",
                            "viz_options.2210909955.plot_type": "",
                            "viz_options.2636455216.axis": "left",
                            "viz_options.2636455216.color": "orange",
                            "viz_options.2636455216.label": "p99",
                            "viz_options.2636455216.plot_type": "",
                            "viz_options.2750596149.axis": "left",
                            "viz_options.2750596149.color": "yellow",
                            "viz_options.2750596149.label": "p95",
                            "viz_options.2750596149.plot_type": "",
                            "viz_options.3723831655.axis": "right",
                            "viz_options.3723831655.color": "brown",
                            "viz_options.3723831655.label": "server-errors",
                            "viz_options.3723831655.plot_type": "",
                            "viz_options.4202610054.axis": "left",
                            "viz_options.4202610054.color": "green",
                            "viz_options.4202610054.label": "p75",
                            "viz_options.4202610054.plot_type": ""
                        },
                        "meta": {},
                        "tainted": false
                    },
                    "deposed": [],
                    "provider": "provider.signalform"
                },
                "signalform_time_chart.aws-provisioner_getSecret": {
                    "type": "signalform_time_chart",
                    "depends_on": [],
                    "primary": {
                        "id": "DU6SCMzAcAA",
                        "attributes": {
                            "axis_left.#": "1",
                            "axis_left.1687451994.high_watermark": "3.4028234663852886E+38",
                            "axis_left.1687451994.label": "duration (ms)",
                            "axis_left.1687451994.low_watermark": "-3.4028234663852886E+38",
                            "axis_left.1687451994.max_value": "3.4028234663852886E+38",
                            "axis_left.1687451994.min_value": "-3.4028234663852886E+38",
                            "axis_right.#": "1",
                            "axis_right.2313185360.high_watermark": "3.4028234663852886E+38",
                            "axis_right.2313185360.label": "requests",
                            "axis_right.2313185360.low_watermark": "-3.4028234663852886E+38",
                            "axis_right.2313185360.max_value": "3.4028234663852886E+38",
                            "axis_right.2313185360.min_value": "-3.4028234663852886E+38",
                            "id": "DU6SCMzAcAA",
                            "last_updated": "1.517446181022E+12",
                            "name": "aws-provisioner.getSecret() duration / count",
                            "plot_type": "LineChart",
                            "program_text": "data(\"aws-provisioner.api.getSecret.all.5m.count\", rollup=\"sum\", extrapolation=\"zero\").publish(label=\"count\")\ndata(\"aws-provisioner.api.getSecret.client-error.5m.count\", rollup=\"sum\", extrapolation=\"zero\").publish(label=\"client-errors\")\ndata(\"aws-provisioner.api.getSecret.server-error.5m.count\", rollup=\"sum\", extrapolation=\"zero\").publish(label=\"server-errors\")\ndata(\"aws-provisioner.api.getSecret.all.5m.max\", rollup=\"max\").publish(label=\"max\")\ndata(\"aws-provisioner.api.getSecret.all.5m.p99\", rollup=\"max\").publish(label=\"p99\")\ndata(\"aws-provisioner.api.getSecret.all.5m.p95\", rollup=\"max\").publish(label=\"p95\")\ndata(\"aws-provisioner.api.getSecret.all.5m.p75\", rollup=\"max\").publish(label=\"p75\")\ndata(\"aws-provisioner.api.getSecret.all.5m.p50\", rollup=\"max\").publish(label=\"p50\")\ndata(\"aws-provisioner.api.getSecret.all.5m.p25\", rollup=\"max\").publish(label=\"p25\")\ndata(\"aws-provisioner.api.getSecret.all.5m.min\", rollup=\"min\").publish(label=\"min\")\n",
                            "resource_url": "https://app.signalfx.com/#/chart/\u003cid\u003e",
                            "show_data_markers": "true",
                            "stacked": "false",
                            "synced": "true",
                            "time_range": "-1d",
                            "url": "https://app.signalfx.com/#/chart/DU6SCMzAcAA",
                            "viz_options.#": "10",
                            "viz_options.104843832.axis": "left",
                            "viz_options.104843832.color": "green",
                            "viz_options.104843832.label": "p50",
                            "viz_options.104843832.plot_type": "",
                            "viz_options.1086408202.axis": "left",
                            "viz_options.1086408202.color": "green",
                            "viz_options.1086408202.label": "min",
                            "viz_options.1086408202.plot_type": "",
                            "viz_options.167522665.axis": "left",
                            "viz_options.167522665.color": "brown",
                            "viz_options.167522665.label": "max",
                            "viz_options.167522665.plot_type": "AreaChart",
                            "viz_options.1961470473.axis": "right",
                            "viz_options.1961470473.color": "pink",
                            "viz_options.1961470473.label": "count",
                            "viz_options.1961470473.plot_type": "",
                            "viz_options.2128466923.axis": "left",
                            "viz_options.2128466923.color": "green",
                            "viz_options.2128466923.label": "p25",
                            "viz_options.2128466923.plot_type": "",
                            "viz_options.2210909955.axis": "right",
                            "viz_options.2210909955.color": "emerald",
                            "viz_options.2210909955.label": "client-errors",
                            "viz_options.2210909955.plot_type": "",
                            "viz_options.2636455216.axis": "left",
                            "viz_options.2636455216.color": "orange",
                            "viz_options.2636455216.label": "p99",
                            "viz_options.2636455216.plot_type": "",
                            "viz_options.2750596149.axis": "left",
                            "viz_options.2750596149.color": "yellow",
                            "viz_options.2750596149.label": "p95",
                            "viz_options.2750596149.plot_type": "",
                            "viz_options.3723831655.axis": "right",
                            "viz_options.3723831655.color": "brown",
                            "viz_options.3723831655.label": "server-errors",
                            "viz_options.3723831655.plot_type": "",
                            "viz_options.4202610054.axis": "left",
                            "viz_options.4202610054.color": "green",
                            "viz_options.4202610054.label": "p75",
                            "viz_options.4202610054.plot_type": ""
                        },
                        "meta": {},
                        "tainted": false
                    },
                    "deposed": [],
                    "provider": "provider.signalform"
                },
                "signalform_time_chart.aws-provisioner_instanceStarted": {
                    "type": "signalform_time_chart",
                    "depends_on": [],
                    "primary": {
                        "id": "DU6SA1QAgAA",
                        "attributes": {
                            "axis_left.#": "1",
                            "axis_left.1687451994.high_watermark": "3.4028234663852886E+38",
                            "axis_left.1687451994.label": "duration (ms)",
                            "axis_left.1687451994.low_watermark": "-3.4028234663852886E+38",
                            "axis_left.1687451994.max_value": "3.4028234663852886E+38",
                            "axis_left.1687451994.min_value": "-3.4028234663852886E+38",
                            "axis_right.#": "1",
                            "axis_right.2313185360.high_watermark": "3.4028234663852886E+38",
                            "axis_right.2313185360.label": "requests",
                            "axis_right.2313185360.low_watermark": "-3.4028234663852886E+38",
                            "axis_right.2313185360.max_value": "3.4028234663852886E+38",
                            "axis_right.2313185360.min_value": "-3.4028234663852886E+38",
                            "id": "DU6SA1QAgAA",
                            "last_updated": "1.517446184709E+12",
                            "name": "aws-provisioner.instanceStarted() duration / count",
                            "plot_type": "LineChart",
                            "program_text": "data(\"aws-provisioner.api.instanceStarted.all.5m.count\", rollup=\"sum\", extrapolation=\"zero\").publish(label=\"count\")\ndata(\"aws-provisioner.api.instanceStarted.client-error.5m.count\", rollup=\"sum\", extrapolation=\"zero\").publish(label=\"client-errors\")\ndata(\"aws-provisioner.api.instanceStarted.server-error.5m.count\", rollup=\"sum\", extrapolation=\"zero\").publish(label=\"server-errors\")\ndata(\"aws-provisioner.api.instanceStarted.all.5m.max\", rollup=\"max\").publish(label=\"max\")\ndata(\"aws-provisioner.api.instanceStarted.all.5m.p99\", rollup=\"max\").publish(label=\"p99\")\ndata(\"aws-provisioner.api.instanceStarted.all.5m.p95\", rollup=\"max\").publish(label=\"p95\")\ndata(\"aws-provisioner.api.instanceStarted.all.5m.p75\", rollup=\"max\").publish(label=\"p75\")\ndata(\"aws-provisioner.api.instanceStarted.all.5m.p50\", rollup=\"max\").publish(label=\"p50\")\ndata(\"aws-provisioner.api.instanceStarted.all.5m.p25\", rollup=\"max\").publish(label=\"p25\")\ndata(\"aws-provisioner.api.instanceStarted.all.5m.min\", rollup=\"min\").publish(label=\"min\")\n",
                            "resource_url": "https://app.signalfx.com/#/chart/\u003cid\u003e",
                            "show_data_markers": "true",
                            "stacked": "false",
                            "synced": "true",
                            "time_range": "-1d",
                            "url": "https://app.signalfx.com/#/chart/DU6SA1QAgAA",
                            "viz_options.#": "10",
                            "viz_options.104843832.axis": "left",
                            "viz_options.104843832.color": "green",
                            "viz_options.104843832.label": "p50",
                            "viz_options.104843832.plot_type": "",
                            "viz_options.1086408202.axis": "left",
                            "viz_options.1086408202.color": "green",
                            "viz_options.1086408202.label": "min",
                            "viz_options.1086408202.plot_type": "",
                            "viz_options.167522665.axis": "left",
                            "viz_options.167522665.color": "brown",
                            "viz_options.167522665.label": "max",
                            "viz_options.167522665.plot_type": "AreaChart",
                            "viz_options.1961470473.axis": "right",
                            "viz_options.1961470473.color": "pink",
                            "viz_options.1961470473.label": "count",
                            "viz_options.1961470473.plot_type": "",
                            "viz_options.2128466923.axis": "left",
                            "viz_options.2128466923.color": "green",
                            "viz_options.2128466923.label": "p25",
                            "viz_options.2128466923.plot_type": "",
                            "viz_options.2210909955.axis": "right",
                            "viz_options.2210909955.color": "emerald",
                            "viz_options.2210909955.label": "client-errors",
                            "viz_options.2210909955.plot_type": "",
                            "viz_options.2636455216.axis": "left",
                            "viz_options.2636455216.color": "orange",
                            "viz_options.2636455216.label": "p99",
                            "viz_options.2636455216.plot_type": "",
                            "viz_options.2750596149.axis": "left",
                            "viz_options.2750596149.color": "yellow",
                            "viz_options.2750596149.label": "p95",
                            "viz_options.2750596149.plot_type": "",
                            "viz_options.3723831655.axis": "right",
                            "viz_options.3723831655.color": "brown",
                            "viz_options.3723831655.label": "server-errors",
                            "viz_options.3723831655.plot_type": "",
                            "viz_options.4202610054.axis": "left",
                            "viz_options.4202610054.color": "green",
                            "viz_options.4202610054.label": "p75",
                            "viz_options.4202610054.plot_type": ""
                        },
                        "meta": {},
                        "tainted": false
                    },
                    "deposed": [],
                    "provider": "provider.signalform"
                },
                "signalform_time_chart.aws-provisioner_listWorkerTypeSummaries": {
                    "type": "signalform_time_chart",
                    "depends_on": [],
                    "primary": {
                        "id": "DU6R_0UAcAA",
                        "attributes": {
                            "axis_left.#": "1",
                            "axis_left.1687451994.high_watermark": "3.4028234663852886E+38",
                            "axis_left.1687451994.label": "duration (ms)",
                            "axis_left.1687451994.low_watermark": "-3.4028234663852886E+38",
                            "axis_left.1687451994.max_value": "3.4028234663852886E+38",
                            "axis_left.1687451994.min_value": "-3.4028234663852886E+38",
                            "axis_right.#": "1",
                            "axis_right.2313185360.high_watermark": "3.4028234663852886E+38",
                            "axis_right.2313185360.label": "requests",
                            "axis_right.2313185360.low_watermark": "-3.4028234663852886E+38",
                            "axis_right.2313185360.max_value": "3.4028234663852886E+38",
                            "axis_right.2313185360.min_value": "-3.4028234663852886E+38",
                            "id": "DU6R_0UAcAA",
                            "last_updated": "1.517446182214E+12",
                            "name": "aws-provisioner.listWorkerTypeSummaries() duration / count",
                            "plot_type": "LineChart",
                            "program_text": "data(\"aws-provisioner.api.listWorkerTypeSummaries.all.5m.count\", rollup=\"sum\", extrapolation=\"zero\").publish(label=\"count\")\ndata(\"aws-provisioner.api.listWorkerTypeSummaries.client-error.5m.count\", rollup=\"sum\", extrapolation=\"zero\").publish(label=\"client-errors\")\ndata(\"aws-provisioner.api.listWorkerTypeSummaries.server-error.5m.count\", rollup=\"sum\", extrapolation=\"zero\").publish(label=\"server-errors\")\ndata(\"aws-provisioner.api.listWorkerTypeSummaries.all.5m.max\", rollup=\"max\").publish(label=\"max\")\ndata(\"aws-provisioner.api.listWorkerTypeSummaries.all.5m.p99\", rollup=\"max\").publish(label=\"p99\")\ndata(\"aws-provisioner.api.listWorkerTypeSummaries.all.5m.p95\", rollup=\"max\").publish(label=\"p95\")\ndata(\"aws-provisioner.api.listWorkerTypeSummaries.all.5m.p75\", rollup=\"max\").publish(label=\"p75\")\ndata(\"aws-provisioner.api.listWorkerTypeSummaries.all.5m.p50\", rollup=\"max\").publish(label=\"p50\")\ndata(\"aws-provisioner.api.listWorkerTypeSummaries.all.5m.p25\", rollup=\"max\").publish(label=\"p25\")\ndata(\"aws-provisioner.api.listWorkerTypeSummaries.all.5m.min\", rollup=\"min\").publish(label=\"min\")\n",
                            "resource_url": "https://app.signalfx.com/#/chart/\u003cid\u003e",
                            "show_data_markers": "true",
                            "stacked": "false",
                            "synced": "true",
                            "time_range": "-1d",
                            "url": "https://app.signalfx.com/#/chart/DU6R_0UAcAA",
                            "viz_options.#": "10",
                            "viz_options.104843832.axis": "left",
                            "viz_options.104843832.color": "green",
                            "viz_options.104843832.label": "p50",
                            "viz_options.104843832.plot_type": "",
                            "viz_options.1086408202.axis": "left",
                            "viz_options.1086408202.color": "green",
                            "viz_options.1086408202.label": "min",
                            "viz_options.1086408202.plot_type": "",
                            "viz_options.167522665.axis": "left",
                            "viz_options.167522665.color": "brown",
                            "viz_options.167522665.label": "max",
                            "viz_options.167522665.plot_type": "AreaChart",
                            "viz_options.1961470473.axis": "right",
                            "viz_options.1961470473.color": "pink",
                            "viz_options.1961470473.label": "count",
                            "viz_options.1961470473.plot_type": "",
                            "viz_options.2128466923.axis": "left",
                            "viz_options.2128466923.color": "green",
                            "viz_options.2128466923.label": "p25",
                            "viz_options.2128466923.plot_type": "",
                            "viz_options.2210909955.axis": "right",
                            "viz_options.2210909955.color": "emerald",
                            "viz_options.2210909955.label": "client-errors",
                            "viz_options.2210909955.plot_type": "",
                            "viz_options.2636455216.axis": "left",
                            "viz_options.2636455216.color": "orange",
                            "viz_options.2636455216.label": "p99",
                            "viz_options.2636455216.plot_type": "",
                            "viz_options.2750596149.axis": "left",
                            "viz_options.2750596149.color": "yellow",
                            "viz_options.2750596149.label": "p95",
                            "viz_options.2750596149.plot_type": "",
                            "viz_options.3723831655.axis": "right",
                            "viz_options.3723831655.color": "brown",
                            "viz_options.3723831655.label": "server-errors",
                            "viz_options.3723831655.plot_type": "",
                            "viz_options.4202610054.axis": "left",
                            "viz_options.4202610054.color": "green",
                            "viz_options.4202610054.label": "p75",
                            "viz_options.4202610054.plot_type": ""
                        },
                        "meta": {},
                        "tainted": false
                    },
                    "deposed": [],
                    "provider": "provider.signalform"
                },
                "signalform_time_chart.aws-provisioner_listWorkerTypes": {
                    "type": "signalform_time_chart",
                    "depends_on": [],
                    "primary": {
                        "id": "DU6SATiAYAA",
                        "attributes": {
                            "axis_left.#": "1",
                            "axis_left.1687451994.high_watermark": "3.4028234663852886E+38",
                            "axis_left.1687451994.label": "duration (ms)",
                            "axis_left.1687451994.low_watermark": "-3.4028234663852886E+38",
                            "axis_left.1687451994.max_value": "3.4028234663852886E+38",
                            "axis_left.1687451994.min_value": "-3.4028234663852886E+38",
                            "axis_right.#": "1",
                            "axis_right.2313185360.high_watermark": "3.4028234663852886E+38",
                            "axis_right.2313185360.label": "requests",
                            "axis_right.2313185360.low_watermark": "-3.4028234663852886E+38",
                            "axis_right.2313185360.max_value": "3.4028234663852886E+38",
                            "axis_right.2313185360.min_value": "-3.4028234663852886E+38",
                            "id": "DU6SATiAYAA",
                            "last_updated": "1.517446184575E+12",
                            "name": "aws-provisioner.listWorkerTypes() duration / count",
                            "plot_type": "LineChart",
                            "program_text": "data(\"aws-provisioner.api.listWorkerTypes.all.5m.count\", rollup=\"sum\", extrapolation=\"zero\").publish(label=\"count\")\ndata(\"aws-provisioner.api.listWorkerTypes.client-error.5m.count\", rollup=\"sum\", extrapolation=\"zero\").publish(label=\"client-errors\")\ndata(\"aws-provisioner.api.listWorkerTypes.server-error.5m.count\", rollup=\"sum\", extrapolation=\"zero\").publish(label=\"server-errors\")\ndata(\"aws-provisioner.api.listWorkerTypes.all.5m.max\", rollup=\"max\").publish(label=\"max\")\ndata(\"aws-provisioner.api.listWorkerTypes.all.5m.p99\", rollup=\"max\").publish(label=\"p99\")\ndata(\"aws-provisioner.api.listWorkerTypes.all.5m.p95\", rollup=\"max\").publish(label=\"p95\")\ndata(\"aws-provisioner.api.listWorkerTypes.all.5m.p75\", rollup=\"max\").publish(label=\"p75\")\ndata(\"aws-provisioner.api.listWorkerTypes.all.5m.p50\", rollup=\"max\").publish(label=\"p50\")\ndata(\"aws-provisioner.api.listWorkerTypes.all.5m.p25\", rollup=\"max\").publish(label=\"p25\")\ndata(\"aws-provisioner.api.listWorkerTypes.all.5m.min\", rollup=\"min\").publish(label=\"min\")\n",
                            "resource_url": "https://app.signalfx.com/#/chart/\u003cid\u003e",
                            "show_data_markers": "true",
                            "stacked": "false",
                            "synced": "true",
                            "time_range": "-1d",
                            "url": "https://app.signalfx.com/#/chart/DU6SATiAYAA",
                            "viz_options.#": "10",
                            "viz_options.104843832.axis": "left",
                            "viz_options.104843832.color": "green",
                            "viz_options.104843832.label": "p50",
                            "viz_options.104843832.plot_type": "",
                            "viz_options.1086408202.axis": "left",
                            "viz_options.1086408202.color": "green",
                            "viz_options.1086408202.label": "min",
                            "viz_options.1086408202.plot_type": "",
                            "viz_options.167522665.axis": "left",
                            "viz_options.167522665.color": "brown",
                            "viz_options.167522665.label": "max",
                            "viz_options.167522665.plot_type": "AreaChart",
                            "viz_options.1961470473.axis": "right",
                            "viz_options.1961470473.color": "pink",
                            "viz_options.1961470473.label": "count",
                            "viz_options.1961470473.plot_type": "",
                            "viz_options.2128466923.axis": "left",
                            "viz_options.2128466923.color": "green",
                            "viz_options.2128466923.label": "p25",
                            "viz_options.2128466923.plot_type": "",
                            "viz_options.2210909955.axis": "right",
                            "viz_options.2210909955.color": "emerald",
                            "viz_options.2210909955.label": "client-errors",
                            "viz_options.2210909955.plot_type": "",
                            "viz_options.2636455216.axis": "left",
                            "viz_options.2636455216.color": "orange",
                            "viz_options.2636455216.label": "p99",
                            "viz_options.2636455216.plot_type": "",
                            "viz_options.2750596149.axis": "left",
                            "viz_options.2750596149.color": "yellow",
                            "viz_options.2750596149.label": "p95",
                            "viz_options.2750596149.plot_type": "",
                            "viz_options.3723831655.axis": "right",
                            "viz_options.3723831655.color": "brown",
                            "viz_options.3723831655.label": "server-errors",
                            "viz_options.3723831655.plot_type": "",
                            "viz_options.4202610054.axis": "left",
                            "viz_options.4202610054.color": "green",
                            "viz_options.4202610054.label": "p75",
                            "viz_options.4202610054.plot_type": ""
                        },
                        "meta": {},
                        "tainted": false
                    },
                    "deposed": [],
                    "provider": "provider.signalform"
                },
                "signalform_time_chart.aws-provisioner_ping": {
                    "type": "signalform_time_chart",
                    "depends_on": [],
                    "primary": {
                        "id": "DU6SAmvAYAA",
                        "attributes": {
                            "axis_left.#": "1",
                            "axis_left.1687451994.high_watermark": "3.4028234663852886E+38",
                            "axis_left.1687451994.label": "duration (ms)",
                            "axis_left.1687451994.low_watermark": "-3.4028234663852886E+38",
                            "axis_left.1687451994.max_value": "3.4028234663852886E+38",
                            "axis_left.1687451994.min_value": "-3.4028234663852886E+38",
                            "axis_right.#": "1",
                            "axis_right.2313185360.high_watermark": "3.4028234663852886E+38",
                            "axis_right.2313185360.label": "requests",
                            "axis_right.2313185360.low_watermark": "-3.4028234663852886E+38",
                            "axis_right.2313185360.max_value": "3.4028234663852886E+38",
                            "axis_right.2313185360.min_value": "-3.4028234663852886E+38",
                            "id": "DU6SAmvAYAA",
                            "last_updated": "1.517446181362E+12",
                            "name": "aws-provisioner.ping() duration / count",
                            "plot_type": "LineChart",
                            "program_text": "data(\"aws-provisioner.api.ping.all.5m.count\", rollup=\"sum\", extrapolation=\"zero\").publish(label=\"count\")\ndata(\"aws-provisioner.api.ping.client-error.5m.count\", rollup=\"sum\", extrapolation=\"zero\").publish(label=\"client-errors\")\ndata(\"aws-provisioner.api.ping.server-error.5m.count\", rollup=\"sum\", extrapolation=\"zero\").publish(label=\"server-errors\")\ndata(\"aws-provisioner.api.ping.all.5m.max\", rollup=\"max\").publish(label=\"max\")\ndata(\"aws-provisioner.api.ping.all.5m.p99\", rollup=\"max\").publish(label=\"p99\")\ndata(\"aws-provisioner.api.ping.all.5m.p95\", rollup=\"max\").publish(label=\"p95\")\ndata(\"aws-provisioner.api.ping.all.5m.p75\", rollup=\"max\").publish(label=\"p75\")\ndata(\"aws-provisioner.api.ping.all.5m.p50\", rollup=\"max\").publish(label=\"p50\")\ndata(\"aws-provisioner.api.ping.all.5m.p25\", rollup=\"max\").publish(label=\"p25\")\ndata(\"aws-provisioner.api.ping.all.5m.min\", rollup=\"min\").publish(label=\"min\")\n",
                            "resource_url": "https://app.signalfx.com/#/chart/\u003cid\u003e",
                            "show_data_markers": "true",
                            "stacked": "false",
                            "synced": "true",
                            "time_range": "-1d",
                            "url": "https://app.signalfx.com/#/chart/DU6SAmvAYAA",
                            "viz_options.#": "10",
                            "viz_options.104843832.axis": "left",
                            "viz_options.104843832.color": "green",
                            "viz_options.104843832.label": "p50",
                            "viz_options.104843832.plot_type": "",
                            "viz_options.1086408202.axis": "left",
                            "viz_options.1086408202.color": "green",
                            "viz_options.1086408202.label": "min",
                            "viz_options.1086408202.plot_type": "",
                            "viz_options.167522665.axis": "left",
                            "viz_options.167522665.color": "brown",
                            "viz_options.167522665.label": "max",
                            "viz_options.167522665.plot_type": "AreaChart",
                            "viz_options.1961470473.axis": "right",
                            "viz_options.1961470473.color": "pink",
                            "viz_options.1961470473.label": "count",
                            "viz_options.1961470473.plot_type": "",
                            "viz_options.2128466923.axis": "left",
                            "viz_options.2128466923.color": "green",
                            "viz_options.2128466923.label": "p25",
                            "viz_options.2128466923.plot_type": "",
                            "viz_options.2210909955.axis": "right",
                            "viz_options.2210909955.color": "emerald",
                            "viz_options.2210909955.label": "client-errors",
                            "viz_options.2210909955.plot_type": "",
                            "viz_options.2636455216.axis": "left",
                            "viz_options.2636455216.color": "orange",
                            "viz_options.2636455216.label": "p99",
                            "viz_options.2636455216.plot_type": "",
                            "viz_options.2750596149.axis": "left",
                            "viz_options.2750596149.color": "yellow",
                            "viz_options.2750596149.label": "p95",
                            "viz_options.2750596149.plot_type": "",
                            "viz_options.3723831655.axis": "right",
                            "viz_options.3723831655.color": "brown",
                            "viz_options.3723831655.label": "server-errors",
                            "viz_options.3723831655.plot_type": "",
                            "viz_options.4202610054.axis": "left",
                            "viz_options.4202610054.color": "green",
                            "viz_options.4202610054.label": "p75",
                            "viz_options.4202610054.plot_type": ""
                        },
                        "meta": {},
                        "tainted": false
                    },
                    "deposed": [],
                    "provider": "provider.signalform"
                },
                "signalform_time_chart.aws-provisioner_pulse_worker-type-created": {
                    "type": "signalform_time_chart",
                    "depends_on": [],
                    "primary": {
                        "id": "DU6SB56AcAA",
                        "attributes": {
                            "axis_left.#": "1",
                            "axis_left.1687451994.high_watermark": "3.4028234663852886E+38",
                            "axis_left.1687451994.label": "duration (ms)",
                            "axis_left.1687451994.low_watermark": "-3.4028234663852886E+38",
                            "axis_left.1687451994.max_value": "3.4028234663852886E+38",
                            "axis_left.1687451994.min_value": "-3.4028234663852886E+38",
                            "axis_right.#": "1",
                            "axis_right.2805749534.high_watermark": "3.4028234663852886E+38",
                            "axis_right.2805749534.label": "messages",
                            "axis_right.2805749534.low_watermark": "-3.4028234663852886E+38",
                            "axis_right.2805749534.max_value": "3.4028234663852886E+38",
                            "axis_right.2805749534.min_value": "-3.4028234663852886E+38",
                            "id": "DU6SB56AcAA",
                            "last_updated": "1.517446180351E+12",
                            "name": "aws-provisioner - worker-type-created publish duration / messages",
                            "plot_type": "LineChart",
                            "program_text": "data(\"aws-provisioner.publisher.exchange/taskcluster-aws-provisioner/v1//worker-type-created.5m.count\", rollup=\"sum\", extrapolation=\"zero\").publish(label=\"messages\")\ndata(\"aws-provisioner.publisher.exchange/taskcluster-aws-provisioner/v1//worker-type-created.5m.max\", rollup=\"max\").publish(label=\"max\")\ndata(\"aws-provisioner.publisher.exchange/taskcluster-aws-provisioner/v1//worker-type-created.5m.p99\", rollup=\"max\").publish(label=\"p99\")\ndata(\"aws-provisioner.publisher.exchange/taskcluster-aws-provisioner/v1//worker-type-created.5m.p95\", rollup=\"max\").publish(label=\"p95\")\ndata(\"aws-provisioner.publisher.exchange/taskcluster-aws-provisioner/v1//worker-type-created.5m.p75\", rollup=\"max\").publish(label=\"p75\")\ndata(\"aws-provisioner.publisher.exchange/taskcluster-aws-provisioner/v1//worker-type-created.5m.p50\", rollup=\"max\").publish(label=\"p50\")\ndata(\"aws-provisioner.publisher.exchange/taskcluster-aws-provisioner/v1//worker-type-created.5m.p25\", rollup=\"max\").publish(label=\"p25\")\ndata(\"aws-provisioner.publisher.exchange/taskcluster-aws-provisioner/v1//worker-type-created.5m.min\", rollup=\"min\").publish(label=\"min\")\n",
                            "resource_url": "https://app.signalfx.com/#/chart/\u003cid\u003e",
                            "show_data_markers": "true",
                            "stacked": "false",
                            "synced": "true",
                            "time_range": "-1d",
                            "url": "https://app.signalfx.com/#/chart/DU6SB56AcAA",
                            "viz_options.#": "8",
                            "viz_options.104843832.axis": "left",
                            "viz_options.104843832.color": "green",
                            "viz_options.104843832.label": "p50",
                            "viz_options.104843832.plot_type": "",
                            "viz_options.1086408202.axis": "left",
                            "viz_options.1086408202.color": "green",
                            "viz_options.1086408202.label": "min",
                            "viz_options.1086408202.plot_type": "",
                            "viz_options.167522665.axis": "left",
                            "viz_options.167522665.color": "brown",
                            "viz_options.167522665.label": "max",
                            "viz_options.167522665.plot_type": "AreaChart",
                            "viz_options.2128466923.axis": "left",
                            "viz_options.2128466923.color": "green",
                            "viz_options.2128466923.label": "p25",
                            "viz_options.2128466923.plot_type": "",
                            "viz_options.2636455216.axis": "left",
                            "viz_options.2636455216.color": "orange",
                            "viz_options.2636455216.label": "p99",
                            "viz_options.2636455216.plot_type": "",
                            "viz_options.2750596149.axis": "left",
                            "viz_options.2750596149.color": "yellow",
                            "viz_options.2750596149.label": "p95",
                            "viz_options.2750596149.plot_type": "",
                            "viz_options.4124249296.axis": "right",
                            "viz_options.4124249296.color": "pink",
                            "viz_options.4124249296.label": "messages",
                            "viz_options.4124249296.plot_type": "",
                            "viz_options.4202610054.axis": "left",
                            "viz_options.4202610054.color": "green",
                            "viz_options.4202610054.label": "p75",
                            "viz_options.4202610054.plot_type": ""
                        },
                        "meta": {},
                        "tainted": false
                    },
                    "deposed": [],
                    "provider": "provider.signalform"
                },
                "signalform_time_chart.aws-provisioner_pulse_worker-type-removed": {
                    "type": "signalform_time_chart",
                    "depends_on": [],
                    "primary": {
                        "id": "DU6SAYtAYAA",
                        "attributes": {
                            "axis_left.#": "1",
                            "axis_left.1687451994.high_watermark": "3.4028234663852886E+38",
                            "axis_left.1687451994.label": "duration (ms)",
                            "axis_left.1687451994.low_watermark": "-3.4028234663852886E+38",
                            "axis_left.1687451994.max_value": "3.4028234663852886E+38",
                            "axis_left.1687451994.min_value": "-3.4028234663852886E+38",
                            "axis_right.#": "1",
                            "axis_right.2805749534.high_watermark": "3.4028234663852886E+38",
                            "axis_right.2805749534.label": "messages",
                            "axis_right.2805749534.low_watermark": "-3.4028234663852886E+38",
                            "axis_right.2805749534.max_value": "3.4028234663852886E+38",
                            "axis_right.2805749534.min_value": "-3.4028234663852886E+38",
                            "id": "DU6SAYtAYAA",
                            "last_updated": "1.517446180898E+12",
                            "name": "aws-provisioner - worker-type-removed publish duration / messages",
                            "plot_type": "LineChart",
                            "program_text": "data(\"aws-provisioner.publisher.exchange/taskcluster-aws-provisioner/v1//worker-type-removed.5m.count\", rollup=\"sum\", extrapolation=\"zero\").publish(label=\"messages\")\ndata(\"aws-provisioner.publisher.exchange/taskcluster-aws-provisioner/v1//worker-type-removed.5m.max\", rollup=\"max\").publish(label=\"max\")\ndata(\"aws-provisioner.publisher.exchange/taskcluster-aws-provisioner/v1//worker-type-removed.5m.p99\", rollup=\"max\").publish(label=\"p99\")\ndata(\"aws-provisioner.publisher.exchange/taskcluster-aws-provisioner/v1//worker-type-removed.5m.p95\", rollup=\"max\").publish(label=\"p95\")\ndata(\"aws-provisioner.publisher.exchange/taskcluster-aws-provisioner/v1//worker-type-removed.5m.p75\", rollup=\"max\").publish(label=\"p75\")\ndata(\"aws-provisioner.publisher.exchange/taskcluster-aws-provisioner/v1//worker-type-removed.5m.p50\", rollup=\"max\").publish(label=\"p50\")\ndata(\"aws-provisioner.publisher.exchange/taskcluster-aws-provisioner/v1//worker-type-removed.5m.p25\", rollup=\"max\").publish(label=\"p25\")\ndata(\"aws-provisioner.publisher.exchange/taskcluster-aws-provisioner/v1//worker-type-removed.5m.min\", rollup=\"min\").publish(label=\"min\")\n",
                            "resource_url": "https://app.signalfx.com/#/chart/\u003cid\u003e",
                            "show_data_markers": "true",
                            "stacked": "false",
                            "synced": "true",
                            "time_range": "-1d",
                            "url": "https://app.signalfx.com/#/chart/DU6SAYtAYAA",
                            "viz_options.#": "8",
                            "viz_options.104843832.axis": "left",
                            "viz_options.104843832.color": "green",
                            "viz_options.104843832.label": "p50",
                            "viz_options.104843832.plot_type": "",
                            "viz_options.1086408202.axis": "left",
                            "viz_options.1086408202.color": "green",
                            "viz_options.1086408202.label": "min",
                            "viz_options.1086408202.plot_type": "",
                            "viz_options.167522665.axis": "left",
                            "viz_options.167522665.color": "brown",
                            "viz_options.167522665.label": "max",
                            "viz_options.167522665.plot_type": "AreaChart",
                            "viz_options.2128466923.axis": "left",
                            "viz_options.2128466923.color": "green",
                            "viz_options.2128466923.label": "p25",
                            "viz_options.2128466923.plot_type": "",
                            "viz_options.2636455216.axis": "left",
                            "viz_options.2636455216.color": "orange",
                            "viz_options.2636455216.label": "p99",
                            "viz_options.2636455216.plot_type": "",
                            "viz_options.2750596149.axis": "left",
                            "viz_options.2750596149.color": "yellow",
                            "viz_options.2750596149.label": "p95",
                            "viz_options.2750596149.plot_type": "",
                            "viz_options.4124249296.axis": "right",
                            "viz_options.4124249296.color": "pink",
                            "viz_options.4124249296.label": "messages",
                            "viz_options.4124249296.plot_type": "",
                            "viz_options.4202610054.axis": "left",
                            "viz_options.4202610054.color": "green",
                            "viz_options.4202610054.label": "p75",
                            "viz_options.4202610054.plot_type": ""
                        },
                        "meta": {},
                        "tainted": false
                    },
                    "deposed": [],
                    "provider": "provider.signalform"
                },
                "signalform_time_chart.aws-provisioner_pulse_worker-type-updated": {
                    "type": "signalform_time_chart",
                    "depends_on": [],
                    "primary": {
                        "id": "DU6SAmPAYAA",
                        "attributes": {
                            "axis_left.#": "1",
                            "axis_left.1687451994.high_watermark": "3.4028234663852886E+38",
                            "axis_left.1687451994.label": "duration (ms)",
                            "axis_left.1687451994.low_watermark": "-3.4028234663852886E+38",
                            "axis_left.1687451994.max_value": "3.4028234663852886E+38",
                            "axis_left.1687451994.min_value": "-3.4028234663852886E+38",
                            "axis_right.#": "1",
                            "axis_right.2805749534.high_watermark": "3.4028234663852886E+38",
                            "axis_right.2805749534.label": "messages",
                            "axis_right.2805749534.low_watermark": "-3.4028234663852886E+38",
                            "axis_right.2805749534.max_value": "3.4028234663852886E+38",
                            "axis_right.2805749534.min_value": "-3.4028234663852886E+38",
                            "id": "DU6SAmPAYAA",
                            "last_updated": "1.517446179327E+12",
                            "name": "aws-provisioner - worker-type-updated publish duration / messages",
                            "plot_type": "LineChart",
                            "program_text": "data(\"aws-provisioner.publisher.exchange/taskcluster-aws-provisioner/v1//worker-type-updated.5m.count\", rollup=\"sum\", extrapolation=\"zero\").publish(label=\"messages\")\ndata(\"aws-provisioner.publisher.exchange/taskcluster-aws-provisioner/v1//worker-type-updated.5m.max\", rollup=\"max\").publish(label=\"max\")\ndata(\"aws-provisioner.publisher.exchange/taskcluster-aws-provisioner/v1//worker-type-updated.5m.p99\", rollup=\"max\").publish(label=\"p99\")\ndata(\"aws-provisioner.publisher.exchange/taskcluster-aws-provisioner/v1//worker-type-updated.5m.p95\", rollup=\"max\").publish(label=\"p95\")\ndata(\"aws-provisioner.publisher.exchange/taskcluster-aws-provisioner/v1//worker-type-updated.5m.p75\", rollup=\"max\").publish(label=\"p75\")\ndata(\"aws-provisioner.publisher.exchange/taskcluster-aws-provisioner/v1//worker-type-updated.5m.p50\", rollup=\"max\").publish(label=\"p50\")\ndata(\"aws-provisioner.publisher.exchange/taskcluster-aws-provisioner/v1//worker-type-updated.5m.p25\", rollup=\"max\").publish(label=\"p25\")\ndata(\"aws-provisioner.publisher.exchange/taskcluster-aws-provisioner/v1//worker-type-updated.5m.min\", rollup=\"min\").publish(label=\"min\")\n",
                            "resource_url": "https://app.signalfx.com/#/chart/\u003cid\u003e",
                            "show_data_markers": "true",
                            "stacked": "false",
                            "synced": "true",
                            "time_range": "-1d",
                            "url": "https://app.signalfx.com/#/chart/DU6SAmPAYAA",
                            "viz_options.#": "8",
                            "viz_options.104843832.axis": "left",
                            "viz_options.104843832.color": "green",
                            "viz_options.104843832.label": "p50",
                            "viz_options.104843832.plot_type": "",
                            "viz_options.1086408202.axis": "left",
                            "viz_options.1086408202.color": "green",
                            "viz_options.1086408202.label": "min",
                            "viz_options.1086408202.plot_type": "",
                            "viz_options.167522665.axis": "left",
                            "viz_options.167522665.color": "brown",
                            "viz_options.167522665.label": "max",
                            "viz_options.167522665.plot_type": "AreaChart",
                            "viz_options.2128466923.axis": "left",
                            "viz_options.2128466923.color": "green",
                            "viz_options.2128466923.label": "p25",
                            "viz_options.2128466923.plot_type": "",
                            "viz_options.2636455216.axis": "left",
                            "viz_options.2636455216.color": "orange",
                            "viz_options.2636455216.label": "p99",
                            "viz_options.2636455216.plot_type": "",
                            "viz_options.2750596149.axis": "left",
                            "viz_options.2750596149.color": "yellow",
                            "viz_options.2750596149.label": "p95",
                            "viz_options.2750596149.plot_type": "",
                            "viz_options.4124249296.axis": "right",
                            "viz_options.4124249296.color": "pink",
                            "viz_options.4124249296.label": "messages",
                            "viz_options.4124249296.plot_type": "",
                            "viz_options.4202610054.axis": "left",
                            "viz_options.4202610054.color": "green",
                            "viz_options.4202610054.label": "p75",
                            "viz_options.4202610054.plot_type": ""
                        },
                        "meta": {},
                        "tainted": false
                    },
                    "deposed": [],
                    "provider": "provider.signalform"
                },
                "signalform_time_chart.aws-provisioner_removeSecret": {
                    "type": "signalform_time_chart",
                    "depends_on": [],
                    "primary": {
                        "id": "DU6SCSkAYAA",
                        "attributes": {
                            "axis_left.#": "1",
                            "axis_left.1687451994.high_watermark": "3.4028234663852886E+38",
                            "axis_left.1687451994.label": "duration (ms)",
                            "axis_left.1687451994.low_watermark": "-3.4028234663852886E+38",
                            "axis_left.1687451994.max_value": "3.4028234663852886E+38",
                            "axis_left.1687451994.min_value": "-3.4028234663852886E+38",
                            "axis_right.#": "1",
                            "axis_right.2313185360.high_watermark": "3.4028234663852886E+38",
                            "axis_right.2313185360.label": "requests",
                            "axis_right.2313185360.low_watermark": "-3.4028234663852886E+38",
                            "axis_right.2313185360.max_value": "3.4028234663852886E+38",
                            "axis_right.2313185360.min_value": "-3.4028234663852886E+38",
                            "id": "DU6SCSkAYAA",
                            "last_updated": "1.517446181215E+12",
                            "name": "aws-provisioner.removeSecret() duration / count",
                            "plot_type": "LineChart",
                            "program_text": "data(\"aws-provisioner.api.removeSecret.all.5m.count\", rollup=\"sum\", extrapolation=\"zero\").publish(label=\"count\")\ndata(\"aws-provisioner.api.removeSecret.client-error.5m.count\", rollup=\"sum\", extrapolation=\"zero\").publish(label=\"client-errors\")\ndata(\"aws-provisioner.api.removeSecret.server-error.5m.count\", rollup=\"sum\", extrapolation=\"zero\").publish(label=\"server-errors\")\ndata(\"aws-provisioner.api.removeSecret.all.5m.max\", rollup=\"max\").publish(label=\"max\")\ndata(\"aws-provisioner.api.removeSecret.all.5m.p99\", rollup=\"max\").publish(label=\"p99\")\ndata(\"aws-provisioner.api.removeSecret.all.5m.p95\", rollup=\"max\").publish(label=\"p95\")\ndata(\"aws-provisioner.api.removeSecret.all.5m.p75\", rollup=\"max\").publish(label=\"p75\")\ndata(\"aws-provisioner.api.removeSecret.all.5m.p50\", rollup=\"max\").publish(label=\"p50\")\ndata(\"aws-provisioner.api.removeSecret.all.5m.p25\", rollup=\"max\").publish(label=\"p25\")\ndata(\"aws-provisioner.api.removeSecret.all.5m.min\", rollup=\"min\").publish(label=\"min\")\n",
                            "resource_url": "https://app.signalfx.com/#/chart/\u003cid\u003e",
                            "show_data_markers": "true",
                            "stacked": "false",
                            "synced": "true",
                            "time_range": "-1d",
                            "url": "https://app.signalfx.com/#/chart/DU6SCSkAYAA",
                            "viz_options.#": "10",
                            "viz_options.104843832.axis": "left",
                            "viz_options.104843832.color": "green",
                            "viz_options.104843832.label": "p50",
                            "viz_options.104843832.plot_type": "",
                            "viz_options.1086408202.axis": "left",
                            "viz_options.1086408202.color": "green",
                            "viz_options.1086408202.label": "min",
                            "viz_options.1086408202.plot_type": "",
                            "viz_options.167522665.axis": "left",
                            "viz_options.167522665.color": "brown",
                            "viz_options.167522665.label": "max",
                            "viz_options.167522665.plot_type": "AreaChart",
                            "viz_options.1961470473.axis": "right",
                            "viz_options.1961470473.color": "pink",
                            "viz_options.1961470473.label": "count",
                            "viz_options.1961470473.plot_type": "",
                            "viz_options.2128466923.axis": "left",
                            "viz_options.2128466923.color": "green",
                            "viz_options.2128466923.label": "p25",
                            "viz_options.2128466923.plot_type": "",
                            "viz_options.2210909955.axis": "right",
                            "viz_options.2210909955.color": "emerald",
                            "viz_options.2210909955.label": "client-errors",
                            "viz_options.2210909955.plot_type": "",
                            "viz_options.2636455216.axis": "left",
                            "viz_options.2636455216.color": "orange",
                            "viz_options.2636455216.label": "p99",
                            "viz_options.2636455216.plot_type": "",
                            "viz_options.2750596149.axis": "left",
                            "viz_options.2750596149.color": "yellow",
                            "viz_options.2750596149.label": "p95",
                            "viz_options.2750596149.plot_type": "",
                            "viz_options.3723831655.axis": "right",
                            "viz_options.3723831655.color": "brown",
                            "viz_options.3723831655.label": "server-errors",
                            "viz_options.3723831655.plot_type": "",
                            "viz_options.4202610054.axis": "left",
                            "viz_options.4202610054.color": "green",
                            "viz_options.4202610054.label": "p75",
                            "viz_options.4202610054.plot_type": ""
                        },
                        "meta": {},
                        "tainted": false
                    },
                    "deposed": [],
                    "provider": "provider.signalform"
                },
                "signalform_time_chart.aws-provisioner_removeWorkerType": {
                    "type": "signalform_time_chart",
                    "depends_on": [],
                    "primary": {
                        "id": "DU6SARwAYAE",
                        "attributes": {
                            "axis_left.#": "1",
                            "axis_left.1687451994.high_watermark": "3.4028234663852886E+38",
                            "axis_left.1687451994.label": "duration (ms)",
                            "axis_left.1687451994.low_watermark": "-3.4028234663852886E+38",
                            "axis_left.1687451994.max_value": "3.4028234663852886E+38",
                            "axis_left.1687451994.min_value": "-3.4028234663852886E+38",
                            "axis_right.#": "1",
                            "axis_right.2313185360.high_watermark": "3.4028234663852886E+38",
                            "axis_right.2313185360.label": "requests",
                            "axis_right.2313185360.low_watermark": "-3.4028234663852886E+38",
                            "axis_right.2313185360.max_value": "3.4028234663852886E+38",
                            "axis_right.2313185360.min_value": "-3.4028234663852886E+38",
                            "id": "DU6SARwAYAE",
                            "last_updated": "1.517446184247E+12",
                            "name": "aws-provisioner.removeWorkerType() duration / count",
                            "plot_type": "LineChart",
                            "program_text": "data(\"aws-provisioner.api.removeWorkerType.all.5m.count\", rollup=\"sum\", extrapolation=\"zero\").publish(label=\"count\")\ndata(\"aws-provisioner.api.removeWorkerType.client-error.5m.count\", rollup=\"sum\", extrapolation=\"zero\").publish(label=\"client-errors\")\ndata(\"aws-provisioner.api.removeWorkerType.server-error.5m.count\", rollup=\"sum\", extrapolation=\"zero\").publish(label=\"server-errors\")\ndata(\"aws-provisioner.api.removeWorkerType.all.5m.max\", rollup=\"max\").publish(label=\"max\")\ndata(\"aws-provisioner.api.removeWorkerType.all.5m.p99\", rollup=\"max\").publish(label=\"p99\")\ndata(\"aws-provisioner.api.removeWorkerType.all.5m.p95\", rollup=\"max\").publish(label=\"p95\")\ndata(\"aws-provisioner.api.removeWorkerType.all.5m.p75\", rollup=\"max\").publish(label=\"p75\")\ndata(\"aws-provisioner.api.removeWorkerType.all.5m.p50\", rollup=\"max\").publish(label=\"p50\")\ndata(\"aws-provisioner.api.removeWorkerType.all.5m.p25\", rollup=\"max\").publish(label=\"p25\")\ndata(\"aws-provisioner.api.removeWorkerType.all.5m.min\", rollup=\"min\").publish(label=\"min\")\n",
                            "resource_url": "https://app.signalfx.com/#/chart/\u003cid\u003e",
                            "show_data_markers": "true",
                            "stacked": "false",
                            "synced": "true",
                            "time_range": "-1d",
                            "url": "https://app.signalfx.com/#/chart/DU6SARwAYAE",
                            "viz_options.#": "10",
                            "viz_options.104843832.axis": "left",
                            "viz_options.104843832.color": "green",
                            "viz_options.104843832.label": "p50",
                            "viz_options.104843832.plot_type": "",
                            "viz_options.1086408202.axis": "left",
                            "viz_options.1086408202.color": "green",
                            "viz_options.1086408202.label": "min",
                            "viz_options.1086408202.plot_type": "",
                            "viz_options.167522665.axis": "left",
                            "viz_options.167522665.color": "brown",
                            "viz_options.167522665.label": "max",
                            "viz_options.167522665.plot_type": "AreaChart",
                            "viz_options.1961470473.axis": "right",
                            "viz_options.1961470473.color": "pink",
                            "viz_options.1961470473.label": "count",
                            "viz_options.1961470473.plot_type": "",
                            "viz_options.2128466923.axis": "left",
                            "viz_options.2128466923.color": "green",
                            "viz_options.2128466923.label": "p25",
                            "viz_options.2128466923.plot_type": "",
                            "viz_options.2210909955.axis": "right",
                            "viz_options.2210909955.color": "emerald",
                            "viz_options.2210909955.label": "client-errors",
                            "viz_options.2210909955.plot_type": "",
                            "viz_options.2636455216.axis": "left",
                            "viz_options.2636455216.color": "orange",
                            "viz_options.2636455216.label": "p99",
                            "viz_options.2636455216.plot_type": "",
                            "viz_options.2750596149.axis": "left",
                            "viz_options.2750596149.color": "yellow",
                            "viz_options.2750596149.label": "p95",
                            "viz_options.2750596149.plot_type": "",
                            "viz_options.3723831655.axis": "right",
                            "viz_options.3723831655.color": "brown",
                            "viz_options.3723831655.label": "server-errors",
                            "viz_options.3723831655.plot_type": "",
                            "viz_options.4202610054.axis": "left",
                            "viz_options.4202610054.color": "green",
                            "viz_options.4202610054.label": "p75",
                            "viz_options.4202610054.plot_type": ""
                        },
                        "meta": {},
                        "tainted": false
                    },
                    "deposed": [],
                    "provider": "provider.signalform"
                },
                "signalform_time_chart.aws-provisioner_state": {
                    "type": "signalform_time_chart",
                    "depends_on": [],
                    "primary": {
                        "id": "DU6SBsIAYAA",
                        "attributes": {
                            "axis_left.#": "1",
                            "axis_left.1687451994.high_watermark": "3.4028234663852886E+38",
                            "axis_left.1687451994.label": "duration (ms)",
                            "axis_left.1687451994.low_watermark": "-3.4028234663852886E+38",
                            "axis_left.1687451994.max_value": "3.4028234663852886E+38",
                            "axis_left.1687451994.min_value": "-3.4028234663852886E+38",
                            "axis_right.#": "1",
                            "axis_right.2313185360.high_watermark": "3.4028234663852886E+38",
                            "axis_right.2313185360.label": "requests",
                            "axis_right.2313185360.low_watermark": "-3.4028234663852886E+38",
                            "axis_right.2313185360.max_value": "3.4028234663852886E+38",
                            "axis_right.2313185360.min_value": "-3.4028234663852886E+38",
                            "id": "DU6SBsIAYAA",
                            "last_updated": "1.517446273894E+12",
                            "name": "aws-provisioner.state() duration / count",
                            "plot_type": "LineChart",
                            "program_text": "data(\"aws-provisioner.api.state.all.5m.count\", rollup=\"sum\", extrapolation=\"zero\").publish(label=\"count\")\ndata(\"aws-provisioner.api.state.client-error.5m.count\", rollup=\"sum\", extrapolation=\"zero\").publish(label=\"client-errors\")\ndata(\"aws-provisioner.api.state.server-error.5m.count\", rollup=\"sum\", extrapolation=\"zero\").publish(label=\"server-errors\")\ndata(\"aws-provisioner.api.state.all.5m.max\", rollup=\"max\").publish(label=\"max\")\ndata(\"aws-provisioner.api.state.all.5m.p99\", rollup=\"max\").publish(label=\"p99\")\ndata(\"aws-provisioner.api.state.all.5m.p95\", rollup=\"max\").publish(label=\"p95\")\ndata(\"aws-provisioner.api.state.all.5m.p75\", rollup=\"max\").publish(label=\"p75\")\ndata(\"aws-provisioner.api.state.all.5m.p50\", rollup=\"max\").publish(label=\"p50\")\ndata(\"aws-provisioner.api.state.all.5m.p25\", rollup=\"max\").publish(label=\"p25\")\ndata(\"aws-provisioner.api.state.all.5m.min\", rollup=\"min\").publish(label=\"min\")\n",
                            "resource_url": "https://app.signalfx.com/#/chart/\u003cid\u003e",
                            "show_data_markers": "true",
                            "stacked": "false",
                            "synced": "true",
                            "time_range": "-1d",
                            "url": "https://app.signalfx.com/#/chart/DU6SBsIAYAA",
                            "viz_options.#": "10",
                            "viz_options.104843832.axis": "left",
                            "viz_options.104843832.color": "green",
                            "viz_options.104843832.label": "p50",
                            "viz_options.104843832.plot_type": "",
                            "viz_options.1086408202.axis": "left",
                            "viz_options.1086408202.color": "green",
                            "viz_options.1086408202.label": "min",
                            "viz_options.1086408202.plot_type": "",
                            "viz_options.167522665.axis": "left",
                            "viz_options.167522665.color": "brown",
                            "viz_options.167522665.label": "max",
                            "viz_options.167522665.plot_type": "AreaChart",
                            "viz_options.1961470473.axis": "right",
                            "viz_options.1961470473.color": "pink",
                            "viz_options.1961470473.label": "count",
                            "viz_options.1961470473.plot_type": "",
                            "viz_options.2128466923.axis": "left",
                            "viz_options.2128466923.color": "green",
                            "viz_options.2128466923.label": "p25",
                            "viz_options.2128466923.plot_type": "",
                            "viz_options.2210909955.axis": "right",
                            "viz_options.2210909955.color": "emerald",
                            "viz_options.2210909955.label": "client-errors",
                            "viz_options.2210909955.plot_type": "",
                            "viz_options.2636455216.axis": "left",
                            "viz_options.2636455216.color": "orange",
                            "viz_options.2636455216.label": "p99",
                            "viz_options.2636455216.plot_type": "",
                            "viz_options.2750596149.axis": "left",
                            "viz_options.2750596149.color": "yellow",
                            "viz_options.2750596149.label": "p95",
                            "viz_options.2750596149.plot_type": "",
                            "viz_options.3723831655.axis": "right",
                            "viz_options.3723831655.color": "brown",
                            "viz_options.3723831655.label": "server-errors",
                            "viz_options.3723831655.plot_type": "",
                            "viz_options.4202610054.axis": "left",
                            "viz_options.4202610054.color": "green",
                            "viz_options.4202610054.label": "p75",
                            "viz_options.4202610054.plot_type": ""
                        },
                        "meta": {},
                        "tainted": false
                    },
                    "deposed": [],
                    "provider": "provider.signalform"
                },
                "signalform_time_chart.aws-provisioner_updateWorkerType": {
                    "type": "signalform_time_chart",
                    "depends_on": [],
                    "primary": {
                        "id": "DU6SAPaAgAA",
                        "attributes": {
                            "axis_left.#": "1",
                            "axis_left.1687451994.high_watermark": "3.4028234663852886E+38",
                            "axis_left.1687451994.label": "duration (ms)",
                            "axis_left.1687451994.low_watermark": "-3.4028234663852886E+38",
                            "axis_left.1687451994.max_value": "3.4028234663852886E+38",
                            "axis_left.1687451994.min_value": "-3.4028234663852886E+38",
                            "axis_right.#": "1",
                            "axis_right.2313185360.high_watermark": "3.4028234663852886E+38",
                            "axis_right.2313185360.label": "requests",
                            "axis_right.2313185360.low_watermark": "-3.4028234663852886E+38",
                            "axis_right.2313185360.max_value": "3.4028234663852886E+38",
                            "axis_right.2313185360.min_value": "-3.4028234663852886E+38",
                            "id": "DU6SAPaAgAA",
                            "last_updated": "1.517446275405E+12",
                            "name": "aws-provisioner.updateWorkerType() duration / count",
                            "plot_type": "LineChart",
                            "program_text": "data(\"aws-provisioner.api.updateWorkerType.all.5m.count\", rollup=\"sum\", extrapolation=\"zero\").publish(label=\"count\")\ndata(\"aws-provisioner.api.updateWorkerType.client-error.5m.count\", rollup=\"sum\", extrapolation=\"zero\").publish(label=\"client-errors\")\ndata(\"aws-provisioner.api.updateWorkerType.server-error.5m.count\", rollup=\"sum\", extrapolation=\"zero\").publish(label=\"server-errors\")\ndata(\"aws-provisioner.api.updateWorkerType.all.5m.max\", rollup=\"max\").publish(label=\"max\")\ndata(\"aws-provisioner.api.updateWorkerType.all.5m.p99\", rollup=\"max\").publish(label=\"p99\")\ndata(\"aws-provisioner.api.updateWorkerType.all.5m.p95\", rollup=\"max\").publish(label=\"p95\")\ndata(\"aws-provisioner.api.updateWorkerType.all.5m.p75\", rollup=\"max\").publish(label=\"p75\")\ndata(\"aws-provisioner.api.updateWorkerType.all.5m.p50\", rollup=\"max\").publish(label=\"p50\")\ndata(\"aws-provisioner.api.updateWorkerType.all.5m.p25\", rollup=\"max\").publish(label=\"p25\")\ndata(\"aws-provisioner.api.updateWorkerType.all.5m.min\", rollup=\"min\").publish(label=\"min\")\n",
                            "resource_url": "https://app.signalfx.com/#/chart/\u003cid\u003e",
                            "show_data_markers": "true",
                            "stacked": "false",
                            "synced": "true",
                            "time_range": "-1d",
                            "url": "https://app.signalfx.com/#/chart/DU6SAPaAgAA",
                            "viz_options.#": "10",
                            "viz_options.104843832.axis": "left",
                            "viz_options.104843832.color": "green",
                            "viz_options.104843832.label": "p50",
                            "viz_options.104843832.plot_type": "",
                            "viz_options.1086408202.axis": "left",
                            "viz_options.1086408202.color": "green",
                            "viz_options.1086408202.label": "min",
                            "viz_options.1086408202.plot_type": "",
                            "viz_options.167522665.axis": "left",
                            "viz_options.167522665.color": "brown",
                            "viz_options.167522665.label": "max",
                            "viz_options.167522665.plot_type": "AreaChart",
                            "viz_options.1961470473.axis": "right",
                            "viz_options.1961470473.color": "pink",
                            "viz_options.1961470473.label": "count",
                            "viz_options.1961470473.plot_type": "",
                            "viz_options.2128466923.axis": "left",
                            "viz_options.2128466923.color": "green",
                            "viz_options.2128466923.label": "p25",
                            "viz_options.2128466923.plot_type": "",
                            "viz_options.2210909955.axis": "right",
                            "viz_options.2210909955.color": "emerald",
                            "viz_options.2210909955.label": "client-errors",
                            "viz_options.2210909955.plot_type": "",
                            "viz_options.2636455216.axis": "left",
                            "viz_options.2636455216.color": "orange",
                            "viz_options.2636455216.label": "p99",
                            "viz_options.2636455216.plot_type": "",
                            "viz_options.2750596149.axis": "left",
                            "viz_options.2750596149.color": "yellow",
                            "viz_options.2750596149.label": "p95",
                            "viz_options.2750596149.plot_type": "",
                            "viz_options.3723831655.axis": "right",
                            "viz_options.3723831655.color": "brown",
                            "viz_options.3723831655.label": "server-errors",
                            "viz_options.3723831655.plot_type": "",
                            "viz_options.4202610054.axis": "left",
                            "viz_options.4202610054.color": "green",
                            "viz_options.4202610054.label": "p75",
                            "viz_options.4202610054.plot_type": ""
                        },
                        "meta": {},
                        "tainted": false
                    },
                    "deposed": [],
                    "provider": "provider.signalform"
                },
                "signalform_time_chart.aws-provisioner_workerType": {
                    "type": "signalform_time_chart",
                    "depends_on": [],
                    "primary": {
                        "id": "DU6SBG4AgAA",
                        "attributes": {
                            "axis_left.#": "1",
                            "axis_left.1687451994.high_watermark": "3.4028234663852886E+38",
                            "axis_left.1687451994.label": "duration (ms)",
                            "axis_left.1687451994.low_watermark": "-3.4028234663852886E+38",
                            "axis_left.1687451994.max_value": "3.4028234663852886E+38",
                            "axis_left.1687451994.min_value": "-3.4028234663852886E+38",
                            "axis_right.#": "1",
                            "axis_right.2313185360.high_watermark": "3.4028234663852886E+38",
                            "axis_right.2313185360.label": "requests",
                            "axis_right.2313185360.low_watermark": "-3.4028234663852886E+38",
                            "axis_right.2313185360.max_value": "3.4028234663852886E+38",
                            "axis_right.2313185360.min_value": "-3.4028234663852886E+38",
                            "id": "DU6SBG4AgAA",
                            "last_updated": "1.517446185606E+12",
                            "name": "aws-provisioner.workerType() duration / count",
                            "plot_type": "LineChart",
                            "program_text": "data(\"aws-provisioner.api.workerType.all.5m.count\", rollup=\"sum\", extrapolation=\"zero\").publish(label=\"count\")\ndata(\"aws-provisioner.api.workerType.client-error.5m.count\", rollup=\"sum\", extrapolation=\"zero\").publish(label=\"client-errors\")\ndata(\"aws-provisioner.api.workerType.server-error.5m.count\", rollup=\"sum\", extrapolation=\"zero\").publish(label=\"server-errors\")\ndata(\"aws-provisioner.api.workerType.all.5m.max\", rollup=\"max\").publish(label=\"max\")\ndata(\"aws-provisioner.api.workerType.all.5m.p99\", rollup=\"max\").publish(label=\"p99\")\ndata(\"aws-provisioner.api.workerType.all.5m.p95\", rollup=\"max\").publish(label=\"p95\")\ndata(\"aws-provisioner.api.workerType.all.5m.p75\", rollup=\"max\").publish(label=\"p75\")\ndata(\"aws-provisioner.api.workerType.all.5m.p50\", rollup=\"max\").publish(label=\"p50\")\ndata(\"aws-provisioner.api.workerType.all.5m.p25\", rollup=\"max\").publish(label=\"p25\")\ndata(\"aws-provisioner.api.workerType.all.5m.min\", rollup=\"min\").publish(label=\"min\")\n",
                            "resource_url": "https://app.signalfx.com/#/chart/\u003cid\u003e",
                            "show_data_markers": "true",
                            "stacked": "false",
                            "synced": "true",
                            "time_range": "-1d",
                            "url": "https://app.signalfx.com/#/chart/DU6SBG4AgAA",
                            "viz_options.#": "10",
                            "viz_options.104843832.axis": "left",
                            "viz_options.104843832.color": "green",
                            "viz_options.104843832.label": "p50",
                            "viz_options.104843832.plot_type": "",
                            "viz_options.1086408202.axis": "left",
                            "viz_options.1086408202.color": "green",
                            "viz_options.1086408202.label": "min",
                            "viz_options.1086408202.plot_type": "",
                            "viz_options.167522665.axis": "left",
                            "viz_options.167522665.color": "brown",
                            "viz_options.167522665.label": "max",
                            "viz_options.167522665.plot_type": "AreaChart",
                            "viz_options.1961470473.axis": "right",
                            "viz_options.1961470473.color": "pink",
                            "viz_options.1961470473.label": "count",
                            "viz_options.1961470473.plot_type": "",
                            "viz_options.2128466923.axis": "left",
                            "viz_options.2128466923.color": "green",
                            "viz_options.2128466923.label": "p25",
                            "viz_options.2128466923.plot_type": "",
                            "viz_options.2210909955.axis": "right",
                            "viz_options.2210909955.color": "emerald",
                            "viz_options.2210909955.label": "client-errors",
                            "viz_options.2210909955.plot_type": "",
                            "viz_options.2636455216.axis": "left",
                            "viz_options.2636455216.color": "orange",
                            "viz_options.2636455216.label": "p99",
                            "viz_options.2636455216.plot_type": "",
                            "viz_options.2750596149.axis": "left",
                            "viz_options.2750596149.color": "yellow",
                            "viz_options.2750596149.label": "p95",
                            "viz_options.2750596149.plot_type": "",
                            "viz_options.3723831655.axis": "right",
                            "viz_options.3723831655.color": "brown",
                            "viz_options.3723831655.label": "server-errors",
                            "viz_options.3723831655.plot_type": "",
                            "viz_options.4202610054.axis": "left",
                            "viz_options.4202610054.color": "green",
                            "viz_options.4202610054.label": "p75",
                            "viz_options.4202610054.plot_type": ""
                        },
                        "meta": {},
                        "tainted": false
                    },
                    "deposed": [],
                    "provider": "provider.signalform"
                },
                "signalform_time_chart.aws-provisioner_workerTypeLastModified": {
                    "type": "signalform_time_chart",
                    "depends_on": [],
                    "primary": {
                        "id": "DU6SCbfAYAA",
                        "attributes": {
                            "axis_left.#": "1",
                            "axis_left.1687451994.high_watermark": "3.4028234663852886E+38",
                            "axis_left.1687451994.label": "duration (ms)",
                            "axis_left.1687451994.low_watermark": "-3.4028234663852886E+38",
                            "axis_left.1687451994.max_value": "3.4028234663852886E+38",
                            "axis_left.1687451994.min_value": "-3.4028234663852886E+38",
                            "axis_right.#": "1",
                            "axis_right.2313185360.high_watermark": "3.4028234663852886E+38",
                            "axis_right.2313185360.label": "requests",
                            "axis_right.2313185360.low_watermark": "-3.4028234663852886E+38",
                            "axis_right.2313185360.max_value": "3.4028234663852886E+38",
                            "axis_right.2313185360.min_value": "-3.4028234663852886E+38",
                            "id": "DU6SCbfAYAA",
                            "last_updated": "1.517446181632E+12",
                            "name": "aws-provisioner.workerTypeLastModified() duration / count",
                            "plot_type": "LineChart",
                            "program_text": "data(\"aws-provisioner.api.workerTypeLastModified.all.5m.count\", rollup=\"sum\", extrapolation=\"zero\").publish(label=\"count\")\ndata(\"aws-provisioner.api.workerTypeLastModified.client-error.5m.count\", rollup=\"sum\", extrapolation=\"zero\").publish(label=\"client-errors\")\ndata(\"aws-provisioner.api.workerTypeLastModified.server-error.5m.count\", rollup=\"sum\", extrapolation=\"zero\").publish(label=\"server-errors\")\ndata(\"aws-provisioner.api.workerTypeLastModified.all.5m.max\", rollup=\"max\").publish(label=\"max\")\ndata(\"aws-provisioner.api.workerTypeLastModified.all.5m.p99\", rollup=\"max\").publish(label=\"p99\")\ndata(\"aws-provisioner.api.workerTypeLastModified.all.5m.p95\", rollup=\"max\").publish(label=\"p95\")\ndata(\"aws-provisioner.api.workerTypeLastModified.all.5m.p75\", rollup=\"max\").publish(label=\"p75\")\ndata(\"aws-provisioner.api.workerTypeLastModified.all.5m.p50\", rollup=\"max\").publish(label=\"p50\")\ndata(\"aws-provisioner.api.workerTypeLastModified.all.5m.p25\", rollup=\"max\").publish(label=\"p25\")\ndata(\"aws-provisioner.api.workerTypeLastModified.all.5m.min\", rollup=\"min\").publish(label=\"min\")\n",
                            "resource_url": "https://app.signalfx.com/#/chart/\u003cid\u003e",
                            "show_data_markers": "true",
                            "stacked": "false",
                            "synced": "true",
                            "time_range": "-1d",
                            "url": "https://app.signalfx.com/#/chart/DU6SCbfAYAA",
                            "viz_options.#": "10",
                            "viz_options.104843832.axis": "left",
                            "viz_options.104843832.color": "green",
                            "viz_options.104843832.label": "p50",
                            "viz_options.104843832.plot_type": "",
                            "viz_options.1086408202.axis": "left",
                            "viz_options.1086408202.color": "green",
                            "viz_options.1086408202.label": "min",
                            "viz_options.1086408202.plot_type": "",
                            "viz_options.167522665.axis": "left",
                            "viz_options.167522665.color": "brown",
                            "viz_options.167522665.label": "max",
                            "viz_options.167522665.plot_type": "AreaChart",
                            "viz_options.1961470473.axis": "right",
                            "viz_options.1961470473.color": "pink",
                            "viz_options.1961470473.label": "count",
                            "viz_options.1961470473.plot_type": "",
                            "viz_options.2128466923.axis": "left",
                            "viz_options.2128466923.color": "green",
                            "viz_options.2128466923.label": "p25",
                            "viz_options.2128466923.plot_type": "",
                            "viz_options.2210909955.axis": "right",
                            "viz_options.2210909955.color": "emerald",
                            "viz_options.2210909955.label": "client-errors",
                            "viz_options.2210909955.plot_type": "",
                            "viz_options.2636455216.axis": "left",
                            "viz_options.2636455216.color": "orange",
                            "viz_options.2636455216.label": "p99",
                            "viz_options.2636455216.plot_type": "",
                            "viz_options.2750596149.axis": "left",
                            "viz_options.2750596149.color": "yellow",
                            "viz_options.2750596149.label": "p95",
                            "viz_options.2750596149.plot_type": "",
                            "viz_options.3723831655.axis": "right",
                            "viz_options.3723831655.color": "brown",
                            "viz_options.3723831655.label": "server-errors",
                            "viz_options.3723831655.plot_type": "",
                            "viz_options.4202610054.axis": "left",
                            "viz_options.4202610054.color": "green",
                            "viz_options.4202610054.label": "p75",
                            "viz_options.4202610054.plot_type": ""
                        },
                        "meta": {},
                        "tainted": false
                    },
                    "deposed": [],
                    "provider": "provider.signalform"
                },
                "signalform_time_chart.github_badge": {
                    "type": "signalform_time_chart",
                    "depends_on": [],
                    "primary": {
                        "id": "DU6SARIAgAA",
                        "attributes": {
                            "axis_left.#": "1",
                            "axis_left.1687451994.high_watermark": "3.4028234663852886E+38",
                            "axis_left.1687451994.label": "duration (ms)",
                            "axis_left.1687451994.low_watermark": "-3.4028234663852886E+38",
                            "axis_left.1687451994.max_value": "3.4028234663852886E+38",
                            "axis_left.1687451994.min_value": "-3.4028234663852886E+38",
                            "axis_right.#": "1",
                            "axis_right.2313185360.high_watermark": "3.4028234663852886E+38",
                            "axis_right.2313185360.label": "requests",
                            "axis_right.2313185360.low_watermark": "-3.4028234663852886E+38",
                            "axis_right.2313185360.max_value": "3.4028234663852886E+38",
                            "axis_right.2313185360.min_value": "-3.4028234663852886E+38",
                            "id": "DU6SARIAgAA",
                            "last_updated": "1.517446185259E+12",
                            "name": "github.badge() duration / count",
                            "plot_type": "LineChart",
                            "program_text": "data(\"taskcluster-github.api.badge.all.5m.count\", rollup=\"sum\", extrapolation=\"zero\").publish(label=\"count\")\ndata(\"taskcluster-github.api.badge.client-error.5m.count\", rollup=\"sum\", extrapolation=\"zero\").publish(label=\"client-errors\")\ndata(\"taskcluster-github.api.badge.server-error.5m.count\", rollup=\"sum\", extrapolation=\"zero\").publish(label=\"server-errors\")\ndata(\"taskcluster-github.api.badge.all.5m.max\", rollup=\"max\").publish(label=\"max\")\ndata(\"taskcluster-github.api.badge.all.5m.p99\", rollup=\"max\").publish(label=\"p99\")\ndata(\"taskcluster-github.api.badge.all.5m.p95\", rollup=\"max\").publish(label=\"p95\")\ndata(\"taskcluster-github.api.badge.all.5m.p75\", rollup=\"max\").publish(label=\"p75\")\ndata(\"taskcluster-github.api.badge.all.5m.p50\", rollup=\"max\").publish(label=\"p50\")\ndata(\"taskcluster-github.api.badge.all.5m.p25\", rollup=\"max\").publish(label=\"p25\")\ndata(\"taskcluster-github.api.badge.all.5m.min\", rollup=\"min\").publish(label=\"min\")\n",
                            "resource_url": "https://app.signalfx.com/#/chart/\u003cid\u003e",
                            "show_data_markers": "true",
                            "stacked": "false",
                            "synced": "true",
                            "time_range": "-1d",
                            "url": "https://app.signalfx.com/#/chart/DU6SARIAgAA",
                            "viz_options.#": "10",
                            "viz_options.104843832.axis": "left",
                            "viz_options.104843832.color": "green",
                            "viz_options.104843832.label": "p50",
                            "viz_options.104843832.plot_type": "",
                            "viz_options.1086408202.axis": "left",
                            "viz_options.1086408202.color": "green",
                            "viz_options.1086408202.label": "min",
                            "viz_options.1086408202.plot_type": "",
                            "viz_options.167522665.axis": "left",
                            "viz_options.167522665.color": "brown",
                            "viz_options.167522665.label": "max",
                            "viz_options.167522665.plot_type": "AreaChart",
                            "viz_options.1961470473.axis": "right",
                            "viz_options.1961470473.color": "pink",
                            "viz_options.1961470473.label": "count",
                            "viz_options.1961470473.plot_type": "",
                            "viz_options.2128466923.axis": "left",
                            "viz_options.2128466923.color": "green",
                            "viz_options.2128466923.label": "p25",
                            "viz_options.2128466923.plot_type": "",
                            "viz_options.2210909955.axis": "right",
                            "viz_options.2210909955.color": "emerald",
                            "viz_options.2210909955.label": "client-errors",
                            "viz_options.2210909955.plot_type": "",
                            "viz_options.2636455216.axis": "left",
                            "viz_options.2636455216.color": "orange",
                            "viz_options.2636455216.label": "p99",
                            "viz_options.2636455216.plot_type": "",
                            "viz_options.2750596149.axis": "left",
                            "viz_options.2750596149.color": "yellow",
                            "viz_options.2750596149.label": "p95",
                            "viz_options.2750596149.plot_type": "",
                            "viz_options.3723831655.axis": "right",
                            "viz_options.3723831655.color": "brown",
                            "viz_options.3723831655.label": "server-errors",
                            "viz_options.3723831655.plot_type": "",
                            "viz_options.4202610054.axis": "left",
                            "viz_options.4202610054.color": "green",
                            "viz_options.4202610054.label": "p75",
                            "viz_options.4202610054.plot_type": ""
                        },
                        "meta": {},
                        "tainted": false
                    },
                    "deposed": [],
                    "provider": "provider.signalform"
                },
                "signalform_time_chart.github_builds": {
                    "type": "signalform_time_chart",
                    "depends_on": [],
                    "primary": {
                        "id": "DU6SAGaAYAA",
                        "attributes": {
                            "axis_left.#": "1",
                            "axis_left.1687451994.high_watermark": "3.4028234663852886E+38",
                            "axis_left.1687451994.label": "duration (ms)",
                            "axis_left.1687451994.low_watermark": "-3.4028234663852886E+38",
                            "axis_left.1687451994.max_value": "3.4028234663852886E+38",
                            "axis_left.1687451994.min_value": "-3.4028234663852886E+38",
                            "axis_right.#": "1",
                            "axis_right.2313185360.high_watermark": "3.4028234663852886E+38",
                            "axis_right.2313185360.label": "requests",
                            "axis_right.2313185360.low_watermark": "-3.4028234663852886E+38",
                            "axis_right.2313185360.max_value": "3.4028234663852886E+38",
                            "axis_right.2313185360.min_value": "-3.4028234663852886E+38",
                            "id": "DU6SAGaAYAA",
                            "last_updated": "1.517446183483E+12",
                            "name": "github.builds() duration / count",
                            "plot_type": "LineChart",
                            "program_text": "data(\"taskcluster-github.api.builds.all.5m.count\", rollup=\"sum\", extrapolation=\"zero\").publish(label=\"count\")\ndata(\"taskcluster-github.api.builds.client-error.5m.count\", rollup=\"sum\", extrapolation=\"zero\").publish(label=\"client-errors\")\ndata(\"taskcluster-github.api.builds.server-error.5m.count\", rollup=\"sum\", extrapolation=\"zero\").publish(label=\"server-errors\")\ndata(\"taskcluster-github.api.builds.all.5m.max\", rollup=\"max\").publish(label=\"max\")\ndata(\"taskcluster-github.api.builds.all.5m.p99\", rollup=\"max\").publish(label=\"p99\")\ndata(\"taskcluster-github.api.builds.all.5m.p95\", rollup=\"max\").publish(label=\"p95\")\ndata(\"taskcluster-github.api.builds.all.5m.p75\", rollup=\"max\").publish(label=\"p75\")\ndata(\"taskcluster-github.api.builds.all.5m.p50\", rollup=\"max\").publish(label=\"p50\")\ndata(\"taskcluster-github.api.builds.all.5m.p25\", rollup=\"max\").publish(label=\"p25\")\ndata(\"taskcluster-github.api.builds.all.5m.min\", rollup=\"min\").publish(label=\"min\")\n",
                            "resource_url": "https://app.signalfx.com/#/chart/\u003cid\u003e",
                            "show_data_markers": "true",
                            "stacked": "false",
                            "synced": "true",
                            "time_range": "-1d",
                            "url": "https://app.signalfx.com/#/chart/DU6SAGaAYAA",
                            "viz_options.#": "10",
                            "viz_options.104843832.axis": "left",
                            "viz_options.104843832.color": "green",
                            "viz_options.104843832.label": "p50",
                            "viz_options.104843832.plot_type": "",
                            "viz_options.1086408202.axis": "left",
                            "viz_options.1086408202.color": "green",
                            "viz_options.1086408202.label": "min",
                            "viz_options.1086408202.plot_type": "",
                            "viz_options.167522665.axis": "left",
                            "viz_options.167522665.color": "brown",
                            "viz_options.167522665.label": "max",
                            "viz_options.167522665.plot_type": "AreaChart",
                            "viz_options.1961470473.axis": "right",
                            "viz_options.1961470473.color": "pink",
                            "viz_options.1961470473.label": "count",
                            "viz_options.1961470473.plot_type": "",
                            "viz_options.2128466923.axis": "left",
                            "viz_options.2128466923.color": "green",
                            "viz_options.2128466923.label": "p25",
                            "viz_options.2128466923.plot_type": "",
                            "viz_options.2210909955.axis": "right",
                            "viz_options.2210909955.color": "emerald",
                            "viz_options.2210909955.label": "client-errors",
                            "viz_options.2210909955.plot_type": "",
                            "viz_options.2636455216.axis": "left",
                            "viz_options.2636455216.color": "orange",
                            "viz_options.2636455216.label": "p99",
                            "viz_options.2636455216.plot_type": "",
                            "viz_options.2750596149.axis": "left",
                            "viz_options.2750596149.color": "yellow",
                            "viz_options.2750596149.label": "p95",
                            "viz_options.2750596149.plot_type": "",
                            "viz_options.3723831655.axis": "right",
                            "viz_options.3723831655.color": "brown",
                            "viz_options.3723831655.label": "server-errors",
                            "viz_options.3723831655.plot_type": "",
                            "viz_options.4202610054.axis": "left",
                            "viz_options.4202610054.color": "green",
                            "viz_options.4202610054.label": "p75",
                            "viz_options.4202610054.plot_type": ""
                        },
                        "meta": {},
                        "tainted": false
                    },
                    "deposed": [],
                    "provider": "provider.signalform"
                },
                "signalform_time_chart.github_createComment": {
                    "type": "signalform_time_chart",
                    "depends_on": [],
                    "primary": {
                        "id": "DU6SETtAgAA",
                        "attributes": {
                            "axis_left.#": "1",
                            "axis_left.1687451994.high_watermark": "3.4028234663852886E+38",
                            "axis_left.1687451994.label": "duration (ms)",
                            "axis_left.1687451994.low_watermark": "-3.4028234663852886E+38",
                            "axis_left.1687451994.max_value": "3.4028234663852886E+38",
                            "axis_left.1687451994.min_value": "-3.4028234663852886E+38",
                            "axis_right.#": "1",
                            "axis_right.2313185360.high_watermark": "3.4028234663852886E+38",
                            "axis_right.2313185360.label": "requests",
                            "axis_right.2313185360.low_watermark": "-3.4028234663852886E+38",
                            "axis_right.2313185360.max_value": "3.4028234663852886E+38",
                            "axis_right.2313185360.min_value": "-3.4028234663852886E+38",
                            "id": "DU6SETtAgAA",
                            "last_updated": "1.517446187321E+12",
                            "name": "github.createComment() duration / count",
                            "plot_type": "LineChart",
                            "program_text": "data(\"taskcluster-github.api.createComment.all.5m.count\", rollup=\"sum\", extrapolation=\"zero\").publish(label=\"count\")\ndata(\"taskcluster-github.api.createComment.client-error.5m.count\", rollup=\"sum\", extrapolation=\"zero\").publish(label=\"client-errors\")\ndata(\"taskcluster-github.api.createComment.server-error.5m.count\", rollup=\"sum\", extrapolation=\"zero\").publish(label=\"server-errors\")\ndata(\"taskcluster-github.api.createComment.all.5m.max\", rollup=\"max\").publish(label=\"max\")\ndata(\"taskcluster-github.api.createComment.all.5m.p99\", rollup=\"max\").publish(label=\"p99\")\ndata(\"taskcluster-github.api.createComment.all.5m.p95\", rollup=\"max\").publish(label=\"p95\")\ndata(\"taskcluster-github.api.createComment.all.5m.p75\", rollup=\"max\").publish(label=\"p75\")\ndata(\"taskcluster-github.api.createComment.all.5m.p50\", rollup=\"max\").publish(label=\"p50\")\ndata(\"taskcluster-github.api.createComment.all.5m.p25\", rollup=\"max\").publish(label=\"p25\")\ndata(\"taskcluster-github.api.createComment.all.5m.min\", rollup=\"min\").publish(label=\"min\")\n",
                            "resource_url": "https://app.signalfx.com/#/chart/\u003cid\u003e",
                            "show_data_markers": "true",
                            "stacked": "false",
                            "synced": "true",
                            "time_range": "-1d",
                            "url": "https://app.signalfx.com/#/chart/DU6SETtAgAA",
                            "viz_options.#": "10",
                            "viz_options.104843832.axis": "left",
                            "viz_options.104843832.color": "green",
                            "viz_options.104843832.label": "p50",
                            "viz_options.104843832.plot_type": "",
                            "viz_options.1086408202.axis": "left",
                            "viz_options.1086408202.color": "green",
                            "viz_options.1086408202.label": "min",
                            "viz_options.1086408202.plot_type": "",
                            "viz_options.167522665.axis": "left",
                            "viz_options.167522665.color": "brown",
                            "viz_options.167522665.label": "max",
                            "viz_options.167522665.plot_type": "AreaChart",
                            "viz_options.1961470473.axis": "right",
                            "viz_options.1961470473.color": "pink",
                            "viz_options.1961470473.label": "count",
                            "viz_options.1961470473.plot_type": "",
                            "viz_options.2128466923.axis": "left",
                            "viz_options.2128466923.color": "green",
                            "viz_options.2128466923.label": "p25",
                            "viz_options.2128466923.plot_type": "",
                            "viz_options.2210909955.axis": "right",
                            "viz_options.2210909955.color": "emerald",
                            "viz_options.2210909955.label": "client-errors",
                            "viz_options.2210909955.plot_type": "",
                            "viz_options.2636455216.axis": "left",
                            "viz_options.2636455216.color": "orange",
                            "viz_options.2636455216.label": "p99",
                            "viz_options.2636455216.plot_type": "",
                            "viz_options.2750596149.axis": "left",
                            "viz_options.2750596149.color": "yellow",
                            "viz_options.2750596149.label": "p95",
                            "viz_options.2750596149.plot_type": "",
                            "viz_options.3723831655.axis": "right",
                            "viz_options.3723831655.color": "brown",
                            "viz_options.3723831655.label": "server-errors",
                            "viz_options.3723831655.plot_type": "",
                            "viz_options.4202610054.axis": "left",
                            "viz_options.4202610054.color": "green",
                            "viz_options.4202610054.label": "p75",
                            "viz_options.4202610054.plot_type": ""
                        },
                        "meta": {},
                        "tainted": false
                    },
                    "deposed": [],
                    "provider": "provider.signalform"
                },
                "signalform_time_chart.github_createStatus": {
                    "type": "signalform_time_chart",
                    "depends_on": [],
                    "primary": {
                        "id": "DU6R_sQAcAA",
                        "attributes": {
                            "axis_left.#": "1",
                            "axis_left.1687451994.high_watermark": "3.4028234663852886E+38",
                            "axis_left.1687451994.label": "duration (ms)",
                            "axis_left.1687451994.low_watermark": "-3.4028234663852886E+38",
                            "axis_left.1687451994.max_value": "3.4028234663852886E+38",
                            "axis_left.1687451994.min_value": "-3.4028234663852886E+38",
                            "axis_right.#": "1",
                            "axis_right.2313185360.high_watermark": "3.4028234663852886E+38",
                            "axis_right.2313185360.label": "requests",
                            "axis_right.2313185360.low_watermark": "-3.4028234663852886E+38",
                            "axis_right.2313185360.max_value": "3.4028234663852886E+38",
                            "axis_right.2313185360.min_value": "-3.4028234663852886E+38",
                            "id": "DU6R_sQAcAA",
                            "last_updated": "1.517446273268E+12",
                            "name": "github.createStatus() duration / count",
                            "plot_type": "LineChart",
                            "program_text": "data(\"taskcluster-github.api.createStatus.all.5m.count\", rollup=\"sum\", extrapolation=\"zero\").publish(label=\"count\")\ndata(\"taskcluster-github.api.createStatus.client-error.5m.count\", rollup=\"sum\", extrapolation=\"zero\").publish(label=\"client-errors\")\ndata(\"taskcluster-github.api.createStatus.server-error.5m.count\", rollup=\"sum\", extrapolation=\"zero\").publish(label=\"server-errors\")\ndata(\"taskcluster-github.api.createStatus.all.5m.max\", rollup=\"max\").publish(label=\"max\")\ndata(\"taskcluster-github.api.createStatus.all.5m.p99\", rollup=\"max\").publish(label=\"p99\")\ndata(\"taskcluster-github.api.createStatus.all.5m.p95\", rollup=\"max\").publish(label=\"p95\")\ndata(\"taskcluster-github.api.createStatus.all.5m.p75\", rollup=\"max\").publish(label=\"p75\")\ndata(\"taskcluster-github.api.createStatus.all.5m.p50\", rollup=\"max\").publish(label=\"p50\")\ndata(\"taskcluster-github.api.createStatus.all.5m.p25\", rollup=\"max\").publish(label=\"p25\")\ndata(\"taskcluster-github.api.createStatus.all.5m.min\", rollup=\"min\").publish(label=\"min\")\n",
                            "resource_url": "https://app.signalfx.com/#/chart/\u003cid\u003e",
                            "show_data_markers": "true",
                            "stacked": "false",
                            "synced": "true",
                            "time_range": "-1d",
                            "url": "https://app.signalfx.com/#/chart/DU6R_sQAcAA",
                            "viz_options.#": "10",
                            "viz_options.104843832.axis": "left",
                            "viz_options.104843832.color": "green",
                            "viz_options.104843832.label": "p50",
                            "viz_options.104843832.plot_type": "",
                            "viz_options.1086408202.axis": "left",
                            "viz_options.1086408202.color": "green",
                            "viz_options.1086408202.label": "min",
                            "viz_options.1086408202.plot_type": "",
                            "viz_options.167522665.axis": "left",
                            "viz_options.167522665.color": "brown",
                            "viz_options.167522665.label": "max",
                            "viz_options.167522665.plot_type": "AreaChart",
                            "viz_options.1961470473.axis": "right",
                            "viz_options.1961470473.color": "pink",
                            "viz_options.1961470473.label": "count",
                            "viz_options.1961470473.plot_type": "",
                            "viz_options.2128466923.axis": "left",
                            "viz_options.2128466923.color": "green",
                            "viz_options.2128466923.label": "p25",
                            "viz_options.2128466923.plot_type": "",
                            "viz_options.2210909955.axis": "right",
                            "viz_options.2210909955.color": "emerald",
                            "viz_options.2210909955.label": "client-errors",
                            "viz_options.2210909955.plot_type": "",
                            "viz_options.2636455216.axis": "left",
                            "viz_options.2636455216.color": "orange",
                            "viz_options.2636455216.label": "p99",
                            "viz_options.2636455216.plot_type": "",
                            "viz_options.2750596149.axis": "left",
                            "viz_options.2750596149.color": "yellow",
                            "viz_options.2750596149.label": "p95",
                            "viz_options.2750596149.plot_type": "",
                            "viz_options.3723831655.axis": "right",
                            "viz_options.3723831655.color": "brown",
                            "viz_options.3723831655.label": "server-errors",
                            "viz_options.3723831655.plot_type": "",
                            "viz_options.4202610054.axis": "left",
                            "viz_options.4202610054.color": "green",
                            "viz_options.4202610054.label": "p75",
                            "viz_options.4202610054.plot_type": ""
                        },
                        "meta": {},
                        "tainted": false
                    },
                    "deposed": [],
                    "provider": "provider.signalform"
                },
                "signalform_time_chart.github_githubWebHookConsumer": {
                    "type": "signalform_time_chart",
                    "depends_on": [],
                    "primary": {
                        "id": "DU6R_QcAcAA",
                        "attributes": {
                            "axis_left.#": "1",
                            "axis_left.1687451994.high_watermark": "3.4028234663852886E+38",
                            "axis_left.1687451994.label": "duration (ms)",
                            "axis_left.1687451994.low_watermark": "-3.4028234663852886E+38",
                            "axis_left.1687451994.max_value": "3.4028234663852886E+38",
                            "axis_left.1687451994.min_value": "-3.4028234663852886E+38",
                            "axis_right.#": "1",
                            "axis_right.2313185360.high_watermark": "3.4028234663852886E+38",
                            "axis_right.2313185360.label": "requests",
                            "axis_right.2313185360.low_watermark": "-3.4028234663852886E+38",
                            "axis_right.2313185360.max_value": "3.4028234663852886E+38",
                            "axis_right.2313185360.min_value": "-3.4028234663852886E+38",
                            "id": "DU6R_QcAcAA",
                            "last_updated": "1.517446275329E+12",
                            "name": "github.githubWebHookConsumer() duration / count",
                            "plot_type": "LineChart",
                            "program_text": "data(\"taskcluster-github.api.githubWebHookConsumer.all.5m.count\", rollup=\"sum\", extrapolation=\"zero\").publish(label=\"count\")\ndata(\"taskcluster-github.api.githubWebHookConsumer.client-error.5m.count\", rollup=\"sum\", extrapolation=\"zero\").publish(label=\"client-errors\")\ndata(\"taskcluster-github.api.githubWebHookConsumer.server-error.5m.count\", rollup=\"sum\", extrapolation=\"zero\").publish(label=\"server-errors\")\ndata(\"taskcluster-github.api.githubWebHookConsumer.all.5m.max\", rollup=\"max\").publish(label=\"max\")\ndata(\"taskcluster-github.api.githubWebHookConsumer.all.5m.p99\", rollup=\"max\").publish(label=\"p99\")\ndata(\"taskcluster-github.api.githubWebHookConsumer.all.5m.p95\", rollup=\"max\").publish(label=\"p95\")\ndata(\"taskcluster-github.api.githubWebHookConsumer.all.5m.p75\", rollup=\"max\").publish(label=\"p75\")\ndata(\"taskcluster-github.api.githubWebHookConsumer.all.5m.p50\", rollup=\"max\").publish(label=\"p50\")\ndata(\"taskcluster-github.api.githubWebHookConsumer.all.5m.p25\", rollup=\"max\").publish(label=\"p25\")\ndata(\"taskcluster-github.api.githubWebHookConsumer.all.5m.min\", rollup=\"min\").publish(label=\"min\")\n",
                            "resource_url": "https://app.signalfx.com/#/chart/\u003cid\u003e",
                            "show_data_markers": "true",
                            "stacked": "false",
                            "synced": "true",
                            "time_range": "-1d",
                            "url": "https://app.signalfx.com/#/chart/DU6R_QcAcAA",
                            "viz_options.#": "10",
                            "viz_options.104843832.axis": "left",
                            "viz_options.104843832.color": "green",
                            "viz_options.104843832.label": "p50",
                            "viz_options.104843832.plot_type": "",
                            "viz_options.1086408202.axis": "left",
                            "viz_options.1086408202.color": "green",
                            "viz_options.1086408202.label": "min",
                            "viz_options.1086408202.plot_type": "",
                            "viz_options.167522665.axis": "left",
                            "viz_options.167522665.color": "brown",
                            "viz_options.167522665.label": "max",
                            "viz_options.167522665.plot_type": "AreaChart",
                            "viz_options.1961470473.axis": "right",
                            "viz_options.1961470473.color": "pink",
                            "viz_options.1961470473.label": "count",
                            "viz_options.1961470473.plot_type": "",
                            "viz_options.2128466923.axis": "left",
                            "viz_options.2128466923.color": "green",
                            "viz_options.2128466923.label": "p25",
                            "viz_options.2128466923.plot_type": "",
                            "viz_options.2210909955.axis": "right",
                            "viz_options.2210909955.color": "emerald",
                            "viz_options.2210909955.label": "client-errors",
                            "viz_options.2210909955.plot_type": "",
                            "viz_options.2636455216.axis": "left",
                            "viz_options.2636455216.color": "orange",
                            "viz_options.2636455216.label": "p99",
                            "viz_options.2636455216.plot_type": "",
                            "viz_options.2750596149.axis": "left",
                            "viz_options.2750596149.color": "yellow",
                            "viz_options.2750596149.label": "p95",
                            "viz_options.2750596149.plot_type": "",
                            "viz_options.3723831655.axis": "right",
                            "viz_options.3723831655.color": "brown",
                            "viz_options.3723831655.label": "server-errors",
                            "viz_options.3723831655.plot_type": "",
                            "viz_options.4202610054.axis": "left",
                            "viz_options.4202610054.color": "green",
                            "viz_options.4202610054.label": "p75",
                            "viz_options.4202610054.plot_type": ""
                        },
                        "meta": {},
                        "tainted": false
                    },
                    "deposed": [],
                    "provider": "provider.signalform"
                },
                "signalform_time_chart.github_latest": {
                    "type": "signalform_time_chart",
                    "depends_on": [],
                    "primary": {
                        "id": "DU6SCp_AgAA",
                        "attributes": {
                            "axis_left.#": "1",
                            "axis_left.1687451994.high_watermark": "3.4028234663852886E+38",
                            "axis_left.1687451994.label": "duration (ms)",
                            "axis_left.1687451994.low_watermark": "-3.4028234663852886E+38",
                            "axis_left.1687451994.max_value": "3.4028234663852886E+38",
                            "axis_left.1687451994.min_value": "-3.4028234663852886E+38",
                            "axis_right.#": "1",
                            "axis_right.2313185360.high_watermark": "3.4028234663852886E+38",
                            "axis_right.2313185360.label": "requests",
                            "axis_right.2313185360.low_watermark": "-3.4028234663852886E+38",
                            "axis_right.2313185360.max_value": "3.4028234663852886E+38",
                            "axis_right.2313185360.min_value": "-3.4028234663852886E+38",
                            "id": "DU6SCp_AgAA",
                            "last_updated": "1.517446182046E+12",
                            "name": "github.latest() duration / count",
                            "plot_type": "LineChart",
                            "program_text": "data(\"taskcluster-github.api.latest.all.5m.count\", rollup=\"sum\", extrapolation=\"zero\").publish(label=\"count\")\ndata(\"taskcluster-github.api.latest.client-error.5m.count\", rollup=\"sum\", extrapolation=\"zero\").publish(label=\"client-errors\")\ndata(\"taskcluster-github.api.latest.server-error.5m.count\", rollup=\"sum\", extrapolation=\"zero\").publish(label=\"server-errors\")\ndata(\"taskcluster-github.api.latest.all.5m.max\", rollup=\"max\").publish(label=\"max\")\ndata(\"taskcluster-github.api.latest.all.5m.p99\", rollup=\"max\").publish(label=\"p99\")\ndata(\"taskcluster-github.api.latest.all.5m.p95\", rollup=\"max\").publish(label=\"p95\")\ndata(\"taskcluster-github.api.latest.all.5m.p75\", rollup=\"max\").publish(label=\"p75\")\ndata(\"taskcluster-github.api.latest.all.5m.p50\", rollup=\"max\").publish(label=\"p50\")\ndata(\"taskcluster-github.api.latest.all.5m.p25\", rollup=\"max\").publish(label=\"p25\")\ndata(\"taskcluster-github.api.latest.all.5m.min\", rollup=\"min\").publish(label=\"min\")\n",
                            "resource_url": "https://app.signalfx.com/#/chart/\u003cid\u003e",
                            "show_data_markers": "true",
                            "stacked": "false",
                            "synced": "true",
                            "time_range": "-1d",
                            "url": "https://app.signalfx.com/#/chart/DU6SCp_AgAA",
                            "viz_options.#": "10",
                            "viz_options.104843832.axis": "left",
                            "viz_options.104843832.color": "green",
                            "viz_options.104843832.label": "p50",
                            "viz_options.104843832.plot_type": "",
                            "viz_options.1086408202.axis": "left",
                            "viz_options.1086408202.color": "green",
                            "viz_options.1086408202.label": "min",
                            "viz_options.1086408202.plot_type": "",
                            "viz_options.167522665.axis": "left",
                            "viz_options.167522665.color": "brown",
                            "viz_options.167522665.label": "max",
                            "viz_options.167522665.plot_type": "AreaChart",
                            "viz_options.1961470473.axis": "right",
                            "viz_options.1961470473.color": "pink",
                            "viz_options.1961470473.label": "count",
                            "viz_options.1961470473.plot_type": "",
                            "viz_options.2128466923.axis": "left",
                            "viz_options.2128466923.color": "green",
                            "viz_options.2128466923.label": "p25",
                            "viz_options.2128466923.plot_type": "",
                            "viz_options.2210909955.axis": "right",
                            "viz_options.2210909955.color": "emerald",
                            "viz_options.2210909955.label": "client-errors",
                            "viz_options.2210909955.plot_type": "",
                            "viz_options.2636455216.axis": "left",
                            "viz_options.2636455216.color": "orange",
                            "viz_options.2636455216.label": "p99",
                            "viz_options.2636455216.plot_type": "",
                            "viz_options.2750596149.axis": "left",
                            "viz_options.2750596149.color": "yellow",
                            "viz_options.2750596149.label": "p95",
                            "viz_options.2750596149.plot_type": "",
                            "viz_options.3723831655.axis": "right",
                            "viz_options.3723831655.color": "brown",
                            "viz_options.3723831655.label": "server-errors",
                            "viz_options.3723831655.plot_type": "",
                            "viz_options.4202610054.axis": "left",
                            "viz_options.4202610054.color": "green",
                            "viz_options.4202610054.label": "p75",
                            "viz_options.4202610054.plot_type": ""
                        },
                        "meta": {},
                        "tainted": false
                    },
                    "deposed": [],
                    "provider": "provider.signalform"
                },
                "signalform_time_chart.github_ping": {
                    "type": "signalform_time_chart",
                    "depends_on": [],
                    "primary": {
                        "id": "DU6SAVTAgAA",
                        "attributes": {
                            "axis_left.#": "1",
                            "axis_left.1687451994.high_watermark": "3.4028234663852886E+38",
                            "axis_left.1687451994.label": "duration (ms)",
                            "axis_left.1687451994.low_watermark": "-3.4028234663852886E+38",
                            "axis_left.1687451994.max_value": "3.4028234663852886E+38",
                            "axis_left.1687451994.min_value": "-3.4028234663852886E+38",
                            "axis_right.#": "1",
                            "axis_right.2313185360.high_watermark": "3.4028234663852886E+38",
                            "axis_right.2313185360.label": "requests",
                            "axis_right.2313185360.low_watermark": "-3.4028234663852886E+38",
                            "axis_right.2313185360.max_value": "3.4028234663852886E+38",
                            "axis_right.2313185360.min_value": "-3.4028234663852886E+38",
                            "id": "DU6SAVTAgAA",
                            "last_updated": "1.517446180689E+12",
                            "name": "github.ping() duration / count",
                            "plot_type": "LineChart",
                            "program_text": "data(\"taskcluster-github.api.ping.all.5m.count\", rollup=\"sum\", extrapolation=\"zero\").publish(label=\"count\")\ndata(\"taskcluster-github.api.ping.client-error.5m.count\", rollup=\"sum\", extrapolation=\"zero\").publish(label=\"client-errors\")\ndata(\"taskcluster-github.api.ping.server-error.5m.count\", rollup=\"sum\", extrapolation=\"zero\").publish(label=\"server-errors\")\ndata(\"taskcluster-github.api.ping.all.5m.max\", rollup=\"max\").publish(label=\"max\")\ndata(\"taskcluster-github.api.ping.all.5m.p99\", rollup=\"max\").publish(label=\"p99\")\ndata(\"taskcluster-github.api.ping.all.5m.p95\", rollup=\"max\").publish(label=\"p95\")\ndata(\"taskcluster-github.api.ping.all.5m.p75\", rollup=\"max\").publish(label=\"p75\")\ndata(\"taskcluster-github.api.ping.all.5m.p50\", rollup=\"max\").publish(label=\"p50\")\ndata(\"taskcluster-github.api.ping.all.5m.p25\", rollup=\"max\").publish(label=\"p25\")\ndata(\"taskcluster-github.api.ping.all.5m.min\", rollup=\"min\").publish(label=\"min\")\n",
                            "resource_url": "https://app.signalfx.com/#/chart/\u003cid\u003e",
                            "show_data_markers": "true",
                            "stacked": "false",
                            "synced": "true",
                            "time_range": "-1d",
                            "url": "https://app.signalfx.com/#/chart/DU6SAVTAgAA",
                            "viz_options.#": "10",
                            "viz_options.104843832.axis": "left",
                            "viz_options.104843832.color": "green",
                            "viz_options.104843832.label": "p50",
                            "viz_options.104843832.plot_type": "",
                            "viz_options.1086408202.axis": "left",
                            "viz_options.1086408202.color": "green",
                            "viz_options.1086408202.label": "min",
                            "viz_options.1086408202.plot_type": "",
                            "viz_options.167522665.axis": "left",
                            "viz_options.167522665.color": "brown",
                            "viz_options.167522665.label": "max",
                            "viz_options.167522665.plot_type": "AreaChart",
                            "viz_options.1961470473.axis": "right",
                            "viz_options.1961470473.color": "pink",
                            "viz_options.1961470473.label": "count",
                            "viz_options.1961470473.plot_type": "",
                            "viz_options.2128466923.axis": "left",
                            "viz_options.2128466923.color": "green",
                            "viz_options.2128466923.label": "p25",
                            "viz_options.2128466923.plot_type": "",
                            "viz_options.2210909955.axis": "right",
                            "viz_options.2210909955.color": "emerald",
                            "viz_options.2210909955.label": "client-errors",
                            "viz_options.2210909955.plot_type": "",
                            "viz_options.2636455216.axis": "left",
                            "viz_options.2636455216.color": "orange",
                            "viz_options.2636455216.label": "p99",
                            "viz_options.2636455216.plot_type": "",
                            "viz_options.2750596149.axis": "left",
                            "viz_options.2750596149.color": "yellow",
                            "viz_options.2750596149.label": "p95",
                            "viz_options.2750596149.plot_type": "",
                            "viz_options.3723831655.axis": "right",
                            "viz_options.3723831655.color": "brown",
                            "viz_options.3723831655.label": "server-errors",
                            "viz_options.3723831655.plot_type": "",
                            "viz_options.4202610054.axis": "left",
                            "viz_options.4202610054.color": "green",
                            "viz_options.4202610054.label": "p75",
                            "viz_options.4202610054.plot_type": ""
                        },
                        "meta": {},
                        "tainted": false
                    },
                    "deposed": [],
                    "provider": "provider.signalform"
                },
                "signalform_time_chart.github_pulse_pull-request": {
                    "type": "signalform_time_chart",
                    "depends_on": [],
                    "primary": {
                        "id": "DU6SB28AcAA",
                        "attributes": {
                            "axis_left.#": "1",
                            "axis_left.1687451994.high_watermark": "3.4028234663852886E+38",
                            "axis_left.1687451994.label": "duration (ms)",
                            "axis_left.1687451994.low_watermark": "-3.4028234663852886E+38",
                            "axis_left.1687451994.max_value": "3.4028234663852886E+38",
                            "axis_left.1687451994.min_value": "-3.4028234663852886E+38",
                            "axis_right.#": "1",
                            "axis_right.2805749534.high_watermark": "3.4028234663852886E+38",
                            "axis_right.2805749534.label": "messages",
                            "axis_right.2805749534.low_watermark": "-3.4028234663852886E+38",
                            "axis_right.2805749534.max_value": "3.4028234663852886E+38",
                            "axis_right.2805749534.min_value": "-3.4028234663852886E+38",
                            "id": "DU6SB28AcAA",
                            "last_updated": "1.517446183323E+12",
                            "name": "github - pull-request publish duration / messages",
                            "plot_type": "LineChart",
                            "program_text": "data(\"taskcluster-github.publisher.exchange/taskcluster-github/v1//pull-request.5m.count\", rollup=\"sum\", extrapolation=\"zero\").publish(label=\"messages\")\ndata(\"taskcluster-github.publisher.exchange/taskcluster-github/v1//pull-request.5m.max\", rollup=\"max\").publish(label=\"max\")\ndata(\"taskcluster-github.publisher.exchange/taskcluster-github/v1//pull-request.5m.p99\", rollup=\"max\").publish(label=\"p99\")\ndata(\"taskcluster-github.publisher.exchange/taskcluster-github/v1//pull-request.5m.p95\", rollup=\"max\").publish(label=\"p95\")\ndata(\"taskcluster-github.publisher.exchange/taskcluster-github/v1//pull-request.5m.p75\", rollup=\"max\").publish(label=\"p75\")\ndata(\"taskcluster-github.publisher.exchange/taskcluster-github/v1//pull-request.5m.p50\", rollup=\"max\").publish(label=\"p50\")\ndata(\"taskcluster-github.publisher.exchange/taskcluster-github/v1//pull-request.5m.p25\", rollup=\"max\").publish(label=\"p25\")\ndata(\"taskcluster-github.publisher.exchange/taskcluster-github/v1//pull-request.5m.min\", rollup=\"min\").publish(label=\"min\")\n",
                            "resource_url": "https://app.signalfx.com/#/chart/\u003cid\u003e",
                            "show_data_markers": "true",
                            "stacked": "false",
                            "synced": "true",
                            "time_range": "-1d",
                            "url": "https://app.signalfx.com/#/chart/DU6SB28AcAA",
                            "viz_options.#": "8",
                            "viz_options.104843832.axis": "left",
                            "viz_options.104843832.color": "green",
                            "viz_options.104843832.label": "p50",
                            "viz_options.104843832.plot_type": "",
                            "viz_options.1086408202.axis": "left",
                            "viz_options.1086408202.color": "green",
                            "viz_options.1086408202.label": "min",
                            "viz_options.1086408202.plot_type": "",
                            "viz_options.167522665.axis": "left",
                            "viz_options.167522665.color": "brown",
                            "viz_options.167522665.label": "max",
                            "viz_options.167522665.plot_type": "AreaChart",
                            "viz_options.2128466923.axis": "left",
                            "viz_options.2128466923.color": "green",
                            "viz_options.2128466923.label": "p25",
                            "viz_options.2128466923.plot_type": "",
                            "viz_options.2636455216.axis": "left",
                            "viz_options.2636455216.color": "orange",
                            "viz_options.2636455216.label": "p99",
                            "viz_options.2636455216.plot_type": "",
                            "viz_options.2750596149.axis": "left",
                            "viz_options.2750596149.color": "yellow",
                            "viz_options.2750596149.label": "p95",
                            "viz_options.2750596149.plot_type": "",
                            "viz_options.4124249296.axis": "right",
                            "viz_options.4124249296.color": "pink",
                            "viz_options.4124249296.label": "messages",
                            "viz_options.4124249296.plot_type": "",
                            "viz_options.4202610054.axis": "left",
                            "viz_options.4202610054.color": "green",
                            "viz_options.4202610054.label": "p75",
                            "viz_options.4202610054.plot_type": ""
                        },
                        "meta": {},
                        "tainted": false
                    },
                    "deposed": [],
                    "provider": "provider.signalform"
                },
                "signalform_time_chart.github_pulse_push": {
                    "type": "signalform_time_chart",
                    "depends_on": [],
                    "primary": {
                        "id": "DU6R_6CAcAA",
                        "attributes": {
                            "axis_left.#": "1",
                            "axis_left.1687451994.high_watermark": "3.4028234663852886E+38",
                            "axis_left.1687451994.label": "duration (ms)",
                            "axis_left.1687451994.low_watermark": "-3.4028234663852886E+38",
                            "axis_left.1687451994.max_value": "3.4028234663852886E+38",
                            "axis_left.1687451994.min_value": "-3.4028234663852886E+38",
                            "axis_right.#": "1",
                            "axis_right.2805749534.high_watermark": "3.4028234663852886E+38",
                            "axis_right.2805749534.label": "messages",
                            "axis_right.2805749534.low_watermark": "-3.4028234663852886E+38",
                            "axis_right.2805749534.max_value": "3.4028234663852886E+38",
                            "axis_right.2805749534.min_value": "-3.4028234663852886E+38",
                            "id": "DU6R_6CAcAA",
                            "last_updated": "1.517446182946E+12",
                            "name": "github - push publish duration / messages",
                            "plot_type": "LineChart",
                            "program_text": "data(\"taskcluster-github.publisher.exchange/taskcluster-github/v1//push.5m.count\", rollup=\"sum\", extrapolation=\"zero\").publish(label=\"messages\")\ndata(\"taskcluster-github.publisher.exchange/taskcluster-github/v1//push.5m.max\", rollup=\"max\").publish(label=\"max\")\ndata(\"taskcluster-github.publisher.exchange/taskcluster-github/v1//push.5m.p99\", rollup=\"max\").publish(label=\"p99\")\ndata(\"taskcluster-github.publisher.exchange/taskcluster-github/v1//push.5m.p95\", rollup=\"max\").publish(label=\"p95\")\ndata(\"taskcluster-github.publisher.exchange/taskcluster-github/v1//push.5m.p75\", rollup=\"max\").publish(label=\"p75\")\ndata(\"taskcluster-github.publisher.exchange/taskcluster-github/v1//push.5m.p50\", rollup=\"max\").publish(label=\"p50\")\ndata(\"taskcluster-github.publisher.exchange/taskcluster-github/v1//push.5m.p25\", rollup=\"max\").publish(label=\"p25\")\ndata(\"taskcluster-github.publisher.exchange/taskcluster-github/v1//push.5m.min\", rollup=\"min\").publish(label=\"min\")\n",
                            "resource_url": "https://app.signalfx.com/#/chart/\u003cid\u003e",
                            "show_data_markers": "true",
                            "stacked": "false",
                            "synced": "true",
                            "time_range": "-1d",
                            "url": "https://app.signalfx.com/#/chart/DU6R_6CAcAA",
                            "viz_options.#": "8",
                            "viz_options.104843832.axis": "left",
                            "viz_options.104843832.color": "green",
                            "viz_options.104843832.label": "p50",
                            "viz_options.104843832.plot_type": "",
                            "viz_options.1086408202.axis": "left",
                            "viz_options.1086408202.color": "green",
                            "viz_options.1086408202.label": "min",
                            "viz_options.1086408202.plot_type": "",
                            "viz_options.167522665.axis": "left",
                            "viz_options.167522665.color": "brown",
                            "viz_options.167522665.label": "max",
                            "viz_options.167522665.plot_type": "AreaChart",
                            "viz_options.2128466923.axis": "left",
                            "viz_options.2128466923.color": "green",
                            "viz_options.2128466923.label": "p25",
                            "viz_options.2128466923.plot_type": "",
                            "viz_options.2636455216.axis": "left",
                            "viz_options.2636455216.color": "orange",
                            "viz_options.2636455216.label": "p99",
                            "viz_options.2636455216.plot_type": "",
                            "viz_options.2750596149.axis": "left",
                            "viz_options.2750596149.color": "yellow",
                            "viz_options.2750596149.label": "p95",
                            "viz_options.2750596149.plot_type": "",
                            "viz_options.4124249296.axis": "right",
                            "viz_options.4124249296.color": "pink",
                            "viz_options.4124249296.label": "messages",
                            "viz_options.4124249296.plot_type": "",
                            "viz_options.4202610054.axis": "left",
                            "viz_options.4202610054.color": "green",
                            "viz_options.4202610054.label": "p75",
                            "viz_options.4202610054.plot_type": ""
                        },
                        "meta": {},
                        "tainted": false
                    },
                    "deposed": [],
                    "provider": "provider.signalform"
                },
                "signalform_time_chart.github_pulse_release": {
                    "type": "signalform_time_chart",
                    "depends_on": [],
                    "primary": {
                        "id": "DU6SBC9AYAA",
                        "attributes": {
                            "axis_left.#": "1",
                            "axis_left.1687451994.high_watermark": "3.4028234663852886E+38",
                            "axis_left.1687451994.label": "duration (ms)",
                            "axis_left.1687451994.low_watermark": "-3.4028234663852886E+38",
                            "axis_left.1687451994.max_value": "3.4028234663852886E+38",
                            "axis_left.1687451994.min_value": "-3.4028234663852886E+38",
                            "axis_right.#": "1",
                            "axis_right.2805749534.high_watermark": "3.4028234663852886E+38",
                            "axis_right.2805749534.label": "messages",
                            "axis_right.2805749534.low_watermark": "-3.4028234663852886E+38",
                            "axis_right.2805749534.max_value": "3.4028234663852886E+38",
                            "axis_right.2805749534.min_value": "-3.4028234663852886E+38",
                            "id": "DU6SBC9AYAA",
                            "last_updated": "1.517446185484E+12",
                            "name": "github - release publish duration / messages",
                            "plot_type": "LineChart",
                            "program_text": "data(\"taskcluster-github.publisher.exchange/taskcluster-github/v1//release.5m.count\", rollup=\"sum\", extrapolation=\"zero\").publish(label=\"messages\")\ndata(\"taskcluster-github.publisher.exchange/taskcluster-github/v1//release.5m.max\", rollup=\"max\").publish(label=\"max\")\ndata(\"taskcluster-github.publisher.exchange/taskcluster-github/v1//release.5m.p99\", rollup=\"max\").publish(label=\"p99\")\ndata(\"taskcluster-github.publisher.exchange/taskcluster-github/v1//release.5m.p95\", rollup=\"max\").publish(label=\"p95\")\ndata(\"taskcluster-github.publisher.exchange/taskcluster-github/v1//release.5m.p75\", rollup=\"max\").publish(label=\"p75\")\ndata(\"taskcluster-github.publisher.exchange/taskcluster-github/v1//release.5m.p50\", rollup=\"max\").publish(label=\"p50\")\ndata(\"taskcluster-github.publisher.exchange/taskcluster-github/v1//release.5m.p25\", rollup=\"max\").publish(label=\"p25\")\ndata(\"taskcluster-github.publisher.exchange/taskcluster-github/v1//release.5m.min\", rollup=\"min\").publish(label=\"min\")\n",
                            "resource_url": "https://app.signalfx.com/#/chart/\u003cid\u003e",
                            "show_data_markers": "true",
                            "stacked": "false",
                            "synced": "true",
                            "time_range": "-1d",
                            "url": "https://app.signalfx.com/#/chart/DU6SBC9AYAA",
                            "viz_options.#": "8",
                            "viz_options.104843832.axis": "left",
                            "viz_options.104843832.color": "green",
                            "viz_options.104843832.label": "p50",
                            "viz_options.104843832.plot_type": "",
                            "viz_options.1086408202.axis": "left",
                            "viz_options.1086408202.color": "green",
                            "viz_options.1086408202.label": "min",
                            "viz_options.1086408202.plot_type": "",
                            "viz_options.167522665.axis": "left",
                            "viz_options.167522665.color": "brown",
                            "viz_options.167522665.label": "max",
                            "viz_options.167522665.plot_type": "AreaChart",
                            "viz_options.2128466923.axis": "left",
                            "viz_options.2128466923.color": "green",
                            "viz_options.2128466923.label": "p25",
                            "viz_options.2128466923.plot_type": "",
                            "viz_options.2636455216.axis": "left",
                            "viz_options.2636455216.color": "orange",
                            "viz_options.2636455216.label": "p99",
                            "viz_options.2636455216.plot_type": "",
                            "viz_options.2750596149.axis": "left",
                            "viz_options.2750596149.color": "yellow",
                            "viz_options.2750596149.label": "p95",
                            "viz_options.2750596149.plot_type": "",
                            "viz_options.4124249296.axis": "right",
                            "viz_options.4124249296.color": "pink",
                            "viz_options.4124249296.label": "messages",
                            "viz_options.4124249296.plot_type": "",
                            "viz_options.4202610054.axis": "left",
                            "viz_options.4202610054.color": "green",
                            "viz_options.4202610054.label": "p75",
                            "viz_options.4202610054.plot_type": ""
                        },
                        "meta": {},
                        "tainted": false
                    },
                    "deposed": [],
                    "provider": "provider.signalform"
                },
                "signalform_time_chart.github_repository": {
                    "type": "signalform_time_chart",
                    "depends_on": [],
                    "primary": {
                        "id": "DU6R_NoAgAA",
                        "attributes": {
                            "axis_left.#": "1",
                            "axis_left.1687451994.high_watermark": "3.4028234663852886E+38",
                            "axis_left.1687451994.label": "duration (ms)",
                            "axis_left.1687451994.low_watermark": "-3.4028234663852886E+38",
                            "axis_left.1687451994.max_value": "3.4028234663852886E+38",
                            "axis_left.1687451994.min_value": "-3.4028234663852886E+38",
                            "axis_right.#": "1",
                            "axis_right.2313185360.high_watermark": "3.4028234663852886E+38",
                            "axis_right.2313185360.label": "requests",
                            "axis_right.2313185360.low_watermark": "-3.4028234663852886E+38",
                            "axis_right.2313185360.max_value": "3.4028234663852886E+38",
                            "axis_right.2313185360.min_value": "-3.4028234663852886E+38",
                            "id": "DU6R_NoAgAA",
                            "last_updated": "1.517446275425E+12",
                            "name": "github.repository() duration / count",
                            "plot_type": "LineChart",
                            "program_text": "data(\"taskcluster-github.api.repository.all.5m.count\", rollup=\"sum\", extrapolation=\"zero\").publish(label=\"count\")\ndata(\"taskcluster-github.api.repository.client-error.5m.count\", rollup=\"sum\", extrapolation=\"zero\").publish(label=\"client-errors\")\ndata(\"taskcluster-github.api.repository.server-error.5m.count\", rollup=\"sum\", extrapolation=\"zero\").publish(label=\"server-errors\")\ndata(\"taskcluster-github.api.repository.all.5m.max\", rollup=\"max\").publish(label=\"max\")\ndata(\"taskcluster-github.api.repository.all.5m.p99\", rollup=\"max\").publish(label=\"p99\")\ndata(\"taskcluster-github.api.repository.all.5m.p95\", rollup=\"max\").publish(label=\"p95\")\ndata(\"taskcluster-github.api.repository.all.5m.p75\", rollup=\"max\").publish(label=\"p75\")\ndata(\"taskcluster-github.api.repository.all.5m.p50\", rollup=\"max\").publish(label=\"p50\")\ndata(\"taskcluster-github.api.repository.all.5m.p25\", rollup=\"max\").publish(label=\"p25\")\ndata(\"taskcluster-github.api.repository.all.5m.min\", rollup=\"min\").publish(label=\"min\")\n",
                            "resource_url": "https://app.signalfx.com/#/chart/\u003cid\u003e",
                            "show_data_markers": "true",
                            "stacked": "false",
                            "synced": "true",
                            "time_range": "-1d",
                            "url": "https://app.signalfx.com/#/chart/DU6R_NoAgAA",
                            "viz_options.#": "10",
                            "viz_options.104843832.axis": "left",
                            "viz_options.104843832.color": "green",
                            "viz_options.104843832.label": "p50",
                            "viz_options.104843832.plot_type": "",
                            "viz_options.1086408202.axis": "left",
                            "viz_options.1086408202.color": "green",
                            "viz_options.1086408202.label": "min",
                            "viz_options.1086408202.plot_type": "",
                            "viz_options.167522665.axis": "left",
                            "viz_options.167522665.color": "brown",
                            "viz_options.167522665.label": "max",
                            "viz_options.167522665.plot_type": "AreaChart",
                            "viz_options.1961470473.axis": "right",
                            "viz_options.1961470473.color": "pink",
                            "viz_options.1961470473.label": "count",
                            "viz_options.1961470473.plot_type": "",
                            "viz_options.2128466923.axis": "left",
                            "viz_options.2128466923.color": "green",
                            "viz_options.2128466923.label": "p25",
                            "viz_options.2128466923.plot_type": "",
                            "viz_options.2210909955.axis": "right",
                            "viz_options.2210909955.color": "emerald",
                            "viz_options.2210909955.label": "client-errors",
                            "viz_options.2210909955.plot_type": "",
                            "viz_options.2636455216.axis": "left",
                            "viz_options.2636455216.color": "orange",
                            "viz_options.2636455216.label": "p99",
                            "viz_options.2636455216.plot_type": "",
                            "viz_options.2750596149.axis": "left",
                            "viz_options.2750596149.color": "yellow",
                            "viz_options.2750596149.label": "p95",
                            "viz_options.2750596149.plot_type": "",
                            "viz_options.3723831655.axis": "right",
                            "viz_options.3723831655.color": "brown",
                            "viz_options.3723831655.label": "server-errors",
                            "viz_options.3723831655.plot_type": "",
                            "viz_options.4202610054.axis": "left",
                            "viz_options.4202610054.color": "green",
                            "viz_options.4202610054.label": "p75",
                            "viz_options.4202610054.plot_type": ""
                        },
                        "meta": {},
                        "tainted": false
                    },
                    "deposed": [],
                    "provider": "provider.signalform"
                },
                "signalform_time_chart.hooks_createHook": {
                    "type": "signalform_time_chart",
                    "depends_on": [],
                    "primary": {
                        "id": "DU6R_skAYAA",
                        "attributes": {
                            "axis_left.#": "1",
                            "axis_left.1687451994.high_watermark": "3.4028234663852886E+38",
                            "axis_left.1687451994.label": "duration (ms)",
                            "axis_left.1687451994.low_watermark": "-3.4028234663852886E+38",
                            "axis_left.1687451994.max_value": "3.4028234663852886E+38",
                            "axis_left.1687451994.min_value": "-3.4028234663852886E+38",
                            "axis_right.#": "1",
                            "axis_right.2313185360.high_watermark": "3.4028234663852886E+38",
                            "axis_right.2313185360.label": "requests",
                            "axis_right.2313185360.low_watermark": "-3.4028234663852886E+38",
                            "axis_right.2313185360.max_value": "3.4028234663852886E+38",
                            "axis_right.2313185360.min_value": "-3.4028234663852886E+38",
                            "id": "DU6R_skAYAA",
                            "last_updated": "1.517446180959E+12",
                            "name": "hooks.createHook() duration / count",
                            "plot_type": "LineChart",
                            "program_text": "data(\"taskcluster-hooks.api.createHook.all.5m.count\", rollup=\"sum\", extrapolation=\"zero\").publish(label=\"count\")\ndata(\"taskcluster-hooks.api.createHook.client-error.5m.count\", rollup=\"sum\", extrapolation=\"zero\").publish(label=\"client-errors\")\ndata(\"taskcluster-hooks.api.createHook.server-error.5m.count\", rollup=\"sum\", extrapolation=\"zero\").publish(label=\"server-errors\")\ndata(\"taskcluster-hooks.api.createHook.all.5m.max\", rollup=\"max\").publish(label=\"max\")\ndata(\"taskcluster-hooks.api.createHook.all.5m.p99\", rollup=\"max\").publish(label=\"p99\")\ndata(\"taskcluster-hooks.api.createHook.all.5m.p95\", rollup=\"max\").publish(label=\"p95\")\ndata(\"taskcluster-hooks.api.createHook.all.5m.p75\", rollup=\"max\").publish(label=\"p75\")\ndata(\"taskcluster-hooks.api.createHook.all.5m.p50\", rollup=\"max\").publish(label=\"p50\")\ndata(\"taskcluster-hooks.api.createHook.all.5m.p25\", rollup=\"max\").publish(label=\"p25\")\ndata(\"taskcluster-hooks.api.createHook.all.5m.min\", rollup=\"min\").publish(label=\"min\")\n",
                            "resource_url": "https://app.signalfx.com/#/chart/\u003cid\u003e",
                            "show_data_markers": "true",
                            "stacked": "false",
                            "synced": "true",
                            "time_range": "-1d",
                            "url": "https://app.signalfx.com/#/chart/DU6R_skAYAA",
                            "viz_options.#": "10",
                            "viz_options.104843832.axis": "left",
                            "viz_options.104843832.color": "green",
                            "viz_options.104843832.label": "p50",
                            "viz_options.104843832.plot_type": "",
                            "viz_options.1086408202.axis": "left",
                            "viz_options.1086408202.color": "green",
                            "viz_options.1086408202.label": "min",
                            "viz_options.1086408202.plot_type": "",
                            "viz_options.167522665.axis": "left",
                            "viz_options.167522665.color": "brown",
                            "viz_options.167522665.label": "max",
                            "viz_options.167522665.plot_type": "AreaChart",
                            "viz_options.1961470473.axis": "right",
                            "viz_options.1961470473.color": "pink",
                            "viz_options.1961470473.label": "count",
                            "viz_options.1961470473.plot_type": "",
                            "viz_options.2128466923.axis": "left",
                            "viz_options.2128466923.color": "green",
                            "viz_options.2128466923.label": "p25",
                            "viz_options.2128466923.plot_type": "",
                            "viz_options.2210909955.axis": "right",
                            "viz_options.2210909955.color": "emerald",
                            "viz_options.2210909955.label": "client-errors",
                            "viz_options.2210909955.plot_type": "",
                            "viz_options.2636455216.axis": "left",
                            "viz_options.2636455216.color": "orange",
                            "viz_options.2636455216.label": "p99",
                            "viz_options.2636455216.plot_type": "",
                            "viz_options.2750596149.axis": "left",
                            "viz_options.2750596149.color": "yellow",
                            "viz_options.2750596149.label": "p95",
                            "viz_options.2750596149.plot_type": "",
                            "viz_options.3723831655.axis": "right",
                            "viz_options.3723831655.color": "brown",
                            "viz_options.3723831655.label": "server-errors",
                            "viz_options.3723831655.plot_type": "",
                            "viz_options.4202610054.axis": "left",
                            "viz_options.4202610054.color": "green",
                            "viz_options.4202610054.label": "p75",
                            "viz_options.4202610054.plot_type": ""
                        },
                        "meta": {},
                        "tainted": false
                    },
                    "deposed": [],
                    "provider": "provider.signalform"
                },
                "signalform_time_chart.hooks_getHookSchedule": {
                    "type": "signalform_time_chart",
                    "depends_on": [],
                    "primary": {
                        "id": "DU6SD94AcAA",
                        "attributes": {
                            "axis_left.#": "1",
                            "axis_left.1687451994.high_watermark": "3.4028234663852886E+38",
                            "axis_left.1687451994.label": "duration (ms)",
                            "axis_left.1687451994.low_watermark": "-3.4028234663852886E+38",
                            "axis_left.1687451994.max_value": "3.4028234663852886E+38",
                            "axis_left.1687451994.min_value": "-3.4028234663852886E+38",
                            "axis_right.#": "1",
                            "axis_right.2313185360.high_watermark": "3.4028234663852886E+38",
                            "axis_right.2313185360.label": "requests",
                            "axis_right.2313185360.low_watermark": "-3.4028234663852886E+38",
                            "axis_right.2313185360.max_value": "3.4028234663852886E+38",
                            "axis_right.2313185360.min_value": "-3.4028234663852886E+38",
                            "id": "DU6SD94AcAA",
                            "last_updated": "1.517446186702E+12",
                            "name": "hooks.getHookSchedule() duration / count",
                            "plot_type": "LineChart",
                            "program_text": "data(\"taskcluster-hooks.api.getHookSchedule.all.5m.count\", rollup=\"sum\", extrapolation=\"zero\").publish(label=\"count\")\ndata(\"taskcluster-hooks.api.getHookSchedule.client-error.5m.count\", rollup=\"sum\", extrapolation=\"zero\").publish(label=\"client-errors\")\ndata(\"taskcluster-hooks.api.getHookSchedule.server-error.5m.count\", rollup=\"sum\", extrapolation=\"zero\").publish(label=\"server-errors\")\ndata(\"taskcluster-hooks.api.getHookSchedule.all.5m.max\", rollup=\"max\").publish(label=\"max\")\ndata(\"taskcluster-hooks.api.getHookSchedule.all.5m.p99\", rollup=\"max\").publish(label=\"p99\")\ndata(\"taskcluster-hooks.api.getHookSchedule.all.5m.p95\", rollup=\"max\").publish(label=\"p95\")\ndata(\"taskcluster-hooks.api.getHookSchedule.all.5m.p75\", rollup=\"max\").publish(label=\"p75\")\ndata(\"taskcluster-hooks.api.getHookSchedule.all.5m.p50\", rollup=\"max\").publish(label=\"p50\")\ndata(\"taskcluster-hooks.api.getHookSchedule.all.5m.p25\", rollup=\"max\").publish(label=\"p25\")\ndata(\"taskcluster-hooks.api.getHookSchedule.all.5m.min\", rollup=\"min\").publish(label=\"min\")\n",
                            "resource_url": "https://app.signalfx.com/#/chart/\u003cid\u003e",
                            "show_data_markers": "true",
                            "stacked": "false",
                            "synced": "true",
                            "time_range": "-1d",
                            "url": "https://app.signalfx.com/#/chart/DU6SD94AcAA",
                            "viz_options.#": "10",
                            "viz_options.104843832.axis": "left",
                            "viz_options.104843832.color": "green",
                            "viz_options.104843832.label": "p50",
                            "viz_options.104843832.plot_type": "",
                            "viz_options.1086408202.axis": "left",
                            "viz_options.1086408202.color": "green",
                            "viz_options.1086408202.label": "min",
                            "viz_options.1086408202.plot_type": "",
                            "viz_options.167522665.axis": "left",
                            "viz_options.167522665.color": "brown",
                            "viz_options.167522665.label": "max",
                            "viz_options.167522665.plot_type": "AreaChart",
                            "viz_options.1961470473.axis": "right",
                            "viz_options.1961470473.color": "pink",
                            "viz_options.1961470473.label": "count",
                            "viz_options.1961470473.plot_type": "",
                            "viz_options.2128466923.axis": "left",
                            "viz_options.2128466923.color": "green",
                            "viz_options.2128466923.label": "p25",
                            "viz_options.2128466923.plot_type": "",
                            "viz_options.2210909955.axis": "right",
                            "viz_options.2210909955.color": "emerald",
                            "viz_options.2210909955.label": "client-errors",
                            "viz_options.2210909955.plot_type": "",
                            "viz_options.2636455216.axis": "left",
                            "viz_options.2636455216.color": "orange",
                            "viz_options.2636455216.label": "p99",
                            "viz_options.2636455216.plot_type": "",
                            "viz_options.2750596149.axis": "left",
                            "viz_options.2750596149.color": "yellow",
                            "viz_options.2750596149.label": "p95",
                            "viz_options.2750596149.plot_type": "",
                            "viz_options.3723831655.axis": "right",
                            "viz_options.3723831655.color": "brown",
                            "viz_options.3723831655.label": "server-errors",
                            "viz_options.3723831655.plot_type": "",
                            "viz_options.4202610054.axis": "left",
                            "viz_options.4202610054.color": "green",
                            "viz_options.4202610054.label": "p75",
                            "viz_options.4202610054.plot_type": ""
                        },
                        "meta": {},
                        "tainted": false
                    },
                    "deposed": [],
                    "provider": "provider.signalform"
                },
                "signalform_time_chart.hooks_getHookStatus": {
                    "type": "signalform_time_chart",
                    "depends_on": [],
                    "primary": {
                        "id": "DU6SBxlAYAA",
                        "attributes": {
                            "axis_left.#": "1",
                            "axis_left.1687451994.high_watermark": "3.4028234663852886E+38",
                            "axis_left.1687451994.label": "duration (ms)",
                            "axis_left.1687451994.low_watermark": "-3.4028234663852886E+38",
                            "axis_left.1687451994.max_value": "3.4028234663852886E+38",
                            "axis_left.1687451994.min_value": "-3.4028234663852886E+38",
                            "axis_right.#": "1",
                            "axis_right.2313185360.high_watermark": "3.4028234663852886E+38",
                            "axis_right.2313185360.label": "requests",
                            "axis_right.2313185360.low_watermark": "-3.4028234663852886E+38",
                            "axis_right.2313185360.max_value": "3.4028234663852886E+38",
                            "axis_right.2313185360.min_value": "-3.4028234663852886E+38",
                            "id": "DU6SBxlAYAA",
                            "last_updated": "1.517446181943E+12",
                            "name": "hooks.getHookStatus() duration / count",
                            "plot_type": "LineChart",
                            "program_text": "data(\"taskcluster-hooks.api.getHookStatus.all.5m.count\", rollup=\"sum\", extrapolation=\"zero\").publish(label=\"count\")\ndata(\"taskcluster-hooks.api.getHookStatus.client-error.5m.count\", rollup=\"sum\", extrapolation=\"zero\").publish(label=\"client-errors\")\ndata(\"taskcluster-hooks.api.getHookStatus.server-error.5m.count\", rollup=\"sum\", extrapolation=\"zero\").publish(label=\"server-errors\")\ndata(\"taskcluster-hooks.api.getHookStatus.all.5m.max\", rollup=\"max\").publish(label=\"max\")\ndata(\"taskcluster-hooks.api.getHookStatus.all.5m.p99\", rollup=\"max\").publish(label=\"p99\")\ndata(\"taskcluster-hooks.api.getHookStatus.all.5m.p95\", rollup=\"max\").publish(label=\"p95\")\ndata(\"taskcluster-hooks.api.getHookStatus.all.5m.p75\", rollup=\"max\").publish(label=\"p75\")\ndata(\"taskcluster-hooks.api.getHookStatus.all.5m.p50\", rollup=\"max\").publish(label=\"p50\")\ndata(\"taskcluster-hooks.api.getHookStatus.all.5m.p25\", rollup=\"max\").publish(label=\"p25\")\ndata(\"taskcluster-hooks.api.getHookStatus.all.5m.min\", rollup=\"min\").publish(label=\"min\")\n",
                            "resource_url": "https://app.signalfx.com/#/chart/\u003cid\u003e",
                            "show_data_markers": "true",
                            "stacked": "false",
                            "synced": "true",
                            "time_range": "-1d",
                            "url": "https://app.signalfx.com/#/chart/DU6SBxlAYAA",
                            "viz_options.#": "10",
                            "viz_options.104843832.axis": "left",
                            "viz_options.104843832.color": "green",
                            "viz_options.104843832.label": "p50",
                            "viz_options.104843832.plot_type": "",
                            "viz_options.1086408202.axis": "left",
                            "viz_options.1086408202.color": "green",
                            "viz_options.1086408202.label": "min",
                            "viz_options.1086408202.plot_type": "",
                            "viz_options.167522665.axis": "left",
                            "viz_options.167522665.color": "brown",
                            "viz_options.167522665.label": "max",
                            "viz_options.167522665.plot_type": "AreaChart",
                            "viz_options.1961470473.axis": "right",
                            "viz_options.1961470473.color": "pink",
                            "viz_options.1961470473.label": "count",
                            "viz_options.1961470473.plot_type": "",
                            "viz_options.2128466923.axis": "left",
                            "viz_options.2128466923.color": "green",
                            "viz_options.2128466923.label": "p25",
                            "viz_options.2128466923.plot_type": "",
                            "viz_options.2210909955.axis": "right",
                            "viz_options.2210909955.color": "emerald",
                            "viz_options.2210909955.label": "client-errors",
                            "viz_options.2210909955.plot_type": "",
                            "viz_options.2636455216.axis": "left",
                            "viz_options.2636455216.color": "orange",
                            "viz_options.2636455216.label": "p99",
                            "viz_options.2636455216.plot_type": "",
                            "viz_options.2750596149.axis": "left",
                            "viz_options.2750596149.color": "yellow",
                            "viz_options.2750596149.label": "p95",
                            "viz_options.2750596149.plot_type": "",
                            "viz_options.3723831655.axis": "right",
                            "viz_options.3723831655.color": "brown",
                            "viz_options.3723831655.label": "server-errors",
                            "viz_options.3723831655.plot_type": "",
                            "viz_options.4202610054.axis": "left",
                            "viz_options.4202610054.color": "green",
                            "viz_options.4202610054.label": "p75",
                            "viz_options.4202610054.plot_type": ""
                        },
                        "meta": {},
                        "tainted": false
                    },
                    "deposed": [],
                    "provider": "provider.signalform"
                },
                "signalform_time_chart.hooks_getTriggerToken": {
                    "type": "signalform_time_chart",
                    "depends_on": [],
                    "primary": {
                        "id": "DU6SDa1AgAA",
                        "attributes": {
                            "axis_left.#": "1",
                            "axis_left.1687451994.high_watermark": "3.4028234663852886E+38",
                            "axis_left.1687451994.label": "duration (ms)",
                            "axis_left.1687451994.low_watermark": "-3.4028234663852886E+38",
                            "axis_left.1687451994.max_value": "3.4028234663852886E+38",
                            "axis_left.1687451994.min_value": "-3.4028234663852886E+38",
                            "axis_right.#": "1",
                            "axis_right.2313185360.high_watermark": "3.4028234663852886E+38",
                            "axis_right.2313185360.label": "requests",
                            "axis_right.2313185360.low_watermark": "-3.4028234663852886E+38",
                            "axis_right.2313185360.max_value": "3.4028234663852886E+38",
                            "axis_right.2313185360.min_value": "-3.4028234663852886E+38",
                            "id": "DU6SDa1AgAA",
                            "last_updated": "1.517446185836E+12",
                            "name": "hooks.getTriggerToken() duration / count",
                            "plot_type": "LineChart",
                            "program_text": "data(\"taskcluster-hooks.api.getTriggerToken.all.5m.count\", rollup=\"sum\", extrapolation=\"zero\").publish(label=\"count\")\ndata(\"taskcluster-hooks.api.getTriggerToken.client-error.5m.count\", rollup=\"sum\", extrapolation=\"zero\").publish(label=\"client-errors\")\ndata(\"taskcluster-hooks.api.getTriggerToken.server-error.5m.count\", rollup=\"sum\", extrapolation=\"zero\").publish(label=\"server-errors\")\ndata(\"taskcluster-hooks.api.getTriggerToken.all.5m.max\", rollup=\"max\").publish(label=\"max\")\ndata(\"taskcluster-hooks.api.getTriggerToken.all.5m.p99\", rollup=\"max\").publish(label=\"p99\")\ndata(\"taskcluster-hooks.api.getTriggerToken.all.5m.p95\", rollup=\"max\").publish(label=\"p95\")\ndata(\"taskcluster-hooks.api.getTriggerToken.all.5m.p75\", rollup=\"max\").publish(label=\"p75\")\ndata(\"taskcluster-hooks.api.getTriggerToken.all.5m.p50\", rollup=\"max\").publish(label=\"p50\")\ndata(\"taskcluster-hooks.api.getTriggerToken.all.5m.p25\", rollup=\"max\").publish(label=\"p25\")\ndata(\"taskcluster-hooks.api.getTriggerToken.all.5m.min\", rollup=\"min\").publish(label=\"min\")\n",
                            "resource_url": "https://app.signalfx.com/#/chart/\u003cid\u003e",
                            "show_data_markers": "true",
                            "stacked": "false",
                            "synced": "true",
                            "time_range": "-1d",
                            "url": "https://app.signalfx.com/#/chart/DU6SDa1AgAA",
                            "viz_options.#": "10",
                            "viz_options.104843832.axis": "left",
                            "viz_options.104843832.color": "green",
                            "viz_options.104843832.label": "p50",
                            "viz_options.104843832.plot_type": "",
                            "viz_options.1086408202.axis": "left",
                            "viz_options.1086408202.color": "green",
                            "viz_options.1086408202.label": "min",
                            "viz_options.1086408202.plot_type": "",
                            "viz_options.167522665.axis": "left",
                            "viz_options.167522665.color": "brown",
                            "viz_options.167522665.label": "max",
                            "viz_options.167522665.plot_type": "AreaChart",
                            "viz_options.1961470473.axis": "right",
                            "viz_options.1961470473.color": "pink",
                            "viz_options.1961470473.label": "count",
                            "viz_options.1961470473.plot_type": "",
                            "viz_options.2128466923.axis": "left",
                            "viz_options.2128466923.color": "green",
                            "viz_options.2128466923.label": "p25",
                            "viz_options.2128466923.plot_type": "",
                            "viz_options.2210909955.axis": "right",
                            "viz_options.2210909955.color": "emerald",
                            "viz_options.2210909955.label": "client-errors",
                            "viz_options.2210909955.plot_type": "",
                            "viz_options.2636455216.axis": "left",
                            "viz_options.2636455216.color": "orange",
                            "viz_options.2636455216.label": "p99",
                            "viz_options.2636455216.plot_type": "",
                            "viz_options.2750596149.axis": "left",
                            "viz_options.2750596149.color": "yellow",
                            "viz_options.2750596149.label": "p95",
                            "viz_options.2750596149.plot_type": "",
                            "viz_options.3723831655.axis": "right",
                            "viz_options.3723831655.color": "brown",
                            "viz_options.3723831655.label": "server-errors",
                            "viz_options.3723831655.plot_type": "",
                            "viz_options.4202610054.axis": "left",
                            "viz_options.4202610054.color": "green",
                            "viz_options.4202610054.label": "p75",
                            "viz_options.4202610054.plot_type": ""
                        },
                        "meta": {},
                        "tainted": false
                    },
                    "deposed": [],
                    "provider": "provider.signalform"
                },
                "signalform_time_chart.hooks_hook": {
                    "type": "signalform_time_chart",
                    "depends_on": [],
                    "primary": {
                        "id": "DU6SA96AYAA",
                        "attributes": {
                            "axis_left.#": "1",
                            "axis_left.1687451994.high_watermark": "3.4028234663852886E+38",
                            "axis_left.1687451994.label": "duration (ms)",
                            "axis_left.1687451994.low_watermark": "-3.4028234663852886E+38",
                            "axis_left.1687451994.max_value": "3.4028234663852886E+38",
                            "axis_left.1687451994.min_value": "-3.4028234663852886E+38",
                            "axis_right.#": "1",
                            "axis_right.2313185360.high_watermark": "3.4028234663852886E+38",
                            "axis_right.2313185360.label": "requests",
                            "axis_right.2313185360.low_watermark": "-3.4028234663852886E+38",
                            "axis_right.2313185360.max_value": "3.4028234663852886E+38",
                            "axis_right.2313185360.min_value": "-3.4028234663852886E+38",
                            "id": "DU6SA96AYAA",
                            "last_updated": "1.517446184121E+12",
                            "name": "hooks.hook() duration / count",
                            "plot_type": "LineChart",
                            "program_text": "data(\"taskcluster-hooks.api.hook.all.5m.count\", rollup=\"sum\", extrapolation=\"zero\").publish(label=\"count\")\ndata(\"taskcluster-hooks.api.hook.client-error.5m.count\", rollup=\"sum\", extrapolation=\"zero\").publish(label=\"client-errors\")\ndata(\"taskcluster-hooks.api.hook.server-error.5m.count\", rollup=\"sum\", extrapolation=\"zero\").publish(label=\"server-errors\")\ndata(\"taskcluster-hooks.api.hook.all.5m.max\", rollup=\"max\").publish(label=\"max\")\ndata(\"taskcluster-hooks.api.hook.all.5m.p99\", rollup=\"max\").publish(label=\"p99\")\ndata(\"taskcluster-hooks.api.hook.all.5m.p95\", rollup=\"max\").publish(label=\"p95\")\ndata(\"taskcluster-hooks.api.hook.all.5m.p75\", rollup=\"max\").publish(label=\"p75\")\ndata(\"taskcluster-hooks.api.hook.all.5m.p50\", rollup=\"max\").publish(label=\"p50\")\ndata(\"taskcluster-hooks.api.hook.all.5m.p25\", rollup=\"max\").publish(label=\"p25\")\ndata(\"taskcluster-hooks.api.hook.all.5m.min\", rollup=\"min\").publish(label=\"min\")\n",
                            "resource_url": "https://app.signalfx.com/#/chart/\u003cid\u003e",
                            "show_data_markers": "true",
                            "stacked": "false",
                            "synced": "true",
                            "time_range": "-1d",
                            "url": "https://app.signalfx.com/#/chart/DU6SA96AYAA",
                            "viz_options.#": "10",
                            "viz_options.104843832.axis": "left",
                            "viz_options.104843832.color": "green",
                            "viz_options.104843832.label": "p50",
                            "viz_options.104843832.plot_type": "",
                            "viz_options.1086408202.axis": "left",
                            "viz_options.1086408202.color": "green",
                            "viz_options.1086408202.label": "min",
                            "viz_options.1086408202.plot_type": "",
                            "viz_options.167522665.axis": "left",
                            "viz_options.167522665.color": "brown",
                            "viz_options.167522665.label": "max",
                            "viz_options.167522665.plot_type": "AreaChart",
                            "viz_options.1961470473.axis": "right",
                            "viz_options.1961470473.color": "pink",
                            "viz_options.1961470473.label": "count",
                            "viz_options.1961470473.plot_type": "",
                            "viz_options.2128466923.axis": "left",
                            "viz_options.2128466923.color": "green",
                            "viz_options.2128466923.label": "p25",
                            "viz_options.2128466923.plot_type": "",
                            "viz_options.2210909955.axis": "right",
                            "viz_options.2210909955.color": "emerald",
                            "viz_options.2210909955.label": "client-errors",
                            "viz_options.2210909955.plot_type": "",
                            "viz_options.2636455216.axis": "left",
                            "viz_options.2636455216.color": "orange",
                            "viz_options.2636455216.label": "p99",
                            "viz_options.2636455216.plot_type": "",
                            "viz_options.2750596149.axis": "left",
                            "viz_options.2750596149.color": "yellow",
                            "viz_options.2750596149.label": "p95",
                            "viz_options.2750596149.plot_type": "",
                            "viz_options.3723831655.axis": "right",
                            "viz_options.3723831655.color": "brown",
                            "viz_options.3723831655.label": "server-errors",
                            "viz_options.3723831655.plot_type": "",
                            "viz_options.4202610054.axis": "left",
                            "viz_options.4202610054.color": "green",
                            "viz_options.4202610054.label": "p75",
                            "viz_options.4202610054.plot_type": ""
                        },
                        "meta": {},
                        "tainted": false
                    },
                    "deposed": [],
                    "provider": "provider.signalform"
                },
                "signalform_time_chart.hooks_listHookGroups": {
                    "type": "signalform_time_chart",
                    "depends_on": [],
                    "primary": {
                        "id": "DU6SBYTAgAA",
                        "attributes": {
                            "axis_left.#": "1",
                            "axis_left.1687451994.high_watermark": "3.4028234663852886E+38",
                            "axis_left.1687451994.label": "duration (ms)",
                            "axis_left.1687451994.low_watermark": "-3.4028234663852886E+38",
                            "axis_left.1687451994.max_value": "3.4028234663852886E+38",
                            "axis_left.1687451994.min_value": "-3.4028234663852886E+38",
                            "axis_right.#": "1",
                            "axis_right.2313185360.high_watermark": "3.4028234663852886E+38",
                            "axis_right.2313185360.label": "requests",
                            "axis_right.2313185360.low_watermark": "-3.4028234663852886E+38",
                            "axis_right.2313185360.max_value": "3.4028234663852886E+38",
                            "axis_right.2313185360.min_value": "-3.4028234663852886E+38",
                            "id": "DU6SBYTAgAA",
                            "last_updated": "1.51744618797E+12",
                            "name": "hooks.listHookGroups() duration / count",
                            "plot_type": "LineChart",
                            "program_text": "data(\"taskcluster-hooks.api.listHookGroups.all.5m.count\", rollup=\"sum\", extrapolation=\"zero\").publish(label=\"count\")\ndata(\"taskcluster-hooks.api.listHookGroups.client-error.5m.count\", rollup=\"sum\", extrapolation=\"zero\").publish(label=\"client-errors\")\ndata(\"taskcluster-hooks.api.listHookGroups.server-error.5m.count\", rollup=\"sum\", extrapolation=\"zero\").publish(label=\"server-errors\")\ndata(\"taskcluster-hooks.api.listHookGroups.all.5m.max\", rollup=\"max\").publish(label=\"max\")\ndata(\"taskcluster-hooks.api.listHookGroups.all.5m.p99\", rollup=\"max\").publish(label=\"p99\")\ndata(\"taskcluster-hooks.api.listHookGroups.all.5m.p95\", rollup=\"max\").publish(label=\"p95\")\ndata(\"taskcluster-hooks.api.listHookGroups.all.5m.p75\", rollup=\"max\").publish(label=\"p75\")\ndata(\"taskcluster-hooks.api.listHookGroups.all.5m.p50\", rollup=\"max\").publish(label=\"p50\")\ndata(\"taskcluster-hooks.api.listHookGroups.all.5m.p25\", rollup=\"max\").publish(label=\"p25\")\ndata(\"taskcluster-hooks.api.listHookGroups.all.5m.min\", rollup=\"min\").publish(label=\"min\")\n",
                            "resource_url": "https://app.signalfx.com/#/chart/\u003cid\u003e",
                            "show_data_markers": "true",
                            "stacked": "false",
                            "synced": "true",
                            "time_range": "-1d",
                            "url": "https://app.signalfx.com/#/chart/DU6SBYTAgAA",
                            "viz_options.#": "10",
                            "viz_options.104843832.axis": "left",
                            "viz_options.104843832.color": "green",
                            "viz_options.104843832.label": "p50",
                            "viz_options.104843832.plot_type": "",
                            "viz_options.1086408202.axis": "left",
                            "viz_options.1086408202.color": "green",
                            "viz_options.1086408202.label": "min",
                            "viz_options.1086408202.plot_type": "",
                            "viz_options.167522665.axis": "left",
                            "viz_options.167522665.color": "brown",
                            "viz_options.167522665.label": "max",
                            "viz_options.167522665.plot_type": "AreaChart",
                            "viz_options.1961470473.axis": "right",
                            "viz_options.1961470473.color": "pink",
                            "viz_options.1961470473.label": "count",
                            "viz_options.1961470473.plot_type": "",
                            "viz_options.2128466923.axis": "left",
                            "viz_options.2128466923.color": "green",
                            "viz_options.2128466923.label": "p25",
                            "viz_options.2128466923.plot_type": "",
                            "viz_options.2210909955.axis": "right",
                            "viz_options.2210909955.color": "emerald",
                            "viz_options.2210909955.label": "client-errors",
                            "viz_options.2210909955.plot_type": "",
                            "viz_options.2636455216.axis": "left",
                            "viz_options.2636455216.color": "orange",
                            "viz_options.2636455216.label": "p99",
                            "viz_options.2636455216.plot_type": "",
                            "viz_options.2750596149.axis": "left",
                            "viz_options.2750596149.color": "yellow",
                            "viz_options.2750596149.label": "p95",
                            "viz_options.2750596149.plot_type": "",
                            "viz_options.3723831655.axis": "right",
                            "viz_options.3723831655.color": "brown",
                            "viz_options.3723831655.label": "server-errors",
                            "viz_options.3723831655.plot_type": "",
                            "viz_options.4202610054.axis": "left",
                            "viz_options.4202610054.color": "green",
                            "viz_options.4202610054.label": "p75",
                            "viz_options.4202610054.plot_type": ""
                        },
                        "meta": {},
                        "tainted": false
                    },
                    "deposed": [],
                    "provider": "provider.signalform"
                },
                "signalform_time_chart.hooks_listHooks": {
                    "type": "signalform_time_chart",
                    "depends_on": [],
                    "primary": {
                        "id": "DU6SALuAYAA",
                        "attributes": {
                            "axis_left.#": "1",
                            "axis_left.1687451994.high_watermark": "3.4028234663852886E+38",
                            "axis_left.1687451994.label": "duration (ms)",
                            "axis_left.1687451994.low_watermark": "-3.4028234663852886E+38",
                            "axis_left.1687451994.max_value": "3.4028234663852886E+38",
                            "axis_left.1687451994.min_value": "-3.4028234663852886E+38",
                            "axis_right.#": "1",
                            "axis_right.2313185360.high_watermark": "3.4028234663852886E+38",
                            "axis_right.2313185360.label": "requests",
                            "axis_right.2313185360.low_watermark": "-3.4028234663852886E+38",
                            "axis_right.2313185360.max_value": "3.4028234663852886E+38",
                            "axis_right.2313185360.min_value": "-3.4028234663852886E+38",
                            "id": "DU6SALuAYAA",
                            "last_updated": "1.517446184521E+12",
                            "name": "hooks.listHooks() duration / count",
                            "plot_type": "LineChart",
                            "program_text": "data(\"taskcluster-hooks.api.listHooks.all.5m.count\", rollup=\"sum\", extrapolation=\"zero\").publish(label=\"count\")\ndata(\"taskcluster-hooks.api.listHooks.client-error.5m.count\", rollup=\"sum\", extrapolation=\"zero\").publish(label=\"client-errors\")\ndata(\"taskcluster-hooks.api.listHooks.server-error.5m.count\", rollup=\"sum\", extrapolation=\"zero\").publish(label=\"server-errors\")\ndata(\"taskcluster-hooks.api.listHooks.all.5m.max\", rollup=\"max\").publish(label=\"max\")\ndata(\"taskcluster-hooks.api.listHooks.all.5m.p99\", rollup=\"max\").publish(label=\"p99\")\ndata(\"taskcluster-hooks.api.listHooks.all.5m.p95\", rollup=\"max\").publish(label=\"p95\")\ndata(\"taskcluster-hooks.api.listHooks.all.5m.p75\", rollup=\"max\").publish(label=\"p75\")\ndata(\"taskcluster-hooks.api.listHooks.all.5m.p50\", rollup=\"max\").publish(label=\"p50\")\ndata(\"taskcluster-hooks.api.listHooks.all.5m.p25\", rollup=\"max\").publish(label=\"p25\")\ndata(\"taskcluster-hooks.api.listHooks.all.5m.min\", rollup=\"min\").publish(label=\"min\")\n",
                            "resource_url": "https://app.signalfx.com/#/chart/\u003cid\u003e",
                            "show_data_markers": "true",
                            "stacked": "false",
                            "synced": "true",
                            "time_range": "-1d",
                            "url": "https://app.signalfx.com/#/chart/DU6SALuAYAA",
                            "viz_options.#": "10",
                            "viz_options.104843832.axis": "left",
                            "viz_options.104843832.color": "green",
                            "viz_options.104843832.label": "p50",
                            "viz_options.104843832.plot_type": "",
                            "viz_options.1086408202.axis": "left",
                            "viz_options.1086408202.color": "green",
                            "viz_options.1086408202.label": "min",
                            "viz_options.1086408202.plot_type": "",
                            "viz_options.167522665.axis": "left",
                            "viz_options.167522665.color": "brown",
                            "viz_options.167522665.label": "max",
                            "viz_options.167522665.plot_type": "AreaChart",
                            "viz_options.1961470473.axis": "right",
                            "viz_options.1961470473.color": "pink",
                            "viz_options.1961470473.label": "count",
                            "viz_options.1961470473.plot_type": "",
                            "viz_options.2128466923.axis": "left",
                            "viz_options.2128466923.color": "green",
                            "viz_options.2128466923.label": "p25",
                            "viz_options.2128466923.plot_type": "",
                            "viz_options.2210909955.axis": "right",
                            "viz_options.2210909955.color": "emerald",
                            "viz_options.2210909955.label": "client-errors",
                            "viz_options.2210909955.plot_type": "",
                            "viz_options.2636455216.axis": "left",
                            "viz_options.2636455216.color": "orange",
                            "viz_options.2636455216.label": "p99",
                            "viz_options.2636455216.plot_type": "",
                            "viz_options.2750596149.axis": "left",
                            "viz_options.2750596149.color": "yellow",
                            "viz_options.2750596149.label": "p95",
                            "viz_options.2750596149.plot_type": "",
                            "viz_options.3723831655.axis": "right",
                            "viz_options.3723831655.color": "brown",
                            "viz_options.3723831655.label": "server-errors",
                            "viz_options.3723831655.plot_type": "",
                            "viz_options.4202610054.axis": "left",
                            "viz_options.4202610054.color": "green",
                            "viz_options.4202610054.label": "p75",
                            "viz_options.4202610054.plot_type": ""
                        },
                        "meta": {},
                        "tainted": false
                    },
                    "deposed": [],
                    "provider": "provider.signalform"
                },
                "signalform_time_chart.hooks_ping": {
                    "type": "signalform_time_chart",
                    "depends_on": [],
                    "primary": {
                        "id": "DU6SARtAcAA",
                        "attributes": {
                            "axis_left.#": "1",
                            "axis_left.1687451994.high_watermark": "3.4028234663852886E+38",
                            "axis_left.1687451994.label": "duration (ms)",
                            "axis_left.1687451994.low_watermark": "-3.4028234663852886E+38",
                            "axis_left.1687451994.max_value": "3.4028234663852886E+38",
                            "axis_left.1687451994.min_value": "-3.4028234663852886E+38",
                            "axis_right.#": "1",
                            "axis_right.2313185360.high_watermark": "3.4028234663852886E+38",
                            "axis_right.2313185360.label": "requests",
                            "axis_right.2313185360.low_watermark": "-3.4028234663852886E+38",
                            "axis_right.2313185360.max_value": "3.4028234663852886E+38",
                            "axis_right.2313185360.min_value": "-3.4028234663852886E+38",
                            "id": "DU6SARtAcAA",
                            "last_updated": "1.517446184003E+12",
                            "name": "hooks.ping() duration / count",
                            "plot_type": "LineChart",
                            "program_text": "data(\"taskcluster-hooks.api.ping.all.5m.count\", rollup=\"sum\", extrapolation=\"zero\").publish(label=\"count\")\ndata(\"taskcluster-hooks.api.ping.client-error.5m.count\", rollup=\"sum\", extrapolation=\"zero\").publish(label=\"client-errors\")\ndata(\"taskcluster-hooks.api.ping.server-error.5m.count\", rollup=\"sum\", extrapolation=\"zero\").publish(label=\"server-errors\")\ndata(\"taskcluster-hooks.api.ping.all.5m.max\", rollup=\"max\").publish(label=\"max\")\ndata(\"taskcluster-hooks.api.ping.all.5m.p99\", rollup=\"max\").publish(label=\"p99\")\ndata(\"taskcluster-hooks.api.ping.all.5m.p95\", rollup=\"max\").publish(label=\"p95\")\ndata(\"taskcluster-hooks.api.ping.all.5m.p75\", rollup=\"max\").publish(label=\"p75\")\ndata(\"taskcluster-hooks.api.ping.all.5m.p50\", rollup=\"max\").publish(label=\"p50\")\ndata(\"taskcluster-hooks.api.ping.all.5m.p25\", rollup=\"max\").publish(label=\"p25\")\ndata(\"taskcluster-hooks.api.ping.all.5m.min\", rollup=\"min\").publish(label=\"min\")\n",
                            "resource_url": "https://app.signalfx.com/#/chart/\u003cid\u003e",
                            "show_data_markers": "true",
                            "stacked": "false",
                            "synced": "true",
                            "time_range": "-1d",
                            "url": "https://app.signalfx.com/#/chart/DU6SARtAcAA",
                            "viz_options.#": "10",
                            "viz_options.104843832.axis": "left",
                            "viz_options.104843832.color": "green",
                            "viz_options.104843832.label": "p50",
                            "viz_options.104843832.plot_type": "",
                            "viz_options.1086408202.axis": "left",
                            "viz_options.1086408202.color": "green",
                            "viz_options.1086408202.label": "min",
                            "viz_options.1086408202.plot_type": "",
                            "viz_options.167522665.axis": "left",
                            "viz_options.167522665.color": "brown",
                            "viz_options.167522665.label": "max",
                            "viz_options.167522665.plot_type": "AreaChart",
                            "viz_options.1961470473.axis": "right",
                            "viz_options.1961470473.color": "pink",
                            "viz_options.1961470473.label": "count",
                            "viz_options.1961470473.plot_type": "",
                            "viz_options.2128466923.axis": "left",
                            "viz_options.2128466923.color": "green",
                            "viz_options.2128466923.label": "p25",
                            "viz_options.2128466923.plot_type": "",
                            "viz_options.2210909955.axis": "right",
                            "viz_options.2210909955.color": "emerald",
                            "viz_options.2210909955.label": "client-errors",
                            "viz_options.2210909955.plot_type": "",
                            "viz_options.2636455216.axis": "left",
                            "viz_options.2636455216.color": "orange",
                            "viz_options.2636455216.label": "p99",
                            "viz_options.2636455216.plot_type": "",
                            "viz_options.2750596149.axis": "left",
                            "viz_options.2750596149.color": "yellow",
                            "viz_options.2750596149.label": "p95",
                            "viz_options.2750596149.plot_type": "",
                            "viz_options.3723831655.axis": "right",
                            "viz_options.3723831655.color": "brown",
                            "viz_options.3723831655.label": "server-errors",
                            "viz_options.3723831655.plot_type": "",
                            "viz_options.4202610054.axis": "left",
                            "viz_options.4202610054.color": "green",
                            "viz_options.4202610054.label": "p75",
                            "viz_options.4202610054.plot_type": ""
                        },
                        "meta": {},
                        "tainted": false
                    },
                    "deposed": [],
                    "provider": "provider.signalform"
                },
                "signalform_time_chart.hooks_removeHook": {
                    "type": "signalform_time_chart",
                    "depends_on": [],
                    "primary": {
                        "id": "DU6SAogAgAA",
                        "attributes": {
                            "axis_left.#": "1",
                            "axis_left.1687451994.high_watermark": "3.4028234663852886E+38",
                            "axis_left.1687451994.label": "duration (ms)",
                            "axis_left.1687451994.low_watermark": "-3.4028234663852886E+38",
                            "axis_left.1687451994.max_value": "3.4028234663852886E+38",
                            "axis_left.1687451994.min_value": "-3.4028234663852886E+38",
                            "axis_right.#": "1",
                            "axis_right.2313185360.high_watermark": "3.4028234663852886E+38",
                            "axis_right.2313185360.label": "requests",
                            "axis_right.2313185360.low_watermark": "-3.4028234663852886E+38",
                            "axis_right.2313185360.max_value": "3.4028234663852886E+38",
                            "axis_right.2313185360.min_value": "-3.4028234663852886E+38",
                            "id": "DU6SAogAgAA",
                            "last_updated": "1.517446181939E+12",
                            "name": "hooks.removeHook() duration / count",
                            "plot_type": "LineChart",
                            "program_text": "data(\"taskcluster-hooks.api.removeHook.all.5m.count\", rollup=\"sum\", extrapolation=\"zero\").publish(label=\"count\")\ndata(\"taskcluster-hooks.api.removeHook.client-error.5m.count\", rollup=\"sum\", extrapolation=\"zero\").publish(label=\"client-errors\")\ndata(\"taskcluster-hooks.api.removeHook.server-error.5m.count\", rollup=\"sum\", extrapolation=\"zero\").publish(label=\"server-errors\")\ndata(\"taskcluster-hooks.api.removeHook.all.5m.max\", rollup=\"max\").publish(label=\"max\")\ndata(\"taskcluster-hooks.api.removeHook.all.5m.p99\", rollup=\"max\").publish(label=\"p99\")\ndata(\"taskcluster-hooks.api.removeHook.all.5m.p95\", rollup=\"max\").publish(label=\"p95\")\ndata(\"taskcluster-hooks.api.removeHook.all.5m.p75\", rollup=\"max\").publish(label=\"p75\")\ndata(\"taskcluster-hooks.api.removeHook.all.5m.p50\", rollup=\"max\").publish(label=\"p50\")\ndata(\"taskcluster-hooks.api.removeHook.all.5m.p25\", rollup=\"max\").publish(label=\"p25\")\ndata(\"taskcluster-hooks.api.removeHook.all.5m.min\", rollup=\"min\").publish(label=\"min\")\n",
                            "resource_url": "https://app.signalfx.com/#/chart/\u003cid\u003e",
                            "show_data_markers": "true",
                            "stacked": "false",
                            "synced": "true",
                            "time_range": "-1d",
                            "url": "https://app.signalfx.com/#/chart/DU6SAogAgAA",
                            "viz_options.#": "10",
                            "viz_options.104843832.axis": "left",
                            "viz_options.104843832.color": "green",
                            "viz_options.104843832.label": "p50",
                            "viz_options.104843832.plot_type": "",
                            "viz_options.1086408202.axis": "left",
                            "viz_options.1086408202.color": "green",
                            "viz_options.1086408202.label": "min",
                            "viz_options.1086408202.plot_type": "",
                            "viz_options.167522665.axis": "left",
                            "viz_options.167522665.color": "brown",
                            "viz_options.167522665.label": "max",
                            "viz_options.167522665.plot_type": "AreaChart",
                            "viz_options.1961470473.axis": "right",
                            "viz_options.1961470473.color": "pink",
                            "viz_options.1961470473.label": "count",
                            "viz_options.1961470473.plot_type": "",
                            "viz_options.2128466923.axis": "left",
                            "viz_options.2128466923.color": "green",
                            "viz_options.2128466923.label": "p25",
                            "viz_options.2128466923.plot_type": "",
                            "viz_options.2210909955.axis": "right",
                            "viz_options.2210909955.color": "emerald",
                            "viz_options.2210909955.label": "client-errors",
                            "viz_options.2210909955.plot_type": "",
                            "viz_options.2636455216.axis": "left",
                            "viz_options.2636455216.color": "orange",
                            "viz_options.2636455216.label": "p99",
                            "viz_options.2636455216.plot_type": "",
                            "viz_options.2750596149.axis": "left",
                            "viz_options.2750596149.color": "yellow",
                            "viz_options.2750596149.label": "p95",
                            "viz_options.2750596149.plot_type": "",
                            "viz_options.3723831655.axis": "right",
                            "viz_options.3723831655.color": "brown",
                            "viz_options.3723831655.label": "server-errors",
                            "viz_options.3723831655.plot_type": "",
                            "viz_options.4202610054.axis": "left",
                            "viz_options.4202610054.color": "green",
                            "viz_options.4202610054.label": "p75",
                            "viz_options.4202610054.plot_type": ""
                        },
                        "meta": {},
                        "tainted": false
                    },
                    "deposed": [],
                    "provider": "provider.signalform"
                },
                "signalform_time_chart.hooks_resetTriggerToken": {
                    "type": "signalform_time_chart",
                    "depends_on": [],
                    "primary": {
                        "id": "DU6SB2XAgAA",
                        "attributes": {
                            "axis_left.#": "1",
                            "axis_left.1687451994.high_watermark": "3.4028234663852886E+38",
                            "axis_left.1687451994.label": "duration (ms)",
                            "axis_left.1687451994.low_watermark": "-3.4028234663852886E+38",
                            "axis_left.1687451994.max_value": "3.4028234663852886E+38",
                            "axis_left.1687451994.min_value": "-3.4028234663852886E+38",
                            "axis_right.#": "1",
                            "axis_right.2313185360.high_watermark": "3.4028234663852886E+38",
                            "axis_right.2313185360.label": "requests",
                            "axis_right.2313185360.low_watermark": "-3.4028234663852886E+38",
                            "axis_right.2313185360.max_value": "3.4028234663852886E+38",
                            "axis_right.2313185360.min_value": "-3.4028234663852886E+38",
                            "id": "DU6SB2XAgAA",
                            "last_updated": "1.51744627428E+12",
                            "name": "hooks.resetTriggerToken() duration / count",
                            "plot_type": "LineChart",
                            "program_text": "data(\"taskcluster-hooks.api.resetTriggerToken.all.5m.count\", rollup=\"sum\", extrapolation=\"zero\").publish(label=\"count\")\ndata(\"taskcluster-hooks.api.resetTriggerToken.client-error.5m.count\", rollup=\"sum\", extrapolation=\"zero\").publish(label=\"client-errors\")\ndata(\"taskcluster-hooks.api.resetTriggerToken.server-error.5m.count\", rollup=\"sum\", extrapolation=\"zero\").publish(label=\"server-errors\")\ndata(\"taskcluster-hooks.api.resetTriggerToken.all.5m.max\", rollup=\"max\").publish(label=\"max\")\ndata(\"taskcluster-hooks.api.resetTriggerToken.all.5m.p99\", rollup=\"max\").publish(label=\"p99\")\ndata(\"taskcluster-hooks.api.resetTriggerToken.all.5m.p95\", rollup=\"max\").publish(label=\"p95\")\ndata(\"taskcluster-hooks.api.resetTriggerToken.all.5m.p75\", rollup=\"max\").publish(label=\"p75\")\ndata(\"taskcluster-hooks.api.resetTriggerToken.all.5m.p50\", rollup=\"max\").publish(label=\"p50\")\ndata(\"taskcluster-hooks.api.resetTriggerToken.all.5m.p25\", rollup=\"max\").publish(label=\"p25\")\ndata(\"taskcluster-hooks.api.resetTriggerToken.all.5m.min\", rollup=\"min\").publish(label=\"min\")\n",
                            "resource_url": "https://app.signalfx.com/#/chart/\u003cid\u003e",
                            "show_data_markers": "true",
                            "stacked": "false",
                            "synced": "true",
                            "time_range": "-1d",
                            "url": "https://app.signalfx.com/#/chart/DU6SB2XAgAA",
                            "viz_options.#": "10",
                            "viz_options.104843832.axis": "left",
                            "viz_options.104843832.color": "green",
                            "viz_options.104843832.label": "p50",
                            "viz_options.104843832.plot_type": "",
                            "viz_options.1086408202.axis": "left",
                            "viz_options.1086408202.color": "green",
                            "viz_options.1086408202.label": "min",
                            "viz_options.1086408202.plot_type": "",
                            "viz_options.167522665.axis": "left",
                            "viz_options.167522665.color": "brown",
                            "viz_options.167522665.label": "max",
                            "viz_options.167522665.plot_type": "AreaChart",
                            "viz_options.1961470473.axis": "right",
                            "viz_options.1961470473.color": "pink",
                            "viz_options.1961470473.label": "count",
                            "viz_options.1961470473.plot_type": "",
                            "viz_options.2128466923.axis": "left",
                            "viz_options.2128466923.color": "green",
                            "viz_options.2128466923.label": "p25",
                            "viz_options.2128466923.plot_type": "",
                            "viz_options.2210909955.axis": "right",
                            "viz_options.2210909955.color": "emerald",
                            "viz_options.2210909955.label": "client-errors",
                            "viz_options.2210909955.plot_type": "",
                            "viz_options.2636455216.axis": "left",
                            "viz_options.2636455216.color": "orange",
                            "viz_options.2636455216.label": "p99",
                            "viz_options.2636455216.plot_type": "",
                            "viz_options.2750596149.axis": "left",
                            "viz_options.2750596149.color": "yellow",
                            "viz_options.2750596149.label": "p95",
                            "viz_options.2750596149.plot_type": "",
                            "viz_options.3723831655.axis": "right",
                            "viz_options.3723831655.color": "brown",
                            "viz_options.3723831655.label": "server-errors",
                            "viz_options.3723831655.plot_type": "",
                            "viz_options.4202610054.axis": "left",
                            "viz_options.4202610054.color": "green",
                            "viz_options.4202610054.label": "p75",
                            "viz_options.4202610054.plot_type": ""
                        },
                        "meta": {},
                        "tainted": false
                    },
                    "deposed": [],
                    "provider": "provider.signalform"
                },
                "signalform_time_chart.hooks_triggerHook": {
                    "type": "signalform_time_chart",
                    "depends_on": [],
                    "primary": {
                        "id": "DU6SASaAgAA",
                        "attributes": {
                            "axis_left.#": "1",
                            "axis_left.1687451994.high_watermark": "3.4028234663852886E+38",
                            "axis_left.1687451994.label": "duration (ms)",
                            "axis_left.1687451994.low_watermark": "-3.4028234663852886E+38",
                            "axis_left.1687451994.max_value": "3.4028234663852886E+38",
                            "axis_left.1687451994.min_value": "-3.4028234663852886E+38",
                            "axis_right.#": "1",
                            "axis_right.2313185360.high_watermark": "3.4028234663852886E+38",
                            "axis_right.2313185360.label": "requests",
                            "axis_right.2313185360.low_watermark": "-3.4028234663852886E+38",
                            "axis_right.2313185360.max_value": "3.4028234663852886E+38",
                            "axis_right.2313185360.min_value": "-3.4028234663852886E+38",
                            "id": "DU6SASaAgAA",
                            "last_updated": "1.517446184329E+12",
                            "name": "hooks.triggerHook() duration / count",
                            "plot_type": "LineChart",
                            "program_text": "data(\"taskcluster-hooks.api.triggerHook.all.5m.count\", rollup=\"sum\", extrapolation=\"zero\").publish(label=\"count\")\ndata(\"taskcluster-hooks.api.triggerHook.client-error.5m.count\", rollup=\"sum\", extrapolation=\"zero\").publish(label=\"client-errors\")\ndata(\"taskcluster-hooks.api.triggerHook.server-error.5m.count\", rollup=\"sum\", extrapolation=\"zero\").publish(label=\"server-errors\")\ndata(\"taskcluster-hooks.api.triggerHook.all.5m.max\", rollup=\"max\").publish(label=\"max\")\ndata(\"taskcluster-hooks.api.triggerHook.all.5m.p99\", rollup=\"max\").publish(label=\"p99\")\ndata(\"taskcluster-hooks.api.triggerHook.all.5m.p95\", rollup=\"max\").publish(label=\"p95\")\ndata(\"taskcluster-hooks.api.triggerHook.all.5m.p75\", rollup=\"max\").publish(label=\"p75\")\ndata(\"taskcluster-hooks.api.triggerHook.all.5m.p50\", rollup=\"max\").publish(label=\"p50\")\ndata(\"taskcluster-hooks.api.triggerHook.all.5m.p25\", rollup=\"max\").publish(label=\"p25\")\ndata(\"taskcluster-hooks.api.triggerHook.all.5m.min\", rollup=\"min\").publish(label=\"min\")\n",
                            "resource_url": "https://app.signalfx.com/#/chart/\u003cid\u003e",
                            "show_data_markers": "true",
                            "stacked": "false",
                            "synced": "true",
                            "time_range": "-1d",
                            "url": "https://app.signalfx.com/#/chart/DU6SASaAgAA",
                            "viz_options.#": "10",
                            "viz_options.104843832.axis": "left",
                            "viz_options.104843832.color": "green",
                            "viz_options.104843832.label": "p50",
                            "viz_options.104843832.plot_type": "",
                            "viz_options.1086408202.axis": "left",
                            "viz_options.1086408202.color": "green",
                            "viz_options.1086408202.label": "min",
                            "viz_options.1086408202.plot_type": "",
                            "viz_options.167522665.axis": "left",
                            "viz_options.167522665.color": "brown",
                            "viz_options.167522665.label": "max",
                            "viz_options.167522665.plot_type": "AreaChart",
                            "viz_options.1961470473.axis": "right",
                            "viz_options.1961470473.color": "pink",
                            "viz_options.1961470473.label": "count",
                            "viz_options.1961470473.plot_type": "",
                            "viz_options.2128466923.axis": "left",
                            "viz_options.2128466923.color": "green",
                            "viz_options.2128466923.label": "p25",
                            "viz_options.2128466923.plot_type": "",
                            "viz_options.2210909955.axis": "right",
                            "viz_options.2210909955.color": "emerald",
                            "viz_options.2210909955.label": "client-errors",
                            "viz_options.2210909955.plot_type": "",
                            "viz_options.2636455216.axis": "left",
                            "viz_options.2636455216.color": "orange",
                            "viz_options.2636455216.label": "p99",
                            "viz_options.2636455216.plot_type": "",
                            "viz_options.2750596149.axis": "left",
                            "viz_options.2750596149.color": "yellow",
                            "viz_options.2750596149.label": "p95",
                            "viz_options.2750596149.plot_type": "",
                            "viz_options.3723831655.axis": "right",
                            "viz_options.3723831655.color": "brown",
                            "viz_options.3723831655.label": "server-errors",
                            "viz_options.3723831655.plot_type": "",
                            "viz_options.4202610054.axis": "left",
                            "viz_options.4202610054.color": "green",
                            "viz_options.4202610054.label": "p75",
                            "viz_options.4202610054.plot_type": ""
                        },
                        "meta": {},
                        "tainted": false
                    },
                    "deposed": [],
                    "provider": "provider.signalform"
                },
                "signalform_time_chart.hooks_triggerHookWithToken": {
                    "type": "signalform_time_chart",
                    "depends_on": [],
                    "primary": {
                        "id": "DU6SAVaAgAA",
                        "attributes": {
                            "axis_left.#": "1",
                            "axis_left.1687451994.high_watermark": "3.4028234663852886E+38",
                            "axis_left.1687451994.label": "duration (ms)",
                            "axis_left.1687451994.low_watermark": "-3.4028234663852886E+38",
                            "axis_left.1687451994.max_value": "3.4028234663852886E+38",
                            "axis_left.1687451994.min_value": "-3.4028234663852886E+38",
                            "axis_right.#": "1",
                            "axis_right.2313185360.high_watermark": "3.4028234663852886E+38",
                            "axis_right.2313185360.label": "requests",
                            "axis_right.2313185360.low_watermark": "-3.4028234663852886E+38",
                            "axis_right.2313185360.max_value": "3.4028234663852886E+38",
                            "axis_right.2313185360.min_value": "-3.4028234663852886E+38",
                            "id": "DU6SAVaAgAA",
                            "last_updated": "1.517446184651E+12",
                            "name": "hooks.triggerHookWithToken() duration / count",
                            "plot_type": "LineChart",
                            "program_text": "data(\"taskcluster-hooks.api.triggerHookWithToken.all.5m.count\", rollup=\"sum\", extrapolation=\"zero\").publish(label=\"count\")\ndata(\"taskcluster-hooks.api.triggerHookWithToken.client-error.5m.count\", rollup=\"sum\", extrapolation=\"zero\").publish(label=\"client-errors\")\ndata(\"taskcluster-hooks.api.triggerHookWithToken.server-error.5m.count\", rollup=\"sum\", extrapolation=\"zero\").publish(label=\"server-errors\")\ndata(\"taskcluster-hooks.api.triggerHookWithToken.all.5m.max\", rollup=\"max\").publish(label=\"max\")\ndata(\"taskcluster-hooks.api.triggerHookWithToken.all.5m.p99\", rollup=\"max\").publish(label=\"p99\")\ndata(\"taskcluster-hooks.api.triggerHookWithToken.all.5m.p95\", rollup=\"max\").publish(label=\"p95\")\ndata(\"taskcluster-hooks.api.triggerHookWithToken.all.5m.p75\", rollup=\"max\").publish(label=\"p75\")\ndata(\"taskcluster-hooks.api.triggerHookWithToken.all.5m.p50\", rollup=\"max\").publish(label=\"p50\")\ndata(\"taskcluster-hooks.api.triggerHookWithToken.all.5m.p25\", rollup=\"max\").publish(label=\"p25\")\ndata(\"taskcluster-hooks.api.triggerHookWithToken.all.5m.min\", rollup=\"min\").publish(label=\"min\")\n",
                            "resource_url": "https://app.signalfx.com/#/chart/\u003cid\u003e",
                            "show_data_markers": "true",
                            "stacked": "false",
                            "synced": "true",
                            "time_range": "-1d",
                            "url": "https://app.signalfx.com/#/chart/DU6SAVaAgAA",
                            "viz_options.#": "10",
                            "viz_options.104843832.axis": "left",
                            "viz_options.104843832.color": "green",
                            "viz_options.104843832.label": "p50",
                            "viz_options.104843832.plot_type": "",
                            "viz_options.1086408202.axis": "left",
                            "viz_options.1086408202.color": "green",
                            "viz_options.1086408202.label": "min",
                            "viz_options.1086408202.plot_type": "",
                            "viz_options.167522665.axis": "left",
                            "viz_options.167522665.color": "brown",
                            "viz_options.167522665.label": "max",
                            "viz_options.167522665.plot_type": "AreaChart",
                            "viz_options.1961470473.axis": "right",
                            "viz_options.1961470473.color": "pink",
                            "viz_options.1961470473.label": "count",
                            "viz_options.1961470473.plot_type": "",
                            "viz_options.2128466923.axis": "left",
                            "viz_options.2128466923.color": "green",
                            "viz_options.2128466923.label": "p25",
                            "viz_options.2128466923.plot_type": "",
                            "viz_options.2210909955.axis": "right",
                            "viz_options.2210909955.color": "emerald",
                            "viz_options.2210909955.label": "client-errors",
                            "viz_options.2210909955.plot_type": "",
                            "viz_options.2636455216.axis": "left",
                            "viz_options.2636455216.color": "orange",
                            "viz_options.2636455216.label": "p99",
                            "viz_options.2636455216.plot_type": "",
                            "viz_options.2750596149.axis": "left",
                            "viz_options.2750596149.color": "yellow",
                            "viz_options.2750596149.label": "p95",
                            "viz_options.2750596149.plot_type": "",
                            "viz_options.3723831655.axis": "right",
                            "viz_options.3723831655.color": "brown",
                            "viz_options.3723831655.label": "server-errors",
                            "viz_options.3723831655.plot_type": "",
                            "viz_options.4202610054.axis": "left",
                            "viz_options.4202610054.color": "green",
                            "viz_options.4202610054.label": "p75",
                            "viz_options.4202610054.plot_type": ""
                        },
                        "meta": {},
                        "tainted": false
                    },
                    "deposed": [],
                    "provider": "provider.signalform"
                },
                "signalform_time_chart.hooks_updateHook": {
                    "type": "signalform_time_chart",
                    "depends_on": [],
                    "primary": {
                        "id": "DU6SCOBAYAA",
                        "attributes": {
                            "axis_left.#": "1",
                            "axis_left.1687451994.high_watermark": "3.4028234663852886E+38",
                            "axis_left.1687451994.label": "duration (ms)",
                            "axis_left.1687451994.low_watermark": "-3.4028234663852886E+38",
                            "axis_left.1687451994.max_value": "3.4028234663852886E+38",
                            "axis_left.1687451994.min_value": "-3.4028234663852886E+38",
                            "axis_right.#": "1",
                            "axis_right.2313185360.high_watermark": "3.4028234663852886E+38",
                            "axis_right.2313185360.label": "requests",
                            "axis_right.2313185360.low_watermark": "-3.4028234663852886E+38",
                            "axis_right.2313185360.max_value": "3.4028234663852886E+38",
                            "axis_right.2313185360.min_value": "-3.4028234663852886E+38",
                            "id": "DU6SCOBAYAA",
                            "last_updated": "1.517446186241E+12",
                            "name": "hooks.updateHook() duration / count",
                            "plot_type": "LineChart",
                            "program_text": "data(\"taskcluster-hooks.api.updateHook.all.5m.count\", rollup=\"sum\", extrapolation=\"zero\").publish(label=\"count\")\ndata(\"taskcluster-hooks.api.updateHook.client-error.5m.count\", rollup=\"sum\", extrapolation=\"zero\").publish(label=\"client-errors\")\ndata(\"taskcluster-hooks.api.updateHook.server-error.5m.count\", rollup=\"sum\", extrapolation=\"zero\").publish(label=\"server-errors\")\ndata(\"taskcluster-hooks.api.updateHook.all.5m.max\", rollup=\"max\").publish(label=\"max\")\ndata(\"taskcluster-hooks.api.updateHook.all.5m.p99\", rollup=\"max\").publish(label=\"p99\")\ndata(\"taskcluster-hooks.api.updateHook.all.5m.p95\", rollup=\"max\").publish(label=\"p95\")\ndata(\"taskcluster-hooks.api.updateHook.all.5m.p75\", rollup=\"max\").publish(label=\"p75\")\ndata(\"taskcluster-hooks.api.updateHook.all.5m.p50\", rollup=\"max\").publish(label=\"p50\")\ndata(\"taskcluster-hooks.api.updateHook.all.5m.p25\", rollup=\"max\").publish(label=\"p25\")\ndata(\"taskcluster-hooks.api.updateHook.all.5m.min\", rollup=\"min\").publish(label=\"min\")\n",
                            "resource_url": "https://app.signalfx.com/#/chart/\u003cid\u003e",
                            "show_data_markers": "true",
                            "stacked": "false",
                            "synced": "true",
                            "time_range": "-1d",
                            "url": "https://app.signalfx.com/#/chart/DU6SCOBAYAA",
                            "viz_options.#": "10",
                            "viz_options.104843832.axis": "left",
                            "viz_options.104843832.color": "green",
                            "viz_options.104843832.label": "p50",
                            "viz_options.104843832.plot_type": "",
                            "viz_options.1086408202.axis": "left",
                            "viz_options.1086408202.color": "green",
                            "viz_options.1086408202.label": "min",
                            "viz_options.1086408202.plot_type": "",
                            "viz_options.167522665.axis": "left",
                            "viz_options.167522665.color": "brown",
                            "viz_options.167522665.label": "max",
                            "viz_options.167522665.plot_type": "AreaChart",
                            "viz_options.1961470473.axis": "right",
                            "viz_options.1961470473.color": "pink",
                            "viz_options.1961470473.label": "count",
                            "viz_options.1961470473.plot_type": "",
                            "viz_options.2128466923.axis": "left",
                            "viz_options.2128466923.color": "green",
                            "viz_options.2128466923.label": "p25",
                            "viz_options.2128466923.plot_type": "",
                            "viz_options.2210909955.axis": "right",
                            "viz_options.2210909955.color": "emerald",
                            "viz_options.2210909955.label": "client-errors",
                            "viz_options.2210909955.plot_type": "",
                            "viz_options.2636455216.axis": "left",
                            "viz_options.2636455216.color": "orange",
                            "viz_options.2636455216.label": "p99",
                            "viz_options.2636455216.plot_type": "",
                            "viz_options.2750596149.axis": "left",
                            "viz_options.2750596149.color": "yellow",
                            "viz_options.2750596149.label": "p95",
                            "viz_options.2750596149.plot_type": "",
                            "viz_options.3723831655.axis": "right",
                            "viz_options.3723831655.color": "brown",
                            "viz_options.3723831655.label": "server-errors",
                            "viz_options.3723831655.plot_type": "",
                            "viz_options.4202610054.axis": "left",
                            "viz_options.4202610054.color": "green",
                            "viz_options.4202610054.label": "p75",
                            "viz_options.4202610054.plot_type": ""
                        },
                        "meta": {},
                        "tainted": false
                    },
                    "deposed": [],
                    "provider": "provider.signalform"
                },
                "signalform_time_chart.index_findArtifactFromTask": {
                    "type": "signalform_time_chart",
                    "depends_on": [],
                    "primary": {
                        "id": "DU6R__UAcAA",
                        "attributes": {
                            "axis_left.#": "1",
                            "axis_left.1687451994.high_watermark": "3.4028234663852886E+38",
                            "axis_left.1687451994.label": "duration (ms)",
                            "axis_left.1687451994.low_watermark": "-3.4028234663852886E+38",
                            "axis_left.1687451994.max_value": "3.4028234663852886E+38",
                            "axis_left.1687451994.min_value": "-3.4028234663852886E+38",
                            "axis_right.#": "1",
                            "axis_right.2313185360.high_watermark": "3.4028234663852886E+38",
                            "axis_right.2313185360.label": "requests",
                            "axis_right.2313185360.low_watermark": "-3.4028234663852886E+38",
                            "axis_right.2313185360.max_value": "3.4028234663852886E+38",
                            "axis_right.2313185360.min_value": "-3.4028234663852886E+38",
                            "id": "DU6R__UAcAA",
                            "last_updated": "1.517446183086E+12",
                            "name": "index.findArtifactFromTask() duration / count",
                            "plot_type": "LineChart",
                            "program_text": "data(\"taskcluster-index.api.findArtifactFromTask.all.5m.count\", rollup=\"sum\", extrapolation=\"zero\").publish(label=\"count\")\ndata(\"taskcluster-index.api.findArtifactFromTask.client-error.5m.count\", rollup=\"sum\", extrapolation=\"zero\").publish(label=\"client-errors\")\ndata(\"taskcluster-index.api.findArtifactFromTask.server-error.5m.count\", rollup=\"sum\", extrapolation=\"zero\").publish(label=\"server-errors\")\ndata(\"taskcluster-index.api.findArtifactFromTask.all.5m.max\", rollup=\"max\").publish(label=\"max\")\ndata(\"taskcluster-index.api.findArtifactFromTask.all.5m.p99\", rollup=\"max\").publish(label=\"p99\")\ndata(\"taskcluster-index.api.findArtifactFromTask.all.5m.p95\", rollup=\"max\").publish(label=\"p95\")\ndata(\"taskcluster-index.api.findArtifactFromTask.all.5m.p75\", rollup=\"max\").publish(label=\"p75\")\ndata(\"taskcluster-index.api.findArtifactFromTask.all.5m.p50\", rollup=\"max\").publish(label=\"p50\")\ndata(\"taskcluster-index.api.findArtifactFromTask.all.5m.p25\", rollup=\"max\").publish(label=\"p25\")\ndata(\"taskcluster-index.api.findArtifactFromTask.all.5m.min\", rollup=\"min\").publish(label=\"min\")\n",
                            "resource_url": "https://app.signalfx.com/#/chart/\u003cid\u003e",
                            "show_data_markers": "true",
                            "stacked": "false",
                            "synced": "true",
                            "time_range": "-1d",
                            "url": "https://app.signalfx.com/#/chart/DU6R__UAcAA",
                            "viz_options.#": "10",
                            "viz_options.104843832.axis": "left",
                            "viz_options.104843832.color": "green",
                            "viz_options.104843832.label": "p50",
                            "viz_options.104843832.plot_type": "",
                            "viz_options.1086408202.axis": "left",
                            "viz_options.1086408202.color": "green",
                            "viz_options.1086408202.label": "min",
                            "viz_options.1086408202.plot_type": "",
                            "viz_options.167522665.axis": "left",
                            "viz_options.167522665.color": "brown",
                            "viz_options.167522665.label": "max",
                            "viz_options.167522665.plot_type": "AreaChart",
                            "viz_options.1961470473.axis": "right",
                            "viz_options.1961470473.color": "pink",
                            "viz_options.1961470473.label": "count",
                            "viz_options.1961470473.plot_type": "",
                            "viz_options.2128466923.axis": "left",
                            "viz_options.2128466923.color": "green",
                            "viz_options.2128466923.label": "p25",
                            "viz_options.2128466923.plot_type": "",
                            "viz_options.2210909955.axis": "right",
                            "viz_options.2210909955.color": "emerald",
                            "viz_options.2210909955.label": "client-errors",
                            "viz_options.2210909955.plot_type": "",
                            "viz_options.2636455216.axis": "left",
                            "viz_options.2636455216.color": "orange",
                            "viz_options.2636455216.label": "p99",
                            "viz_options.2636455216.plot_type": "",
                            "viz_options.2750596149.axis": "left",
                            "viz_options.2750596149.color": "yellow",
                            "viz_options.2750596149.label": "p95",
                            "viz_options.2750596149.plot_type": "",
                            "viz_options.3723831655.axis": "right",
                            "viz_options.3723831655.color": "brown",
                            "viz_options.3723831655.label": "server-errors",
                            "viz_options.3723831655.plot_type": "",
                            "viz_options.4202610054.axis": "left",
                            "viz_options.4202610054.color": "green",
                            "viz_options.4202610054.label": "p75",
                            "viz_options.4202610054.plot_type": ""
                        },
                        "meta": {},
                        "tainted": false
                    },
                    "deposed": [],
                    "provider": "provider.signalform"
                },
                "signalform_time_chart.index_findTask": {
                    "type": "signalform_time_chart",
                    "depends_on": [],
                    "primary": {
                        "id": "DU6SB6kAcAA",
                        "attributes": {
                            "axis_left.#": "1",
                            "axis_left.1687451994.high_watermark": "3.4028234663852886E+38",
                            "axis_left.1687451994.label": "duration (ms)",
                            "axis_left.1687451994.low_watermark": "-3.4028234663852886E+38",
                            "axis_left.1687451994.max_value": "3.4028234663852886E+38",
                            "axis_left.1687451994.min_value": "-3.4028234663852886E+38",
                            "axis_right.#": "1",
                            "axis_right.2313185360.high_watermark": "3.4028234663852886E+38",
                            "axis_right.2313185360.label": "requests",
                            "axis_right.2313185360.low_watermark": "-3.4028234663852886E+38",
                            "axis_right.2313185360.max_value": "3.4028234663852886E+38",
                            "axis_right.2313185360.min_value": "-3.4028234663852886E+38",
                            "id": "DU6SB6kAcAA",
                            "last_updated": "1.517446184801E+12",
                            "name": "index.findTask() duration / count",
                            "plot_type": "LineChart",
                            "program_text": "data(\"taskcluster-index.api.findTask.all.5m.count\", rollup=\"sum\", extrapolation=\"zero\").publish(label=\"count\")\ndata(\"taskcluster-index.api.findTask.client-error.5m.count\", rollup=\"sum\", extrapolation=\"zero\").publish(label=\"client-errors\")\ndata(\"taskcluster-index.api.findTask.server-error.5m.count\", rollup=\"sum\", extrapolation=\"zero\").publish(label=\"server-errors\")\ndata(\"taskcluster-index.api.findTask.all.5m.max\", rollup=\"max\").publish(label=\"max\")\ndata(\"taskcluster-index.api.findTask.all.5m.p99\", rollup=\"max\").publish(label=\"p99\")\ndata(\"taskcluster-index.api.findTask.all.5m.p95\", rollup=\"max\").publish(label=\"p95\")\ndata(\"taskcluster-index.api.findTask.all.5m.p75\", rollup=\"max\").publish(label=\"p75\")\ndata(\"taskcluster-index.api.findTask.all.5m.p50\", rollup=\"max\").publish(label=\"p50\")\ndata(\"taskcluster-index.api.findTask.all.5m.p25\", rollup=\"max\").publish(label=\"p25\")\ndata(\"taskcluster-index.api.findTask.all.5m.min\", rollup=\"min\").publish(label=\"min\")\n",
                            "resource_url": "https://app.signalfx.com/#/chart/\u003cid\u003e",
                            "show_data_markers": "true",
                            "stacked": "false",
                            "synced": "true",
                            "time_range": "-1d",
                            "url": "https://app.signalfx.com/#/chart/DU6SB6kAcAA",
                            "viz_options.#": "10",
                            "viz_options.104843832.axis": "left",
                            "viz_options.104843832.color": "green",
                            "viz_options.104843832.label": "p50",
                            "viz_options.104843832.plot_type": "",
                            "viz_options.1086408202.axis": "left",
                            "viz_options.1086408202.color": "green",
                            "viz_options.1086408202.label": "min",
                            "viz_options.1086408202.plot_type": "",
                            "viz_options.167522665.axis": "left",
                            "viz_options.167522665.color": "brown",
                            "viz_options.167522665.label": "max",
                            "viz_options.167522665.plot_type": "AreaChart",
                            "viz_options.1961470473.axis": "right",
                            "viz_options.1961470473.color": "pink",
                            "viz_options.1961470473.label": "count",
                            "viz_options.1961470473.plot_type": "",
                            "viz_options.2128466923.axis": "left",
                            "viz_options.2128466923.color": "green",
                            "viz_options.2128466923.label": "p25",
                            "viz_options.2128466923.plot_type": "",
                            "viz_options.2210909955.axis": "right",
                            "viz_options.2210909955.color": "emerald",
                            "viz_options.2210909955.label": "client-errors",
                            "viz_options.2210909955.plot_type": "",
                            "viz_options.2636455216.axis": "left",
                            "viz_options.2636455216.color": "orange",
                            "viz_options.2636455216.label": "p99",
                            "viz_options.2636455216.plot_type": "",
                            "viz_options.2750596149.axis": "left",
                            "viz_options.2750596149.color": "yellow",
                            "viz_options.2750596149.label": "p95",
                            "viz_options.2750596149.plot_type": "",
                            "viz_options.3723831655.axis": "right",
                            "viz_options.3723831655.color": "brown",
                            "viz_options.3723831655.label": "server-errors",
                            "viz_options.3723831655.plot_type": "",
                            "viz_options.4202610054.axis": "left",
                            "viz_options.4202610054.color": "green",
                            "viz_options.4202610054.label": "p75",
                            "viz_options.4202610054.plot_type": ""
                        },
                        "meta": {},
                        "tainted": false
                    },
                    "deposed": [],
                    "provider": "provider.signalform"
                },
                "signalform_time_chart.index_insertTask": {
                    "type": "signalform_time_chart",
                    "depends_on": [],
                    "primary": {
                        "id": "DU6SCxNAYAA",
                        "attributes": {
                            "axis_left.#": "1",
                            "axis_left.1687451994.high_watermark": "3.4028234663852886E+38",
                            "axis_left.1687451994.label": "duration (ms)",
                            "axis_left.1687451994.low_watermark": "-3.4028234663852886E+38",
                            "axis_left.1687451994.max_value": "3.4028234663852886E+38",
                            "axis_left.1687451994.min_value": "-3.4028234663852886E+38",
                            "axis_right.#": "1",
                            "axis_right.2313185360.high_watermark": "3.4028234663852886E+38",
                            "axis_right.2313185360.label": "requests",
                            "axis_right.2313185360.low_watermark": "-3.4028234663852886E+38",
                            "axis_right.2313185360.max_value": "3.4028234663852886E+38",
                            "axis_right.2313185360.min_value": "-3.4028234663852886E+38",
                            "id": "DU6SCxNAYAA",
                            "last_updated": "1.517446182273E+12",
                            "name": "index.insertTask() duration / count",
                            "plot_type": "LineChart",
                            "program_text": "data(\"taskcluster-index.api.insertTask.all.5m.count\", rollup=\"sum\", extrapolation=\"zero\").publish(label=\"count\")\ndata(\"taskcluster-index.api.insertTask.client-error.5m.count\", rollup=\"sum\", extrapolation=\"zero\").publish(label=\"client-errors\")\ndata(\"taskcluster-index.api.insertTask.server-error.5m.count\", rollup=\"sum\", extrapolation=\"zero\").publish(label=\"server-errors\")\ndata(\"taskcluster-index.api.insertTask.all.5m.max\", rollup=\"max\").publish(label=\"max\")\ndata(\"taskcluster-index.api.insertTask.all.5m.p99\", rollup=\"max\").publish(label=\"p99\")\ndata(\"taskcluster-index.api.insertTask.all.5m.p95\", rollup=\"max\").publish(label=\"p95\")\ndata(\"taskcluster-index.api.insertTask.all.5m.p75\", rollup=\"max\").publish(label=\"p75\")\ndata(\"taskcluster-index.api.insertTask.all.5m.p50\", rollup=\"max\").publish(label=\"p50\")\ndata(\"taskcluster-index.api.insertTask.all.5m.p25\", rollup=\"max\").publish(label=\"p25\")\ndata(\"taskcluster-index.api.insertTask.all.5m.min\", rollup=\"min\").publish(label=\"min\")\n",
                            "resource_url": "https://app.signalfx.com/#/chart/\u003cid\u003e",
                            "show_data_markers": "true",
                            "stacked": "false",
                            "synced": "true",
                            "time_range": "-1d",
                            "url": "https://app.signalfx.com/#/chart/DU6SCxNAYAA",
                            "viz_options.#": "10",
                            "viz_options.104843832.axis": "left",
                            "viz_options.104843832.color": "green",
                            "viz_options.104843832.label": "p50",
                            "viz_options.104843832.plot_type": "",
                            "viz_options.1086408202.axis": "left",
                            "viz_options.1086408202.color": "green",
                            "viz_options.1086408202.label": "min",
                            "viz_options.1086408202.plot_type": "",
                            "viz_options.167522665.axis": "left",
                            "viz_options.167522665.color": "brown",
                            "viz_options.167522665.label": "max",
                            "viz_options.167522665.plot_type": "AreaChart",
                            "viz_options.1961470473.axis": "right",
                            "viz_options.1961470473.color": "pink",
                            "viz_options.1961470473.label": "count",
                            "viz_options.1961470473.plot_type": "",
                            "viz_options.2128466923.axis": "left",
                            "viz_options.2128466923.color": "green",
                            "viz_options.2128466923.label": "p25",
                            "viz_options.2128466923.plot_type": "",
                            "viz_options.2210909955.axis": "right",
                            "viz_options.2210909955.color": "emerald",
                            "viz_options.2210909955.label": "client-errors",
                            "viz_options.2210909955.plot_type": "",
                            "viz_options.2636455216.axis": "left",
                            "viz_options.2636455216.color": "orange",
                            "viz_options.2636455216.label": "p99",
                            "viz_options.2636455216.plot_type": "",
                            "viz_options.2750596149.axis": "left",
                            "viz_options.2750596149.color": "yellow",
                            "viz_options.2750596149.label": "p95",
                            "viz_options.2750596149.plot_type": "",
                            "viz_options.3723831655.axis": "right",
                            "viz_options.3723831655.color": "brown",
                            "viz_options.3723831655.label": "server-errors",
                            "viz_options.3723831655.plot_type": "",
                            "viz_options.4202610054.axis": "left",
                            "viz_options.4202610054.color": "green",
                            "viz_options.4202610054.label": "p75",
                            "viz_options.4202610054.plot_type": ""
                        },
                        "meta": {},
                        "tainted": false
                    },
                    "deposed": [],
                    "provider": "provider.signalform"
                },
                "signalform_time_chart.index_listNamespaces": {
                    "type": "signalform_time_chart",
                    "depends_on": [],
                    "primary": {
                        "id": "DU6SBIFAcAE",
                        "attributes": {
                            "axis_left.#": "1",
                            "axis_left.1687451994.high_watermark": "3.4028234663852886E+38",
                            "axis_left.1687451994.label": "duration (ms)",
                            "axis_left.1687451994.low_watermark": "-3.4028234663852886E+38",
                            "axis_left.1687451994.max_value": "3.4028234663852886E+38",
                            "axis_left.1687451994.min_value": "-3.4028234663852886E+38",
                            "axis_right.#": "1",
                            "axis_right.2313185360.high_watermark": "3.4028234663852886E+38",
                            "axis_right.2313185360.label": "requests",
                            "axis_right.2313185360.low_watermark": "-3.4028234663852886E+38",
                            "axis_right.2313185360.max_value": "3.4028234663852886E+38",
                            "axis_right.2313185360.min_value": "-3.4028234663852886E+38",
                            "id": "DU6SBIFAcAE",
                            "last_updated": "1.517446186086E+12",
                            "name": "index.listNamespaces() duration / count",
                            "plot_type": "LineChart",
                            "program_text": "data(\"taskcluster-index.api.listNamespaces.all.5m.count\", rollup=\"sum\", extrapolation=\"zero\").publish(label=\"count\")\ndata(\"taskcluster-index.api.listNamespaces.client-error.5m.count\", rollup=\"sum\", extrapolation=\"zero\").publish(label=\"client-errors\")\ndata(\"taskcluster-index.api.listNamespaces.server-error.5m.count\", rollup=\"sum\", extrapolation=\"zero\").publish(label=\"server-errors\")\ndata(\"taskcluster-index.api.listNamespaces.all.5m.max\", rollup=\"max\").publish(label=\"max\")\ndata(\"taskcluster-index.api.listNamespaces.all.5m.p99\", rollup=\"max\").publish(label=\"p99\")\ndata(\"taskcluster-index.api.listNamespaces.all.5m.p95\", rollup=\"max\").publish(label=\"p95\")\ndata(\"taskcluster-index.api.listNamespaces.all.5m.p75\", rollup=\"max\").publish(label=\"p75\")\ndata(\"taskcluster-index.api.listNamespaces.all.5m.p50\", rollup=\"max\").publish(label=\"p50\")\ndata(\"taskcluster-index.api.listNamespaces.all.5m.p25\", rollup=\"max\").publish(label=\"p25\")\ndata(\"taskcluster-index.api.listNamespaces.all.5m.min\", rollup=\"min\").publish(label=\"min\")\n",
                            "resource_url": "https://app.signalfx.com/#/chart/\u003cid\u003e",
                            "show_data_markers": "true",
                            "stacked": "false",
                            "synced": "true",
                            "time_range": "-1d",
                            "url": "https://app.signalfx.com/#/chart/DU6SBIFAcAE",
                            "viz_options.#": "10",
                            "viz_options.104843832.axis": "left",
                            "viz_options.104843832.color": "green",
                            "viz_options.104843832.label": "p50",
                            "viz_options.104843832.plot_type": "",
                            "viz_options.1086408202.axis": "left",
                            "viz_options.1086408202.color": "green",
                            "viz_options.1086408202.label": "min",
                            "viz_options.1086408202.plot_type": "",
                            "viz_options.167522665.axis": "left",
                            "viz_options.167522665.color": "brown",
                            "viz_options.167522665.label": "max",
                            "viz_options.167522665.plot_type": "AreaChart",
                            "viz_options.1961470473.axis": "right",
                            "viz_options.1961470473.color": "pink",
                            "viz_options.1961470473.label": "count",
                            "viz_options.1961470473.plot_type": "",
                            "viz_options.2128466923.axis": "left",
                            "viz_options.2128466923.color": "green",
                            "viz_options.2128466923.label": "p25",
                            "viz_options.2128466923.plot_type": "",
                            "viz_options.2210909955.axis": "right",
                            "viz_options.2210909955.color": "emerald",
                            "viz_options.2210909955.label": "client-errors",
                            "viz_options.2210909955.plot_type": "",
                            "viz_options.2636455216.axis": "left",
                            "viz_options.2636455216.color": "orange",
                            "viz_options.2636455216.label": "p99",
                            "viz_options.2636455216.plot_type": "",
                            "viz_options.2750596149.axis": "left",
                            "viz_options.2750596149.color": "yellow",
                            "viz_options.2750596149.label": "p95",
                            "viz_options.2750596149.plot_type": "",
                            "viz_options.3723831655.axis": "right",
                            "viz_options.3723831655.color": "brown",
                            "viz_options.3723831655.label": "server-errors",
                            "viz_options.3723831655.plot_type": "",
                            "viz_options.4202610054.axis": "left",
                            "viz_options.4202610054.color": "green",
                            "viz_options.4202610054.label": "p75",
                            "viz_options.4202610054.plot_type": ""
                        },
                        "meta": {},
                        "tainted": false
                    },
                    "deposed": [],
                    "provider": "provider.signalform"
                },
                "signalform_time_chart.index_listTasks": {
                    "type": "signalform_time_chart",
                    "depends_on": [],
                    "primary": {
                        "id": "DU6SBRAAYAA",
                        "attributes": {
                            "axis_left.#": "1",
                            "axis_left.1687451994.high_watermark": "3.4028234663852886E+38",
                            "axis_left.1687451994.label": "duration (ms)",
                            "axis_left.1687451994.low_watermark": "-3.4028234663852886E+38",
                            "axis_left.1687451994.max_value": "3.4028234663852886E+38",
                            "axis_left.1687451994.min_value": "-3.4028234663852886E+38",
                            "axis_right.#": "1",
                            "axis_right.2313185360.high_watermark": "3.4028234663852886E+38",
                            "axis_right.2313185360.label": "requests",
                            "axis_right.2313185360.low_watermark": "-3.4028234663852886E+38",
                            "axis_right.2313185360.max_value": "3.4028234663852886E+38",
                            "axis_right.2313185360.min_value": "-3.4028234663852886E+38",
                            "id": "DU6SBRAAYAA",
                            "last_updated": "1.517446187015E+12",
                            "name": "index.listTasks() duration / count",
                            "plot_type": "LineChart",
                            "program_text": "data(\"taskcluster-index.api.listTasks.all.5m.count\", rollup=\"sum\", extrapolation=\"zero\").publish(label=\"count\")\ndata(\"taskcluster-index.api.listTasks.client-error.5m.count\", rollup=\"sum\", extrapolation=\"zero\").publish(label=\"client-errors\")\ndata(\"taskcluster-index.api.listTasks.server-error.5m.count\", rollup=\"sum\", extrapolation=\"zero\").publish(label=\"server-errors\")\ndata(\"taskcluster-index.api.listTasks.all.5m.max\", rollup=\"max\").publish(label=\"max\")\ndata(\"taskcluster-index.api.listTasks.all.5m.p99\", rollup=\"max\").publish(label=\"p99\")\ndata(\"taskcluster-index.api.listTasks.all.5m.p95\", rollup=\"max\").publish(label=\"p95\")\ndata(\"taskcluster-index.api.listTasks.all.5m.p75\", rollup=\"max\").publish(label=\"p75\")\ndata(\"taskcluster-index.api.listTasks.all.5m.p50\", rollup=\"max\").publish(label=\"p50\")\ndata(\"taskcluster-index.api.listTasks.all.5m.p25\", rollup=\"max\").publish(label=\"p25\")\ndata(\"taskcluster-index.api.listTasks.all.5m.min\", rollup=\"min\").publish(label=\"min\")\n",
                            "resource_url": "https://app.signalfx.com/#/chart/\u003cid\u003e",
                            "show_data_markers": "true",
                            "stacked": "false",
                            "synced": "true",
                            "time_range": "-1d",
                            "url": "https://app.signalfx.com/#/chart/DU6SBRAAYAA",
                            "viz_options.#": "10",
                            "viz_options.104843832.axis": "left",
                            "viz_options.104843832.color": "green",
                            "viz_options.104843832.label": "p50",
                            "viz_options.104843832.plot_type": "",
                            "viz_options.1086408202.axis": "left",
                            "viz_options.1086408202.color": "green",
                            "viz_options.1086408202.label": "min",
                            "viz_options.1086408202.plot_type": "",
                            "viz_options.167522665.axis": "left",
                            "viz_options.167522665.color": "brown",
                            "viz_options.167522665.label": "max",
                            "viz_options.167522665.plot_type": "AreaChart",
                            "viz_options.1961470473.axis": "right",
                            "viz_options.1961470473.color": "pink",
                            "viz_options.1961470473.label": "count",
                            "viz_options.1961470473.plot_type": "",
                            "viz_options.2128466923.axis": "left",
                            "viz_options.2128466923.color": "green",
                            "viz_options.2128466923.label": "p25",
                            "viz_options.2128466923.plot_type": "",
                            "viz_options.2210909955.axis": "right",
                            "viz_options.2210909955.color": "emerald",
                            "viz_options.2210909955.label": "client-errors",
                            "viz_options.2210909955.plot_type": "",
                            "viz_options.2636455216.axis": "left",
                            "viz_options.2636455216.color": "orange",
                            "viz_options.2636455216.label": "p99",
                            "viz_options.2636455216.plot_type": "",
                            "viz_options.2750596149.axis": "left",
                            "viz_options.2750596149.color": "yellow",
                            "viz_options.2750596149.label": "p95",
                            "viz_options.2750596149.plot_type": "",
                            "viz_options.3723831655.axis": "right",
                            "viz_options.3723831655.color": "brown",
                            "viz_options.3723831655.label": "server-errors",
                            "viz_options.3723831655.plot_type": "",
                            "viz_options.4202610054.axis": "left",
                            "viz_options.4202610054.color": "green",
                            "viz_options.4202610054.label": "p75",
                            "viz_options.4202610054.plot_type": ""
                        },
                        "meta": {},
                        "tainted": false
                    },
                    "deposed": [],
                    "provider": "provider.signalform"
                },
                "signalform_time_chart.index_ping": {
                    "type": "signalform_time_chart",
                    "depends_on": [],
                    "primary": {
                        "id": "DU6SB3rAcAA",
                        "attributes": {
                            "axis_left.#": "1",
                            "axis_left.1687451994.high_watermark": "3.4028234663852886E+38",
                            "axis_left.1687451994.label": "duration (ms)",
                            "axis_left.1687451994.low_watermark": "-3.4028234663852886E+38",
                            "axis_left.1687451994.max_value": "3.4028234663852886E+38",
                            "axis_left.1687451994.min_value": "-3.4028234663852886E+38",
                            "axis_right.#": "1",
                            "axis_right.2313185360.high_watermark": "3.4028234663852886E+38",
                            "axis_right.2313185360.label": "requests",
                            "axis_right.2313185360.low_watermark": "-3.4028234663852886E+38",
                            "axis_right.2313185360.max_value": "3.4028234663852886E+38",
                            "axis_right.2313185360.min_value": "-3.4028234663852886E+38",
                            "id": "DU6SB3rAcAA",
                            "last_updated": "1.517446273371E+12",
                            "name": "index.ping() duration / count",
                            "plot_type": "LineChart",
                            "program_text": "data(\"taskcluster-index.api.ping.all.5m.count\", rollup=\"sum\", extrapolation=\"zero\").publish(label=\"count\")\ndata(\"taskcluster-index.api.ping.client-error.5m.count\", rollup=\"sum\", extrapolation=\"zero\").publish(label=\"client-errors\")\ndata(\"taskcluster-index.api.ping.server-error.5m.count\", rollup=\"sum\", extrapolation=\"zero\").publish(label=\"server-errors\")\ndata(\"taskcluster-index.api.ping.all.5m.max\", rollup=\"max\").publish(label=\"max\")\ndata(\"taskcluster-index.api.ping.all.5m.p99\", rollup=\"max\").publish(label=\"p99\")\ndata(\"taskcluster-index.api.ping.all.5m.p95\", rollup=\"max\").publish(label=\"p95\")\ndata(\"taskcluster-index.api.ping.all.5m.p75\", rollup=\"max\").publish(label=\"p75\")\ndata(\"taskcluster-index.api.ping.all.5m.p50\", rollup=\"max\").publish(label=\"p50\")\ndata(\"taskcluster-index.api.ping.all.5m.p25\", rollup=\"max\").publish(label=\"p25\")\ndata(\"taskcluster-index.api.ping.all.5m.min\", rollup=\"min\").publish(label=\"min\")\n",
                            "resource_url": "https://app.signalfx.com/#/chart/\u003cid\u003e",
                            "show_data_markers": "true",
                            "stacked": "false",
                            "synced": "true",
                            "time_range": "-1d",
                            "url": "https://app.signalfx.com/#/chart/DU6SB3rAcAA",
                            "viz_options.#": "10",
                            "viz_options.104843832.axis": "left",
                            "viz_options.104843832.color": "green",
                            "viz_options.104843832.label": "p50",
                            "viz_options.104843832.plot_type": "",
                            "viz_options.1086408202.axis": "left",
                            "viz_options.1086408202.color": "green",
                            "viz_options.1086408202.label": "min",
                            "viz_options.1086408202.plot_type": "",
                            "viz_options.167522665.axis": "left",
                            "viz_options.167522665.color": "brown",
                            "viz_options.167522665.label": "max",
                            "viz_options.167522665.plot_type": "AreaChart",
                            "viz_options.1961470473.axis": "right",
                            "viz_options.1961470473.color": "pink",
                            "viz_options.1961470473.label": "count",
                            "viz_options.1961470473.plot_type": "",
                            "viz_options.2128466923.axis": "left",
                            "viz_options.2128466923.color": "green",
                            "viz_options.2128466923.label": "p25",
                            "viz_options.2128466923.plot_type": "",
                            "viz_options.2210909955.axis": "right",
                            "viz_options.2210909955.color": "emerald",
                            "viz_options.2210909955.label": "client-errors",
                            "viz_options.2210909955.plot_type": "",
                            "viz_options.2636455216.axis": "left",
                            "viz_options.2636455216.color": "orange",
                            "viz_options.2636455216.label": "p99",
                            "viz_options.2636455216.plot_type": "",
                            "viz_options.2750596149.axis": "left",
                            "viz_options.2750596149.color": "yellow",
                            "viz_options.2750596149.label": "p95",
                            "viz_options.2750596149.plot_type": "",
                            "viz_options.3723831655.axis": "right",
                            "viz_options.3723831655.color": "brown",
                            "viz_options.3723831655.label": "server-errors",
                            "viz_options.3723831655.plot_type": "",
                            "viz_options.4202610054.axis": "left",
                            "viz_options.4202610054.color": "green",
                            "viz_options.4202610054.label": "p75",
                            "viz_options.4202610054.plot_type": ""
                        },
                        "meta": {},
                        "tainted": false
                    },
                    "deposed": [],
                    "provider": "provider.signalform"
                },
                "signalform_time_chart.login_oidcCredentials": {
                    "type": "signalform_time_chart",
                    "depends_on": [],
                    "primary": {
                        "id": "DU6SCywAcAA",
                        "attributes": {
                            "axis_left.#": "1",
                            "axis_left.1687451994.high_watermark": "3.4028234663852886E+38",
                            "axis_left.1687451994.label": "duration (ms)",
                            "axis_left.1687451994.low_watermark": "-3.4028234663852886E+38",
                            "axis_left.1687451994.max_value": "3.4028234663852886E+38",
                            "axis_left.1687451994.min_value": "-3.4028234663852886E+38",
                            "axis_right.#": "1",
                            "axis_right.2313185360.high_watermark": "3.4028234663852886E+38",
                            "axis_right.2313185360.label": "requests",
                            "axis_right.2313185360.low_watermark": "-3.4028234663852886E+38",
                            "axis_right.2313185360.max_value": "3.4028234663852886E+38",
                            "axis_right.2313185360.min_value": "-3.4028234663852886E+38",
                            "id": "DU6SCywAcAA",
                            "last_updated": "1.517446182522E+12",
                            "name": "login.oidcCredentials() duration / count",
                            "plot_type": "LineChart",
                            "program_text": "data(\"taskcluster-login.api.oidcCredentials.all.5m.count\", rollup=\"sum\", extrapolation=\"zero\").publish(label=\"count\")\ndata(\"taskcluster-login.api.oidcCredentials.client-error.5m.count\", rollup=\"sum\", extrapolation=\"zero\").publish(label=\"client-errors\")\ndata(\"taskcluster-login.api.oidcCredentials.server-error.5m.count\", rollup=\"sum\", extrapolation=\"zero\").publish(label=\"server-errors\")\ndata(\"taskcluster-login.api.oidcCredentials.all.5m.max\", rollup=\"max\").publish(label=\"max\")\ndata(\"taskcluster-login.api.oidcCredentials.all.5m.p99\", rollup=\"max\").publish(label=\"p99\")\ndata(\"taskcluster-login.api.oidcCredentials.all.5m.p95\", rollup=\"max\").publish(label=\"p95\")\ndata(\"taskcluster-login.api.oidcCredentials.all.5m.p75\", rollup=\"max\").publish(label=\"p75\")\ndata(\"taskcluster-login.api.oidcCredentials.all.5m.p50\", rollup=\"max\").publish(label=\"p50\")\ndata(\"taskcluster-login.api.oidcCredentials.all.5m.p25\", rollup=\"max\").publish(label=\"p25\")\ndata(\"taskcluster-login.api.oidcCredentials.all.5m.min\", rollup=\"min\").publish(label=\"min\")\n",
                            "resource_url": "https://app.signalfx.com/#/chart/\u003cid\u003e",
                            "show_data_markers": "true",
                            "stacked": "false",
                            "synced": "true",
                            "time_range": "-1d",
                            "url": "https://app.signalfx.com/#/chart/DU6SCywAcAA",
                            "viz_options.#": "10",
                            "viz_options.104843832.axis": "left",
                            "viz_options.104843832.color": "green",
                            "viz_options.104843832.label": "p50",
                            "viz_options.104843832.plot_type": "",
                            "viz_options.1086408202.axis": "left",
                            "viz_options.1086408202.color": "green",
                            "viz_options.1086408202.label": "min",
                            "viz_options.1086408202.plot_type": "",
                            "viz_options.167522665.axis": "left",
                            "viz_options.167522665.color": "brown",
                            "viz_options.167522665.label": "max",
                            "viz_options.167522665.plot_type": "AreaChart",
                            "viz_options.1961470473.axis": "right",
                            "viz_options.1961470473.color": "pink",
                            "viz_options.1961470473.label": "count",
                            "viz_options.1961470473.plot_type": "",
                            "viz_options.2128466923.axis": "left",
                            "viz_options.2128466923.color": "green",
                            "viz_options.2128466923.label": "p25",
                            "viz_options.2128466923.plot_type": "",
                            "viz_options.2210909955.axis": "right",
                            "viz_options.2210909955.color": "emerald",
                            "viz_options.2210909955.label": "client-errors",
                            "viz_options.2210909955.plot_type": "",
                            "viz_options.2636455216.axis": "left",
                            "viz_options.2636455216.color": "orange",
                            "viz_options.2636455216.label": "p99",
                            "viz_options.2636455216.plot_type": "",
                            "viz_options.2750596149.axis": "left",
                            "viz_options.2750596149.color": "yellow",
                            "viz_options.2750596149.label": "p95",
                            "viz_options.2750596149.plot_type": "",
                            "viz_options.3723831655.axis": "right",
                            "viz_options.3723831655.color": "brown",
                            "viz_options.3723831655.label": "server-errors",
                            "viz_options.3723831655.plot_type": "",
                            "viz_options.4202610054.axis": "left",
                            "viz_options.4202610054.color": "green",
                            "viz_options.4202610054.label": "p75",
                            "viz_options.4202610054.plot_type": ""
                        },
                        "meta": {},
                        "tainted": false
                    },
                    "deposed": [],
                    "provider": "provider.signalform"
                },
                "signalform_time_chart.login_ping": {
                    "type": "signalform_time_chart",
                    "depends_on": [],
                    "primary": {
                        "id": "DU6SARsAcAA",
                        "attributes": {
                            "axis_left.#": "1",
                            "axis_left.1687451994.high_watermark": "3.4028234663852886E+38",
                            "axis_left.1687451994.label": "duration (ms)",
                            "axis_left.1687451994.low_watermark": "-3.4028234663852886E+38",
                            "axis_left.1687451994.max_value": "3.4028234663852886E+38",
                            "axis_left.1687451994.min_value": "-3.4028234663852886E+38",
                            "axis_right.#": "1",
                            "axis_right.2313185360.high_watermark": "3.4028234663852886E+38",
                            "axis_right.2313185360.label": "requests",
                            "axis_right.2313185360.low_watermark": "-3.4028234663852886E+38",
                            "axis_right.2313185360.max_value": "3.4028234663852886E+38",
                            "axis_right.2313185360.min_value": "-3.4028234663852886E+38",
                            "id": "DU6SARsAcAA",
                            "last_updated": "1.51744618526E+12",
                            "name": "login.ping() duration / count",
                            "plot_type": "LineChart",
                            "program_text": "data(\"taskcluster-login.api.ping.all.5m.count\", rollup=\"sum\", extrapolation=\"zero\").publish(label=\"count\")\ndata(\"taskcluster-login.api.ping.client-error.5m.count\", rollup=\"sum\", extrapolation=\"zero\").publish(label=\"client-errors\")\ndata(\"taskcluster-login.api.ping.server-error.5m.count\", rollup=\"sum\", extrapolation=\"zero\").publish(label=\"server-errors\")\ndata(\"taskcluster-login.api.ping.all.5m.max\", rollup=\"max\").publish(label=\"max\")\ndata(\"taskcluster-login.api.ping.all.5m.p99\", rollup=\"max\").publish(label=\"p99\")\ndata(\"taskcluster-login.api.ping.all.5m.p95\", rollup=\"max\").publish(label=\"p95\")\ndata(\"taskcluster-login.api.ping.all.5m.p75\", rollup=\"max\").publish(label=\"p75\")\ndata(\"taskcluster-login.api.ping.all.5m.p50\", rollup=\"max\").publish(label=\"p50\")\ndata(\"taskcluster-login.api.ping.all.5m.p25\", rollup=\"max\").publish(label=\"p25\")\ndata(\"taskcluster-login.api.ping.all.5m.min\", rollup=\"min\").publish(label=\"min\")\n",
                            "resource_url": "https://app.signalfx.com/#/chart/\u003cid\u003e",
                            "show_data_markers": "true",
                            "stacked": "false",
                            "synced": "true",
                            "time_range": "-1d",
                            "url": "https://app.signalfx.com/#/chart/DU6SARsAcAA",
                            "viz_options.#": "10",
                            "viz_options.104843832.axis": "left",
                            "viz_options.104843832.color": "green",
                            "viz_options.104843832.label": "p50",
                            "viz_options.104843832.plot_type": "",
                            "viz_options.1086408202.axis": "left",
                            "viz_options.1086408202.color": "green",
                            "viz_options.1086408202.label": "min",
                            "viz_options.1086408202.plot_type": "",
                            "viz_options.167522665.axis": "left",
                            "viz_options.167522665.color": "brown",
                            "viz_options.167522665.label": "max",
                            "viz_options.167522665.plot_type": "AreaChart",
                            "viz_options.1961470473.axis": "right",
                            "viz_options.1961470473.color": "pink",
                            "viz_options.1961470473.label": "count",
                            "viz_options.1961470473.plot_type": "",
                            "viz_options.2128466923.axis": "left",
                            "viz_options.2128466923.color": "green",
                            "viz_options.2128466923.label": "p25",
                            "viz_options.2128466923.plot_type": "",
                            "viz_options.2210909955.axis": "right",
                            "viz_options.2210909955.color": "emerald",
                            "viz_options.2210909955.label": "client-errors",
                            "viz_options.2210909955.plot_type": "",
                            "viz_options.2636455216.axis": "left",
                            "viz_options.2636455216.color": "orange",
                            "viz_options.2636455216.label": "p99",
                            "viz_options.2636455216.plot_type": "",
                            "viz_options.2750596149.axis": "left",
                            "viz_options.2750596149.color": "yellow",
                            "viz_options.2750596149.label": "p95",
                            "viz_options.2750596149.plot_type": "",
                            "viz_options.3723831655.axis": "right",
                            "viz_options.3723831655.color": "brown",
                            "viz_options.3723831655.label": "server-errors",
                            "viz_options.3723831655.plot_type": "",
                            "viz_options.4202610054.axis": "left",
                            "viz_options.4202610054.color": "green",
                            "viz_options.4202610054.label": "p75",
                            "viz_options.4202610054.plot_type": ""
                        },
                        "meta": {},
                        "tainted": false
                    },
                    "deposed": [],
                    "provider": "provider.signalform"
                },
                "signalform_time_chart.notify_email": {
                    "type": "signalform_time_chart",
                    "depends_on": [],
                    "primary": {
                        "id": "DU6SB38AYAA",
                        "attributes": {
                            "axis_left.#": "1",
                            "axis_left.1687451994.high_watermark": "3.4028234663852886E+38",
                            "axis_left.1687451994.label": "duration (ms)",
                            "axis_left.1687451994.low_watermark": "-3.4028234663852886E+38",
                            "axis_left.1687451994.max_value": "3.4028234663852886E+38",
                            "axis_left.1687451994.min_value": "-3.4028234663852886E+38",
                            "axis_right.#": "1",
                            "axis_right.2313185360.high_watermark": "3.4028234663852886E+38",
                            "axis_right.2313185360.label": "requests",
                            "axis_right.2313185360.low_watermark": "-3.4028234663852886E+38",
                            "axis_right.2313185360.max_value": "3.4028234663852886E+38",
                            "axis_right.2313185360.min_value": "-3.4028234663852886E+38",
                            "id": "DU6SB38AYAA",
                            "last_updated": "1.517446273378E+12",
                            "name": "notify.email() duration / count",
                            "plot_type": "LineChart",
                            "program_text": "data(\"taskcluster-notify.api.email.all.5m.count\", rollup=\"sum\", extrapolation=\"zero\").publish(label=\"count\")\ndata(\"taskcluster-notify.api.email.client-error.5m.count\", rollup=\"sum\", extrapolation=\"zero\").publish(label=\"client-errors\")\ndata(\"taskcluster-notify.api.email.server-error.5m.count\", rollup=\"sum\", extrapolation=\"zero\").publish(label=\"server-errors\")\ndata(\"taskcluster-notify.api.email.all.5m.max\", rollup=\"max\").publish(label=\"max\")\ndata(\"taskcluster-notify.api.email.all.5m.p99\", rollup=\"max\").publish(label=\"p99\")\ndata(\"taskcluster-notify.api.email.all.5m.p95\", rollup=\"max\").publish(label=\"p95\")\ndata(\"taskcluster-notify.api.email.all.5m.p75\", rollup=\"max\").publish(label=\"p75\")\ndata(\"taskcluster-notify.api.email.all.5m.p50\", rollup=\"max\").publish(label=\"p50\")\ndata(\"taskcluster-notify.api.email.all.5m.p25\", rollup=\"max\").publish(label=\"p25\")\ndata(\"taskcluster-notify.api.email.all.5m.min\", rollup=\"min\").publish(label=\"min\")\n",
                            "resource_url": "https://app.signalfx.com/#/chart/\u003cid\u003e",
                            "show_data_markers": "true",
                            "stacked": "false",
                            "synced": "true",
                            "time_range": "-1d",
                            "url": "https://app.signalfx.com/#/chart/DU6SB38AYAA",
                            "viz_options.#": "10",
                            "viz_options.104843832.axis": "left",
                            "viz_options.104843832.color": "green",
                            "viz_options.104843832.label": "p50",
                            "viz_options.104843832.plot_type": "",
                            "viz_options.1086408202.axis": "left",
                            "viz_options.1086408202.color": "green",
                            "viz_options.1086408202.label": "min",
                            "viz_options.1086408202.plot_type": "",
                            "viz_options.167522665.axis": "left",
                            "viz_options.167522665.color": "brown",
                            "viz_options.167522665.label": "max",
                            "viz_options.167522665.plot_type": "AreaChart",
                            "viz_options.1961470473.axis": "right",
                            "viz_options.1961470473.color": "pink",
                            "viz_options.1961470473.label": "count",
                            "viz_options.1961470473.plot_type": "",
                            "viz_options.2128466923.axis": "left",
                            "viz_options.2128466923.color": "green",
                            "viz_options.2128466923.label": "p25",
                            "viz_options.2128466923.plot_type": "",
                            "viz_options.2210909955.axis": "right",
                            "viz_options.2210909955.color": "emerald",
                            "viz_options.2210909955.label": "client-errors",
                            "viz_options.2210909955.plot_type": "",
                            "viz_options.2636455216.axis": "left",
                            "viz_options.2636455216.color": "orange",
                            "viz_options.2636455216.label": "p99",
                            "viz_options.2636455216.plot_type": "",
                            "viz_options.2750596149.axis": "left",
                            "viz_options.2750596149.color": "yellow",
                            "viz_options.2750596149.label": "p95",
                            "viz_options.2750596149.plot_type": "",
                            "viz_options.3723831655.axis": "right",
                            "viz_options.3723831655.color": "brown",
                            "viz_options.3723831655.label": "server-errors",
                            "viz_options.3723831655.plot_type": "",
                            "viz_options.4202610054.axis": "left",
                            "viz_options.4202610054.color": "green",
                            "viz_options.4202610054.label": "p75",
                            "viz_options.4202610054.plot_type": ""
                        },
                        "meta": {},
                        "tainted": false
                    },
                    "deposed": [],
                    "provider": "provider.signalform"
                },
                "signalform_time_chart.notify_irc": {
                    "type": "signalform_time_chart",
                    "depends_on": [],
                    "primary": {
                        "id": "DU6SBMjAYAA",
                        "attributes": {
                            "axis_left.#": "1",
                            "axis_left.1687451994.high_watermark": "3.4028234663852886E+38",
                            "axis_left.1687451994.label": "duration (ms)",
                            "axis_left.1687451994.low_watermark": "-3.4028234663852886E+38",
                            "axis_left.1687451994.max_value": "3.4028234663852886E+38",
                            "axis_left.1687451994.min_value": "-3.4028234663852886E+38",
                            "axis_right.#": "1",
                            "axis_right.2313185360.high_watermark": "3.4028234663852886E+38",
                            "axis_right.2313185360.label": "requests",
                            "axis_right.2313185360.low_watermark": "-3.4028234663852886E+38",
                            "axis_right.2313185360.max_value": "3.4028234663852886E+38",
                            "axis_right.2313185360.min_value": "-3.4028234663852886E+38",
                            "id": "DU6SBMjAYAA",
                            "last_updated": "1.517446186393E+12",
                            "name": "notify.irc() duration / count",
                            "plot_type": "LineChart",
                            "program_text": "data(\"taskcluster-notify.api.irc.all.5m.count\", rollup=\"sum\", extrapolation=\"zero\").publish(label=\"count\")\ndata(\"taskcluster-notify.api.irc.client-error.5m.count\", rollup=\"sum\", extrapolation=\"zero\").publish(label=\"client-errors\")\ndata(\"taskcluster-notify.api.irc.server-error.5m.count\", rollup=\"sum\", extrapolation=\"zero\").publish(label=\"server-errors\")\ndata(\"taskcluster-notify.api.irc.all.5m.max\", rollup=\"max\").publish(label=\"max\")\ndata(\"taskcluster-notify.api.irc.all.5m.p99\", rollup=\"max\").publish(label=\"p99\")\ndata(\"taskcluster-notify.api.irc.all.5m.p95\", rollup=\"max\").publish(label=\"p95\")\ndata(\"taskcluster-notify.api.irc.all.5m.p75\", rollup=\"max\").publish(label=\"p75\")\ndata(\"taskcluster-notify.api.irc.all.5m.p50\", rollup=\"max\").publish(label=\"p50\")\ndata(\"taskcluster-notify.api.irc.all.5m.p25\", rollup=\"max\").publish(label=\"p25\")\ndata(\"taskcluster-notify.api.irc.all.5m.min\", rollup=\"min\").publish(label=\"min\")\n",
                            "resource_url": "https://app.signalfx.com/#/chart/\u003cid\u003e",
                            "show_data_markers": "true",
                            "stacked": "false",
                            "synced": "true",
                            "time_range": "-1d",
                            "url": "https://app.signalfx.com/#/chart/DU6SBMjAYAA",
                            "viz_options.#": "10",
                            "viz_options.104843832.axis": "left",
                            "viz_options.104843832.color": "green",
                            "viz_options.104843832.label": "p50",
                            "viz_options.104843832.plot_type": "",
                            "viz_options.1086408202.axis": "left",
                            "viz_options.1086408202.color": "green",
                            "viz_options.1086408202.label": "min",
                            "viz_options.1086408202.plot_type": "",
                            "viz_options.167522665.axis": "left",
                            "viz_options.167522665.color": "brown",
                            "viz_options.167522665.label": "max",
                            "viz_options.167522665.plot_type": "AreaChart",
                            "viz_options.1961470473.axis": "right",
                            "viz_options.1961470473.color": "pink",
                            "viz_options.1961470473.label": "count",
                            "viz_options.1961470473.plot_type": "",
                            "viz_options.2128466923.axis": "left",
                            "viz_options.2128466923.color": "green",
                            "viz_options.2128466923.label": "p25",
                            "viz_options.2128466923.plot_type": "",
                            "viz_options.2210909955.axis": "right",
                            "viz_options.2210909955.color": "emerald",
                            "viz_options.2210909955.label": "client-errors",
                            "viz_options.2210909955.plot_type": "",
                            "viz_options.2636455216.axis": "left",
                            "viz_options.2636455216.color": "orange",
                            "viz_options.2636455216.label": "p99",
                            "viz_options.2636455216.plot_type": "",
                            "viz_options.2750596149.axis": "left",
                            "viz_options.2750596149.color": "yellow",
                            "viz_options.2750596149.label": "p95",
                            "viz_options.2750596149.plot_type": "",
                            "viz_options.3723831655.axis": "right",
                            "viz_options.3723831655.color": "brown",
                            "viz_options.3723831655.label": "server-errors",
                            "viz_options.3723831655.plot_type": "",
                            "viz_options.4202610054.axis": "left",
                            "viz_options.4202610054.color": "green",
                            "viz_options.4202610054.label": "p75",
                            "viz_options.4202610054.plot_type": ""
                        },
                        "meta": {},
                        "tainted": false
                    },
                    "deposed": [],
                    "provider": "provider.signalform"
                },
                "signalform_time_chart.notify_ping": {
                    "type": "signalform_time_chart",
                    "depends_on": [],
                    "primary": {
                        "id": "DU6SES8AYAA",
                        "attributes": {
                            "axis_left.#": "1",
                            "axis_left.1687451994.high_watermark": "3.4028234663852886E+38",
                            "axis_left.1687451994.label": "duration (ms)",
                            "axis_left.1687451994.low_watermark": "-3.4028234663852886E+38",
                            "axis_left.1687451994.max_value": "3.4028234663852886E+38",
                            "axis_left.1687451994.min_value": "-3.4028234663852886E+38",
                            "axis_right.#": "1",
                            "axis_right.2313185360.high_watermark": "3.4028234663852886E+38",
                            "axis_right.2313185360.label": "requests",
                            "axis_right.2313185360.low_watermark": "-3.4028234663852886E+38",
                            "axis_right.2313185360.max_value": "3.4028234663852886E+38",
                            "axis_right.2313185360.min_value": "-3.4028234663852886E+38",
                            "id": "DU6SES8AYAA",
                            "last_updated": "1.517446187107E+12",
                            "name": "notify.ping() duration / count",
                            "plot_type": "LineChart",
                            "program_text": "data(\"taskcluster-notify.api.ping.all.5m.count\", rollup=\"sum\", extrapolation=\"zero\").publish(label=\"count\")\ndata(\"taskcluster-notify.api.ping.client-error.5m.count\", rollup=\"sum\", extrapolation=\"zero\").publish(label=\"client-errors\")\ndata(\"taskcluster-notify.api.ping.server-error.5m.count\", rollup=\"sum\", extrapolation=\"zero\").publish(label=\"server-errors\")\ndata(\"taskcluster-notify.api.ping.all.5m.max\", rollup=\"max\").publish(label=\"max\")\ndata(\"taskcluster-notify.api.ping.all.5m.p99\", rollup=\"max\").publish(label=\"p99\")\ndata(\"taskcluster-notify.api.ping.all.5m.p95\", rollup=\"max\").publish(label=\"p95\")\ndata(\"taskcluster-notify.api.ping.all.5m.p75\", rollup=\"max\").publish(label=\"p75\")\ndata(\"taskcluster-notify.api.ping.all.5m.p50\", rollup=\"max\").publish(label=\"p50\")\ndata(\"taskcluster-notify.api.ping.all.5m.p25\", rollup=\"max\").publish(label=\"p25\")\ndata(\"taskcluster-notify.api.ping.all.5m.min\", rollup=\"min\").publish(label=\"min\")\n",
                            "resource_url": "https://app.signalfx.com/#/chart/\u003cid\u003e",
                            "show_data_markers": "true",
                            "stacked": "false",
                            "synced": "true",
                            "time_range": "-1d",
                            "url": "https://app.signalfx.com/#/chart/DU6SES8AYAA",
                            "viz_options.#": "10",
                            "viz_options.104843832.axis": "left",
                            "viz_options.104843832.color": "green",
                            "viz_options.104843832.label": "p50",
                            "viz_options.104843832.plot_type": "",
                            "viz_options.1086408202.axis": "left",
                            "viz_options.1086408202.color": "green",
                            "viz_options.1086408202.label": "min",
                            "viz_options.1086408202.plot_type": "",
                            "viz_options.167522665.axis": "left",
                            "viz_options.167522665.color": "brown",
                            "viz_options.167522665.label": "max",
                            "viz_options.167522665.plot_type": "AreaChart",
                            "viz_options.1961470473.axis": "right",
                            "viz_options.1961470473.color": "pink",
                            "viz_options.1961470473.label": "count",
                            "viz_options.1961470473.plot_type": "",
                            "viz_options.2128466923.axis": "left",
                            "viz_options.2128466923.color": "green",
                            "viz_options.2128466923.label": "p25",
                            "viz_options.2128466923.plot_type": "",
                            "viz_options.2210909955.axis": "right",
                            "viz_options.2210909955.color": "emerald",
                            "viz_options.2210909955.label": "client-errors",
                            "viz_options.2210909955.plot_type": "",
                            "viz_options.2636455216.axis": "left",
                            "viz_options.2636455216.color": "orange",
                            "viz_options.2636455216.label": "p99",
                            "viz_options.2636455216.plot_type": "",
                            "viz_options.2750596149.axis": "left",
                            "viz_options.2750596149.color": "yellow",
                            "viz_options.2750596149.label": "p95",
                            "viz_options.2750596149.plot_type": "",
                            "viz_options.3723831655.axis": "right",
                            "viz_options.3723831655.color": "brown",
                            "viz_options.3723831655.label": "server-errors",
                            "viz_options.3723831655.plot_type": "",
                            "viz_options.4202610054.axis": "left",
                            "viz_options.4202610054.color": "green",
                            "viz_options.4202610054.label": "p75",
                            "viz_options.4202610054.plot_type": ""
                        },
                        "meta": {},
                        "tainted": false
                    },
                    "deposed": [],
                    "provider": "provider.signalform"
                },
                "signalform_time_chart.notify_pulse": {
                    "type": "signalform_time_chart",
                    "depends_on": [],
                    "primary": {
                        "id": "DU6SBTEAgAE",
                        "attributes": {
                            "axis_left.#": "1",
                            "axis_left.1687451994.high_watermark": "3.4028234663852886E+38",
                            "axis_left.1687451994.label": "duration (ms)",
                            "axis_left.1687451994.low_watermark": "-3.4028234663852886E+38",
                            "axis_left.1687451994.max_value": "3.4028234663852886E+38",
                            "axis_left.1687451994.min_value": "-3.4028234663852886E+38",
                            "axis_right.#": "1",
                            "axis_right.2313185360.high_watermark": "3.4028234663852886E+38",
                            "axis_right.2313185360.label": "requests",
                            "axis_right.2313185360.low_watermark": "-3.4028234663852886E+38",
                            "axis_right.2313185360.max_value": "3.4028234663852886E+38",
                            "axis_right.2313185360.min_value": "-3.4028234663852886E+38",
                            "id": "DU6SBTEAgAE",
                            "last_updated": "1.517446187514E+12",
                            "name": "notify.pulse() duration / count",
                            "plot_type": "LineChart",
                            "program_text": "data(\"taskcluster-notify.api.pulse.all.5m.count\", rollup=\"sum\", extrapolation=\"zero\").publish(label=\"count\")\ndata(\"taskcluster-notify.api.pulse.client-error.5m.count\", rollup=\"sum\", extrapolation=\"zero\").publish(label=\"client-errors\")\ndata(\"taskcluster-notify.api.pulse.server-error.5m.count\", rollup=\"sum\", extrapolation=\"zero\").publish(label=\"server-errors\")\ndata(\"taskcluster-notify.api.pulse.all.5m.max\", rollup=\"max\").publish(label=\"max\")\ndata(\"taskcluster-notify.api.pulse.all.5m.p99\", rollup=\"max\").publish(label=\"p99\")\ndata(\"taskcluster-notify.api.pulse.all.5m.p95\", rollup=\"max\").publish(label=\"p95\")\ndata(\"taskcluster-notify.api.pulse.all.5m.p75\", rollup=\"max\").publish(label=\"p75\")\ndata(\"taskcluster-notify.api.pulse.all.5m.p50\", rollup=\"max\").publish(label=\"p50\")\ndata(\"taskcluster-notify.api.pulse.all.5m.p25\", rollup=\"max\").publish(label=\"p25\")\ndata(\"taskcluster-notify.api.pulse.all.5m.min\", rollup=\"min\").publish(label=\"min\")\n",
                            "resource_url": "https://app.signalfx.com/#/chart/\u003cid\u003e",
                            "show_data_markers": "true",
                            "stacked": "false",
                            "synced": "true",
                            "time_range": "-1d",
                            "url": "https://app.signalfx.com/#/chart/DU6SBTEAgAE",
                            "viz_options.#": "10",
                            "viz_options.104843832.axis": "left",
                            "viz_options.104843832.color": "green",
                            "viz_options.104843832.label": "p50",
                            "viz_options.104843832.plot_type": "",
                            "viz_options.1086408202.axis": "left",
                            "viz_options.1086408202.color": "green",
                            "viz_options.1086408202.label": "min",
                            "viz_options.1086408202.plot_type": "",
                            "viz_options.167522665.axis": "left",
                            "viz_options.167522665.color": "brown",
                            "viz_options.167522665.label": "max",
                            "viz_options.167522665.plot_type": "AreaChart",
                            "viz_options.1961470473.axis": "right",
                            "viz_options.1961470473.color": "pink",
                            "viz_options.1961470473.label": "count",
                            "viz_options.1961470473.plot_type": "",
                            "viz_options.2128466923.axis": "left",
                            "viz_options.2128466923.color": "green",
                            "viz_options.2128466923.label": "p25",
                            "viz_options.2128466923.plot_type": "",
                            "viz_options.2210909955.axis": "right",
                            "viz_options.2210909955.color": "emerald",
                            "viz_options.2210909955.label": "client-errors",
                            "viz_options.2210909955.plot_type": "",
                            "viz_options.2636455216.axis": "left",
                            "viz_options.2636455216.color": "orange",
                            "viz_options.2636455216.label": "p99",
                            "viz_options.2636455216.plot_type": "",
                            "viz_options.2750596149.axis": "left",
                            "viz_options.2750596149.color": "yellow",
                            "viz_options.2750596149.label": "p95",
                            "viz_options.2750596149.plot_type": "",
                            "viz_options.3723831655.axis": "right",
                            "viz_options.3723831655.color": "brown",
                            "viz_options.3723831655.label": "server-errors",
                            "viz_options.3723831655.plot_type": "",
                            "viz_options.4202610054.axis": "left",
                            "viz_options.4202610054.color": "green",
                            "viz_options.4202610054.label": "p75",
                            "viz_options.4202610054.plot_type": ""
                        },
                        "meta": {},
                        "tainted": false
                    },
                    "deposed": [],
                    "provider": "provider.signalform"
                },
                "signalform_time_chart.purge-cache_allPurgeRequests": {
                    "type": "signalform_time_chart",
                    "depends_on": [],
                    "primary": {
                        "id": "DU6SCBcAcAA",
                        "attributes": {
                            "axis_left.#": "1",
                            "axis_left.1687451994.high_watermark": "3.4028234663852886E+38",
                            "axis_left.1687451994.label": "duration (ms)",
                            "axis_left.1687451994.low_watermark": "-3.4028234663852886E+38",
                            "axis_left.1687451994.max_value": "3.4028234663852886E+38",
                            "axis_left.1687451994.min_value": "-3.4028234663852886E+38",
                            "axis_right.#": "1",
                            "axis_right.2313185360.high_watermark": "3.4028234663852886E+38",
                            "axis_right.2313185360.label": "requests",
                            "axis_right.2313185360.low_watermark": "-3.4028234663852886E+38",
                            "axis_right.2313185360.max_value": "3.4028234663852886E+38",
                            "axis_right.2313185360.min_value": "-3.4028234663852886E+38",
                            "id": "DU6SCBcAcAA",
                            "last_updated": "1.517446180655E+12",
                            "name": "purge-cache.allPurgeRequests() duration / count",
                            "plot_type": "LineChart",
                            "program_text": "data(\"purge-cache.api.allPurgeRequests.all.5m.count\", rollup=\"sum\", extrapolation=\"zero\").publish(label=\"count\")\ndata(\"purge-cache.api.allPurgeRequests.client-error.5m.count\", rollup=\"sum\", extrapolation=\"zero\").publish(label=\"client-errors\")\ndata(\"purge-cache.api.allPurgeRequests.server-error.5m.count\", rollup=\"sum\", extrapolation=\"zero\").publish(label=\"server-errors\")\ndata(\"purge-cache.api.allPurgeRequests.all.5m.max\", rollup=\"max\").publish(label=\"max\")\ndata(\"purge-cache.api.allPurgeRequests.all.5m.p99\", rollup=\"max\").publish(label=\"p99\")\ndata(\"purge-cache.api.allPurgeRequests.all.5m.p95\", rollup=\"max\").publish(label=\"p95\")\ndata(\"purge-cache.api.allPurgeRequests.all.5m.p75\", rollup=\"max\").publish(label=\"p75\")\ndata(\"purge-cache.api.allPurgeRequests.all.5m.p50\", rollup=\"max\").publish(label=\"p50\")\ndata(\"purge-cache.api.allPurgeRequests.all.5m.p25\", rollup=\"max\").publish(label=\"p25\")\ndata(\"purge-cache.api.allPurgeRequests.all.5m.min\", rollup=\"min\").publish(label=\"min\")\n",
                            "resource_url": "https://app.signalfx.com/#/chart/\u003cid\u003e",
                            "show_data_markers": "true",
                            "stacked": "false",
                            "synced": "true",
                            "time_range": "-1d",
                            "url": "https://app.signalfx.com/#/chart/DU6SCBcAcAA",
                            "viz_options.#": "10",
                            "viz_options.104843832.axis": "left",
                            "viz_options.104843832.color": "green",
                            "viz_options.104843832.label": "p50",
                            "viz_options.104843832.plot_type": "",
                            "viz_options.1086408202.axis": "left",
                            "viz_options.1086408202.color": "green",
                            "viz_options.1086408202.label": "min",
                            "viz_options.1086408202.plot_type": "",
                            "viz_options.167522665.axis": "left",
                            "viz_options.167522665.color": "brown",
                            "viz_options.167522665.label": "max",
                            "viz_options.167522665.plot_type": "AreaChart",
                            "viz_options.1961470473.axis": "right",
                            "viz_options.1961470473.color": "pink",
                            "viz_options.1961470473.label": "count",
                            "viz_options.1961470473.plot_type": "",
                            "viz_options.2128466923.axis": "left",
                            "viz_options.2128466923.color": "green",
                            "viz_options.2128466923.label": "p25",
                            "viz_options.2128466923.plot_type": "",
                            "viz_options.2210909955.axis": "right",
                            "viz_options.2210909955.color": "emerald",
                            "viz_options.2210909955.label": "client-errors",
                            "viz_options.2210909955.plot_type": "",
                            "viz_options.2636455216.axis": "left",
                            "viz_options.2636455216.color": "orange",
                            "viz_options.2636455216.label": "p99",
                            "viz_options.2636455216.plot_type": "",
                            "viz_options.2750596149.axis": "left",
                            "viz_options.2750596149.color": "yellow",
                            "viz_options.2750596149.label": "p95",
                            "viz_options.2750596149.plot_type": "",
                            "viz_options.3723831655.axis": "right",
                            "viz_options.3723831655.color": "brown",
                            "viz_options.3723831655.label": "server-errors",
                            "viz_options.3723831655.plot_type": "",
                            "viz_options.4202610054.axis": "left",
                            "viz_options.4202610054.color": "green",
                            "viz_options.4202610054.label": "p75",
                            "viz_options.4202610054.plot_type": ""
                        },
                        "meta": {},
                        "tainted": false
                    },
                    "deposed": [],
                    "provider": "provider.signalform"
                },
                "signalform_time_chart.purge-cache_ping": {
                    "type": "signalform_time_chart",
                    "depends_on": [],
                    "primary": {
                        "id": "DU6SCijAgAA",
                        "attributes": {
                            "axis_left.#": "1",
                            "axis_left.1687451994.high_watermark": "3.4028234663852886E+38",
                            "axis_left.1687451994.label": "duration (ms)",
                            "axis_left.1687451994.low_watermark": "-3.4028234663852886E+38",
                            "axis_left.1687451994.max_value": "3.4028234663852886E+38",
                            "axis_left.1687451994.min_value": "-3.4028234663852886E+38",
                            "axis_right.#": "1",
                            "axis_right.2313185360.high_watermark": "3.4028234663852886E+38",
                            "axis_right.2313185360.label": "requests",
                            "axis_right.2313185360.low_watermark": "-3.4028234663852886E+38",
                            "axis_right.2313185360.max_value": "3.4028234663852886E+38",
                            "axis_right.2313185360.min_value": "-3.4028234663852886E+38",
                            "id": "DU6SCijAgAA",
                            "last_updated": "1.517446187675E+12",
                            "name": "purge-cache.ping() duration / count",
                            "plot_type": "LineChart",
                            "program_text": "data(\"purge-cache.api.ping.all.5m.count\", rollup=\"sum\", extrapolation=\"zero\").publish(label=\"count\")\ndata(\"purge-cache.api.ping.client-error.5m.count\", rollup=\"sum\", extrapolation=\"zero\").publish(label=\"client-errors\")\ndata(\"purge-cache.api.ping.server-error.5m.count\", rollup=\"sum\", extrapolation=\"zero\").publish(label=\"server-errors\")\ndata(\"purge-cache.api.ping.all.5m.max\", rollup=\"max\").publish(label=\"max\")\ndata(\"purge-cache.api.ping.all.5m.p99\", rollup=\"max\").publish(label=\"p99\")\ndata(\"purge-cache.api.ping.all.5m.p95\", rollup=\"max\").publish(label=\"p95\")\ndata(\"purge-cache.api.ping.all.5m.p75\", rollup=\"max\").publish(label=\"p75\")\ndata(\"purge-cache.api.ping.all.5m.p50\", rollup=\"max\").publish(label=\"p50\")\ndata(\"purge-cache.api.ping.all.5m.p25\", rollup=\"max\").publish(label=\"p25\")\ndata(\"purge-cache.api.ping.all.5m.min\", rollup=\"min\").publish(label=\"min\")\n",
                            "resource_url": "https://app.signalfx.com/#/chart/\u003cid\u003e",
                            "show_data_markers": "true",
                            "stacked": "false",
                            "synced": "true",
                            "time_range": "-1d",
                            "url": "https://app.signalfx.com/#/chart/DU6SCijAgAA",
                            "viz_options.#": "10",
                            "viz_options.104843832.axis": "left",
                            "viz_options.104843832.color": "green",
                            "viz_options.104843832.label": "p50",
                            "viz_options.104843832.plot_type": "",
                            "viz_options.1086408202.axis": "left",
                            "viz_options.1086408202.color": "green",
                            "viz_options.1086408202.label": "min",
                            "viz_options.1086408202.plot_type": "",
                            "viz_options.167522665.axis": "left",
                            "viz_options.167522665.color": "brown",
                            "viz_options.167522665.label": "max",
                            "viz_options.167522665.plot_type": "AreaChart",
                            "viz_options.1961470473.axis": "right",
                            "viz_options.1961470473.color": "pink",
                            "viz_options.1961470473.label": "count",
                            "viz_options.1961470473.plot_type": "",
                            "viz_options.2128466923.axis": "left",
                            "viz_options.2128466923.color": "green",
                            "viz_options.2128466923.label": "p25",
                            "viz_options.2128466923.plot_type": "",
                            "viz_options.2210909955.axis": "right",
                            "viz_options.2210909955.color": "emerald",
                            "viz_options.2210909955.label": "client-errors",
                            "viz_options.2210909955.plot_type": "",
                            "viz_options.2636455216.axis": "left",
                            "viz_options.2636455216.color": "orange",
                            "viz_options.2636455216.label": "p99",
                            "viz_options.2636455216.plot_type": "",
                            "viz_options.2750596149.axis": "left",
                            "viz_options.2750596149.color": "yellow",
                            "viz_options.2750596149.label": "p95",
                            "viz_options.2750596149.plot_type": "",
                            "viz_options.3723831655.axis": "right",
                            "viz_options.3723831655.color": "brown",
                            "viz_options.3723831655.label": "server-errors",
                            "viz_options.3723831655.plot_type": "",
                            "viz_options.4202610054.axis": "left",
                            "viz_options.4202610054.color": "green",
                            "viz_options.4202610054.label": "p75",
                            "viz_options.4202610054.plot_type": ""
                        },
                        "meta": {},
                        "tainted": false
                    },
                    "deposed": [],
                    "provider": "provider.signalform"
                },
                "signalform_time_chart.purge-cache_pulse_purge-cache": {
                    "type": "signalform_time_chart",
                    "depends_on": [],
                    "primary": {
                        "id": "DU6SBr7AcAE",
                        "attributes": {
                            "axis_left.#": "1",
                            "axis_left.1687451994.high_watermark": "3.4028234663852886E+38",
                            "axis_left.1687451994.label": "duration (ms)",
                            "axis_left.1687451994.low_watermark": "-3.4028234663852886E+38",
                            "axis_left.1687451994.max_value": "3.4028234663852886E+38",
                            "axis_left.1687451994.min_value": "-3.4028234663852886E+38",
                            "axis_right.#": "1",
                            "axis_right.2805749534.high_watermark": "3.4028234663852886E+38",
                            "axis_right.2805749534.label": "messages",
                            "axis_right.2805749534.low_watermark": "-3.4028234663852886E+38",
                            "axis_right.2805749534.max_value": "3.4028234663852886E+38",
                            "axis_right.2805749534.min_value": "-3.4028234663852886E+38",
                            "id": "DU6SBr7AcAE",
                            "last_updated": "1.517446179957E+12",
                            "name": "purge-cache - purge-cache publish duration / messages",
                            "plot_type": "LineChart",
                            "program_text": "data(\"purge-cache.publisher.exchange/taskcluster-purge-cache/v1//purge-cache.5m.count\", rollup=\"sum\", extrapolation=\"zero\").publish(label=\"messages\")\ndata(\"purge-cache.publisher.exchange/taskcluster-purge-cache/v1//purge-cache.5m.max\", rollup=\"max\").publish(label=\"max\")\ndata(\"purge-cache.publisher.exchange/taskcluster-purge-cache/v1//purge-cache.5m.p99\", rollup=\"max\").publish(label=\"p99\")\ndata(\"purge-cache.publisher.exchange/taskcluster-purge-cache/v1//purge-cache.5m.p95\", rollup=\"max\").publish(label=\"p95\")\ndata(\"purge-cache.publisher.exchange/taskcluster-purge-cache/v1//purge-cache.5m.p75\", rollup=\"max\").publish(label=\"p75\")\ndata(\"purge-cache.publisher.exchange/taskcluster-purge-cache/v1//purge-cache.5m.p50\", rollup=\"max\").publish(label=\"p50\")\ndata(\"purge-cache.publisher.exchange/taskcluster-purge-cache/v1//purge-cache.5m.p25\", rollup=\"max\").publish(label=\"p25\")\ndata(\"purge-cache.publisher.exchange/taskcluster-purge-cache/v1//purge-cache.5m.min\", rollup=\"min\").publish(label=\"min\")\n",
                            "resource_url": "https://app.signalfx.com/#/chart/\u003cid\u003e",
                            "show_data_markers": "true",
                            "stacked": "false",
                            "synced": "true",
                            "time_range": "-1d",
                            "url": "https://app.signalfx.com/#/chart/DU6SBr7AcAE",
                            "viz_options.#": "8",
                            "viz_options.104843832.axis": "left",
                            "viz_options.104843832.color": "green",
                            "viz_options.104843832.label": "p50",
                            "viz_options.104843832.plot_type": "",
                            "viz_options.1086408202.axis": "left",
                            "viz_options.1086408202.color": "green",
                            "viz_options.1086408202.label": "min",
                            "viz_options.1086408202.plot_type": "",
                            "viz_options.167522665.axis": "left",
                            "viz_options.167522665.color": "brown",
                            "viz_options.167522665.label": "max",
                            "viz_options.167522665.plot_type": "AreaChart",
                            "viz_options.2128466923.axis": "left",
                            "viz_options.2128466923.color": "green",
                            "viz_options.2128466923.label": "p25",
                            "viz_options.2128466923.plot_type": "",
                            "viz_options.2636455216.axis": "left",
                            "viz_options.2636455216.color": "orange",
                            "viz_options.2636455216.label": "p99",
                            "viz_options.2636455216.plot_type": "",
                            "viz_options.2750596149.axis": "left",
                            "viz_options.2750596149.color": "yellow",
                            "viz_options.2750596149.label": "p95",
                            "viz_options.2750596149.plot_type": "",
                            "viz_options.4124249296.axis": "right",
                            "viz_options.4124249296.color": "pink",
                            "viz_options.4124249296.label": "messages",
                            "viz_options.4124249296.plot_type": "",
                            "viz_options.4202610054.axis": "left",
                            "viz_options.4202610054.color": "green",
                            "viz_options.4202610054.label": "p75",
                            "viz_options.4202610054.plot_type": ""
                        },
                        "meta": {},
                        "tainted": false
                    },
                    "deposed": [],
                    "provider": "provider.signalform"
                },
                "signalform_time_chart.purge-cache_purgeCache": {
                    "type": "signalform_time_chart",
                    "depends_on": [],
                    "primary": {
                        "id": "DU6SBHJAcAA",
                        "attributes": {
                            "axis_left.#": "1",
                            "axis_left.1687451994.high_watermark": "3.4028234663852886E+38",
                            "axis_left.1687451994.label": "duration (ms)",
                            "axis_left.1687451994.low_watermark": "-3.4028234663852886E+38",
                            "axis_left.1687451994.max_value": "3.4028234663852886E+38",
                            "axis_left.1687451994.min_value": "-3.4028234663852886E+38",
                            "axis_right.#": "1",
                            "axis_right.2313185360.high_watermark": "3.4028234663852886E+38",
                            "axis_right.2313185360.label": "requests",
                            "axis_right.2313185360.low_watermark": "-3.4028234663852886E+38",
                            "axis_right.2313185360.max_value": "3.4028234663852886E+38",
                            "axis_right.2313185360.min_value": "-3.4028234663852886E+38",
                            "id": "DU6SBHJAcAA",
                            "last_updated": "1.517446185731E+12",
                            "name": "purge-cache.purgeCache() duration / count",
                            "plot_type": "LineChart",
                            "program_text": "data(\"purge-cache.api.purgeCache.all.5m.count\", rollup=\"sum\", extrapolation=\"zero\").publish(label=\"count\")\ndata(\"purge-cache.api.purgeCache.client-error.5m.count\", rollup=\"sum\", extrapolation=\"zero\").publish(label=\"client-errors\")\ndata(\"purge-cache.api.purgeCache.server-error.5m.count\", rollup=\"sum\", extrapolation=\"zero\").publish(label=\"server-errors\")\ndata(\"purge-cache.api.purgeCache.all.5m.max\", rollup=\"max\").publish(label=\"max\")\ndata(\"purge-cache.api.purgeCache.all.5m.p99\", rollup=\"max\").publish(label=\"p99\")\ndata(\"purge-cache.api.purgeCache.all.5m.p95\", rollup=\"max\").publish(label=\"p95\")\ndata(\"purge-cache.api.purgeCache.all.5m.p75\", rollup=\"max\").publish(label=\"p75\")\ndata(\"purge-cache.api.purgeCache.all.5m.p50\", rollup=\"max\").publish(label=\"p50\")\ndata(\"purge-cache.api.purgeCache.all.5m.p25\", rollup=\"max\").publish(label=\"p25\")\ndata(\"purge-cache.api.purgeCache.all.5m.min\", rollup=\"min\").publish(label=\"min\")\n",
                            "resource_url": "https://app.signalfx.com/#/chart/\u003cid\u003e",
                            "show_data_markers": "true",
                            "stacked": "false",
                            "synced": "true",
                            "time_range": "-1d",
                            "url": "https://app.signalfx.com/#/chart/DU6SBHJAcAA",
                            "viz_options.#": "10",
                            "viz_options.104843832.axis": "left",
                            "viz_options.104843832.color": "green",
                            "viz_options.104843832.label": "p50",
                            "viz_options.104843832.plot_type": "",
                            "viz_options.1086408202.axis": "left",
                            "viz_options.1086408202.color": "green",
                            "viz_options.1086408202.label": "min",
                            "viz_options.1086408202.plot_type": "",
                            "viz_options.167522665.axis": "left",
                            "viz_options.167522665.color": "brown",
                            "viz_options.167522665.label": "max",
                            "viz_options.167522665.plot_type": "AreaChart",
                            "viz_options.1961470473.axis": "right",
                            "viz_options.1961470473.color": "pink",
                            "viz_options.1961470473.label": "count",
                            "viz_options.1961470473.plot_type": "",
                            "viz_options.2128466923.axis": "left",
                            "viz_options.2128466923.color": "green",
                            "viz_options.2128466923.label": "p25",
                            "viz_options.2128466923.plot_type": "",
                            "viz_options.2210909955.axis": "right",
                            "viz_options.2210909955.color": "emerald",
                            "viz_options.2210909955.label": "client-errors",
                            "viz_options.2210909955.plot_type": "",
                            "viz_options.2636455216.axis": "left",
                            "viz_options.2636455216.color": "orange",
                            "viz_options.2636455216.label": "p99",
                            "viz_options.2636455216.plot_type": "",
                            "viz_options.2750596149.axis": "left",
                            "viz_options.2750596149.color": "yellow",
                            "viz_options.2750596149.label": "p95",
                            "viz_options.2750596149.plot_type": "",
                            "viz_options.3723831655.axis": "right",
                            "viz_options.3723831655.color": "brown",
                            "viz_options.3723831655.label": "server-errors",
                            "viz_options.3723831655.plot_type": "",
                            "viz_options.4202610054.axis": "left",
                            "viz_options.4202610054.color": "green",
                            "viz_options.4202610054.label": "p75",
                            "viz_options.4202610054.plot_type": ""
                        },
                        "meta": {},
                        "tainted": false
                    },
                    "deposed": [],
                    "provider": "provider.signalform"
                },
                "signalform_time_chart.purge-cache_purgeRequests": {
                    "type": "signalform_time_chart",
                    "depends_on": [],
                    "primary": {
                        "id": "DU6SD5HAgAA",
                        "attributes": {
                            "axis_left.#": "1",
                            "axis_left.1687451994.high_watermark": "3.4028234663852886E+38",
                            "axis_left.1687451994.label": "duration (ms)",
                            "axis_left.1687451994.low_watermark": "-3.4028234663852886E+38",
                            "axis_left.1687451994.max_value": "3.4028234663852886E+38",
                            "axis_left.1687451994.min_value": "-3.4028234663852886E+38",
                            "axis_right.#": "1",
                            "axis_right.2313185360.high_watermark": "3.4028234663852886E+38",
                            "axis_right.2313185360.label": "requests",
                            "axis_right.2313185360.low_watermark": "-3.4028234663852886E+38",
                            "axis_right.2313185360.max_value": "3.4028234663852886E+38",
                            "axis_right.2313185360.min_value": "-3.4028234663852886E+38",
                            "id": "DU6SD5HAgAA",
                            "last_updated": "1.517446186626E+12",
                            "name": "purge-cache.purgeRequests() duration / count",
                            "plot_type": "LineChart",
                            "program_text": "data(\"purge-cache.api.purgeRequests.all.5m.count\", rollup=\"sum\", extrapolation=\"zero\").publish(label=\"count\")\ndata(\"purge-cache.api.purgeRequests.client-error.5m.count\", rollup=\"sum\", extrapolation=\"zero\").publish(label=\"client-errors\")\ndata(\"purge-cache.api.purgeRequests.server-error.5m.count\", rollup=\"sum\", extrapolation=\"zero\").publish(label=\"server-errors\")\ndata(\"purge-cache.api.purgeRequests.all.5m.max\", rollup=\"max\").publish(label=\"max\")\ndata(\"purge-cache.api.purgeRequests.all.5m.p99\", rollup=\"max\").publish(label=\"p99\")\ndata(\"purge-cache.api.purgeRequests.all.5m.p95\", rollup=\"max\").publish(label=\"p95\")\ndata(\"purge-cache.api.purgeRequests.all.5m.p75\", rollup=\"max\").publish(label=\"p75\")\ndata(\"purge-cache.api.purgeRequests.all.5m.p50\", rollup=\"max\").publish(label=\"p50\")\ndata(\"purge-cache.api.purgeRequests.all.5m.p25\", rollup=\"max\").publish(label=\"p25\")\ndata(\"purge-cache.api.purgeRequests.all.5m.min\", rollup=\"min\").publish(label=\"min\")\n",
                            "resource_url": "https://app.signalfx.com/#/chart/\u003cid\u003e",
                            "show_data_markers": "true",
                            "stacked": "false",
                            "synced": "true",
                            "time_range": "-1d",
                            "url": "https://app.signalfx.com/#/chart/DU6SD5HAgAA",
                            "viz_options.#": "10",
                            "viz_options.104843832.axis": "left",
                            "viz_options.104843832.color": "green",
                            "viz_options.104843832.label": "p50",
                            "viz_options.104843832.plot_type": "",
                            "viz_options.1086408202.axis": "left",
                            "viz_options.1086408202.color": "green",
                            "viz_options.1086408202.label": "min",
                            "viz_options.1086408202.plot_type": "",
                            "viz_options.167522665.axis": "left",
                            "viz_options.167522665.color": "brown",
                            "viz_options.167522665.label": "max",
                            "viz_options.167522665.plot_type": "AreaChart",
                            "viz_options.1961470473.axis": "right",
                            "viz_options.1961470473.color": "pink",
                            "viz_options.1961470473.label": "count",
                            "viz_options.1961470473.plot_type": "",
                            "viz_options.2128466923.axis": "left",
                            "viz_options.2128466923.color": "green",
                            "viz_options.2128466923.label": "p25",
                            "viz_options.2128466923.plot_type": "",
                            "viz_options.2210909955.axis": "right",
                            "viz_options.2210909955.color": "emerald",
                            "viz_options.2210909955.label": "client-errors",
                            "viz_options.2210909955.plot_type": "",
                            "viz_options.2636455216.axis": "left",
                            "viz_options.2636455216.color": "orange",
                            "viz_options.2636455216.label": "p99",
                            "viz_options.2636455216.plot_type": "",
                            "viz_options.2750596149.axis": "left",
                            "viz_options.2750596149.color": "yellow",
                            "viz_options.2750596149.label": "p95",
                            "viz_options.2750596149.plot_type": "",
                            "viz_options.3723831655.axis": "right",
                            "viz_options.3723831655.color": "brown",
                            "viz_options.3723831655.label": "server-errors",
                            "viz_options.3723831655.plot_type": "",
                            "viz_options.4202610054.axis": "left",
                            "viz_options.4202610054.color": "green",
                            "viz_options.4202610054.label": "p75",
                            "viz_options.4202610054.plot_type": ""
                        },
                        "meta": {},
                        "tainted": false
                    },
                    "deposed": [],
                    "provider": "provider.signalform"
                },
                "signalform_time_chart.queue_cancelTask": {
                    "type": "signalform_time_chart",
                    "depends_on": [],
                    "primary": {
                        "id": "DU6R_qSAcAA",
                        "attributes": {
                            "axis_left.#": "1",
                            "axis_left.1687451994.high_watermark": "3.4028234663852886E+38",
                            "axis_left.1687451994.label": "duration (ms)",
                            "axis_left.1687451994.low_watermark": "-3.4028234663852886E+38",
                            "axis_left.1687451994.max_value": "3.4028234663852886E+38",
                            "axis_left.1687451994.min_value": "-3.4028234663852886E+38",
                            "axis_right.#": "1",
                            "axis_right.2313185360.high_watermark": "3.4028234663852886E+38",
                            "axis_right.2313185360.label": "requests",
                            "axis_right.2313185360.low_watermark": "-3.4028234663852886E+38",
                            "axis_right.2313185360.max_value": "3.4028234663852886E+38",
                            "axis_right.2313185360.min_value": "-3.4028234663852886E+38",
                            "id": "DU6R_qSAcAA",
                            "last_updated": "1.517446273003E+12",
                            "name": "queue.cancelTask() duration / count",
                            "plot_type": "LineChart",
                            "program_text": "data(\"taskcluster-queue.api.cancelTask.all.5m.count\", rollup=\"sum\", extrapolation=\"zero\").publish(label=\"count\")\ndata(\"taskcluster-queue.api.cancelTask.client-error.5m.count\", rollup=\"sum\", extrapolation=\"zero\").publish(label=\"client-errors\")\ndata(\"taskcluster-queue.api.cancelTask.server-error.5m.count\", rollup=\"sum\", extrapolation=\"zero\").publish(label=\"server-errors\")\ndata(\"taskcluster-queue.api.cancelTask.all.5m.max\", rollup=\"max\").publish(label=\"max\")\ndata(\"taskcluster-queue.api.cancelTask.all.5m.p99\", rollup=\"max\").publish(label=\"p99\")\ndata(\"taskcluster-queue.api.cancelTask.all.5m.p95\", rollup=\"max\").publish(label=\"p95\")\ndata(\"taskcluster-queue.api.cancelTask.all.5m.p75\", rollup=\"max\").publish(label=\"p75\")\ndata(\"taskcluster-queue.api.cancelTask.all.5m.p50\", rollup=\"max\").publish(label=\"p50\")\ndata(\"taskcluster-queue.api.cancelTask.all.5m.p25\", rollup=\"max\").publish(label=\"p25\")\ndata(\"taskcluster-queue.api.cancelTask.all.5m.min\", rollup=\"min\").publish(label=\"min\")\n",
                            "resource_url": "https://app.signalfx.com/#/chart/\u003cid\u003e",
                            "show_data_markers": "true",
                            "stacked": "false",
                            "synced": "true",
                            "time_range": "-1d",
                            "url": "https://app.signalfx.com/#/chart/DU6R_qSAcAA",
                            "viz_options.#": "10",
                            "viz_options.104843832.axis": "left",
                            "viz_options.104843832.color": "green",
                            "viz_options.104843832.label": "p50",
                            "viz_options.104843832.plot_type": "",
                            "viz_options.1086408202.axis": "left",
                            "viz_options.1086408202.color": "green",
                            "viz_options.1086408202.label": "min",
                            "viz_options.1086408202.plot_type": "",
                            "viz_options.167522665.axis": "left",
                            "viz_options.167522665.color": "brown",
                            "viz_options.167522665.label": "max",
                            "viz_options.167522665.plot_type": "AreaChart",
                            "viz_options.1961470473.axis": "right",
                            "viz_options.1961470473.color": "pink",
                            "viz_options.1961470473.label": "count",
                            "viz_options.1961470473.plot_type": "",
                            "viz_options.2128466923.axis": "left",
                            "viz_options.2128466923.color": "green",
                            "viz_options.2128466923.label": "p25",
                            "viz_options.2128466923.plot_type": "",
                            "viz_options.2210909955.axis": "right",
                            "viz_options.2210909955.color": "emerald",
                            "viz_options.2210909955.label": "client-errors",
                            "viz_options.2210909955.plot_type": "",
                            "viz_options.2636455216.axis": "left",
                            "viz_options.2636455216.color": "orange",
                            "viz_options.2636455216.label": "p99",
                            "viz_options.2636455216.plot_type": "",
                            "viz_options.2750596149.axis": "left",
                            "viz_options.2750596149.color": "yellow",
                            "viz_options.2750596149.label": "p95",
                            "viz_options.2750596149.plot_type": "",
                            "viz_options.3723831655.axis": "right",
                            "viz_options.3723831655.color": "brown",
                            "viz_options.3723831655.label": "server-errors",
                            "viz_options.3723831655.plot_type": "",
                            "viz_options.4202610054.axis": "left",
                            "viz_options.4202610054.color": "green",
                            "viz_options.4202610054.label": "p75",
                            "viz_options.4202610054.plot_type": ""
                        },
                        "meta": {},
                        "tainted": false
                    },
                    "deposed": [],
                    "provider": "provider.signalform"
                },
                "signalform_time_chart.queue_claimTask": {
                    "type": "signalform_time_chart",
                    "depends_on": [],
                    "primary": {
                        "id": "DU6R_4sAYAA",
                        "attributes": {
                            "axis_left.#": "1",
                            "axis_left.1687451994.high_watermark": "3.4028234663852886E+38",
                            "axis_left.1687451994.label": "duration (ms)",
                            "axis_left.1687451994.low_watermark": "-3.4028234663852886E+38",
                            "axis_left.1687451994.max_value": "3.4028234663852886E+38",
                            "axis_left.1687451994.min_value": "-3.4028234663852886E+38",
                            "axis_right.#": "1",
                            "axis_right.2313185360.high_watermark": "3.4028234663852886E+38",
                            "axis_right.2313185360.label": "requests",
                            "axis_right.2313185360.low_watermark": "-3.4028234663852886E+38",
                            "axis_right.2313185360.max_value": "3.4028234663852886E+38",
                            "axis_right.2313185360.min_value": "-3.4028234663852886E+38",
                            "id": "DU6R_4sAYAA",
                            "last_updated": "1.517446182696E+12",
                            "name": "queue.claimTask() duration / count",
                            "plot_type": "LineChart",
                            "program_text": "data(\"taskcluster-queue.api.claimTask.all.5m.count\", rollup=\"sum\", extrapolation=\"zero\").publish(label=\"count\")\ndata(\"taskcluster-queue.api.claimTask.client-error.5m.count\", rollup=\"sum\", extrapolation=\"zero\").publish(label=\"client-errors\")\ndata(\"taskcluster-queue.api.claimTask.server-error.5m.count\", rollup=\"sum\", extrapolation=\"zero\").publish(label=\"server-errors\")\ndata(\"taskcluster-queue.api.claimTask.all.5m.max\", rollup=\"max\").publish(label=\"max\")\ndata(\"taskcluster-queue.api.claimTask.all.5m.p99\", rollup=\"max\").publish(label=\"p99\")\ndata(\"taskcluster-queue.api.claimTask.all.5m.p95\", rollup=\"max\").publish(label=\"p95\")\ndata(\"taskcluster-queue.api.claimTask.all.5m.p75\", rollup=\"max\").publish(label=\"p75\")\ndata(\"taskcluster-queue.api.claimTask.all.5m.p50\", rollup=\"max\").publish(label=\"p50\")\ndata(\"taskcluster-queue.api.claimTask.all.5m.p25\", rollup=\"max\").publish(label=\"p25\")\ndata(\"taskcluster-queue.api.claimTask.all.5m.min\", rollup=\"min\").publish(label=\"min\")\n",
                            "resource_url": "https://app.signalfx.com/#/chart/\u003cid\u003e",
                            "show_data_markers": "true",
                            "stacked": "false",
                            "synced": "true",
                            "time_range": "-1d",
                            "url": "https://app.signalfx.com/#/chart/DU6R_4sAYAA",
                            "viz_options.#": "10",
                            "viz_options.104843832.axis": "left",
                            "viz_options.104843832.color": "green",
                            "viz_options.104843832.label": "p50",
                            "viz_options.104843832.plot_type": "",
                            "viz_options.1086408202.axis": "left",
                            "viz_options.1086408202.color": "green",
                            "viz_options.1086408202.label": "min",
                            "viz_options.1086408202.plot_type": "",
                            "viz_options.167522665.axis": "left",
                            "viz_options.167522665.color": "brown",
                            "viz_options.167522665.label": "max",
                            "viz_options.167522665.plot_type": "AreaChart",
                            "viz_options.1961470473.axis": "right",
                            "viz_options.1961470473.color": "pink",
                            "viz_options.1961470473.label": "count",
                            "viz_options.1961470473.plot_type": "",
                            "viz_options.2128466923.axis": "left",
                            "viz_options.2128466923.color": "green",
                            "viz_options.2128466923.label": "p25",
                            "viz_options.2128466923.plot_type": "",
                            "viz_options.2210909955.axis": "right",
                            "viz_options.2210909955.color": "emerald",
                            "viz_options.2210909955.label": "client-errors",
                            "viz_options.2210909955.plot_type": "",
                            "viz_options.2636455216.axis": "left",
                            "viz_options.2636455216.color": "orange",
                            "viz_options.2636455216.label": "p99",
                            "viz_options.2636455216.plot_type": "",
                            "viz_options.2750596149.axis": "left",
                            "viz_options.2750596149.color": "yellow",
                            "viz_options.2750596149.label": "p95",
                            "viz_options.2750596149.plot_type": "",
                            "viz_options.3723831655.axis": "right",
                            "viz_options.3723831655.color": "brown",
                            "viz_options.3723831655.label": "server-errors",
                            "viz_options.3723831655.plot_type": "",
                            "viz_options.4202610054.axis": "left",
                            "viz_options.4202610054.color": "green",
                            "viz_options.4202610054.label": "p75",
                            "viz_options.4202610054.plot_type": ""
                        },
                        "meta": {},
                        "tainted": false
                    },
                    "deposed": [],
                    "provider": "provider.signalform"
                },
                "signalform_time_chart.queue_claimWork": {
                    "type": "signalform_time_chart",
                    "depends_on": [],
                    "primary": {
                        "id": "DU6R_7gAgAA",
                        "attributes": {
                            "axis_left.#": "1",
                            "axis_left.1687451994.high_watermark": "3.4028234663852886E+38",
                            "axis_left.1687451994.label": "duration (ms)",
                            "axis_left.1687451994.low_watermark": "-3.4028234663852886E+38",
                            "axis_left.1687451994.max_value": "3.4028234663852886E+38",
                            "axis_left.1687451994.min_value": "-3.4028234663852886E+38",
                            "axis_right.#": "1",
                            "axis_right.2313185360.high_watermark": "3.4028234663852886E+38",
                            "axis_right.2313185360.label": "requests",
                            "axis_right.2313185360.low_watermark": "-3.4028234663852886E+38",
                            "axis_right.2313185360.max_value": "3.4028234663852886E+38",
                            "axis_right.2313185360.min_value": "-3.4028234663852886E+38",
                            "id": "DU6R_7gAgAA",
                            "last_updated": "1.517446183103E+12",
                            "name": "queue.claimWork() duration / count",
                            "plot_type": "LineChart",
                            "program_text": "data(\"taskcluster-queue.api.claimWork.all.5m.count\", rollup=\"sum\", extrapolation=\"zero\").publish(label=\"count\")\ndata(\"taskcluster-queue.api.claimWork.client-error.5m.count\", rollup=\"sum\", extrapolation=\"zero\").publish(label=\"client-errors\")\ndata(\"taskcluster-queue.api.claimWork.server-error.5m.count\", rollup=\"sum\", extrapolation=\"zero\").publish(label=\"server-errors\")\ndata(\"taskcluster-queue.api.claimWork.all.5m.max\", rollup=\"max\").publish(label=\"max\")\ndata(\"taskcluster-queue.api.claimWork.all.5m.p99\", rollup=\"max\").publish(label=\"p99\")\ndata(\"taskcluster-queue.api.claimWork.all.5m.p95\", rollup=\"max\").publish(label=\"p95\")\ndata(\"taskcluster-queue.api.claimWork.all.5m.p75\", rollup=\"max\").publish(label=\"p75\")\ndata(\"taskcluster-queue.api.claimWork.all.5m.p50\", rollup=\"max\").publish(label=\"p50\")\ndata(\"taskcluster-queue.api.claimWork.all.5m.p25\", rollup=\"max\").publish(label=\"p25\")\ndata(\"taskcluster-queue.api.claimWork.all.5m.min\", rollup=\"min\").publish(label=\"min\")\n",
                            "resource_url": "https://app.signalfx.com/#/chart/\u003cid\u003e",
                            "show_data_markers": "true",
                            "stacked": "false",
                            "synced": "true",
                            "time_range": "-1d",
                            "url": "https://app.signalfx.com/#/chart/DU6R_7gAgAA",
                            "viz_options.#": "10",
                            "viz_options.104843832.axis": "left",
                            "viz_options.104843832.color": "green",
                            "viz_options.104843832.label": "p50",
                            "viz_options.104843832.plot_type": "",
                            "viz_options.1086408202.axis": "left",
                            "viz_options.1086408202.color": "green",
                            "viz_options.1086408202.label": "min",
                            "viz_options.1086408202.plot_type": "",
                            "viz_options.167522665.axis": "left",
                            "viz_options.167522665.color": "brown",
                            "viz_options.167522665.label": "max",
                            "viz_options.167522665.plot_type": "AreaChart",
                            "viz_options.1961470473.axis": "right",
                            "viz_options.1961470473.color": "pink",
                            "viz_options.1961470473.label": "count",
                            "viz_options.1961470473.plot_type": "",
                            "viz_options.2128466923.axis": "left",
                            "viz_options.2128466923.color": "green",
                            "viz_options.2128466923.label": "p25",
                            "viz_options.2128466923.plot_type": "",
                            "viz_options.2210909955.axis": "right",
                            "viz_options.2210909955.color": "emerald",
                            "viz_options.2210909955.label": "client-errors",
                            "viz_options.2210909955.plot_type": "",
                            "viz_options.2636455216.axis": "left",
                            "viz_options.2636455216.color": "orange",
                            "viz_options.2636455216.label": "p99",
                            "viz_options.2636455216.plot_type": "",
                            "viz_options.2750596149.axis": "left",
                            "viz_options.2750596149.color": "yellow",
                            "viz_options.2750596149.label": "p95",
                            "viz_options.2750596149.plot_type": "",
                            "viz_options.3723831655.axis": "right",
                            "viz_options.3723831655.color": "brown",
                            "viz_options.3723831655.label": "server-errors",
                            "viz_options.3723831655.plot_type": "",
                            "viz_options.4202610054.axis": "left",
                            "viz_options.4202610054.color": "green",
                            "viz_options.4202610054.label": "p75",
                            "viz_options.4202610054.plot_type": ""
                        },
                        "meta": {},
                        "tainted": false
                    },
                    "deposed": [],
                    "provider": "provider.signalform"
                },
                "signalform_time_chart.queue_completeArtifact": {
                    "type": "signalform_time_chart",
                    "depends_on": [],
                    "primary": {
                        "id": "DU6SAvAAcAA",
                        "attributes": {
                            "axis_left.#": "1",
                            "axis_left.1687451994.high_watermark": "3.4028234663852886E+38",
                            "axis_left.1687451994.label": "duration (ms)",
                            "axis_left.1687451994.low_watermark": "-3.4028234663852886E+38",
                            "axis_left.1687451994.max_value": "3.4028234663852886E+38",
                            "axis_left.1687451994.min_value": "-3.4028234663852886E+38",
                            "axis_right.#": "1",
                            "axis_right.2313185360.high_watermark": "3.4028234663852886E+38",
                            "axis_right.2313185360.label": "requests",
                            "axis_right.2313185360.low_watermark": "-3.4028234663852886E+38",
                            "axis_right.2313185360.max_value": "3.4028234663852886E+38",
                            "axis_right.2313185360.min_value": "-3.4028234663852886E+38",
                            "id": "DU6SAvAAcAA",
                            "last_updated": "1.517446182833E+12",
                            "name": "queue.completeArtifact() duration / count",
                            "plot_type": "LineChart",
                            "program_text": "data(\"taskcluster-queue.api.completeArtifact.all.5m.count\", rollup=\"sum\", extrapolation=\"zero\").publish(label=\"count\")\ndata(\"taskcluster-queue.api.completeArtifact.client-error.5m.count\", rollup=\"sum\", extrapolation=\"zero\").publish(label=\"client-errors\")\ndata(\"taskcluster-queue.api.completeArtifact.server-error.5m.count\", rollup=\"sum\", extrapolation=\"zero\").publish(label=\"server-errors\")\ndata(\"taskcluster-queue.api.completeArtifact.all.5m.max\", rollup=\"max\").publish(label=\"max\")\ndata(\"taskcluster-queue.api.completeArtifact.all.5m.p99\", rollup=\"max\").publish(label=\"p99\")\ndata(\"taskcluster-queue.api.completeArtifact.all.5m.p95\", rollup=\"max\").publish(label=\"p95\")\ndata(\"taskcluster-queue.api.completeArtifact.all.5m.p75\", rollup=\"max\").publish(label=\"p75\")\ndata(\"taskcluster-queue.api.completeArtifact.all.5m.p50\", rollup=\"max\").publish(label=\"p50\")\ndata(\"taskcluster-queue.api.completeArtifact.all.5m.p25\", rollup=\"max\").publish(label=\"p25\")\ndata(\"taskcluster-queue.api.completeArtifact.all.5m.min\", rollup=\"min\").publish(label=\"min\")\n",
                            "resource_url": "https://app.signalfx.com/#/chart/\u003cid\u003e",
                            "show_data_markers": "true",
                            "stacked": "false",
                            "synced": "true",
                            "time_range": "-1d",
                            "url": "https://app.signalfx.com/#/chart/DU6SAvAAcAA",
                            "viz_options.#": "10",
                            "viz_options.104843832.axis": "left",
                            "viz_options.104843832.color": "green",
                            "viz_options.104843832.label": "p50",
                            "viz_options.104843832.plot_type": "",
                            "viz_options.1086408202.axis": "left",
                            "viz_options.1086408202.color": "green",
                            "viz_options.1086408202.label": "min",
                            "viz_options.1086408202.plot_type": "",
                            "viz_options.167522665.axis": "left",
                            "viz_options.167522665.color": "brown",
                            "viz_options.167522665.label": "max",
                            "viz_options.167522665.plot_type": "AreaChart",
                            "viz_options.1961470473.axis": "right",
                            "viz_options.1961470473.color": "pink",
                            "viz_options.1961470473.label": "count",
                            "viz_options.1961470473.plot_type": "",
                            "viz_options.2128466923.axis": "left",
                            "viz_options.2128466923.color": "green",
                            "viz_options.2128466923.label": "p25",
                            "viz_options.2128466923.plot_type": "",
                            "viz_options.2210909955.axis": "right",
                            "viz_options.2210909955.color": "emerald",
                            "viz_options.2210909955.label": "client-errors",
                            "viz_options.2210909955.plot_type": "",
                            "viz_options.2636455216.axis": "left",
                            "viz_options.2636455216.color": "orange",
                            "viz_options.2636455216.label": "p99",
                            "viz_options.2636455216.plot_type": "",
                            "viz_options.2750596149.axis": "left",
                            "viz_options.2750596149.color": "yellow",
                            "viz_options.2750596149.label": "p95",
                            "viz_options.2750596149.plot_type": "",
                            "viz_options.3723831655.axis": "right",
                            "viz_options.3723831655.color": "brown",
                            "viz_options.3723831655.label": "server-errors",
                            "viz_options.3723831655.plot_type": "",
                            "viz_options.4202610054.axis": "left",
                            "viz_options.4202610054.color": "green",
                            "viz_options.4202610054.label": "p75",
                            "viz_options.4202610054.plot_type": ""
                        },
                        "meta": {},
                        "tainted": false
                    },
                    "deposed": [],
                    "provider": "provider.signalform"
                },
                "signalform_time_chart.queue_createArtifact": {
                    "type": "signalform_time_chart",
                    "depends_on": [],
                    "primary": {
                        "id": "DU6SBoUAcAA",
                        "attributes": {
                            "axis_left.#": "1",
                            "axis_left.1687451994.high_watermark": "3.4028234663852886E+38",
                            "axis_left.1687451994.label": "duration (ms)",
                            "axis_left.1687451994.low_watermark": "-3.4028234663852886E+38",
                            "axis_left.1687451994.max_value": "3.4028234663852886E+38",
                            "axis_left.1687451994.min_value": "-3.4028234663852886E+38",
                            "axis_right.#": "1",
                            "axis_right.2313185360.high_watermark": "3.4028234663852886E+38",
                            "axis_right.2313185360.label": "requests",
                            "axis_right.2313185360.low_watermark": "-3.4028234663852886E+38",
                            "axis_right.2313185360.max_value": "3.4028234663852886E+38",
                            "axis_right.2313185360.min_value": "-3.4028234663852886E+38",
                            "id": "DU6SBoUAcAA",
                            "last_updated": "1.517446275526E+12",
                            "name": "queue.createArtifact() duration / count",
                            "plot_type": "LineChart",
                            "program_text": "data(\"taskcluster-queue.api.createArtifact.all.5m.count\", rollup=\"sum\", extrapolation=\"zero\").publish(label=\"count\")\ndata(\"taskcluster-queue.api.createArtifact.client-error.5m.count\", rollup=\"sum\", extrapolation=\"zero\").publish(label=\"client-errors\")\ndata(\"taskcluster-queue.api.createArtifact.server-error.5m.count\", rollup=\"sum\", extrapolation=\"zero\").publish(label=\"server-errors\")\ndata(\"taskcluster-queue.api.createArtifact.all.5m.max\", rollup=\"max\").publish(label=\"max\")\ndata(\"taskcluster-queue.api.createArtifact.all.5m.p99\", rollup=\"max\").publish(label=\"p99\")\ndata(\"taskcluster-queue.api.createArtifact.all.5m.p95\", rollup=\"max\").publish(label=\"p95\")\ndata(\"taskcluster-queue.api.createArtifact.all.5m.p75\", rollup=\"max\").publish(label=\"p75\")\ndata(\"taskcluster-queue.api.createArtifact.all.5m.p50\", rollup=\"max\").publish(label=\"p50\")\ndata(\"taskcluster-queue.api.createArtifact.all.5m.p25\", rollup=\"max\").publish(label=\"p25\")\ndata(\"taskcluster-queue.api.createArtifact.all.5m.min\", rollup=\"min\").publish(label=\"min\")\n",
                            "resource_url": "https://app.signalfx.com/#/chart/\u003cid\u003e",
                            "show_data_markers": "true",
                            "stacked": "false",
                            "synced": "true",
                            "time_range": "-1d",
                            "url": "https://app.signalfx.com/#/chart/DU6SBoUAcAA",
                            "viz_options.#": "10",
                            "viz_options.104843832.axis": "left",
                            "viz_options.104843832.color": "green",
                            "viz_options.104843832.label": "p50",
                            "viz_options.104843832.plot_type": "",
                            "viz_options.1086408202.axis": "left",
                            "viz_options.1086408202.color": "green",
                            "viz_options.1086408202.label": "min",
                            "viz_options.1086408202.plot_type": "",
                            "viz_options.167522665.axis": "left",
                            "viz_options.167522665.color": "brown",
                            "viz_options.167522665.label": "max",
                            "viz_options.167522665.plot_type": "AreaChart",
                            "viz_options.1961470473.axis": "right",
                            "viz_options.1961470473.color": "pink",
                            "viz_options.1961470473.label": "count",
                            "viz_options.1961470473.plot_type": "",
                            "viz_options.2128466923.axis": "left",
                            "viz_options.2128466923.color": "green",
                            "viz_options.2128466923.label": "p25",
                            "viz_options.2128466923.plot_type": "",
                            "viz_options.2210909955.axis": "right",
                            "viz_options.2210909955.color": "emerald",
                            "viz_options.2210909955.label": "client-errors",
                            "viz_options.2210909955.plot_type": "",
                            "viz_options.2636455216.axis": "left",
                            "viz_options.2636455216.color": "orange",
                            "viz_options.2636455216.label": "p99",
                            "viz_options.2636455216.plot_type": "",
                            "viz_options.2750596149.axis": "left",
                            "viz_options.2750596149.color": "yellow",
                            "viz_options.2750596149.label": "p95",
                            "viz_options.2750596149.plot_type": "",
                            "viz_options.3723831655.axis": "right",
                            "viz_options.3723831655.color": "brown",
                            "viz_options.3723831655.label": "server-errors",
                            "viz_options.3723831655.plot_type": "",
                            "viz_options.4202610054.axis": "left",
                            "viz_options.4202610054.color": "green",
                            "viz_options.4202610054.label": "p75",
                            "viz_options.4202610054.plot_type": ""
                        },
                        "meta": {},
                        "tainted": false
                    },
                    "deposed": [],
                    "provider": "provider.signalform"
                },
                "signalform_time_chart.queue_createTask": {
                    "type": "signalform_time_chart",
                    "depends_on": [],
                    "primary": {
                        "id": "DU6SAnAAYAA",
                        "attributes": {
                            "axis_left.#": "1",
                            "axis_left.1687451994.high_watermark": "3.4028234663852886E+38",
                            "axis_left.1687451994.label": "duration (ms)",
                            "axis_left.1687451994.low_watermark": "-3.4028234663852886E+38",
                            "axis_left.1687451994.max_value": "3.4028234663852886E+38",
                            "axis_left.1687451994.min_value": "-3.4028234663852886E+38",
                            "axis_right.#": "1",
                            "axis_right.2313185360.high_watermark": "3.4028234663852886E+38",
                            "axis_right.2313185360.label": "requests",
                            "axis_right.2313185360.low_watermark": "-3.4028234663852886E+38",
                            "axis_right.2313185360.max_value": "3.4028234663852886E+38",
                            "axis_right.2313185360.min_value": "-3.4028234663852886E+38",
                            "id": "DU6SAnAAYAA",
                            "last_updated": "1.517446274421E+12",
                            "name": "queue.createTask() duration / count",
                            "plot_type": "LineChart",
                            "program_text": "data(\"taskcluster-queue.api.createTask.all.5m.count\", rollup=\"sum\", extrapolation=\"zero\").publish(label=\"count\")\ndata(\"taskcluster-queue.api.createTask.client-error.5m.count\", rollup=\"sum\", extrapolation=\"zero\").publish(label=\"client-errors\")\ndata(\"taskcluster-queue.api.createTask.server-error.5m.count\", rollup=\"sum\", extrapolation=\"zero\").publish(label=\"server-errors\")\ndata(\"taskcluster-queue.api.createTask.all.5m.max\", rollup=\"max\").publish(label=\"max\")\ndata(\"taskcluster-queue.api.createTask.all.5m.p99\", rollup=\"max\").publish(label=\"p99\")\ndata(\"taskcluster-queue.api.createTask.all.5m.p95\", rollup=\"max\").publish(label=\"p95\")\ndata(\"taskcluster-queue.api.createTask.all.5m.p75\", rollup=\"max\").publish(label=\"p75\")\ndata(\"taskcluster-queue.api.createTask.all.5m.p50\", rollup=\"max\").publish(label=\"p50\")\ndata(\"taskcluster-queue.api.createTask.all.5m.p25\", rollup=\"max\").publish(label=\"p25\")\ndata(\"taskcluster-queue.api.createTask.all.5m.min\", rollup=\"min\").publish(label=\"min\")\n",
                            "resource_url": "https://app.signalfx.com/#/chart/\u003cid\u003e",
                            "show_data_markers": "true",
                            "stacked": "false",
                            "synced": "true",
                            "time_range": "-1d",
                            "url": "https://app.signalfx.com/#/chart/DU6SAnAAYAA",
                            "viz_options.#": "10",
                            "viz_options.104843832.axis": "left",
                            "viz_options.104843832.color": "green",
                            "viz_options.104843832.label": "p50",
                            "viz_options.104843832.plot_type": "",
                            "viz_options.1086408202.axis": "left",
                            "viz_options.1086408202.color": "green",
                            "viz_options.1086408202.label": "min",
                            "viz_options.1086408202.plot_type": "",
                            "viz_options.167522665.axis": "left",
                            "viz_options.167522665.color": "brown",
                            "viz_options.167522665.label": "max",
                            "viz_options.167522665.plot_type": "AreaChart",
                            "viz_options.1961470473.axis": "right",
                            "viz_options.1961470473.color": "pink",
                            "viz_options.1961470473.label": "count",
                            "viz_options.1961470473.plot_type": "",
                            "viz_options.2128466923.axis": "left",
                            "viz_options.2128466923.color": "green",
                            "viz_options.2128466923.label": "p25",
                            "viz_options.2128466923.plot_type": "",
                            "viz_options.2210909955.axis": "right",
                            "viz_options.2210909955.color": "emerald",
                            "viz_options.2210909955.label": "client-errors",
                            "viz_options.2210909955.plot_type": "",
                            "viz_options.2636455216.axis": "left",
                            "viz_options.2636455216.color": "orange",
                            "viz_options.2636455216.label": "p99",
                            "viz_options.2636455216.plot_type": "",
                            "viz_options.2750596149.axis": "left",
                            "viz_options.2750596149.color": "yellow",
                            "viz_options.2750596149.label": "p95",
                            "viz_options.2750596149.plot_type": "",
                            "viz_options.3723831655.axis": "right",
                            "viz_options.3723831655.color": "brown",
                            "viz_options.3723831655.label": "server-errors",
                            "viz_options.3723831655.plot_type": "",
                            "viz_options.4202610054.axis": "left",
                            "viz_options.4202610054.color": "green",
                            "viz_options.4202610054.label": "p75",
                            "viz_options.4202610054.plot_type": ""
                        },
                        "meta": {},
                        "tainted": false
                    },
                    "deposed": [],
                    "provider": "provider.signalform"
                },
                "signalform_time_chart.queue_declareProvisioner": {
                    "type": "signalform_time_chart",
                    "depends_on": [],
                    "primary": {
                        "id": "DU6SBQ9AcEI",
                        "attributes": {
                            "axis_left.#": "1",
                            "axis_left.1687451994.high_watermark": "3.4028234663852886E+38",
                            "axis_left.1687451994.label": "duration (ms)",
                            "axis_left.1687451994.low_watermark": "-3.4028234663852886E+38",
                            "axis_left.1687451994.max_value": "3.4028234663852886E+38",
                            "axis_left.1687451994.min_value": "-3.4028234663852886E+38",
                            "axis_right.#": "1",
                            "axis_right.2313185360.high_watermark": "3.4028234663852886E+38",
                            "axis_right.2313185360.label": "requests",
                            "axis_right.2313185360.low_watermark": "-3.4028234663852886E+38",
                            "axis_right.2313185360.max_value": "3.4028234663852886E+38",
                            "axis_right.2313185360.min_value": "-3.4028234663852886E+38",
                            "id": "DU6SBQ9AcEI",
                            "last_updated": "1.517446186861E+12",
                            "name": "queue.declareProvisioner() duration / count",
                            "plot_type": "LineChart",
                            "program_text": "data(\"taskcluster-queue.api.declareProvisioner.all.5m.count\", rollup=\"sum\", extrapolation=\"zero\").publish(label=\"count\")\ndata(\"taskcluster-queue.api.declareProvisioner.client-error.5m.count\", rollup=\"sum\", extrapolation=\"zero\").publish(label=\"client-errors\")\ndata(\"taskcluster-queue.api.declareProvisioner.server-error.5m.count\", rollup=\"sum\", extrapolation=\"zero\").publish(label=\"server-errors\")\ndata(\"taskcluster-queue.api.declareProvisioner.all.5m.max\", rollup=\"max\").publish(label=\"max\")\ndata(\"taskcluster-queue.api.declareProvisioner.all.5m.p99\", rollup=\"max\").publish(label=\"p99\")\ndata(\"taskcluster-queue.api.declareProvisioner.all.5m.p95\", rollup=\"max\").publish(label=\"p95\")\ndata(\"taskcluster-queue.api.declareProvisioner.all.5m.p75\", rollup=\"max\").publish(label=\"p75\")\ndata(\"taskcluster-queue.api.declareProvisioner.all.5m.p50\", rollup=\"max\").publish(label=\"p50\")\ndata(\"taskcluster-queue.api.declareProvisioner.all.5m.p25\", rollup=\"max\").publish(label=\"p25\")\ndata(\"taskcluster-queue.api.declareProvisioner.all.5m.min\", rollup=\"min\").publish(label=\"min\")\n",
                            "resource_url": "https://app.signalfx.com/#/chart/\u003cid\u003e",
                            "show_data_markers": "true",
                            "stacked": "false",
                            "synced": "true",
                            "time_range": "-1d",
                            "url": "https://app.signalfx.com/#/chart/DU6SBQ9AcEI",
                            "viz_options.#": "10",
                            "viz_options.104843832.axis": "left",
                            "viz_options.104843832.color": "green",
                            "viz_options.104843832.label": "p50",
                            "viz_options.104843832.plot_type": "",
                            "viz_options.1086408202.axis": "left",
                            "viz_options.1086408202.color": "green",
                            "viz_options.1086408202.label": "min",
                            "viz_options.1086408202.plot_type": "",
                            "viz_options.167522665.axis": "left",
                            "viz_options.167522665.color": "brown",
                            "viz_options.167522665.label": "max",
                            "viz_options.167522665.plot_type": "AreaChart",
                            "viz_options.1961470473.axis": "right",
                            "viz_options.1961470473.color": "pink",
                            "viz_options.1961470473.label": "count",
                            "viz_options.1961470473.plot_type": "",
                            "viz_options.2128466923.axis": "left",
                            "viz_options.2128466923.color": "green",
                            "viz_options.2128466923.label": "p25",
                            "viz_options.2128466923.plot_type": "",
                            "viz_options.2210909955.axis": "right",
                            "viz_options.2210909955.color": "emerald",
                            "viz_options.2210909955.label": "client-errors",
                            "viz_options.2210909955.plot_type": "",
                            "viz_options.2636455216.axis": "left",
                            "viz_options.2636455216.color": "orange",
                            "viz_options.2636455216.label": "p99",
                            "viz_options.2636455216.plot_type": "",
                            "viz_options.2750596149.axis": "left",
                            "viz_options.2750596149.color": "yellow",
                            "viz_options.2750596149.label": "p95",
                            "viz_options.2750596149.plot_type": "",
                            "viz_options.3723831655.axis": "right",
                            "viz_options.3723831655.color": "brown",
                            "viz_options.3723831655.label": "server-errors",
                            "viz_options.3723831655.plot_type": "",
                            "viz_options.4202610054.axis": "left",
                            "viz_options.4202610054.color": "green",
                            "viz_options.4202610054.label": "p75",
                            "viz_options.4202610054.plot_type": ""
                        },
                        "meta": {},
                        "tainted": false
                    },
                    "deposed": [],
                    "provider": "provider.signalform"
                },
                "signalform_time_chart.queue_declareWorker": {
                    "type": "signalform_time_chart",
                    "depends_on": [],
                    "primary": {
                        "id": "DU6SCIDAYAA",
                        "attributes": {
                            "axis_left.#": "1",
                            "axis_left.1687451994.high_watermark": "3.4028234663852886E+38",
                            "axis_left.1687451994.label": "duration (ms)",
                            "axis_left.1687451994.low_watermark": "-3.4028234663852886E+38",
                            "axis_left.1687451994.max_value": "3.4028234663852886E+38",
                            "axis_left.1687451994.min_value": "-3.4028234663852886E+38",
                            "axis_right.#": "1",
                            "axis_right.2313185360.high_watermark": "3.4028234663852886E+38",
                            "axis_right.2313185360.label": "requests",
                            "axis_right.2313185360.low_watermark": "-3.4028234663852886E+38",
                            "axis_right.2313185360.max_value": "3.4028234663852886E+38",
                            "axis_right.2313185360.min_value": "-3.4028234663852886E+38",
                            "id": "DU6SCIDAYAA",
                            "last_updated": "1.517446274127E+12",
                            "name": "queue.declareWorker() duration / count",
                            "plot_type": "LineChart",
                            "program_text": "data(\"taskcluster-queue.api.declareWorker.all.5m.count\", rollup=\"sum\", extrapolation=\"zero\").publish(label=\"count\")\ndata(\"taskcluster-queue.api.declareWorker.client-error.5m.count\", rollup=\"sum\", extrapolation=\"zero\").publish(label=\"client-errors\")\ndata(\"taskcluster-queue.api.declareWorker.server-error.5m.count\", rollup=\"sum\", extrapolation=\"zero\").publish(label=\"server-errors\")\ndata(\"taskcluster-queue.api.declareWorker.all.5m.max\", rollup=\"max\").publish(label=\"max\")\ndata(\"taskcluster-queue.api.declareWorker.all.5m.p99\", rollup=\"max\").publish(label=\"p99\")\ndata(\"taskcluster-queue.api.declareWorker.all.5m.p95\", rollup=\"max\").publish(label=\"p95\")\ndata(\"taskcluster-queue.api.declareWorker.all.5m.p75\", rollup=\"max\").publish(label=\"p75\")\ndata(\"taskcluster-queue.api.declareWorker.all.5m.p50\", rollup=\"max\").publish(label=\"p50\")\ndata(\"taskcluster-queue.api.declareWorker.all.5m.p25\", rollup=\"max\").publish(label=\"p25\")\ndata(\"taskcluster-queue.api.declareWorker.all.5m.min\", rollup=\"min\").publish(label=\"min\")\n",
                            "resource_url": "https://app.signalfx.com/#/chart/\u003cid\u003e",
                            "show_data_markers": "true",
                            "stacked": "false",
                            "synced": "true",
                            "time_range": "-1d",
                            "url": "https://app.signalfx.com/#/chart/DU6SCIDAYAA",
                            "viz_options.#": "10",
                            "viz_options.104843832.axis": "left",
                            "viz_options.104843832.color": "green",
                            "viz_options.104843832.label": "p50",
                            "viz_options.104843832.plot_type": "",
                            "viz_options.1086408202.axis": "left",
                            "viz_options.1086408202.color": "green",
                            "viz_options.1086408202.label": "min",
                            "viz_options.1086408202.plot_type": "",
                            "viz_options.167522665.axis": "left",
                            "viz_options.167522665.color": "brown",
                            "viz_options.167522665.label": "max",
                            "viz_options.167522665.plot_type": "AreaChart",
                            "viz_options.1961470473.axis": "right",
                            "viz_options.1961470473.color": "pink",
                            "viz_options.1961470473.label": "count",
                            "viz_options.1961470473.plot_type": "",
                            "viz_options.2128466923.axis": "left",
                            "viz_options.2128466923.color": "green",
                            "viz_options.2128466923.label": "p25",
                            "viz_options.2128466923.plot_type": "",
                            "viz_options.2210909955.axis": "right",
                            "viz_options.2210909955.color": "emerald",
                            "viz_options.2210909955.label": "client-errors",
                            "viz_options.2210909955.plot_type": "",
                            "viz_options.2636455216.axis": "left",
                            "viz_options.2636455216.color": "orange",
                            "viz_options.2636455216.label": "p99",
                            "viz_options.2636455216.plot_type": "",
                            "viz_options.2750596149.axis": "left",
                            "viz_options.2750596149.color": "yellow",
                            "viz_options.2750596149.label": "p95",
                            "viz_options.2750596149.plot_type": "",
                            "viz_options.3723831655.axis": "right",
                            "viz_options.3723831655.color": "brown",
                            "viz_options.3723831655.label": "server-errors",
                            "viz_options.3723831655.plot_type": "",
                            "viz_options.4202610054.axis": "left",
                            "viz_options.4202610054.color": "green",
                            "viz_options.4202610054.label": "p75",
                            "viz_options.4202610054.plot_type": ""
                        },
                        "meta": {},
                        "tainted": false
                    },
                    "deposed": [],
                    "provider": "provider.signalform"
                },
                "signalform_time_chart.queue_declareWorkerType": {
                    "type": "signalform_time_chart",
                    "depends_on": [],
                    "primary": {
                        "id": "DU6R_l4AgAA",
                        "attributes": {
                            "axis_left.#": "1",
                            "axis_left.1687451994.high_watermark": "3.4028234663852886E+38",
                            "axis_left.1687451994.label": "duration (ms)",
                            "axis_left.1687451994.low_watermark": "-3.4028234663852886E+38",
                            "axis_left.1687451994.max_value": "3.4028234663852886E+38",
                            "axis_left.1687451994.min_value": "-3.4028234663852886E+38",
                            "axis_right.#": "1",
                            "axis_right.2313185360.high_watermark": "3.4028234663852886E+38",
                            "axis_right.2313185360.label": "requests",
                            "axis_right.2313185360.low_watermark": "-3.4028234663852886E+38",
                            "axis_right.2313185360.max_value": "3.4028234663852886E+38",
                            "axis_right.2313185360.min_value": "-3.4028234663852886E+38",
                            "id": "DU6R_l4AgAA",
                            "last_updated": "1.517446273309E+12",
                            "name": "queue.declareWorkerType() duration / count",
                            "plot_type": "LineChart",
                            "program_text": "data(\"taskcluster-queue.api.declareWorkerType.all.5m.count\", rollup=\"sum\", extrapolation=\"zero\").publish(label=\"count\")\ndata(\"taskcluster-queue.api.declareWorkerType.client-error.5m.count\", rollup=\"sum\", extrapolation=\"zero\").publish(label=\"client-errors\")\ndata(\"taskcluster-queue.api.declareWorkerType.server-error.5m.count\", rollup=\"sum\", extrapolation=\"zero\").publish(label=\"server-errors\")\ndata(\"taskcluster-queue.api.declareWorkerType.all.5m.max\", rollup=\"max\").publish(label=\"max\")\ndata(\"taskcluster-queue.api.declareWorkerType.all.5m.p99\", rollup=\"max\").publish(label=\"p99\")\ndata(\"taskcluster-queue.api.declareWorkerType.all.5m.p95\", rollup=\"max\").publish(label=\"p95\")\ndata(\"taskcluster-queue.api.declareWorkerType.all.5m.p75\", rollup=\"max\").publish(label=\"p75\")\ndata(\"taskcluster-queue.api.declareWorkerType.all.5m.p50\", rollup=\"max\").publish(label=\"p50\")\ndata(\"taskcluster-queue.api.declareWorkerType.all.5m.p25\", rollup=\"max\").publish(label=\"p25\")\ndata(\"taskcluster-queue.api.declareWorkerType.all.5m.min\", rollup=\"min\").publish(label=\"min\")\n",
                            "resource_url": "https://app.signalfx.com/#/chart/\u003cid\u003e",
                            "show_data_markers": "true",
                            "stacked": "false",
                            "synced": "true",
                            "time_range": "-1d",
                            "url": "https://app.signalfx.com/#/chart/DU6R_l4AgAA",
                            "viz_options.#": "10",
                            "viz_options.104843832.axis": "left",
                            "viz_options.104843832.color": "green",
                            "viz_options.104843832.label": "p50",
                            "viz_options.104843832.plot_type": "",
                            "viz_options.1086408202.axis": "left",
                            "viz_options.1086408202.color": "green",
                            "viz_options.1086408202.label": "min",
                            "viz_options.1086408202.plot_type": "",
                            "viz_options.167522665.axis": "left",
                            "viz_options.167522665.color": "brown",
                            "viz_options.167522665.label": "max",
                            "viz_options.167522665.plot_type": "AreaChart",
                            "viz_options.1961470473.axis": "right",
                            "viz_options.1961470473.color": "pink",
                            "viz_options.1961470473.label": "count",
                            "viz_options.1961470473.plot_type": "",
                            "viz_options.2128466923.axis": "left",
                            "viz_options.2128466923.color": "green",
                            "viz_options.2128466923.label": "p25",
                            "viz_options.2128466923.plot_type": "",
                            "viz_options.2210909955.axis": "right",
                            "viz_options.2210909955.color": "emerald",
                            "viz_options.2210909955.label": "client-errors",
                            "viz_options.2210909955.plot_type": "",
                            "viz_options.2636455216.axis": "left",
                            "viz_options.2636455216.color": "orange",
                            "viz_options.2636455216.label": "p99",
                            "viz_options.2636455216.plot_type": "",
                            "viz_options.2750596149.axis": "left",
                            "viz_options.2750596149.color": "yellow",
                            "viz_options.2750596149.label": "p95",
                            "viz_options.2750596149.plot_type": "",
                            "viz_options.3723831655.axis": "right",
                            "viz_options.3723831655.color": "brown",
                            "viz_options.3723831655.label": "server-errors",
                            "viz_options.3723831655.plot_type": "",
                            "viz_options.4202610054.axis": "left",
                            "viz_options.4202610054.color": "green",
                            "viz_options.4202610054.label": "p75",
                            "viz_options.4202610054.plot_type": ""
                        },
                        "meta": {},
                        "tainted": false
                    },
                    "deposed": [],
                    "provider": "provider.signalform"
                },
                "signalform_time_chart.queue_defineTask": {
                    "type": "signalform_time_chart",
                    "depends_on": [],
                    "primary": {
                        "id": "DU6R_zeAcAA",
                        "attributes": {
                            "axis_left.#": "1",
                            "axis_left.1687451994.high_watermark": "3.4028234663852886E+38",
                            "axis_left.1687451994.label": "duration (ms)",
                            "axis_left.1687451994.low_watermark": "-3.4028234663852886E+38",
                            "axis_left.1687451994.max_value": "3.4028234663852886E+38",
                            "axis_left.1687451994.min_value": "-3.4028234663852886E+38",
                            "axis_right.#": "1",
                            "axis_right.2313185360.high_watermark": "3.4028234663852886E+38",
                            "axis_right.2313185360.label": "requests",
                            "axis_right.2313185360.low_watermark": "-3.4028234663852886E+38",
                            "axis_right.2313185360.max_value": "3.4028234663852886E+38",
                            "axis_right.2313185360.min_value": "-3.4028234663852886E+38",
                            "id": "DU6R_zeAcAA",
                            "last_updated": "1.517446181758E+12",
                            "name": "queue.defineTask() duration / count",
                            "plot_type": "LineChart",
                            "program_text": "data(\"taskcluster-queue.api.defineTask.all.5m.count\", rollup=\"sum\", extrapolation=\"zero\").publish(label=\"count\")\ndata(\"taskcluster-queue.api.defineTask.client-error.5m.count\", rollup=\"sum\", extrapolation=\"zero\").publish(label=\"client-errors\")\ndata(\"taskcluster-queue.api.defineTask.server-error.5m.count\", rollup=\"sum\", extrapolation=\"zero\").publish(label=\"server-errors\")\ndata(\"taskcluster-queue.api.defineTask.all.5m.max\", rollup=\"max\").publish(label=\"max\")\ndata(\"taskcluster-queue.api.defineTask.all.5m.p99\", rollup=\"max\").publish(label=\"p99\")\ndata(\"taskcluster-queue.api.defineTask.all.5m.p95\", rollup=\"max\").publish(label=\"p95\")\ndata(\"taskcluster-queue.api.defineTask.all.5m.p75\", rollup=\"max\").publish(label=\"p75\")\ndata(\"taskcluster-queue.api.defineTask.all.5m.p50\", rollup=\"max\").publish(label=\"p50\")\ndata(\"taskcluster-queue.api.defineTask.all.5m.p25\", rollup=\"max\").publish(label=\"p25\")\ndata(\"taskcluster-queue.api.defineTask.all.5m.min\", rollup=\"min\").publish(label=\"min\")\n",
                            "resource_url": "https://app.signalfx.com/#/chart/\u003cid\u003e",
                            "show_data_markers": "true",
                            "stacked": "false",
                            "synced": "true",
                            "time_range": "-1d",
                            "url": "https://app.signalfx.com/#/chart/DU6R_zeAcAA",
                            "viz_options.#": "10",
                            "viz_options.104843832.axis": "left",
                            "viz_options.104843832.color": "green",
                            "viz_options.104843832.label": "p50",
                            "viz_options.104843832.plot_type": "",
                            "viz_options.1086408202.axis": "left",
                            "viz_options.1086408202.color": "green",
                            "viz_options.1086408202.label": "min",
                            "viz_options.1086408202.plot_type": "",
                            "viz_options.167522665.axis": "left",
                            "viz_options.167522665.color": "brown",
                            "viz_options.167522665.label": "max",
                            "viz_options.167522665.plot_type": "AreaChart",
                            "viz_options.1961470473.axis": "right",
                            "viz_options.1961470473.color": "pink",
                            "viz_options.1961470473.label": "count",
                            "viz_options.1961470473.plot_type": "",
                            "viz_options.2128466923.axis": "left",
                            "viz_options.2128466923.color": "green",
                            "viz_options.2128466923.label": "p25",
                            "viz_options.2128466923.plot_type": "",
                            "viz_options.2210909955.axis": "right",
                            "viz_options.2210909955.color": "emerald",
                            "viz_options.2210909955.label": "client-errors",
                            "viz_options.2210909955.plot_type": "",
                            "viz_options.2636455216.axis": "left",
                            "viz_options.2636455216.color": "orange",
                            "viz_options.2636455216.label": "p99",
                            "viz_options.2636455216.plot_type": "",
                            "viz_options.2750596149.axis": "left",
                            "viz_options.2750596149.color": "yellow",
                            "viz_options.2750596149.label": "p95",
                            "viz_options.2750596149.plot_type": "",
                            "viz_options.3723831655.axis": "right",
                            "viz_options.3723831655.color": "brown",
                            "viz_options.3723831655.label": "server-errors",
                            "viz_options.3723831655.plot_type": "",
                            "viz_options.4202610054.axis": "left",
                            "viz_options.4202610054.color": "green",
                            "viz_options.4202610054.label": "p75",
                            "viz_options.4202610054.plot_type": ""
                        },
                        "meta": {},
                        "tainted": false
                    },
                    "deposed": [],
                    "provider": "provider.signalform"
                },
                "signalform_time_chart.queue_getArtifact": {
                    "type": "signalform_time_chart",
                    "depends_on": [],
                    "primary": {
                        "id": "DU6R_VJAcAA",
                        "attributes": {
                            "axis_left.#": "1",
                            "axis_left.1687451994.high_watermark": "3.4028234663852886E+38",
                            "axis_left.1687451994.label": "duration (ms)",
                            "axis_left.1687451994.low_watermark": "-3.4028234663852886E+38",
                            "axis_left.1687451994.max_value": "3.4028234663852886E+38",
                            "axis_left.1687451994.min_value": "-3.4028234663852886E+38",
                            "axis_right.#": "1",
                            "axis_right.2313185360.high_watermark": "3.4028234663852886E+38",
                            "axis_right.2313185360.label": "requests",
                            "axis_right.2313185360.low_watermark": "-3.4028234663852886E+38",
                            "axis_right.2313185360.max_value": "3.4028234663852886E+38",
                            "axis_right.2313185360.min_value": "-3.4028234663852886E+38",
                            "id": "DU6R_VJAcAA",
                            "last_updated": "1.517446273381E+12",
                            "name": "queue.getArtifact() duration / count",
                            "plot_type": "LineChart",
                            "program_text": "data(\"taskcluster-queue.api.getArtifact.all.5m.count\", rollup=\"sum\", extrapolation=\"zero\").publish(label=\"count\")\ndata(\"taskcluster-queue.api.getArtifact.client-error.5m.count\", rollup=\"sum\", extrapolation=\"zero\").publish(label=\"client-errors\")\ndata(\"taskcluster-queue.api.getArtifact.server-error.5m.count\", rollup=\"sum\", extrapolation=\"zero\").publish(label=\"server-errors\")\ndata(\"taskcluster-queue.api.getArtifact.all.5m.max\", rollup=\"max\").publish(label=\"max\")\ndata(\"taskcluster-queue.api.getArtifact.all.5m.p99\", rollup=\"max\").publish(label=\"p99\")\ndata(\"taskcluster-queue.api.getArtifact.all.5m.p95\", rollup=\"max\").publish(label=\"p95\")\ndata(\"taskcluster-queue.api.getArtifact.all.5m.p75\", rollup=\"max\").publish(label=\"p75\")\ndata(\"taskcluster-queue.api.getArtifact.all.5m.p50\", rollup=\"max\").publish(label=\"p50\")\ndata(\"taskcluster-queue.api.getArtifact.all.5m.p25\", rollup=\"max\").publish(label=\"p25\")\ndata(\"taskcluster-queue.api.getArtifact.all.5m.min\", rollup=\"min\").publish(label=\"min\")\n",
                            "resource_url": "https://app.signalfx.com/#/chart/\u003cid\u003e",
                            "show_data_markers": "true",
                            "stacked": "false",
                            "synced": "true",
                            "time_range": "-1d",
                            "url": "https://app.signalfx.com/#/chart/DU6R_VJAcAA",
                            "viz_options.#": "10",
                            "viz_options.104843832.axis": "left",
                            "viz_options.104843832.color": "green",
                            "viz_options.104843832.label": "p50",
                            "viz_options.104843832.plot_type": "",
                            "viz_options.1086408202.axis": "left",
                            "viz_options.1086408202.color": "green",
                            "viz_options.1086408202.label": "min",
                            "viz_options.1086408202.plot_type": "",
                            "viz_options.167522665.axis": "left",
                            "viz_options.167522665.color": "brown",
                            "viz_options.167522665.label": "max",
                            "viz_options.167522665.plot_type": "AreaChart",
                            "viz_options.1961470473.axis": "right",
                            "viz_options.1961470473.color": "pink",
                            "viz_options.1961470473.label": "count",
                            "viz_options.1961470473.plot_type": "",
                            "viz_options.2128466923.axis": "left",
                            "viz_options.2128466923.color": "green",
                            "viz_options.2128466923.label": "p25",
                            "viz_options.2128466923.plot_type": "",
                            "viz_options.2210909955.axis": "right",
                            "viz_options.2210909955.color": "emerald",
                            "viz_options.2210909955.label": "client-errors",
                            "viz_options.2210909955.plot_type": "",
                            "viz_options.2636455216.axis": "left",
                            "viz_options.2636455216.color": "orange",
                            "viz_options.2636455216.label": "p99",
                            "viz_options.2636455216.plot_type": "",
                            "viz_options.2750596149.axis": "left",
                            "viz_options.2750596149.color": "yellow",
                            "viz_options.2750596149.label": "p95",
                            "viz_options.2750596149.plot_type": "",
                            "viz_options.3723831655.axis": "right",
                            "viz_options.3723831655.color": "brown",
                            "viz_options.3723831655.label": "server-errors",
                            "viz_options.3723831655.plot_type": "",
                            "viz_options.4202610054.axis": "left",
                            "viz_options.4202610054.color": "green",
                            "viz_options.4202610054.label": "p75",
                            "viz_options.4202610054.plot_type": ""
                        },
                        "meta": {},
                        "tainted": false
                    },
                    "deposed": [],
                    "provider": "provider.signalform"
                },
                "signalform_time_chart.queue_getLatestArtifact": {
                    "type": "signalform_time_chart",
                    "depends_on": [],
                    "primary": {
                        "id": "DU6R_qqAYAA",
                        "attributes": {
                            "axis_left.#": "1",
                            "axis_left.1687451994.high_watermark": "3.4028234663852886E+38",
                            "axis_left.1687451994.label": "duration (ms)",
                            "axis_left.1687451994.low_watermark": "-3.4028234663852886E+38",
                            "axis_left.1687451994.max_value": "3.4028234663852886E+38",
                            "axis_left.1687451994.min_value": "-3.4028234663852886E+38",
                            "axis_right.#": "1",
                            "axis_right.2313185360.high_watermark": "3.4028234663852886E+38",
                            "axis_right.2313185360.label": "requests",
                            "axis_right.2313185360.low_watermark": "-3.4028234663852886E+38",
                            "axis_right.2313185360.max_value": "3.4028234663852886E+38",
                            "axis_right.2313185360.min_value": "-3.4028234663852886E+38",
                            "id": "DU6R_qqAYAA",
                            "last_updated": "1.517446275046E+12",
                            "name": "queue.getLatestArtifact() duration / count",
                            "plot_type": "LineChart",
                            "program_text": "data(\"taskcluster-queue.api.getLatestArtifact.all.5m.count\", rollup=\"sum\", extrapolation=\"zero\").publish(label=\"count\")\ndata(\"taskcluster-queue.api.getLatestArtifact.client-error.5m.count\", rollup=\"sum\", extrapolation=\"zero\").publish(label=\"client-errors\")\ndata(\"taskcluster-queue.api.getLatestArtifact.server-error.5m.count\", rollup=\"sum\", extrapolation=\"zero\").publish(label=\"server-errors\")\ndata(\"taskcluster-queue.api.getLatestArtifact.all.5m.max\", rollup=\"max\").publish(label=\"max\")\ndata(\"taskcluster-queue.api.getLatestArtifact.all.5m.p99\", rollup=\"max\").publish(label=\"p99\")\ndata(\"taskcluster-queue.api.getLatestArtifact.all.5m.p95\", rollup=\"max\").publish(label=\"p95\")\ndata(\"taskcluster-queue.api.getLatestArtifact.all.5m.p75\", rollup=\"max\").publish(label=\"p75\")\ndata(\"taskcluster-queue.api.getLatestArtifact.all.5m.p50\", rollup=\"max\").publish(label=\"p50\")\ndata(\"taskcluster-queue.api.getLatestArtifact.all.5m.p25\", rollup=\"max\").publish(label=\"p25\")\ndata(\"taskcluster-queue.api.getLatestArtifact.all.5m.min\", rollup=\"min\").publish(label=\"min\")\n",
                            "resource_url": "https://app.signalfx.com/#/chart/\u003cid\u003e",
                            "show_data_markers": "true",
                            "stacked": "false",
                            "synced": "true",
                            "time_range": "-1d",
                            "url": "https://app.signalfx.com/#/chart/DU6R_qqAYAA",
                            "viz_options.#": "10",
                            "viz_options.104843832.axis": "left",
                            "viz_options.104843832.color": "green",
                            "viz_options.104843832.label": "p50",
                            "viz_options.104843832.plot_type": "",
                            "viz_options.1086408202.axis": "left",
                            "viz_options.1086408202.color": "green",
                            "viz_options.1086408202.label": "min",
                            "viz_options.1086408202.plot_type": "",
                            "viz_options.167522665.axis": "left",
                            "viz_options.167522665.color": "brown",
                            "viz_options.167522665.label": "max",
                            "viz_options.167522665.plot_type": "AreaChart",
                            "viz_options.1961470473.axis": "right",
                            "viz_options.1961470473.color": "pink",
                            "viz_options.1961470473.label": "count",
                            "viz_options.1961470473.plot_type": "",
                            "viz_options.2128466923.axis": "left",
                            "viz_options.2128466923.color": "green",
                            "viz_options.2128466923.label": "p25",
                            "viz_options.2128466923.plot_type": "",
                            "viz_options.2210909955.axis": "right",
                            "viz_options.2210909955.color": "emerald",
                            "viz_options.2210909955.label": "client-errors",
                            "viz_options.2210909955.plot_type": "",
                            "viz_options.2636455216.axis": "left",
                            "viz_options.2636455216.color": "orange",
                            "viz_options.2636455216.label": "p99",
                            "viz_options.2636455216.plot_type": "",
                            "viz_options.2750596149.axis": "left",
                            "viz_options.2750596149.color": "yellow",
                            "viz_options.2750596149.label": "p95",
                            "viz_options.2750596149.plot_type": "",
                            "viz_options.3723831655.axis": "right",
                            "viz_options.3723831655.color": "brown",
                            "viz_options.3723831655.label": "server-errors",
                            "viz_options.3723831655.plot_type": "",
                            "viz_options.4202610054.axis": "left",
                            "viz_options.4202610054.color": "green",
                            "viz_options.4202610054.label": "p75",
                            "viz_options.4202610054.plot_type": ""
                        },
                        "meta": {},
                        "tainted": false
                    },
                    "deposed": [],
                    "provider": "provider.signalform"
                },
                "signalform_time_chart.queue_getProvisioner": {
                    "type": "signalform_time_chart",
                    "depends_on": [],
                    "primary": {
                        "id": "DU6SCG5AcAA",
                        "attributes": {
                            "axis_left.#": "1",
                            "axis_left.1687451994.high_watermark": "3.4028234663852886E+38",
                            "axis_left.1687451994.label": "duration (ms)",
                            "axis_left.1687451994.low_watermark": "-3.4028234663852886E+38",
                            "axis_left.1687451994.max_value": "3.4028234663852886E+38",
                            "axis_left.1687451994.min_value": "-3.4028234663852886E+38",
                            "axis_right.#": "1",
                            "axis_right.2313185360.high_watermark": "3.4028234663852886E+38",
                            "axis_right.2313185360.label": "requests",
                            "axis_right.2313185360.low_watermark": "-3.4028234663852886E+38",
                            "axis_right.2313185360.max_value": "3.4028234663852886E+38",
                            "axis_right.2313185360.min_value": "-3.4028234663852886E+38",
                            "id": "DU6SCG5AcAA",
                            "last_updated": "1.517446273281E+12",
                            "name": "queue.getProvisioner() duration / count",
                            "plot_type": "LineChart",
                            "program_text": "data(\"taskcluster-queue.api.getProvisioner.all.5m.count\", rollup=\"sum\", extrapolation=\"zero\").publish(label=\"count\")\ndata(\"taskcluster-queue.api.getProvisioner.client-error.5m.count\", rollup=\"sum\", extrapolation=\"zero\").publish(label=\"client-errors\")\ndata(\"taskcluster-queue.api.getProvisioner.server-error.5m.count\", rollup=\"sum\", extrapolation=\"zero\").publish(label=\"server-errors\")\ndata(\"taskcluster-queue.api.getProvisioner.all.5m.max\", rollup=\"max\").publish(label=\"max\")\ndata(\"taskcluster-queue.api.getProvisioner.all.5m.p99\", rollup=\"max\").publish(label=\"p99\")\ndata(\"taskcluster-queue.api.getProvisioner.all.5m.p95\", rollup=\"max\").publish(label=\"p95\")\ndata(\"taskcluster-queue.api.getProvisioner.all.5m.p75\", rollup=\"max\").publish(label=\"p75\")\ndata(\"taskcluster-queue.api.getProvisioner.all.5m.p50\", rollup=\"max\").publish(label=\"p50\")\ndata(\"taskcluster-queue.api.getProvisioner.all.5m.p25\", rollup=\"max\").publish(label=\"p25\")\ndata(\"taskcluster-queue.api.getProvisioner.all.5m.min\", rollup=\"min\").publish(label=\"min\")\n",
                            "resource_url": "https://app.signalfx.com/#/chart/\u003cid\u003e",
                            "show_data_markers": "true",
                            "stacked": "false",
                            "synced": "true",
                            "time_range": "-1d",
                            "url": "https://app.signalfx.com/#/chart/DU6SCG5AcAA",
                            "viz_options.#": "10",
                            "viz_options.104843832.axis": "left",
                            "viz_options.104843832.color": "green",
                            "viz_options.104843832.label": "p50",
                            "viz_options.104843832.plot_type": "",
                            "viz_options.1086408202.axis": "left",
                            "viz_options.1086408202.color": "green",
                            "viz_options.1086408202.label": "min",
                            "viz_options.1086408202.plot_type": "",
                            "viz_options.167522665.axis": "left",
                            "viz_options.167522665.color": "brown",
                            "viz_options.167522665.label": "max",
                            "viz_options.167522665.plot_type": "AreaChart",
                            "viz_options.1961470473.axis": "right",
                            "viz_options.1961470473.color": "pink",
                            "viz_options.1961470473.label": "count",
                            "viz_options.1961470473.plot_type": "",
                            "viz_options.2128466923.axis": "left",
                            "viz_options.2128466923.color": "green",
                            "viz_options.2128466923.label": "p25",
                            "viz_options.2128466923.plot_type": "",
                            "viz_options.2210909955.axis": "right",
                            "viz_options.2210909955.color": "emerald",
                            "viz_options.2210909955.label": "client-errors",
                            "viz_options.2210909955.plot_type": "",
                            "viz_options.2636455216.axis": "left",
                            "viz_options.2636455216.color": "orange",
                            "viz_options.2636455216.label": "p99",
                            "viz_options.2636455216.plot_type": "",
                            "viz_options.2750596149.axis": "left",
                            "viz_options.2750596149.color": "yellow",
                            "viz_options.2750596149.label": "p95",
                            "viz_options.2750596149.plot_type": "",
                            "viz_options.3723831655.axis": "right",
                            "viz_options.3723831655.color": "brown",
                            "viz_options.3723831655.label": "server-errors",
                            "viz_options.3723831655.plot_type": "",
                            "viz_options.4202610054.axis": "left",
                            "viz_options.4202610054.color": "green",
                            "viz_options.4202610054.label": "p75",
                            "viz_options.4202610054.plot_type": ""
                        },
                        "meta": {},
                        "tainted": false
                    },
                    "deposed": [],
                    "provider": "provider.signalform"
                },
                "signalform_time_chart.queue_getWorker": {
                    "type": "signalform_time_chart",
                    "depends_on": [],
                    "primary": {
                        "id": "DU6R_RNAgAA",
                        "attributes": {
                            "axis_left.#": "1",
                            "axis_left.1687451994.high_watermark": "3.4028234663852886E+38",
                            "axis_left.1687451994.label": "duration (ms)",
                            "axis_left.1687451994.low_watermark": "-3.4028234663852886E+38",
                            "axis_left.1687451994.max_value": "3.4028234663852886E+38",
                            "axis_left.1687451994.min_value": "-3.4028234663852886E+38",
                            "axis_right.#": "1",
                            "axis_right.2313185360.high_watermark": "3.4028234663852886E+38",
                            "axis_right.2313185360.label": "requests",
                            "axis_right.2313185360.low_watermark": "-3.4028234663852886E+38",
                            "axis_right.2313185360.max_value": "3.4028234663852886E+38",
                            "axis_right.2313185360.min_value": "-3.4028234663852886E+38",
                            "id": "DU6R_RNAgAA",
                            "last_updated": "1.517446273671E+12",
                            "name": "queue.getWorker() duration / count",
                            "plot_type": "LineChart",
                            "program_text": "data(\"taskcluster-queue.api.getWorker.all.5m.count\", rollup=\"sum\", extrapolation=\"zero\").publish(label=\"count\")\ndata(\"taskcluster-queue.api.getWorker.client-error.5m.count\", rollup=\"sum\", extrapolation=\"zero\").publish(label=\"client-errors\")\ndata(\"taskcluster-queue.api.getWorker.server-error.5m.count\", rollup=\"sum\", extrapolation=\"zero\").publish(label=\"server-errors\")\ndata(\"taskcluster-queue.api.getWorker.all.5m.max\", rollup=\"max\").publish(label=\"max\")\ndata(\"taskcluster-queue.api.getWorker.all.5m.p99\", rollup=\"max\").publish(label=\"p99\")\ndata(\"taskcluster-queue.api.getWorker.all.5m.p95\", rollup=\"max\").publish(label=\"p95\")\ndata(\"taskcluster-queue.api.getWorker.all.5m.p75\", rollup=\"max\").publish(label=\"p75\")\ndata(\"taskcluster-queue.api.getWorker.all.5m.p50\", rollup=\"max\").publish(label=\"p50\")\ndata(\"taskcluster-queue.api.getWorker.all.5m.p25\", rollup=\"max\").publish(label=\"p25\")\ndata(\"taskcluster-queue.api.getWorker.all.5m.min\", rollup=\"min\").publish(label=\"min\")\n",
                            "resource_url": "https://app.signalfx.com/#/chart/\u003cid\u003e",
                            "show_data_markers": "true",
                            "stacked": "false",
                            "synced": "true",
                            "time_range": "-1d",
                            "url": "https://app.signalfx.com/#/chart/DU6R_RNAgAA",
                            "viz_options.#": "10",
                            "viz_options.104843832.axis": "left",
                            "viz_options.104843832.color": "green",
                            "viz_options.104843832.label": "p50",
                            "viz_options.104843832.plot_type": "",
                            "viz_options.1086408202.axis": "left",
                            "viz_options.1086408202.color": "green",
                            "viz_options.1086408202.label": "min",
                            "viz_options.1086408202.plot_type": "",
                            "viz_options.167522665.axis": "left",
                            "viz_options.167522665.color": "brown",
                            "viz_options.167522665.label": "max",
                            "viz_options.167522665.plot_type": "AreaChart",
                            "viz_options.1961470473.axis": "right",
                            "viz_options.1961470473.color": "pink",
                            "viz_options.1961470473.label": "count",
                            "viz_options.1961470473.plot_type": "",
                            "viz_options.2128466923.axis": "left",
                            "viz_options.2128466923.color": "green",
                            "viz_options.2128466923.label": "p25",
                            "viz_options.2128466923.plot_type": "",
                            "viz_options.2210909955.axis": "right",
                            "viz_options.2210909955.color": "emerald",
                            "viz_options.2210909955.label": "client-errors",
                            "viz_options.2210909955.plot_type": "",
                            "viz_options.2636455216.axis": "left",
                            "viz_options.2636455216.color": "orange",
                            "viz_options.2636455216.label": "p99",
                            "viz_options.2636455216.plot_type": "",
                            "viz_options.2750596149.axis": "left",
                            "viz_options.2750596149.color": "yellow",
                            "viz_options.2750596149.label": "p95",
                            "viz_options.2750596149.plot_type": "",
                            "viz_options.3723831655.axis": "right",
                            "viz_options.3723831655.color": "brown",
                            "viz_options.3723831655.label": "server-errors",
                            "viz_options.3723831655.plot_type": "",
                            "viz_options.4202610054.axis": "left",
                            "viz_options.4202610054.color": "green",
                            "viz_options.4202610054.label": "p75",
                            "viz_options.4202610054.plot_type": ""
                        },
                        "meta": {},
                        "tainted": false
                    },
                    "deposed": [],
                    "provider": "provider.signalform"
                },
                "signalform_time_chart.queue_getWorkerType": {
                    "type": "signalform_time_chart",
                    "depends_on": [],
                    "primary": {
                        "id": "DU6R_OFAcAA",
                        "attributes": {
                            "axis_left.#": "1",
                            "axis_left.1687451994.high_watermark": "3.4028234663852886E+38",
                            "axis_left.1687451994.label": "duration (ms)",
                            "axis_left.1687451994.low_watermark": "-3.4028234663852886E+38",
                            "axis_left.1687451994.max_value": "3.4028234663852886E+38",
                            "axis_left.1687451994.min_value": "-3.4028234663852886E+38",
                            "axis_right.#": "1",
                            "axis_right.2313185360.high_watermark": "3.4028234663852886E+38",
                            "axis_right.2313185360.label": "requests",
                            "axis_right.2313185360.low_watermark": "-3.4028234663852886E+38",
                            "axis_right.2313185360.max_value": "3.4028234663852886E+38",
                            "axis_right.2313185360.min_value": "-3.4028234663852886E+38",
                            "id": "DU6R_OFAcAA",
                            "last_updated": "1.51744627516E+12",
                            "name": "queue.getWorkerType() duration / count",
                            "plot_type": "LineChart",
                            "program_text": "data(\"taskcluster-queue.api.getWorkerType.all.5m.count\", rollup=\"sum\", extrapolation=\"zero\").publish(label=\"count\")\ndata(\"taskcluster-queue.api.getWorkerType.client-error.5m.count\", rollup=\"sum\", extrapolation=\"zero\").publish(label=\"client-errors\")\ndata(\"taskcluster-queue.api.getWorkerType.server-error.5m.count\", rollup=\"sum\", extrapolation=\"zero\").publish(label=\"server-errors\")\ndata(\"taskcluster-queue.api.getWorkerType.all.5m.max\", rollup=\"max\").publish(label=\"max\")\ndata(\"taskcluster-queue.api.getWorkerType.all.5m.p99\", rollup=\"max\").publish(label=\"p99\")\ndata(\"taskcluster-queue.api.getWorkerType.all.5m.p95\", rollup=\"max\").publish(label=\"p95\")\ndata(\"taskcluster-queue.api.getWorkerType.all.5m.p75\", rollup=\"max\").publish(label=\"p75\")\ndata(\"taskcluster-queue.api.getWorkerType.all.5m.p50\", rollup=\"max\").publish(label=\"p50\")\ndata(\"taskcluster-queue.api.getWorkerType.all.5m.p25\", rollup=\"max\").publish(label=\"p25\")\ndata(\"taskcluster-queue.api.getWorkerType.all.5m.min\", rollup=\"min\").publish(label=\"min\")\n",
                            "resource_url": "https://app.signalfx.com/#/chart/\u003cid\u003e",
                            "show_data_markers": "true",
                            "stacked": "false",
                            "synced": "true",
                            "time_range": "-1d",
                            "url": "https://app.signalfx.com/#/chart/DU6R_OFAcAA",
                            "viz_options.#": "10",
                            "viz_options.104843832.axis": "left",
                            "viz_options.104843832.color": "green",
                            "viz_options.104843832.label": "p50",
                            "viz_options.104843832.plot_type": "",
                            "viz_options.1086408202.axis": "left",
                            "viz_options.1086408202.color": "green",
                            "viz_options.1086408202.label": "min",
                            "viz_options.1086408202.plot_type": "",
                            "viz_options.167522665.axis": "left",
                            "viz_options.167522665.color": "brown",
                            "viz_options.167522665.label": "max",
                            "viz_options.167522665.plot_type": "AreaChart",
                            "viz_options.1961470473.axis": "right",
                            "viz_options.1961470473.color": "pink",
                            "viz_options.1961470473.label": "count",
                            "viz_options.1961470473.plot_type": "",
                            "viz_options.2128466923.axis": "left",
                            "viz_options.2128466923.color": "green",
                            "viz_options.2128466923.label": "p25",
                            "viz_options.2128466923.plot_type": "",
                            "viz_options.2210909955.axis": "right",
                            "viz_options.2210909955.color": "emerald",
                            "viz_options.2210909955.label": "client-errors",
                            "viz_options.2210909955.plot_type": "",
                            "viz_options.2636455216.axis": "left",
                            "viz_options.2636455216.color": "orange",
                            "viz_options.2636455216.label": "p99",
                            "viz_options.2636455216.plot_type": "",
                            "viz_options.2750596149.axis": "left",
                            "viz_options.2750596149.color": "yellow",
                            "viz_options.2750596149.label": "p95",
                            "viz_options.2750596149.plot_type": "",
                            "viz_options.3723831655.axis": "right",
                            "viz_options.3723831655.color": "brown",
                            "viz_options.3723831655.label": "server-errors",
                            "viz_options.3723831655.plot_type": "",
                            "viz_options.4202610054.axis": "left",
                            "viz_options.4202610054.color": "green",
                            "viz_options.4202610054.label": "p75",
                            "viz_options.4202610054.plot_type": ""
                        },
                        "meta": {},
                        "tainted": false
                    },
                    "deposed": [],
                    "provider": "provider.signalform"
                },
                "signalform_time_chart.queue_listArtifacts": {
                    "type": "signalform_time_chart",
                    "depends_on": [],
                    "primary": {
                        "id": "DU6SAJ-AgAA",
                        "attributes": {
                            "axis_left.#": "1",
                            "axis_left.1687451994.high_watermark": "3.4028234663852886E+38",
                            "axis_left.1687451994.label": "duration (ms)",
                            "axis_left.1687451994.low_watermark": "-3.4028234663852886E+38",
                            "axis_left.1687451994.max_value": "3.4028234663852886E+38",
                            "axis_left.1687451994.min_value": "-3.4028234663852886E+38",
                            "axis_right.#": "1",
                            "axis_right.2313185360.high_watermark": "3.4028234663852886E+38",
                            "axis_right.2313185360.label": "requests",
                            "axis_right.2313185360.low_watermark": "-3.4028234663852886E+38",
                            "axis_right.2313185360.max_value": "3.4028234663852886E+38",
                            "axis_right.2313185360.min_value": "-3.4028234663852886E+38",
                            "id": "DU6SAJ-AgAA",
                            "last_updated": "1.517446183699E+12",
                            "name": "queue.listArtifacts() duration / count",
                            "plot_type": "LineChart",
                            "program_text": "data(\"taskcluster-queue.api.listArtifacts.all.5m.count\", rollup=\"sum\", extrapolation=\"zero\").publish(label=\"count\")\ndata(\"taskcluster-queue.api.listArtifacts.client-error.5m.count\", rollup=\"sum\", extrapolation=\"zero\").publish(label=\"client-errors\")\ndata(\"taskcluster-queue.api.listArtifacts.server-error.5m.count\", rollup=\"sum\", extrapolation=\"zero\").publish(label=\"server-errors\")\ndata(\"taskcluster-queue.api.listArtifacts.all.5m.max\", rollup=\"max\").publish(label=\"max\")\ndata(\"taskcluster-queue.api.listArtifacts.all.5m.p99\", rollup=\"max\").publish(label=\"p99\")\ndata(\"taskcluster-queue.api.listArtifacts.all.5m.p95\", rollup=\"max\").publish(label=\"p95\")\ndata(\"taskcluster-queue.api.listArtifacts.all.5m.p75\", rollup=\"max\").publish(label=\"p75\")\ndata(\"taskcluster-queue.api.listArtifacts.all.5m.p50\", rollup=\"max\").publish(label=\"p50\")\ndata(\"taskcluster-queue.api.listArtifacts.all.5m.p25\", rollup=\"max\").publish(label=\"p25\")\ndata(\"taskcluster-queue.api.listArtifacts.all.5m.min\", rollup=\"min\").publish(label=\"min\")\n",
                            "resource_url": "https://app.signalfx.com/#/chart/\u003cid\u003e",
                            "show_data_markers": "true",
                            "stacked": "false",
                            "synced": "true",
                            "time_range": "-1d",
                            "url": "https://app.signalfx.com/#/chart/DU6SAJ-AgAA",
                            "viz_options.#": "10",
                            "viz_options.104843832.axis": "left",
                            "viz_options.104843832.color": "green",
                            "viz_options.104843832.label": "p50",
                            "viz_options.104843832.plot_type": "",
                            "viz_options.1086408202.axis": "left",
                            "viz_options.1086408202.color": "green",
                            "viz_options.1086408202.label": "min",
                            "viz_options.1086408202.plot_type": "",
                            "viz_options.167522665.axis": "left",
                            "viz_options.167522665.color": "brown",
                            "viz_options.167522665.label": "max",
                            "viz_options.167522665.plot_type": "AreaChart",
                            "viz_options.1961470473.axis": "right",
                            "viz_options.1961470473.color": "pink",
                            "viz_options.1961470473.label": "count",
                            "viz_options.1961470473.plot_type": "",
                            "viz_options.2128466923.axis": "left",
                            "viz_options.2128466923.color": "green",
                            "viz_options.2128466923.label": "p25",
                            "viz_options.2128466923.plot_type": "",
                            "viz_options.2210909955.axis": "right",
                            "viz_options.2210909955.color": "emerald",
                            "viz_options.2210909955.label": "client-errors",
                            "viz_options.2210909955.plot_type": "",
                            "viz_options.2636455216.axis": "left",
                            "viz_options.2636455216.color": "orange",
                            "viz_options.2636455216.label": "p99",
                            "viz_options.2636455216.plot_type": "",
                            "viz_options.2750596149.axis": "left",
                            "viz_options.2750596149.color": "yellow",
                            "viz_options.2750596149.label": "p95",
                            "viz_options.2750596149.plot_type": "",
                            "viz_options.3723831655.axis": "right",
                            "viz_options.3723831655.color": "brown",
                            "viz_options.3723831655.label": "server-errors",
                            "viz_options.3723831655.plot_type": "",
                            "viz_options.4202610054.axis": "left",
                            "viz_options.4202610054.color": "green",
                            "viz_options.4202610054.label": "p75",
                            "viz_options.4202610054.plot_type": ""
                        },
                        "meta": {},
                        "tainted": false
                    },
                    "deposed": [],
                    "provider": "provider.signalform"
                },
                "signalform_time_chart.queue_listDependentTasks": {
                    "type": "signalform_time_chart",
                    "depends_on": [],
                    "primary": {
                        "id": "DU6SAyBAgAA",
                        "attributes": {
                            "axis_left.#": "1",
                            "axis_left.1687451994.high_watermark": "3.4028234663852886E+38",
                            "axis_left.1687451994.label": "duration (ms)",
                            "axis_left.1687451994.low_watermark": "-3.4028234663852886E+38",
                            "axis_left.1687451994.max_value": "3.4028234663852886E+38",
                            "axis_left.1687451994.min_value": "-3.4028234663852886E+38",
                            "axis_right.#": "1",
                            "axis_right.2313185360.high_watermark": "3.4028234663852886E+38",
                            "axis_right.2313185360.label": "requests",
                            "axis_right.2313185360.low_watermark": "-3.4028234663852886E+38",
                            "axis_right.2313185360.max_value": "3.4028234663852886E+38",
                            "axis_right.2313185360.min_value": "-3.4028234663852886E+38",
                            "id": "DU6SAyBAgAA",
                            "last_updated": "1.517446182993E+12",
                            "name": "queue.listDependentTasks() duration / count",
                            "plot_type": "LineChart",
                            "program_text": "data(\"taskcluster-queue.api.listDependentTasks.all.5m.count\", rollup=\"sum\", extrapolation=\"zero\").publish(label=\"count\")\ndata(\"taskcluster-queue.api.listDependentTasks.client-error.5m.count\", rollup=\"sum\", extrapolation=\"zero\").publish(label=\"client-errors\")\ndata(\"taskcluster-queue.api.listDependentTasks.server-error.5m.count\", rollup=\"sum\", extrapolation=\"zero\").publish(label=\"server-errors\")\ndata(\"taskcluster-queue.api.listDependentTasks.all.5m.max\", rollup=\"max\").publish(label=\"max\")\ndata(\"taskcluster-queue.api.listDependentTasks.all.5m.p99\", rollup=\"max\").publish(label=\"p99\")\ndata(\"taskcluster-queue.api.listDependentTasks.all.5m.p95\", rollup=\"max\").publish(label=\"p95\")\ndata(\"taskcluster-queue.api.listDependentTasks.all.5m.p75\", rollup=\"max\").publish(label=\"p75\")\ndata(\"taskcluster-queue.api.listDependentTasks.all.5m.p50\", rollup=\"max\").publish(label=\"p50\")\ndata(\"taskcluster-queue.api.listDependentTasks.all.5m.p25\", rollup=\"max\").publish(label=\"p25\")\ndata(\"taskcluster-queue.api.listDependentTasks.all.5m.min\", rollup=\"min\").publish(label=\"min\")\n",
                            "resource_url": "https://app.signalfx.com/#/chart/\u003cid\u003e",
                            "show_data_markers": "true",
                            "stacked": "false",
                            "synced": "true",
                            "time_range": "-1d",
                            "url": "https://app.signalfx.com/#/chart/DU6SAyBAgAA",
                            "viz_options.#": "10",
                            "viz_options.104843832.axis": "left",
                            "viz_options.104843832.color": "green",
                            "viz_options.104843832.label": "p50",
                            "viz_options.104843832.plot_type": "",
                            "viz_options.1086408202.axis": "left",
                            "viz_options.1086408202.color": "green",
                            "viz_options.1086408202.label": "min",
                            "viz_options.1086408202.plot_type": "",
                            "viz_options.167522665.axis": "left",
                            "viz_options.167522665.color": "brown",
                            "viz_options.167522665.label": "max",
                            "viz_options.167522665.plot_type": "AreaChart",
                            "viz_options.1961470473.axis": "right",
                            "viz_options.1961470473.color": "pink",
                            "viz_options.1961470473.label": "count",
                            "viz_options.1961470473.plot_type": "",
                            "viz_options.2128466923.axis": "left",
                            "viz_options.2128466923.color": "green",
                            "viz_options.2128466923.label": "p25",
                            "viz_options.2128466923.plot_type": "",
                            "viz_options.2210909955.axis": "right",
                            "viz_options.2210909955.color": "emerald",
                            "viz_options.2210909955.label": "client-errors",
                            "viz_options.2210909955.plot_type": "",
                            "viz_options.2636455216.axis": "left",
                            "viz_options.2636455216.color": "orange",
                            "viz_options.2636455216.label": "p99",
                            "viz_options.2636455216.plot_type": "",
                            "viz_options.2750596149.axis": "left",
                            "viz_options.2750596149.color": "yellow",
                            "viz_options.2750596149.label": "p95",
                            "viz_options.2750596149.plot_type": "",
                            "viz_options.3723831655.axis": "right",
                            "viz_options.3723831655.color": "brown",
                            "viz_options.3723831655.label": "server-errors",
                            "viz_options.3723831655.plot_type": "",
                            "viz_options.4202610054.axis": "left",
                            "viz_options.4202610054.color": "green",
                            "viz_options.4202610054.label": "p75",
                            "viz_options.4202610054.plot_type": ""
                        },
                        "meta": {},
                        "tainted": false
                    },
                    "deposed": [],
                    "provider": "provider.signalform"
                },
                "signalform_time_chart.queue_listLatestArtifacts": {
                    "type": "signalform_time_chart",
                    "depends_on": [],
                    "primary": {
                        "id": "DU6R_wdAgAA",
                        "attributes": {
                            "axis_left.#": "1",
                            "axis_left.1687451994.high_watermark": "3.4028234663852886E+38",
                            "axis_left.1687451994.label": "duration (ms)",
                            "axis_left.1687451994.low_watermark": "-3.4028234663852886E+38",
                            "axis_left.1687451994.max_value": "3.4028234663852886E+38",
                            "axis_left.1687451994.min_value": "-3.4028234663852886E+38",
                            "axis_right.#": "1",
                            "axis_right.2313185360.high_watermark": "3.4028234663852886E+38",
                            "axis_right.2313185360.label": "requests",
                            "axis_right.2313185360.low_watermark": "-3.4028234663852886E+38",
                            "axis_right.2313185360.max_value": "3.4028234663852886E+38",
                            "axis_right.2313185360.min_value": "-3.4028234663852886E+38",
                            "id": "DU6R_wdAgAA",
                            "last_updated": "1.517446274957E+12",
                            "name": "queue.listLatestArtifacts() duration / count",
                            "plot_type": "LineChart",
                            "program_text": "data(\"taskcluster-queue.api.listLatestArtifacts.all.5m.count\", rollup=\"sum\", extrapolation=\"zero\").publish(label=\"count\")\ndata(\"taskcluster-queue.api.listLatestArtifacts.client-error.5m.count\", rollup=\"sum\", extrapolation=\"zero\").publish(label=\"client-errors\")\ndata(\"taskcluster-queue.api.listLatestArtifacts.server-error.5m.count\", rollup=\"sum\", extrapolation=\"zero\").publish(label=\"server-errors\")\ndata(\"taskcluster-queue.api.listLatestArtifacts.all.5m.max\", rollup=\"max\").publish(label=\"max\")\ndata(\"taskcluster-queue.api.listLatestArtifacts.all.5m.p99\", rollup=\"max\").publish(label=\"p99\")\ndata(\"taskcluster-queue.api.listLatestArtifacts.all.5m.p95\", rollup=\"max\").publish(label=\"p95\")\ndata(\"taskcluster-queue.api.listLatestArtifacts.all.5m.p75\", rollup=\"max\").publish(label=\"p75\")\ndata(\"taskcluster-queue.api.listLatestArtifacts.all.5m.p50\", rollup=\"max\").publish(label=\"p50\")\ndata(\"taskcluster-queue.api.listLatestArtifacts.all.5m.p25\", rollup=\"max\").publish(label=\"p25\")\ndata(\"taskcluster-queue.api.listLatestArtifacts.all.5m.min\", rollup=\"min\").publish(label=\"min\")\n",
                            "resource_url": "https://app.signalfx.com/#/chart/\u003cid\u003e",
                            "show_data_markers": "true",
                            "stacked": "false",
                            "synced": "true",
                            "time_range": "-1d",
                            "url": "https://app.signalfx.com/#/chart/DU6R_wdAgAA",
                            "viz_options.#": "10",
                            "viz_options.104843832.axis": "left",
                            "viz_options.104843832.color": "green",
                            "viz_options.104843832.label": "p50",
                            "viz_options.104843832.plot_type": "",
                            "viz_options.1086408202.axis": "left",
                            "viz_options.1086408202.color": "green",
                            "viz_options.1086408202.label": "min",
                            "viz_options.1086408202.plot_type": "",
                            "viz_options.167522665.axis": "left",
                            "viz_options.167522665.color": "brown",
                            "viz_options.167522665.label": "max",
                            "viz_options.167522665.plot_type": "AreaChart",
                            "viz_options.1961470473.axis": "right",
                            "viz_options.1961470473.color": "pink",
                            "viz_options.1961470473.label": "count",
                            "viz_options.1961470473.plot_type": "",
                            "viz_options.2128466923.axis": "left",
                            "viz_options.2128466923.color": "green",
                            "viz_options.2128466923.label": "p25",
                            "viz_options.2128466923.plot_type": "",
                            "viz_options.2210909955.axis": "right",
                            "viz_options.2210909955.color": "emerald",
                            "viz_options.2210909955.label": "client-errors",
                            "viz_options.2210909955.plot_type": "",
                            "viz_options.2636455216.axis": "left",
                            "viz_options.2636455216.color": "orange",
                            "viz_options.2636455216.label": "p99",
                            "viz_options.2636455216.plot_type": "",
                            "viz_options.2750596149.axis": "left",
                            "viz_options.2750596149.color": "yellow",
                            "viz_options.2750596149.label": "p95",
                            "viz_options.2750596149.plot_type": "",
                            "viz_options.3723831655.axis": "right",
                            "viz_options.3723831655.color": "brown",
                            "viz_options.3723831655.label": "server-errors",
                            "viz_options.3723831655.plot_type": "",
                            "viz_options.4202610054.axis": "left",
                            "viz_options.4202610054.color": "green",
                            "viz_options.4202610054.label": "p75",
                            "viz_options.4202610054.plot_type": ""
                        },
                        "meta": {},
                        "tainted": false
                    },
                    "deposed": [],
                    "provider": "provider.signalform"
                },
                "signalform_time_chart.queue_listProvisioners": {
                    "type": "signalform_time_chart",
                    "depends_on": [],
                    "primary": {
                        "id": "DU6SCXQAcAA",
                        "attributes": {
                            "axis_left.#": "1",
                            "axis_left.1687451994.high_watermark": "3.4028234663852886E+38",
                            "axis_left.1687451994.label": "duration (ms)",
                            "axis_left.1687451994.low_watermark": "-3.4028234663852886E+38",
                            "axis_left.1687451994.max_value": "3.4028234663852886E+38",
                            "axis_left.1687451994.min_value": "-3.4028234663852886E+38",
                            "axis_right.#": "1",
                            "axis_right.2313185360.high_watermark": "3.4028234663852886E+38",
                            "axis_right.2313185360.label": "requests",
                            "axis_right.2313185360.low_watermark": "-3.4028234663852886E+38",
                            "axis_right.2313185360.max_value": "3.4028234663852886E+38",
                            "axis_right.2313185360.min_value": "-3.4028234663852886E+38",
                            "id": "DU6SCXQAcAA",
                            "last_updated": "1.517446181322E+12",
                            "name": "queue.listProvisioners() duration / count",
                            "plot_type": "LineChart",
                            "program_text": "data(\"taskcluster-queue.api.listProvisioners.all.5m.count\", rollup=\"sum\", extrapolation=\"zero\").publish(label=\"count\")\ndata(\"taskcluster-queue.api.listProvisioners.client-error.5m.count\", rollup=\"sum\", extrapolation=\"zero\").publish(label=\"client-errors\")\ndata(\"taskcluster-queue.api.listProvisioners.server-error.5m.count\", rollup=\"sum\", extrapolation=\"zero\").publish(label=\"server-errors\")\ndata(\"taskcluster-queue.api.listProvisioners.all.5m.max\", rollup=\"max\").publish(label=\"max\")\ndata(\"taskcluster-queue.api.listProvisioners.all.5m.p99\", rollup=\"max\").publish(label=\"p99\")\ndata(\"taskcluster-queue.api.listProvisioners.all.5m.p95\", rollup=\"max\").publish(label=\"p95\")\ndata(\"taskcluster-queue.api.listProvisioners.all.5m.p75\", rollup=\"max\").publish(label=\"p75\")\ndata(\"taskcluster-queue.api.listProvisioners.all.5m.p50\", rollup=\"max\").publish(label=\"p50\")\ndata(\"taskcluster-queue.api.listProvisioners.all.5m.p25\", rollup=\"max\").publish(label=\"p25\")\ndata(\"taskcluster-queue.api.listProvisioners.all.5m.min\", rollup=\"min\").publish(label=\"min\")\n",
                            "resource_url": "https://app.signalfx.com/#/chart/\u003cid\u003e",
                            "show_data_markers": "true",
                            "stacked": "false",
                            "synced": "true",
                            "time_range": "-1d",
                            "url": "https://app.signalfx.com/#/chart/DU6SCXQAcAA",
                            "viz_options.#": "10",
                            "viz_options.104843832.axis": "left",
                            "viz_options.104843832.color": "green",
                            "viz_options.104843832.label": "p50",
                            "viz_options.104843832.plot_type": "",
                            "viz_options.1086408202.axis": "left",
                            "viz_options.1086408202.color": "green",
                            "viz_options.1086408202.label": "min",
                            "viz_options.1086408202.plot_type": "",
                            "viz_options.167522665.axis": "left",
                            "viz_options.167522665.color": "brown",
                            "viz_options.167522665.label": "max",
                            "viz_options.167522665.plot_type": "AreaChart",
                            "viz_options.1961470473.axis": "right",
                            "viz_options.1961470473.color": "pink",
                            "viz_options.1961470473.label": "count",
                            "viz_options.1961470473.plot_type": "",
                            "viz_options.2128466923.axis": "left",
                            "viz_options.2128466923.color": "green",
                            "viz_options.2128466923.label": "p25",
                            "viz_options.2128466923.plot_type": "",
                            "viz_options.2210909955.axis": "right",
                            "viz_options.2210909955.color": "emerald",
                            "viz_options.2210909955.label": "client-errors",
                            "viz_options.2210909955.plot_type": "",
                            "viz_options.2636455216.axis": "left",
                            "viz_options.2636455216.color": "orange",
                            "viz_options.2636455216.label": "p99",
                            "viz_options.2636455216.plot_type": "",
                            "viz_options.2750596149.axis": "left",
                            "viz_options.2750596149.color": "yellow",
                            "viz_options.2750596149.label": "p95",
                            "viz_options.2750596149.plot_type": "",
                            "viz_options.3723831655.axis": "right",
                            "viz_options.3723831655.color": "brown",
                            "viz_options.3723831655.label": "server-errors",
                            "viz_options.3723831655.plot_type": "",
                            "viz_options.4202610054.axis": "left",
                            "viz_options.4202610054.color": "green",
                            "viz_options.4202610054.label": "p75",
                            "viz_options.4202610054.plot_type": ""
                        },
                        "meta": {},
                        "tainted": false
                    },
                    "deposed": [],
                    "provider": "provider.signalform"
                },
                "signalform_time_chart.queue_listTaskGroup": {
                    "type": "signalform_time_chart",
                    "depends_on": [],
                    "primary": {
                        "id": "DU6R_cZAYAA",
                        "attributes": {
                            "axis_left.#": "1",
                            "axis_left.1687451994.high_watermark": "3.4028234663852886E+38",
                            "axis_left.1687451994.label": "duration (ms)",
                            "axis_left.1687451994.low_watermark": "-3.4028234663852886E+38",
                            "axis_left.1687451994.max_value": "3.4028234663852886E+38",
                            "axis_left.1687451994.min_value": "-3.4028234663852886E+38",
                            "axis_right.#": "1",
                            "axis_right.2313185360.high_watermark": "3.4028234663852886E+38",
                            "axis_right.2313185360.label": "requests",
                            "axis_right.2313185360.low_watermark": "-3.4028234663852886E+38",
                            "axis_right.2313185360.max_value": "3.4028234663852886E+38",
                            "axis_right.2313185360.min_value": "-3.4028234663852886E+38",
                            "id": "DU6R_cZAYAA",
                            "last_updated": "1.51744627389E+12",
                            "name": "queue.listTaskGroup() duration / count",
                            "plot_type": "LineChart",
                            "program_text": "data(\"taskcluster-queue.api.listTaskGroup.all.5m.count\", rollup=\"sum\", extrapolation=\"zero\").publish(label=\"count\")\ndata(\"taskcluster-queue.api.listTaskGroup.client-error.5m.count\", rollup=\"sum\", extrapolation=\"zero\").publish(label=\"client-errors\")\ndata(\"taskcluster-queue.api.listTaskGroup.server-error.5m.count\", rollup=\"sum\", extrapolation=\"zero\").publish(label=\"server-errors\")\ndata(\"taskcluster-queue.api.listTaskGroup.all.5m.max\", rollup=\"max\").publish(label=\"max\")\ndata(\"taskcluster-queue.api.listTaskGroup.all.5m.p99\", rollup=\"max\").publish(label=\"p99\")\ndata(\"taskcluster-queue.api.listTaskGroup.all.5m.p95\", rollup=\"max\").publish(label=\"p95\")\ndata(\"taskcluster-queue.api.listTaskGroup.all.5m.p75\", rollup=\"max\").publish(label=\"p75\")\ndata(\"taskcluster-queue.api.listTaskGroup.all.5m.p50\", rollup=\"max\").publish(label=\"p50\")\ndata(\"taskcluster-queue.api.listTaskGroup.all.5m.p25\", rollup=\"max\").publish(label=\"p25\")\ndata(\"taskcluster-queue.api.listTaskGroup.all.5m.min\", rollup=\"min\").publish(label=\"min\")\n",
                            "resource_url": "https://app.signalfx.com/#/chart/\u003cid\u003e",
                            "show_data_markers": "true",
                            "stacked": "false",
                            "synced": "true",
                            "time_range": "-1d",
                            "url": "https://app.signalfx.com/#/chart/DU6R_cZAYAA",
                            "viz_options.#": "10",
                            "viz_options.104843832.axis": "left",
                            "viz_options.104843832.color": "green",
                            "viz_options.104843832.label": "p50",
                            "viz_options.104843832.plot_type": "",
                            "viz_options.1086408202.axis": "left",
                            "viz_options.1086408202.color": "green",
                            "viz_options.1086408202.label": "min",
                            "viz_options.1086408202.plot_type": "",
                            "viz_options.167522665.axis": "left",
                            "viz_options.167522665.color": "brown",
                            "viz_options.167522665.label": "max",
                            "viz_options.167522665.plot_type": "AreaChart",
                            "viz_options.1961470473.axis": "right",
                            "viz_options.1961470473.color": "pink",
                            "viz_options.1961470473.label": "count",
                            "viz_options.1961470473.plot_type": "",
                            "viz_options.2128466923.axis": "left",
                            "viz_options.2128466923.color": "green",
                            "viz_options.2128466923.label": "p25",
                            "viz_options.2128466923.plot_type": "",
                            "viz_options.2210909955.axis": "right",
                            "viz_options.2210909955.color": "emerald",
                            "viz_options.2210909955.label": "client-errors",
                            "viz_options.2210909955.plot_type": "",
                            "viz_options.2636455216.axis": "left",
                            "viz_options.2636455216.color": "orange",
                            "viz_options.2636455216.label": "p99",
                            "viz_options.2636455216.plot_type": "",
                            "viz_options.2750596149.axis": "left",
                            "viz_options.2750596149.color": "yellow",
                            "viz_options.2750596149.label": "p95",
                            "viz_options.2750596149.plot_type": "",
                            "viz_options.3723831655.axis": "right",
                            "viz_options.3723831655.color": "brown",
                            "viz_options.3723831655.label": "server-errors",
                            "viz_options.3723831655.plot_type": "",
                            "viz_options.4202610054.axis": "left",
                            "viz_options.4202610054.color": "green",
                            "viz_options.4202610054.label": "p75",
                            "viz_options.4202610054.plot_type": ""
                        },
                        "meta": {},
                        "tainted": false
                    },
                    "deposed": [],
                    "provider": "provider.signalform"
                },
                "signalform_time_chart.queue_listWorkerTypes": {
                    "type": "signalform_time_chart",
                    "depends_on": [],
                    "primary": {
                        "id": "DU6SA9ZAcAA",
                        "attributes": {
                            "axis_left.#": "1",
                            "axis_left.1687451994.high_watermark": "3.4028234663852886E+38",
                            "axis_left.1687451994.label": "duration (ms)",
                            "axis_left.1687451994.low_watermark": "-3.4028234663852886E+38",
                            "axis_left.1687451994.max_value": "3.4028234663852886E+38",
                            "axis_left.1687451994.min_value": "-3.4028234663852886E+38",
                            "axis_right.#": "1",
                            "axis_right.2313185360.high_watermark": "3.4028234663852886E+38",
                            "axis_right.2313185360.label": "requests",
                            "axis_right.2313185360.low_watermark": "-3.4028234663852886E+38",
                            "axis_right.2313185360.max_value": "3.4028234663852886E+38",
                            "axis_right.2313185360.min_value": "-3.4028234663852886E+38",
                            "id": "DU6SA9ZAcAA",
                            "last_updated": "1.517446183793E+12",
                            "name": "queue.listWorkerTypes() duration / count",
                            "plot_type": "LineChart",
                            "program_text": "data(\"taskcluster-queue.api.listWorkerTypes.all.5m.count\", rollup=\"sum\", extrapolation=\"zero\").publish(label=\"count\")\ndata(\"taskcluster-queue.api.listWorkerTypes.client-error.5m.count\", rollup=\"sum\", extrapolation=\"zero\").publish(label=\"client-errors\")\ndata(\"taskcluster-queue.api.listWorkerTypes.server-error.5m.count\", rollup=\"sum\", extrapolation=\"zero\").publish(label=\"server-errors\")\ndata(\"taskcluster-queue.api.listWorkerTypes.all.5m.max\", rollup=\"max\").publish(label=\"max\")\ndata(\"taskcluster-queue.api.listWorkerTypes.all.5m.p99\", rollup=\"max\").publish(label=\"p99\")\ndata(\"taskcluster-queue.api.listWorkerTypes.all.5m.p95\", rollup=\"max\").publish(label=\"p95\")\ndata(\"taskcluster-queue.api.listWorkerTypes.all.5m.p75\", rollup=\"max\").publish(label=\"p75\")\ndata(\"taskcluster-queue.api.listWorkerTypes.all.5m.p50\", rollup=\"max\").publish(label=\"p50\")\ndata(\"taskcluster-queue.api.listWorkerTypes.all.5m.p25\", rollup=\"max\").publish(label=\"p25\")\ndata(\"taskcluster-queue.api.listWorkerTypes.all.5m.min\", rollup=\"min\").publish(label=\"min\")\n",
                            "resource_url": "https://app.signalfx.com/#/chart/\u003cid\u003e",
                            "show_data_markers": "true",
                            "stacked": "false",
                            "synced": "true",
                            "time_range": "-1d",
                            "url": "https://app.signalfx.com/#/chart/DU6SA9ZAcAA",
                            "viz_options.#": "10",
                            "viz_options.104843832.axis": "left",
                            "viz_options.104843832.color": "green",
                            "viz_options.104843832.label": "p50",
                            "viz_options.104843832.plot_type": "",
                            "viz_options.1086408202.axis": "left",
                            "viz_options.1086408202.color": "green",
                            "viz_options.1086408202.label": "min",
                            "viz_options.1086408202.plot_type": "",
                            "viz_options.167522665.axis": "left",
                            "viz_options.167522665.color": "brown",
                            "viz_options.167522665.label": "max",
                            "viz_options.167522665.plot_type": "AreaChart",
                            "viz_options.1961470473.axis": "right",
                            "viz_options.1961470473.color": "pink",
                            "viz_options.1961470473.label": "count",
                            "viz_options.1961470473.plot_type": "",
                            "viz_options.2128466923.axis": "left",
                            "viz_options.2128466923.color": "green",
                            "viz_options.2128466923.label": "p25",
                            "viz_options.2128466923.plot_type": "",
                            "viz_options.2210909955.axis": "right",
                            "viz_options.2210909955.color": "emerald",
                            "viz_options.2210909955.label": "client-errors",
                            "viz_options.2210909955.plot_type": "",
                            "viz_options.2636455216.axis": "left",
                            "viz_options.2636455216.color": "orange",
                            "viz_options.2636455216.label": "p99",
                            "viz_options.2636455216.plot_type": "",
                            "viz_options.2750596149.axis": "left",
                            "viz_options.2750596149.color": "yellow",
                            "viz_options.2750596149.label": "p95",
                            "viz_options.2750596149.plot_type": "",
                            "viz_options.3723831655.axis": "right",
                            "viz_options.3723831655.color": "brown",
                            "viz_options.3723831655.label": "server-errors",
                            "viz_options.3723831655.plot_type": "",
                            "viz_options.4202610054.axis": "left",
                            "viz_options.4202610054.color": "green",
                            "viz_options.4202610054.label": "p75",
                            "viz_options.4202610054.plot_type": ""
                        },
                        "meta": {},
                        "tainted": false
                    },
                    "deposed": [],
                    "provider": "provider.signalform"
                },
                "signalform_time_chart.queue_listWorkers": {
                    "type": "signalform_time_chart",
                    "depends_on": [],
                    "primary": {
                        "id": "DU6R_xCAcAA",
                        "attributes": {
                            "axis_left.#": "1",
                            "axis_left.1687451994.high_watermark": "3.4028234663852886E+38",
                            "axis_left.1687451994.label": "duration (ms)",
                            "axis_left.1687451994.low_watermark": "-3.4028234663852886E+38",
                            "axis_left.1687451994.max_value": "3.4028234663852886E+38",
                            "axis_left.1687451994.min_value": "-3.4028234663852886E+38",
                            "axis_right.#": "1",
                            "axis_right.2313185360.high_watermark": "3.4028234663852886E+38",
                            "axis_right.2313185360.label": "requests",
                            "axis_right.2313185360.low_watermark": "-3.4028234663852886E+38",
                            "axis_right.2313185360.max_value": "3.4028234663852886E+38",
                            "axis_right.2313185360.min_value": "-3.4028234663852886E+38",
                            "id": "DU6R_xCAcAA",
                            "last_updated": "1.517446181449E+12",
                            "name": "queue.listWorkers() duration / count",
                            "plot_type": "LineChart",
                            "program_text": "data(\"taskcluster-queue.api.listWorkers.all.5m.count\", rollup=\"sum\", extrapolation=\"zero\").publish(label=\"count\")\ndata(\"taskcluster-queue.api.listWorkers.client-error.5m.count\", rollup=\"sum\", extrapolation=\"zero\").publish(label=\"client-errors\")\ndata(\"taskcluster-queue.api.listWorkers.server-error.5m.count\", rollup=\"sum\", extrapolation=\"zero\").publish(label=\"server-errors\")\ndata(\"taskcluster-queue.api.listWorkers.all.5m.max\", rollup=\"max\").publish(label=\"max\")\ndata(\"taskcluster-queue.api.listWorkers.all.5m.p99\", rollup=\"max\").publish(label=\"p99\")\ndata(\"taskcluster-queue.api.listWorkers.all.5m.p95\", rollup=\"max\").publish(label=\"p95\")\ndata(\"taskcluster-queue.api.listWorkers.all.5m.p75\", rollup=\"max\").publish(label=\"p75\")\ndata(\"taskcluster-queue.api.listWorkers.all.5m.p50\", rollup=\"max\").publish(label=\"p50\")\ndata(\"taskcluster-queue.api.listWorkers.all.5m.p25\", rollup=\"max\").publish(label=\"p25\")\ndata(\"taskcluster-queue.api.listWorkers.all.5m.min\", rollup=\"min\").publish(label=\"min\")\n",
                            "resource_url": "https://app.signalfx.com/#/chart/\u003cid\u003e",
                            "show_data_markers": "true",
                            "stacked": "false",
                            "synced": "true",
                            "time_range": "-1d",
                            "url": "https://app.signalfx.com/#/chart/DU6R_xCAcAA",
                            "viz_options.#": "10",
                            "viz_options.104843832.axis": "left",
                            "viz_options.104843832.color": "green",
                            "viz_options.104843832.label": "p50",
                            "viz_options.104843832.plot_type": "",
                            "viz_options.1086408202.axis": "left",
                            "viz_options.1086408202.color": "green",
                            "viz_options.1086408202.label": "min",
                            "viz_options.1086408202.plot_type": "",
                            "viz_options.167522665.axis": "left",
                            "viz_options.167522665.color": "brown",
                            "viz_options.167522665.label": "max",
                            "viz_options.167522665.plot_type": "AreaChart",
                            "viz_options.1961470473.axis": "right",
                            "viz_options.1961470473.color": "pink",
                            "viz_options.1961470473.label": "count",
                            "viz_options.1961470473.plot_type": "",
                            "viz_options.2128466923.axis": "left",
                            "viz_options.2128466923.color": "green",
                            "viz_options.2128466923.label": "p25",
                            "viz_options.2128466923.plot_type": "",
                            "viz_options.2210909955.axis": "right",
                            "viz_options.2210909955.color": "emerald",
                            "viz_options.2210909955.label": "client-errors",
                            "viz_options.2210909955.plot_type": "",
                            "viz_options.2636455216.axis": "left",
                            "viz_options.2636455216.color": "orange",
                            "viz_options.2636455216.label": "p99",
                            "viz_options.2636455216.plot_type": "",
                            "viz_options.2750596149.axis": "left",
                            "viz_options.2750596149.color": "yellow",
                            "viz_options.2750596149.label": "p95",
                            "viz_options.2750596149.plot_type": "",
                            "viz_options.3723831655.axis": "right",
                            "viz_options.3723831655.color": "brown",
                            "viz_options.3723831655.label": "server-errors",
                            "viz_options.3723831655.plot_type": "",
                            "viz_options.4202610054.axis": "left",
                            "viz_options.4202610054.color": "green",
                            "viz_options.4202610054.label": "p75",
                            "viz_options.4202610054.plot_type": ""
                        },
                        "meta": {},
                        "tainted": false
                    },
                    "deposed": [],
                    "provider": "provider.signalform"
                },
                "signalform_time_chart.queue_pendingTasks": {
                    "type": "signalform_time_chart",
                    "depends_on": [],
                    "primary": {
                        "id": "DU6SBIvAYAA",
                        "attributes": {
                            "axis_left.#": "1",
                            "axis_left.1687451994.high_watermark": "3.4028234663852886E+38",
                            "axis_left.1687451994.label": "duration (ms)",
                            "axis_left.1687451994.low_watermark": "-3.4028234663852886E+38",
                            "axis_left.1687451994.max_value": "3.4028234663852886E+38",
                            "axis_left.1687451994.min_value": "-3.4028234663852886E+38",
                            "axis_right.#": "1",
                            "axis_right.2313185360.high_watermark": "3.4028234663852886E+38",
                            "axis_right.2313185360.label": "requests",
                            "axis_right.2313185360.low_watermark": "-3.4028234663852886E+38",
                            "axis_right.2313185360.max_value": "3.4028234663852886E+38",
                            "axis_right.2313185360.min_value": "-3.4028234663852886E+38",
                            "id": "DU6SBIvAYAA",
                            "last_updated": "1.517446186249E+12",
                            "name": "queue.pendingTasks() duration / count",
                            "plot_type": "LineChart",
                            "program_text": "data(\"taskcluster-queue.api.pendingTasks.all.5m.count\", rollup=\"sum\", extrapolation=\"zero\").publish(label=\"count\")\ndata(\"taskcluster-queue.api.pendingTasks.client-error.5m.count\", rollup=\"sum\", extrapolation=\"zero\").publish(label=\"client-errors\")\ndata(\"taskcluster-queue.api.pendingTasks.server-error.5m.count\", rollup=\"sum\", extrapolation=\"zero\").publish(label=\"server-errors\")\ndata(\"taskcluster-queue.api.pendingTasks.all.5m.max\", rollup=\"max\").publish(label=\"max\")\ndata(\"taskcluster-queue.api.pendingTasks.all.5m.p99\", rollup=\"max\").publish(label=\"p99\")\ndata(\"taskcluster-queue.api.pendingTasks.all.5m.p95\", rollup=\"max\").publish(label=\"p95\")\ndata(\"taskcluster-queue.api.pendingTasks.all.5m.p75\", rollup=\"max\").publish(label=\"p75\")\ndata(\"taskcluster-queue.api.pendingTasks.all.5m.p50\", rollup=\"max\").publish(label=\"p50\")\ndata(\"taskcluster-queue.api.pendingTasks.all.5m.p25\", rollup=\"max\").publish(label=\"p25\")\ndata(\"taskcluster-queue.api.pendingTasks.all.5m.min\", rollup=\"min\").publish(label=\"min\")\n",
                            "resource_url": "https://app.signalfx.com/#/chart/\u003cid\u003e",
                            "show_data_markers": "true",
                            "stacked": "false",
                            "synced": "true",
                            "time_range": "-1d",
                            "url": "https://app.signalfx.com/#/chart/DU6SBIvAYAA",
                            "viz_options.#": "10",
                            "viz_options.104843832.axis": "left",
                            "viz_options.104843832.color": "green",
                            "viz_options.104843832.label": "p50",
                            "viz_options.104843832.plot_type": "",
                            "viz_options.1086408202.axis": "left",
                            "viz_options.1086408202.color": "green",
                            "viz_options.1086408202.label": "min",
                            "viz_options.1086408202.plot_type": "",
                            "viz_options.167522665.axis": "left",
                            "viz_options.167522665.color": "brown",
                            "viz_options.167522665.label": "max",
                            "viz_options.167522665.plot_type": "AreaChart",
                            "viz_options.1961470473.axis": "right",
                            "viz_options.1961470473.color": "pink",
                            "viz_options.1961470473.label": "count",
                            "viz_options.1961470473.plot_type": "",
                            "viz_options.2128466923.axis": "left",
                            "viz_options.2128466923.color": "green",
                            "viz_options.2128466923.label": "p25",
                            "viz_options.2128466923.plot_type": "",
                            "viz_options.2210909955.axis": "right",
                            "viz_options.2210909955.color": "emerald",
                            "viz_options.2210909955.label": "client-errors",
                            "viz_options.2210909955.plot_type": "",
                            "viz_options.2636455216.axis": "left",
                            "viz_options.2636455216.color": "orange",
                            "viz_options.2636455216.label": "p99",
                            "viz_options.2636455216.plot_type": "",
                            "viz_options.2750596149.axis": "left",
                            "viz_options.2750596149.color": "yellow",
                            "viz_options.2750596149.label": "p95",
                            "viz_options.2750596149.plot_type": "",
                            "viz_options.3723831655.axis": "right",
                            "viz_options.3723831655.color": "brown",
                            "viz_options.3723831655.label": "server-errors",
                            "viz_options.3723831655.plot_type": "",
                            "viz_options.4202610054.axis": "left",
                            "viz_options.4202610054.color": "green",
                            "viz_options.4202610054.label": "p75",
                            "viz_options.4202610054.plot_type": ""
                        },
                        "meta": {},
                        "tainted": false
                    },
                    "deposed": [],
                    "provider": "provider.signalform"
                },
                "signalform_time_chart.queue_ping": {
                    "type": "signalform_time_chart",
                    "depends_on": [],
                    "primary": {
                        "id": "DU6SCf8AYAA",
                        "attributes": {
                            "axis_left.#": "1",
                            "axis_left.1687451994.high_watermark": "3.4028234663852886E+38",
                            "axis_left.1687451994.label": "duration (ms)",
                            "axis_left.1687451994.low_watermark": "-3.4028234663852886E+38",
                            "axis_left.1687451994.max_value": "3.4028234663852886E+38",
                            "axis_left.1687451994.min_value": "-3.4028234663852886E+38",
                            "axis_right.#": "1",
                            "axis_right.2313185360.high_watermark": "3.4028234663852886E+38",
                            "axis_right.2313185360.label": "requests",
                            "axis_right.2313185360.low_watermark": "-3.4028234663852886E+38",
                            "axis_right.2313185360.max_value": "3.4028234663852886E+38",
                            "axis_right.2313185360.min_value": "-3.4028234663852886E+38",
                            "id": "DU6SCf8AYAA",
                            "last_updated": "1.517446181825E+12",
                            "name": "queue.ping() duration / count",
                            "plot_type": "LineChart",
                            "program_text": "data(\"taskcluster-queue.api.ping.all.5m.count\", rollup=\"sum\", extrapolation=\"zero\").publish(label=\"count\")\ndata(\"taskcluster-queue.api.ping.client-error.5m.count\", rollup=\"sum\", extrapolation=\"zero\").publish(label=\"client-errors\")\ndata(\"taskcluster-queue.api.ping.server-error.5m.count\", rollup=\"sum\", extrapolation=\"zero\").publish(label=\"server-errors\")\ndata(\"taskcluster-queue.api.ping.all.5m.max\", rollup=\"max\").publish(label=\"max\")\ndata(\"taskcluster-queue.api.ping.all.5m.p99\", rollup=\"max\").publish(label=\"p99\")\ndata(\"taskcluster-queue.api.ping.all.5m.p95\", rollup=\"max\").publish(label=\"p95\")\ndata(\"taskcluster-queue.api.ping.all.5m.p75\", rollup=\"max\").publish(label=\"p75\")\ndata(\"taskcluster-queue.api.ping.all.5m.p50\", rollup=\"max\").publish(label=\"p50\")\ndata(\"taskcluster-queue.api.ping.all.5m.p25\", rollup=\"max\").publish(label=\"p25\")\ndata(\"taskcluster-queue.api.ping.all.5m.min\", rollup=\"min\").publish(label=\"min\")\n",
                            "resource_url": "https://app.signalfx.com/#/chart/\u003cid\u003e",
                            "show_data_markers": "true",
                            "stacked": "false",
                            "synced": "true",
                            "time_range": "-1d",
                            "url": "https://app.signalfx.com/#/chart/DU6SCf8AYAA",
                            "viz_options.#": "10",
                            "viz_options.104843832.axis": "left",
                            "viz_options.104843832.color": "green",
                            "viz_options.104843832.label": "p50",
                            "viz_options.104843832.plot_type": "",
                            "viz_options.1086408202.axis": "left",
                            "viz_options.1086408202.color": "green",
                            "viz_options.1086408202.label": "min",
                            "viz_options.1086408202.plot_type": "",
                            "viz_options.167522665.axis": "left",
                            "viz_options.167522665.color": "brown",
                            "viz_options.167522665.label": "max",
                            "viz_options.167522665.plot_type": "AreaChart",
                            "viz_options.1961470473.axis": "right",
                            "viz_options.1961470473.color": "pink",
                            "viz_options.1961470473.label": "count",
                            "viz_options.1961470473.plot_type": "",
                            "viz_options.2128466923.axis": "left",
                            "viz_options.2128466923.color": "green",
                            "viz_options.2128466923.label": "p25",
                            "viz_options.2128466923.plot_type": "",
                            "viz_options.2210909955.axis": "right",
                            "viz_options.2210909955.color": "emerald",
                            "viz_options.2210909955.label": "client-errors",
                            "viz_options.2210909955.plot_type": "",
                            "viz_options.2636455216.axis": "left",
                            "viz_options.2636455216.color": "orange",
                            "viz_options.2636455216.label": "p99",
                            "viz_options.2636455216.plot_type": "",
                            "viz_options.2750596149.axis": "left",
                            "viz_options.2750596149.color": "yellow",
                            "viz_options.2750596149.label": "p95",
                            "viz_options.2750596149.plot_type": "",
                            "viz_options.3723831655.axis": "right",
                            "viz_options.3723831655.color": "brown",
                            "viz_options.3723831655.label": "server-errors",
                            "viz_options.3723831655.plot_type": "",
                            "viz_options.4202610054.axis": "left",
                            "viz_options.4202610054.color": "green",
                            "viz_options.4202610054.label": "p75",
                            "viz_options.4202610054.plot_type": ""
                        },
                        "meta": {},
                        "tainted": false
                    },
                    "deposed": [],
                    "provider": "provider.signalform"
                },
                "signalform_time_chart.queue_pollTaskUrls": {
                    "type": "signalform_time_chart",
                    "depends_on": [],
                    "primary": {
                        "id": "DU6SBo4AYAA",
                        "attributes": {
                            "axis_left.#": "1",
                            "axis_left.1687451994.high_watermark": "3.4028234663852886E+38",
                            "axis_left.1687451994.label": "duration (ms)",
                            "axis_left.1687451994.low_watermark": "-3.4028234663852886E+38",
                            "axis_left.1687451994.max_value": "3.4028234663852886E+38",
                            "axis_left.1687451994.min_value": "-3.4028234663852886E+38",
                            "axis_right.#": "1",
                            "axis_right.2313185360.high_watermark": "3.4028234663852886E+38",
                            "axis_right.2313185360.label": "requests",
                            "axis_right.2313185360.low_watermark": "-3.4028234663852886E+38",
                            "axis_right.2313185360.max_value": "3.4028234663852886E+38",
                            "axis_right.2313185360.min_value": "-3.4028234663852886E+38",
                            "id": "DU6SBo4AYAA",
                            "last_updated": "1.517446273764E+12",
                            "name": "queue.pollTaskUrls() duration / count",
                            "plot_type": "LineChart",
                            "program_text": "data(\"taskcluster-queue.api.pollTaskUrls.all.5m.count\", rollup=\"sum\", extrapolation=\"zero\").publish(label=\"count\")\ndata(\"taskcluster-queue.api.pollTaskUrls.client-error.5m.count\", rollup=\"sum\", extrapolation=\"zero\").publish(label=\"client-errors\")\ndata(\"taskcluster-queue.api.pollTaskUrls.server-error.5m.count\", rollup=\"sum\", extrapolation=\"zero\").publish(label=\"server-errors\")\ndata(\"taskcluster-queue.api.pollTaskUrls.all.5m.max\", rollup=\"max\").publish(label=\"max\")\ndata(\"taskcluster-queue.api.pollTaskUrls.all.5m.p99\", rollup=\"max\").publish(label=\"p99\")\ndata(\"taskcluster-queue.api.pollTaskUrls.all.5m.p95\", rollup=\"max\").publish(label=\"p95\")\ndata(\"taskcluster-queue.api.pollTaskUrls.all.5m.p75\", rollup=\"max\").publish(label=\"p75\")\ndata(\"taskcluster-queue.api.pollTaskUrls.all.5m.p50\", rollup=\"max\").publish(label=\"p50\")\ndata(\"taskcluster-queue.api.pollTaskUrls.all.5m.p25\", rollup=\"max\").publish(label=\"p25\")\ndata(\"taskcluster-queue.api.pollTaskUrls.all.5m.min\", rollup=\"min\").publish(label=\"min\")\n",
                            "resource_url": "https://app.signalfx.com/#/chart/\u003cid\u003e",
                            "show_data_markers": "true",
                            "stacked": "false",
                            "synced": "true",
                            "time_range": "-1d",
                            "url": "https://app.signalfx.com/#/chart/DU6SBo4AYAA",
                            "viz_options.#": "10",
                            "viz_options.104843832.axis": "left",
                            "viz_options.104843832.color": "green",
                            "viz_options.104843832.label": "p50",
                            "viz_options.104843832.plot_type": "",
                            "viz_options.1086408202.axis": "left",
                            "viz_options.1086408202.color": "green",
                            "viz_options.1086408202.label": "min",
                            "viz_options.1086408202.plot_type": "",
                            "viz_options.167522665.axis": "left",
                            "viz_options.167522665.color": "brown",
                            "viz_options.167522665.label": "max",
                            "viz_options.167522665.plot_type": "AreaChart",
                            "viz_options.1961470473.axis": "right",
                            "viz_options.1961470473.color": "pink",
                            "viz_options.1961470473.label": "count",
                            "viz_options.1961470473.plot_type": "",
                            "viz_options.2128466923.axis": "left",
                            "viz_options.2128466923.color": "green",
                            "viz_options.2128466923.label": "p25",
                            "viz_options.2128466923.plot_type": "",
                            "viz_options.2210909955.axis": "right",
                            "viz_options.2210909955.color": "emerald",
                            "viz_options.2210909955.label": "client-errors",
                            "viz_options.2210909955.plot_type": "",
                            "viz_options.2636455216.axis": "left",
                            "viz_options.2636455216.color": "orange",
                            "viz_options.2636455216.label": "p99",
                            "viz_options.2636455216.plot_type": "",
                            "viz_options.2750596149.axis": "left",
                            "viz_options.2750596149.color": "yellow",
                            "viz_options.2750596149.label": "p95",
                            "viz_options.2750596149.plot_type": "",
                            "viz_options.3723831655.axis": "right",
                            "viz_options.3723831655.color": "brown",
                            "viz_options.3723831655.label": "server-errors",
                            "viz_options.3723831655.plot_type": "",
                            "viz_options.4202610054.axis": "left",
                            "viz_options.4202610054.color": "green",
                            "viz_options.4202610054.label": "p75",
                            "viz_options.4202610054.plot_type": ""
                        },
                        "meta": {},
                        "tainted": false
                    },
                    "deposed": [],
                    "provider": "provider.signalform"
                },
                "signalform_time_chart.queue_pulse_artifact-created": {
                    "type": "signalform_time_chart",
                    "depends_on": [],
                    "primary": {
                        "id": "DU6SAScAcAA",
                        "attributes": {
                            "axis_left.#": "1",
                            "axis_left.1687451994.high_watermark": "3.4028234663852886E+38",
                            "axis_left.1687451994.label": "duration (ms)",
                            "axis_left.1687451994.low_watermark": "-3.4028234663852886E+38",
                            "axis_left.1687451994.max_value": "3.4028234663852886E+38",
                            "axis_left.1687451994.min_value": "-3.4028234663852886E+38",
                            "axis_right.#": "1",
                            "axis_right.2805749534.high_watermark": "3.4028234663852886E+38",
                            "axis_right.2805749534.label": "messages",
                            "axis_right.2805749534.low_watermark": "-3.4028234663852886E+38",
                            "axis_right.2805749534.max_value": "3.4028234663852886E+38",
                            "axis_right.2805749534.min_value": "-3.4028234663852886E+38",
                            "id": "DU6SAScAcAA",
                            "last_updated": "1.517446184416E+12",
                            "name": "queue - artifact-created publish duration / messages",
                            "plot_type": "LineChart",
                            "program_text": "data(\"taskcluster-queue.publisher.exchange/taskcluster-queue/v1//artifact-created.5m.count\", rollup=\"sum\", extrapolation=\"zero\").publish(label=\"messages\")\ndata(\"taskcluster-queue.publisher.exchange/taskcluster-queue/v1//artifact-created.5m.max\", rollup=\"max\").publish(label=\"max\")\ndata(\"taskcluster-queue.publisher.exchange/taskcluster-queue/v1//artifact-created.5m.p99\", rollup=\"max\").publish(label=\"p99\")\ndata(\"taskcluster-queue.publisher.exchange/taskcluster-queue/v1//artifact-created.5m.p95\", rollup=\"max\").publish(label=\"p95\")\ndata(\"taskcluster-queue.publisher.exchange/taskcluster-queue/v1//artifact-created.5m.p75\", rollup=\"max\").publish(label=\"p75\")\ndata(\"taskcluster-queue.publisher.exchange/taskcluster-queue/v1//artifact-created.5m.p50\", rollup=\"max\").publish(label=\"p50\")\ndata(\"taskcluster-queue.publisher.exchange/taskcluster-queue/v1//artifact-created.5m.p25\", rollup=\"max\").publish(label=\"p25\")\ndata(\"taskcluster-queue.publisher.exchange/taskcluster-queue/v1//artifact-created.5m.min\", rollup=\"min\").publish(label=\"min\")\n",
                            "resource_url": "https://app.signalfx.com/#/chart/\u003cid\u003e",
                            "show_data_markers": "true",
                            "stacked": "false",
                            "synced": "true",
                            "time_range": "-1d",
                            "url": "https://app.signalfx.com/#/chart/DU6SAScAcAA",
                            "viz_options.#": "8",
                            "viz_options.104843832.axis": "left",
                            "viz_options.104843832.color": "green",
                            "viz_options.104843832.label": "p50",
                            "viz_options.104843832.plot_type": "",
                            "viz_options.1086408202.axis": "left",
                            "viz_options.1086408202.color": "green",
                            "viz_options.1086408202.label": "min",
                            "viz_options.1086408202.plot_type": "",
                            "viz_options.167522665.axis": "left",
                            "viz_options.167522665.color": "brown",
                            "viz_options.167522665.label": "max",
                            "viz_options.167522665.plot_type": "AreaChart",
                            "viz_options.2128466923.axis": "left",
                            "viz_options.2128466923.color": "green",
                            "viz_options.2128466923.label": "p25",
                            "viz_options.2128466923.plot_type": "",
                            "viz_options.2636455216.axis": "left",
                            "viz_options.2636455216.color": "orange",
                            "viz_options.2636455216.label": "p99",
                            "viz_options.2636455216.plot_type": "",
                            "viz_options.2750596149.axis": "left",
                            "viz_options.2750596149.color": "yellow",
                            "viz_options.2750596149.label": "p95",
                            "viz_options.2750596149.plot_type": "",
                            "viz_options.4124249296.axis": "right",
                            "viz_options.4124249296.color": "pink",
                            "viz_options.4124249296.label": "messages",
                            "viz_options.4124249296.plot_type": "",
                            "viz_options.4202610054.axis": "left",
                            "viz_options.4202610054.color": "green",
                            "viz_options.4202610054.label": "p75",
                            "viz_options.4202610054.plot_type": ""
                        },
                        "meta": {},
                        "tainted": false
                    },
                    "deposed": [],
                    "provider": "provider.signalform"
                },
                "signalform_time_chart.queue_pulse_task-completed": {
                    "type": "signalform_time_chart",
                    "depends_on": [],
                    "primary": {
                        "id": "DU6SBMhAgAA",
                        "attributes": {
                            "axis_left.#": "1",
                            "axis_left.1687451994.high_watermark": "3.4028234663852886E+38",
                            "axis_left.1687451994.label": "duration (ms)",
                            "axis_left.1687451994.low_watermark": "-3.4028234663852886E+38",
                            "axis_left.1687451994.max_value": "3.4028234663852886E+38",
                            "axis_left.1687451994.min_value": "-3.4028234663852886E+38",
                            "axis_right.#": "1",
                            "axis_right.2805749534.high_watermark": "3.4028234663852886E+38",
                            "axis_right.2805749534.label": "messages",
                            "axis_right.2805749534.low_watermark": "-3.4028234663852886E+38",
                            "axis_right.2805749534.max_value": "3.4028234663852886E+38",
                            "axis_right.2805749534.min_value": "-3.4028234663852886E+38",
                            "id": "DU6SBMhAgAA",
                            "last_updated": "1.517446186388E+12",
                            "name": "queue - task-completed publish duration / messages",
                            "plot_type": "LineChart",
                            "program_text": "data(\"taskcluster-queue.publisher.exchange/taskcluster-queue/v1//task-completed.5m.count\", rollup=\"sum\", extrapolation=\"zero\").publish(label=\"messages\")\ndata(\"taskcluster-queue.publisher.exchange/taskcluster-queue/v1//task-completed.5m.max\", rollup=\"max\").publish(label=\"max\")\ndata(\"taskcluster-queue.publisher.exchange/taskcluster-queue/v1//task-completed.5m.p99\", rollup=\"max\").publish(label=\"p99\")\ndata(\"taskcluster-queue.publisher.exchange/taskcluster-queue/v1//task-completed.5m.p95\", rollup=\"max\").publish(label=\"p95\")\ndata(\"taskcluster-queue.publisher.exchange/taskcluster-queue/v1//task-completed.5m.p75\", rollup=\"max\").publish(label=\"p75\")\ndata(\"taskcluster-queue.publisher.exchange/taskcluster-queue/v1//task-completed.5m.p50\", rollup=\"max\").publish(label=\"p50\")\ndata(\"taskcluster-queue.publisher.exchange/taskcluster-queue/v1//task-completed.5m.p25\", rollup=\"max\").publish(label=\"p25\")\ndata(\"taskcluster-queue.publisher.exchange/taskcluster-queue/v1//task-completed.5m.min\", rollup=\"min\").publish(label=\"min\")\n",
                            "resource_url": "https://app.signalfx.com/#/chart/\u003cid\u003e",
                            "show_data_markers": "true",
                            "stacked": "false",
                            "synced": "true",
                            "time_range": "-1d",
                            "url": "https://app.signalfx.com/#/chart/DU6SBMhAgAA",
                            "viz_options.#": "8",
                            "viz_options.104843832.axis": "left",
                            "viz_options.104843832.color": "green",
                            "viz_options.104843832.label": "p50",
                            "viz_options.104843832.plot_type": "",
                            "viz_options.1086408202.axis": "left",
                            "viz_options.1086408202.color": "green",
                            "viz_options.1086408202.label": "min",
                            "viz_options.1086408202.plot_type": "",
                            "viz_options.167522665.axis": "left",
                            "viz_options.167522665.color": "brown",
                            "viz_options.167522665.label": "max",
                            "viz_options.167522665.plot_type": "AreaChart",
                            "viz_options.2128466923.axis": "left",
                            "viz_options.2128466923.color": "green",
                            "viz_options.2128466923.label": "p25",
                            "viz_options.2128466923.plot_type": "",
                            "viz_options.2636455216.axis": "left",
                            "viz_options.2636455216.color": "orange",
                            "viz_options.2636455216.label": "p99",
                            "viz_options.2636455216.plot_type": "",
                            "viz_options.2750596149.axis": "left",
                            "viz_options.2750596149.color": "yellow",
                            "viz_options.2750596149.label": "p95",
                            "viz_options.2750596149.plot_type": "",
                            "viz_options.4124249296.axis": "right",
                            "viz_options.4124249296.color": "pink",
                            "viz_options.4124249296.label": "messages",
                            "viz_options.4124249296.plot_type": "",
                            "viz_options.4202610054.axis": "left",
                            "viz_options.4202610054.color": "green",
                            "viz_options.4202610054.label": "p75",
                            "viz_options.4202610054.plot_type": ""
                        },
                        "meta": {},
                        "tainted": false
                    },
                    "deposed": [],
                    "provider": "provider.signalform"
                },
                "signalform_time_chart.queue_pulse_task-defined": {
                    "type": "signalform_time_chart",
                    "depends_on": [],
                    "primary": {
                        "id": "DU6R_PaAgAA",
                        "attributes": {
                            "axis_left.#": "1",
                            "axis_left.1687451994.high_watermark": "3.4028234663852886E+38",
                            "axis_left.1687451994.label": "duration (ms)",
                            "axis_left.1687451994.low_watermark": "-3.4028234663852886E+38",
                            "axis_left.1687451994.max_value": "3.4028234663852886E+38",
                            "axis_left.1687451994.min_value": "-3.4028234663852886E+38",
                            "axis_right.#": "1",
                            "axis_right.2805749534.high_watermark": "3.4028234663852886E+38",
                            "axis_right.2805749534.label": "messages",
                            "axis_right.2805749534.low_watermark": "-3.4028234663852886E+38",
                            "axis_right.2805749534.max_value": "3.4028234663852886E+38",
                            "axis_right.2805749534.min_value": "-3.4028234663852886E+38",
                            "id": "DU6R_PaAgAA",
                            "last_updated": "1.517446274614E+12",
                            "name": "queue - task-defined publish duration / messages",
                            "plot_type": "LineChart",
                            "program_text": "data(\"taskcluster-queue.publisher.exchange/taskcluster-queue/v1//task-defined.5m.count\", rollup=\"sum\", extrapolation=\"zero\").publish(label=\"messages\")\ndata(\"taskcluster-queue.publisher.exchange/taskcluster-queue/v1//task-defined.5m.max\", rollup=\"max\").publish(label=\"max\")\ndata(\"taskcluster-queue.publisher.exchange/taskcluster-queue/v1//task-defined.5m.p99\", rollup=\"max\").publish(label=\"p99\")\ndata(\"taskcluster-queue.publisher.exchange/taskcluster-queue/v1//task-defined.5m.p95\", rollup=\"max\").publish(label=\"p95\")\ndata(\"taskcluster-queue.publisher.exchange/taskcluster-queue/v1//task-defined.5m.p75\", rollup=\"max\").publish(label=\"p75\")\ndata(\"taskcluster-queue.publisher.exchange/taskcluster-queue/v1//task-defined.5m.p50\", rollup=\"max\").publish(label=\"p50\")\ndata(\"taskcluster-queue.publisher.exchange/taskcluster-queue/v1//task-defined.5m.p25\", rollup=\"max\").publish(label=\"p25\")\ndata(\"taskcluster-queue.publisher.exchange/taskcluster-queue/v1//task-defined.5m.min\", rollup=\"min\").publish(label=\"min\")\n",
                            "resource_url": "https://app.signalfx.com/#/chart/\u003cid\u003e",
                            "show_data_markers": "true",
                            "stacked": "false",
                            "synced": "true",
                            "time_range": "-1d",
                            "url": "https://app.signalfx.com/#/chart/DU6R_PaAgAA",
                            "viz_options.#": "8",
                            "viz_options.104843832.axis": "left",
                            "viz_options.104843832.color": "green",
                            "viz_options.104843832.label": "p50",
                            "viz_options.104843832.plot_type": "",
                            "viz_options.1086408202.axis": "left",
                            "viz_options.1086408202.color": "green",
                            "viz_options.1086408202.label": "min",
                            "viz_options.1086408202.plot_type": "",
                            "viz_options.167522665.axis": "left",
                            "viz_options.167522665.color": "brown",
                            "viz_options.167522665.label": "max",
                            "viz_options.167522665.plot_type": "AreaChart",
                            "viz_options.2128466923.axis": "left",
                            "viz_options.2128466923.color": "green",
                            "viz_options.2128466923.label": "p25",
                            "viz_options.2128466923.plot_type": "",
                            "viz_options.2636455216.axis": "left",
                            "viz_options.2636455216.color": "orange",
                            "viz_options.2636455216.label": "p99",
                            "viz_options.2636455216.plot_type": "",
                            "viz_options.2750596149.axis": "left",
                            "viz_options.2750596149.color": "yellow",
                            "viz_options.2750596149.label": "p95",
                            "viz_options.2750596149.plot_type": "",
                            "viz_options.4124249296.axis": "right",
                            "viz_options.4124249296.color": "pink",
                            "viz_options.4124249296.label": "messages",
                            "viz_options.4124249296.plot_type": "",
                            "viz_options.4202610054.axis": "left",
                            "viz_options.4202610054.color": "green",
                            "viz_options.4202610054.label": "p75",
                            "viz_options.4202610054.plot_type": ""
                        },
                        "meta": {},
                        "tainted": false
                    },
                    "deposed": [],
                    "provider": "provider.signalform"
                },
                "signalform_time_chart.queue_pulse_task-exception": {
                    "type": "signalform_time_chart",
                    "depends_on": [],
                    "primary": {
                        "id": "DU6SAGRAYAA",
                        "attributes": {
                            "axis_left.#": "1",
                            "axis_left.1687451994.high_watermark": "3.4028234663852886E+38",
                            "axis_left.1687451994.label": "duration (ms)",
                            "axis_left.1687451994.low_watermark": "-3.4028234663852886E+38",
                            "axis_left.1687451994.max_value": "3.4028234663852886E+38",
                            "axis_left.1687451994.min_value": "-3.4028234663852886E+38",
                            "axis_right.#": "1",
                            "axis_right.2805749534.high_watermark": "3.4028234663852886E+38",
                            "axis_right.2805749534.label": "messages",
                            "axis_right.2805749534.low_watermark": "-3.4028234663852886E+38",
                            "axis_right.2805749534.max_value": "3.4028234663852886E+38",
                            "axis_right.2805749534.min_value": "-3.4028234663852886E+38",
                            "id": "DU6SAGRAYAA",
                            "last_updated": "1.517446274869E+12",
                            "name": "queue - task-exception publish duration / messages",
                            "plot_type": "LineChart",
                            "program_text": "data(\"taskcluster-queue.publisher.exchange/taskcluster-queue/v1//task-exception.5m.count\", rollup=\"sum\", extrapolation=\"zero\").publish(label=\"messages\")\ndata(\"taskcluster-queue.publisher.exchange/taskcluster-queue/v1//task-exception.5m.max\", rollup=\"max\").publish(label=\"max\")\ndata(\"taskcluster-queue.publisher.exchange/taskcluster-queue/v1//task-exception.5m.p99\", rollup=\"max\").publish(label=\"p99\")\ndata(\"taskcluster-queue.publisher.exchange/taskcluster-queue/v1//task-exception.5m.p95\", rollup=\"max\").publish(label=\"p95\")\ndata(\"taskcluster-queue.publisher.exchange/taskcluster-queue/v1//task-exception.5m.p75\", rollup=\"max\").publish(label=\"p75\")\ndata(\"taskcluster-queue.publisher.exchange/taskcluster-queue/v1//task-exception.5m.p50\", rollup=\"max\").publish(label=\"p50\")\ndata(\"taskcluster-queue.publisher.exchange/taskcluster-queue/v1//task-exception.5m.p25\", rollup=\"max\").publish(label=\"p25\")\ndata(\"taskcluster-queue.publisher.exchange/taskcluster-queue/v1//task-exception.5m.min\", rollup=\"min\").publish(label=\"min\")\n",
                            "resource_url": "https://app.signalfx.com/#/chart/\u003cid\u003e",
                            "show_data_markers": "true",
                            "stacked": "false",
                            "synced": "true",
                            "time_range": "-1d",
                            "url": "https://app.signalfx.com/#/chart/DU6SAGRAYAA",
                            "viz_options.#": "8",
                            "viz_options.104843832.axis": "left",
                            "viz_options.104843832.color": "green",
                            "viz_options.104843832.label": "p50",
                            "viz_options.104843832.plot_type": "",
                            "viz_options.1086408202.axis": "left",
                            "viz_options.1086408202.color": "green",
                            "viz_options.1086408202.label": "min",
                            "viz_options.1086408202.plot_type": "",
                            "viz_options.167522665.axis": "left",
                            "viz_options.167522665.color": "brown",
                            "viz_options.167522665.label": "max",
                            "viz_options.167522665.plot_type": "AreaChart",
                            "viz_options.2128466923.axis": "left",
                            "viz_options.2128466923.color": "green",
                            "viz_options.2128466923.label": "p25",
                            "viz_options.2128466923.plot_type": "",
                            "viz_options.2636455216.axis": "left",
                            "viz_options.2636455216.color": "orange",
                            "viz_options.2636455216.label": "p99",
                            "viz_options.2636455216.plot_type": "",
                            "viz_options.2750596149.axis": "left",
                            "viz_options.2750596149.color": "yellow",
                            "viz_options.2750596149.label": "p95",
                            "viz_options.2750596149.plot_type": "",
                            "viz_options.4124249296.axis": "right",
                            "viz_options.4124249296.color": "pink",
                            "viz_options.4124249296.label": "messages",
                            "viz_options.4124249296.plot_type": "",
                            "viz_options.4202610054.axis": "left",
                            "viz_options.4202610054.color": "green",
                            "viz_options.4202610054.label": "p75",
                            "viz_options.4202610054.plot_type": ""
                        },
                        "meta": {},
                        "tainted": false
                    },
                    "deposed": [],
                    "provider": "provider.signalform"
                },
                "signalform_time_chart.queue_pulse_task-failed": {
                    "type": "signalform_time_chart",
                    "depends_on": [],
                    "primary": {
                        "id": "DU6SAe2AYAA",
                        "attributes": {
                            "axis_left.#": "1",
                            "axis_left.1687451994.high_watermark": "3.4028234663852886E+38",
                            "axis_left.1687451994.label": "duration (ms)",
                            "axis_left.1687451994.low_watermark": "-3.4028234663852886E+38",
                            "axis_left.1687451994.max_value": "3.4028234663852886E+38",
                            "axis_left.1687451994.min_value": "-3.4028234663852886E+38",
                            "axis_right.#": "1",
                            "axis_right.2805749534.high_watermark": "3.4028234663852886E+38",
                            "axis_right.2805749534.label": "messages",
                            "axis_right.2805749534.low_watermark": "-3.4028234663852886E+38",
                            "axis_right.2805749534.max_value": "3.4028234663852886E+38",
                            "axis_right.2805749534.min_value": "-3.4028234663852886E+38",
                            "id": "DU6SAe2AYAA",
                            "last_updated": "1.517446185075E+12",
                            "name": "queue - task-failed publish duration / messages",
                            "plot_type": "LineChart",
                            "program_text": "data(\"taskcluster-queue.publisher.exchange/taskcluster-queue/v1//task-failed.5m.count\", rollup=\"sum\", extrapolation=\"zero\").publish(label=\"messages\")\ndata(\"taskcluster-queue.publisher.exchange/taskcluster-queue/v1//task-failed.5m.max\", rollup=\"max\").publish(label=\"max\")\ndata(\"taskcluster-queue.publisher.exchange/taskcluster-queue/v1//task-failed.5m.p99\", rollup=\"max\").publish(label=\"p99\")\ndata(\"taskcluster-queue.publisher.exchange/taskcluster-queue/v1//task-failed.5m.p95\", rollup=\"max\").publish(label=\"p95\")\ndata(\"taskcluster-queue.publisher.exchange/taskcluster-queue/v1//task-failed.5m.p75\", rollup=\"max\").publish(label=\"p75\")\ndata(\"taskcluster-queue.publisher.exchange/taskcluster-queue/v1//task-failed.5m.p50\", rollup=\"max\").publish(label=\"p50\")\ndata(\"taskcluster-queue.publisher.exchange/taskcluster-queue/v1//task-failed.5m.p25\", rollup=\"max\").publish(label=\"p25\")\ndata(\"taskcluster-queue.publisher.exchange/taskcluster-queue/v1//task-failed.5m.min\", rollup=\"min\").publish(label=\"min\")\n",
                            "resource_url": "https://app.signalfx.com/#/chart/\u003cid\u003e",
                            "show_data_markers": "true",
                            "stacked": "false",
                            "synced": "true",
                            "time_range": "-1d",
                            "url": "https://app.signalfx.com/#/chart/DU6SAe2AYAA",
                            "viz_options.#": "8",
                            "viz_options.104843832.axis": "left",
                            "viz_options.104843832.color": "green",
                            "viz_options.104843832.label": "p50",
                            "viz_options.104843832.plot_type": "",
                            "viz_options.1086408202.axis": "left",
                            "viz_options.1086408202.color": "green",
                            "viz_options.1086408202.label": "min",
                            "viz_options.1086408202.plot_type": "",
                            "viz_options.167522665.axis": "left",
                            "viz_options.167522665.color": "brown",
                            "viz_options.167522665.label": "max",
                            "viz_options.167522665.plot_type": "AreaChart",
                            "viz_options.2128466923.axis": "left",
                            "viz_options.2128466923.color": "green",
                            "viz_options.2128466923.label": "p25",
                            "viz_options.2128466923.plot_type": "",
                            "viz_options.2636455216.axis": "left",
                            "viz_options.2636455216.color": "orange",
                            "viz_options.2636455216.label": "p99",
                            "viz_options.2636455216.plot_type": "",
                            "viz_options.2750596149.axis": "left",
                            "viz_options.2750596149.color": "yellow",
                            "viz_options.2750596149.label": "p95",
                            "viz_options.2750596149.plot_type": "",
                            "viz_options.4124249296.axis": "right",
                            "viz_options.4124249296.color": "pink",
                            "viz_options.4124249296.label": "messages",
                            "viz_options.4124249296.plot_type": "",
                            "viz_options.4202610054.axis": "left",
                            "viz_options.4202610054.color": "green",
                            "viz_options.4202610054.label": "p75",
                            "viz_options.4202610054.plot_type": ""
                        },
                        "meta": {},
                        "tainted": false
                    },
                    "deposed": [],
                    "provider": "provider.signalform"
                },
                "signalform_time_chart.queue_pulse_task-group-resolved": {
                    "type": "signalform_time_chart",
                    "depends_on": [],
                    "primary": {
                        "id": "DU6SAGBAcAA",
                        "attributes": {
                            "axis_left.#": "1",
                            "axis_left.1687451994.high_watermark": "3.4028234663852886E+38",
                            "axis_left.1687451994.label": "duration (ms)",
                            "axis_left.1687451994.low_watermark": "-3.4028234663852886E+38",
                            "axis_left.1687451994.max_value": "3.4028234663852886E+38",
                            "axis_left.1687451994.min_value": "-3.4028234663852886E+38",
                            "axis_right.#": "1",
                            "axis_right.2805749534.high_watermark": "3.4028234663852886E+38",
                            "axis_right.2805749534.label": "messages",
                            "axis_right.2805749534.low_watermark": "-3.4028234663852886E+38",
                            "axis_right.2805749534.max_value": "3.4028234663852886E+38",
                            "axis_right.2805749534.min_value": "-3.4028234663852886E+38",
                            "id": "DU6SAGBAcAA",
                            "last_updated": "1.517446273994E+12",
                            "name": "queue - task-group-resolved publish duration / messages",
                            "plot_type": "LineChart",
                            "program_text": "data(\"taskcluster-queue.publisher.exchange/taskcluster-queue/v1//task-group-resolved.5m.count\", rollup=\"sum\", extrapolation=\"zero\").publish(label=\"messages\")\ndata(\"taskcluster-queue.publisher.exchange/taskcluster-queue/v1//task-group-resolved.5m.max\", rollup=\"max\").publish(label=\"max\")\ndata(\"taskcluster-queue.publisher.exchange/taskcluster-queue/v1//task-group-resolved.5m.p99\", rollup=\"max\").publish(label=\"p99\")\ndata(\"taskcluster-queue.publisher.exchange/taskcluster-queue/v1//task-group-resolved.5m.p95\", rollup=\"max\").publish(label=\"p95\")\ndata(\"taskcluster-queue.publisher.exchange/taskcluster-queue/v1//task-group-resolved.5m.p75\", rollup=\"max\").publish(label=\"p75\")\ndata(\"taskcluster-queue.publisher.exchange/taskcluster-queue/v1//task-group-resolved.5m.p50\", rollup=\"max\").publish(label=\"p50\")\ndata(\"taskcluster-queue.publisher.exchange/taskcluster-queue/v1//task-group-resolved.5m.p25\", rollup=\"max\").publish(label=\"p25\")\ndata(\"taskcluster-queue.publisher.exchange/taskcluster-queue/v1//task-group-resolved.5m.min\", rollup=\"min\").publish(label=\"min\")\n",
                            "resource_url": "https://app.signalfx.com/#/chart/\u003cid\u003e",
                            "show_data_markers": "true",
                            "stacked": "false",
                            "synced": "true",
                            "time_range": "-1d",
                            "url": "https://app.signalfx.com/#/chart/DU6SAGBAcAA",
                            "viz_options.#": "8",
                            "viz_options.104843832.axis": "left",
                            "viz_options.104843832.color": "green",
                            "viz_options.104843832.label": "p50",
                            "viz_options.104843832.plot_type": "",
                            "viz_options.1086408202.axis": "left",
                            "viz_options.1086408202.color": "green",
                            "viz_options.1086408202.label": "min",
                            "viz_options.1086408202.plot_type": "",
                            "viz_options.167522665.axis": "left",
                            "viz_options.167522665.color": "brown",
                            "viz_options.167522665.label": "max",
                            "viz_options.167522665.plot_type": "AreaChart",
                            "viz_options.2128466923.axis": "left",
                            "viz_options.2128466923.color": "green",
                            "viz_options.2128466923.label": "p25",
                            "viz_options.2128466923.plot_type": "",
                            "viz_options.2636455216.axis": "left",
                            "viz_options.2636455216.color": "orange",
                            "viz_options.2636455216.label": "p99",
                            "viz_options.2636455216.plot_type": "",
                            "viz_options.2750596149.axis": "left",
                            "viz_options.2750596149.color": "yellow",
                            "viz_options.2750596149.label": "p95",
                            "viz_options.2750596149.plot_type": "",
                            "viz_options.4124249296.axis": "right",
                            "viz_options.4124249296.color": "pink",
                            "viz_options.4124249296.label": "messages",
                            "viz_options.4124249296.plot_type": "",
                            "viz_options.4202610054.axis": "left",
                            "viz_options.4202610054.color": "green",
                            "viz_options.4202610054.label": "p75",
                            "viz_options.4202610054.plot_type": ""
                        },
                        "meta": {},
                        "tainted": false
                    },
                    "deposed": [],
                    "provider": "provider.signalform"
                },
                "signalform_time_chart.queue_pulse_task-pending": {
                    "type": "signalform_time_chart",
                    "depends_on": [],
                    "primary": {
                        "id": "DU6SAF2AYAA",
                        "attributes": {
                            "axis_left.#": "1",
                            "axis_left.1687451994.high_watermark": "3.4028234663852886E+38",
                            "axis_left.1687451994.label": "duration (ms)",
                            "axis_left.1687451994.low_watermark": "-3.4028234663852886E+38",
                            "axis_left.1687451994.max_value": "3.4028234663852886E+38",
                            "axis_left.1687451994.min_value": "-3.4028234663852886E+38",
                            "axis_right.#": "1",
                            "axis_right.2805749534.high_watermark": "3.4028234663852886E+38",
                            "axis_right.2805749534.label": "messages",
                            "axis_right.2805749534.low_watermark": "-3.4028234663852886E+38",
                            "axis_right.2805749534.max_value": "3.4028234663852886E+38",
                            "axis_right.2805749534.min_value": "-3.4028234663852886E+38",
                            "id": "DU6SAF2AYAA",
                            "last_updated": "1.517446183855E+12",
                            "name": "queue - task-pending publish duration / messages",
                            "plot_type": "LineChart",
                            "program_text": "data(\"taskcluster-queue.publisher.exchange/taskcluster-queue/v1//task-pending.5m.count\", rollup=\"sum\", extrapolation=\"zero\").publish(label=\"messages\")\ndata(\"taskcluster-queue.publisher.exchange/taskcluster-queue/v1//task-pending.5m.max\", rollup=\"max\").publish(label=\"max\")\ndata(\"taskcluster-queue.publisher.exchange/taskcluster-queue/v1//task-pending.5m.p99\", rollup=\"max\").publish(label=\"p99\")\ndata(\"taskcluster-queue.publisher.exchange/taskcluster-queue/v1//task-pending.5m.p95\", rollup=\"max\").publish(label=\"p95\")\ndata(\"taskcluster-queue.publisher.exchange/taskcluster-queue/v1//task-pending.5m.p75\", rollup=\"max\").publish(label=\"p75\")\ndata(\"taskcluster-queue.publisher.exchange/taskcluster-queue/v1//task-pending.5m.p50\", rollup=\"max\").publish(label=\"p50\")\ndata(\"taskcluster-queue.publisher.exchange/taskcluster-queue/v1//task-pending.5m.p25\", rollup=\"max\").publish(label=\"p25\")\ndata(\"taskcluster-queue.publisher.exchange/taskcluster-queue/v1//task-pending.5m.min\", rollup=\"min\").publish(label=\"min\")\n",
                            "resource_url": "https://app.signalfx.com/#/chart/\u003cid\u003e",
                            "show_data_markers": "true",
                            "stacked": "false",
                            "synced": "true",
                            "time_range": "-1d",
                            "url": "https://app.signalfx.com/#/chart/DU6SAF2AYAA",
                            "viz_options.#": "8",
                            "viz_options.104843832.axis": "left",
                            "viz_options.104843832.color": "green",
                            "viz_options.104843832.label": "p50",
                            "viz_options.104843832.plot_type": "",
                            "viz_options.1086408202.axis": "left",
                            "viz_options.1086408202.color": "green",
                            "viz_options.1086408202.label": "min",
                            "viz_options.1086408202.plot_type": "",
                            "viz_options.167522665.axis": "left",
                            "viz_options.167522665.color": "brown",
                            "viz_options.167522665.label": "max",
                            "viz_options.167522665.plot_type": "AreaChart",
                            "viz_options.2128466923.axis": "left",
                            "viz_options.2128466923.color": "green",
                            "viz_options.2128466923.label": "p25",
                            "viz_options.2128466923.plot_type": "",
                            "viz_options.2636455216.axis": "left",
                            "viz_options.2636455216.color": "orange",
                            "viz_options.2636455216.label": "p99",
                            "viz_options.2636455216.plot_type": "",
                            "viz_options.2750596149.axis": "left",
                            "viz_options.2750596149.color": "yellow",
                            "viz_options.2750596149.label": "p95",
                            "viz_options.2750596149.plot_type": "",
                            "viz_options.4124249296.axis": "right",
                            "viz_options.4124249296.color": "pink",
                            "viz_options.4124249296.label": "messages",
                            "viz_options.4124249296.plot_type": "",
                            "viz_options.4202610054.axis": "left",
                            "viz_options.4202610054.color": "green",
                            "viz_options.4202610054.label": "p75",
                            "viz_options.4202610054.plot_type": ""
                        },
                        "meta": {},
                        "tainted": false
                    },
                    "deposed": [],
                    "provider": "provider.signalform"
                },
                "signalform_time_chart.queue_pulse_task-running": {
                    "type": "signalform_time_chart",
                    "depends_on": [],
                    "primary": {
                        "id": "DU6SB7pAYAA",
                        "attributes": {
                            "axis_left.#": "1",
                            "axis_left.1687451994.high_watermark": "3.4028234663852886E+38",
                            "axis_left.1687451994.label": "duration (ms)",
                            "axis_left.1687451994.low_watermark": "-3.4028234663852886E+38",
                            "axis_left.1687451994.max_value": "3.4028234663852886E+38",
                            "axis_left.1687451994.min_value": "-3.4028234663852886E+38",
                            "axis_right.#": "1",
                            "axis_right.2805749534.high_watermark": "3.4028234663852886E+38",
                            "axis_right.2805749534.label": "messages",
                            "axis_right.2805749534.low_watermark": "-3.4028234663852886E+38",
                            "axis_right.2805749534.max_value": "3.4028234663852886E+38",
                            "axis_right.2805749534.min_value": "-3.4028234663852886E+38",
                            "id": "DU6SB7pAYAA",
                            "last_updated": "1.517446180602E+12",
                            "name": "queue - task-running publish duration / messages",
                            "plot_type": "LineChart",
                            "program_text": "data(\"taskcluster-queue.publisher.exchange/taskcluster-queue/v1//task-running.5m.count\", rollup=\"sum\", extrapolation=\"zero\").publish(label=\"messages\")\ndata(\"taskcluster-queue.publisher.exchange/taskcluster-queue/v1//task-running.5m.max\", rollup=\"max\").publish(label=\"max\")\ndata(\"taskcluster-queue.publisher.exchange/taskcluster-queue/v1//task-running.5m.p99\", rollup=\"max\").publish(label=\"p99\")\ndata(\"taskcluster-queue.publisher.exchange/taskcluster-queue/v1//task-running.5m.p95\", rollup=\"max\").publish(label=\"p95\")\ndata(\"taskcluster-queue.publisher.exchange/taskcluster-queue/v1//task-running.5m.p75\", rollup=\"max\").publish(label=\"p75\")\ndata(\"taskcluster-queue.publisher.exchange/taskcluster-queue/v1//task-running.5m.p50\", rollup=\"max\").publish(label=\"p50\")\ndata(\"taskcluster-queue.publisher.exchange/taskcluster-queue/v1//task-running.5m.p25\", rollup=\"max\").publish(label=\"p25\")\ndata(\"taskcluster-queue.publisher.exchange/taskcluster-queue/v1//task-running.5m.min\", rollup=\"min\").publish(label=\"min\")\n",
                            "resource_url": "https://app.signalfx.com/#/chart/\u003cid\u003e",
                            "show_data_markers": "true",
                            "stacked": "false",
                            "synced": "true",
                            "time_range": "-1d",
                            "url": "https://app.signalfx.com/#/chart/DU6SB7pAYAA",
                            "viz_options.#": "8",
                            "viz_options.104843832.axis": "left",
                            "viz_options.104843832.color": "green",
                            "viz_options.104843832.label": "p50",
                            "viz_options.104843832.plot_type": "",
                            "viz_options.1086408202.axis": "left",
                            "viz_options.1086408202.color": "green",
                            "viz_options.1086408202.label": "min",
                            "viz_options.1086408202.plot_type": "",
                            "viz_options.167522665.axis": "left",
                            "viz_options.167522665.color": "brown",
                            "viz_options.167522665.label": "max",
                            "viz_options.167522665.plot_type": "AreaChart",
                            "viz_options.2128466923.axis": "left",
                            "viz_options.2128466923.color": "green",
                            "viz_options.2128466923.label": "p25",
                            "viz_options.2128466923.plot_type": "",
                            "viz_options.2636455216.axis": "left",
                            "viz_options.2636455216.color": "orange",
                            "viz_options.2636455216.label": "p99",
                            "viz_options.2636455216.plot_type": "",
                            "viz_options.2750596149.axis": "left",
                            "viz_options.2750596149.color": "yellow",
                            "viz_options.2750596149.label": "p95",
                            "viz_options.2750596149.plot_type": "",
                            "viz_options.4124249296.axis": "right",
                            "viz_options.4124249296.color": "pink",
                            "viz_options.4124249296.label": "messages",
                            "viz_options.4124249296.plot_type": "",
                            "viz_options.4202610054.axis": "left",
                            "viz_options.4202610054.color": "green",
                            "viz_options.4202610054.label": "p75",
                            "viz_options.4202610054.plot_type": ""
                        },
                        "meta": {},
                        "tainted": false
                    },
                    "deposed": [],
                    "provider": "provider.signalform"
                },
                "signalform_time_chart.queue_quarantineWorker": {
                    "type": "signalform_time_chart",
                    "depends_on": [],
                    "primary": {
                        "id": "DU6SAPpAYAA",
                        "attributes": {
                            "axis_left.#": "1",
                            "axis_left.1687451994.high_watermark": "3.4028234663852886E+38",
                            "axis_left.1687451994.label": "duration (ms)",
                            "axis_left.1687451994.low_watermark": "-3.4028234663852886E+38",
                            "axis_left.1687451994.max_value": "3.4028234663852886E+38",
                            "axis_left.1687451994.min_value": "-3.4028234663852886E+38",
                            "axis_right.#": "1",
                            "axis_right.2313185360.high_watermark": "3.4028234663852886E+38",
                            "axis_right.2313185360.label": "requests",
                            "axis_right.2313185360.low_watermark": "-3.4028234663852886E+38",
                            "axis_right.2313185360.max_value": "3.4028234663852886E+38",
                            "axis_right.2313185360.min_value": "-3.4028234663852886E+38",
                            "id": "DU6SAPpAYAA",
                            "last_updated": "1.517446185119E+12",
                            "name": "queue.quarantineWorker() duration / count",
                            "plot_type": "LineChart",
                            "program_text": "data(\"taskcluster-queue.api.quarantineWorker.all.5m.count\", rollup=\"sum\", extrapolation=\"zero\").publish(label=\"count\")\ndata(\"taskcluster-queue.api.quarantineWorker.client-error.5m.count\", rollup=\"sum\", extrapolation=\"zero\").publish(label=\"client-errors\")\ndata(\"taskcluster-queue.api.quarantineWorker.server-error.5m.count\", rollup=\"sum\", extrapolation=\"zero\").publish(label=\"server-errors\")\ndata(\"taskcluster-queue.api.quarantineWorker.all.5m.max\", rollup=\"max\").publish(label=\"max\")\ndata(\"taskcluster-queue.api.quarantineWorker.all.5m.p99\", rollup=\"max\").publish(label=\"p99\")\ndata(\"taskcluster-queue.api.quarantineWorker.all.5m.p95\", rollup=\"max\").publish(label=\"p95\")\ndata(\"taskcluster-queue.api.quarantineWorker.all.5m.p75\", rollup=\"max\").publish(label=\"p75\")\ndata(\"taskcluster-queue.api.quarantineWorker.all.5m.p50\", rollup=\"max\").publish(label=\"p50\")\ndata(\"taskcluster-queue.api.quarantineWorker.all.5m.p25\", rollup=\"max\").publish(label=\"p25\")\ndata(\"taskcluster-queue.api.quarantineWorker.all.5m.min\", rollup=\"min\").publish(label=\"min\")\n",
                            "resource_url": "https://app.signalfx.com/#/chart/\u003cid\u003e",
                            "show_data_markers": "true",
                            "stacked": "false",
                            "synced": "true",
                            "time_range": "-1d",
                            "url": "https://app.signalfx.com/#/chart/DU6SAPpAYAA",
                            "viz_options.#": "10",
                            "viz_options.104843832.axis": "left",
                            "viz_options.104843832.color": "green",
                            "viz_options.104843832.label": "p50",
                            "viz_options.104843832.plot_type": "",
                            "viz_options.1086408202.axis": "left",
                            "viz_options.1086408202.color": "green",
                            "viz_options.1086408202.label": "min",
                            "viz_options.1086408202.plot_type": "",
                            "viz_options.167522665.axis": "left",
                            "viz_options.167522665.color": "brown",
                            "viz_options.167522665.label": "max",
                            "viz_options.167522665.plot_type": "AreaChart",
                            "viz_options.1961470473.axis": "right",
                            "viz_options.1961470473.color": "pink",
                            "viz_options.1961470473.label": "count",
                            "viz_options.1961470473.plot_type": "",
                            "viz_options.2128466923.axis": "left",
                            "viz_options.2128466923.color": "green",
                            "viz_options.2128466923.label": "p25",
                            "viz_options.2128466923.plot_type": "",
                            "viz_options.2210909955.axis": "right",
                            "viz_options.2210909955.color": "emerald",
                            "viz_options.2210909955.label": "client-errors",
                            "viz_options.2210909955.plot_type": "",
                            "viz_options.2636455216.axis": "left",
                            "viz_options.2636455216.color": "orange",
                            "viz_options.2636455216.label": "p99",
                            "viz_options.2636455216.plot_type": "",
                            "viz_options.2750596149.axis": "left",
                            "viz_options.2750596149.color": "yellow",
                            "viz_options.2750596149.label": "p95",
                            "viz_options.2750596149.plot_type": "",
                            "viz_options.3723831655.axis": "right",
                            "viz_options.3723831655.color": "brown",
                            "viz_options.3723831655.label": "server-errors",
                            "viz_options.3723831655.plot_type": "",
                            "viz_options.4202610054.axis": "left",
                            "viz_options.4202610054.color": "green",
                            "viz_options.4202610054.label": "p75",
                            "viz_options.4202610054.plot_type": ""
                        },
                        "meta": {},
                        "tainted": false
                    },
                    "deposed": [],
                    "provider": "provider.signalform"
                },
                "signalform_time_chart.queue_reclaimTask": {
                    "type": "signalform_time_chart",
                    "depends_on": [],
                    "primary": {
                        "id": "DU6SAFgAYAE",
                        "attributes": {
                            "axis_left.#": "1",
                            "axis_left.1687451994.high_watermark": "3.4028234663852886E+38",
                            "axis_left.1687451994.label": "duration (ms)",
                            "axis_left.1687451994.low_watermark": "-3.4028234663852886E+38",
                            "axis_left.1687451994.max_value": "3.4028234663852886E+38",
                            "axis_left.1687451994.min_value": "-3.4028234663852886E+38",
                            "axis_right.#": "1",
                            "axis_right.2313185360.high_watermark": "3.4028234663852886E+38",
                            "axis_right.2313185360.label": "requests",
                            "axis_right.2313185360.low_watermark": "-3.4028234663852886E+38",
                            "axis_right.2313185360.max_value": "3.4028234663852886E+38",
                            "axis_right.2313185360.min_value": "-3.4028234663852886E+38",
                            "id": "DU6SAFgAYAE",
                            "last_updated": "1.517446275232E+12",
                            "name": "queue.reclaimTask() duration / count",
                            "plot_type": "LineChart",
                            "program_text": "data(\"taskcluster-queue.api.reclaimTask.all.5m.count\", rollup=\"sum\", extrapolation=\"zero\").publish(label=\"count\")\ndata(\"taskcluster-queue.api.reclaimTask.client-error.5m.count\", rollup=\"sum\", extrapolation=\"zero\").publish(label=\"client-errors\")\ndata(\"taskcluster-queue.api.reclaimTask.server-error.5m.count\", rollup=\"sum\", extrapolation=\"zero\").publish(label=\"server-errors\")\ndata(\"taskcluster-queue.api.reclaimTask.all.5m.max\", rollup=\"max\").publish(label=\"max\")\ndata(\"taskcluster-queue.api.reclaimTask.all.5m.p99\", rollup=\"max\").publish(label=\"p99\")\ndata(\"taskcluster-queue.api.reclaimTask.all.5m.p95\", rollup=\"max\").publish(label=\"p95\")\ndata(\"taskcluster-queue.api.reclaimTask.all.5m.p75\", rollup=\"max\").publish(label=\"p75\")\ndata(\"taskcluster-queue.api.reclaimTask.all.5m.p50\", rollup=\"max\").publish(label=\"p50\")\ndata(\"taskcluster-queue.api.reclaimTask.all.5m.p25\", rollup=\"max\").publish(label=\"p25\")\ndata(\"taskcluster-queue.api.reclaimTask.all.5m.min\", rollup=\"min\").publish(label=\"min\")\n",
                            "resource_url": "https://app.signalfx.com/#/chart/\u003cid\u003e",
                            "show_data_markers": "true",
                            "stacked": "false",
                            "synced": "true",
                            "time_range": "-1d",
                            "url": "https://app.signalfx.com/#/chart/DU6SAFgAYAE",
                            "viz_options.#": "10",
                            "viz_options.104843832.axis": "left",
                            "viz_options.104843832.color": "green",
                            "viz_options.104843832.label": "p50",
                            "viz_options.104843832.plot_type": "",
                            "viz_options.1086408202.axis": "left",
                            "viz_options.1086408202.color": "green",
                            "viz_options.1086408202.label": "min",
                            "viz_options.1086408202.plot_type": "",
                            "viz_options.167522665.axis": "left",
                            "viz_options.167522665.color": "brown",
                            "viz_options.167522665.label": "max",
                            "viz_options.167522665.plot_type": "AreaChart",
                            "viz_options.1961470473.axis": "right",
                            "viz_options.1961470473.color": "pink",
                            "viz_options.1961470473.label": "count",
                            "viz_options.1961470473.plot_type": "",
                            "viz_options.2128466923.axis": "left",
                            "viz_options.2128466923.color": "green",
                            "viz_options.2128466923.label": "p25",
                            "viz_options.2128466923.plot_type": "",
                            "viz_options.2210909955.axis": "right",
                            "viz_options.2210909955.color": "emerald",
                            "viz_options.2210909955.label": "client-errors",
                            "viz_options.2210909955.plot_type": "",
                            "viz_options.2636455216.axis": "left",
                            "viz_options.2636455216.color": "orange",
                            "viz_options.2636455216.label": "p99",
                            "viz_options.2636455216.plot_type": "",
                            "viz_options.2750596149.axis": "left",
                            "viz_options.2750596149.color": "yellow",
                            "viz_options.2750596149.label": "p95",
                            "viz_options.2750596149.plot_type": "",
                            "viz_options.3723831655.axis": "right",
                            "viz_options.3723831655.color": "brown",
                            "viz_options.3723831655.label": "server-errors",
                            "viz_options.3723831655.plot_type": "",
                            "viz_options.4202610054.axis": "left",
                            "viz_options.4202610054.color": "green",
                            "viz_options.4202610054.label": "p75",
                            "viz_options.4202610054.plot_type": ""
                        },
                        "meta": {},
                        "tainted": false
                    },
                    "deposed": [],
                    "provider": "provider.signalform"
                },
                "signalform_time_chart.queue_reportCompleted": {
                    "type": "signalform_time_chart",
                    "depends_on": [],
                    "primary": {
                        "id": "DU6R_51AcAA",
                        "attributes": {
                            "axis_left.#": "1",
                            "axis_left.1687451994.high_watermark": "3.4028234663852886E+38",
                            "axis_left.1687451994.label": "duration (ms)",
                            "axis_left.1687451994.low_watermark": "-3.4028234663852886E+38",
                            "axis_left.1687451994.max_value": "3.4028234663852886E+38",
                            "axis_left.1687451994.min_value": "-3.4028234663852886E+38",
                            "axis_right.#": "1",
                            "axis_right.2313185360.high_watermark": "3.4028234663852886E+38",
                            "axis_right.2313185360.label": "requests",
                            "axis_right.2313185360.low_watermark": "-3.4028234663852886E+38",
                            "axis_right.2313185360.max_value": "3.4028234663852886E+38",
                            "axis_right.2313185360.min_value": "-3.4028234663852886E+38",
                            "id": "DU6R_51AcAA",
                            "last_updated": "1.517446182757E+12",
                            "name": "queue.reportCompleted() duration / count",
                            "plot_type": "LineChart",
                            "program_text": "data(\"taskcluster-queue.api.reportCompleted.all.5m.count\", rollup=\"sum\", extrapolation=\"zero\").publish(label=\"count\")\ndata(\"taskcluster-queue.api.reportCompleted.client-error.5m.count\", rollup=\"sum\", extrapolation=\"zero\").publish(label=\"client-errors\")\ndata(\"taskcluster-queue.api.reportCompleted.server-error.5m.count\", rollup=\"sum\", extrapolation=\"zero\").publish(label=\"server-errors\")\ndata(\"taskcluster-queue.api.reportCompleted.all.5m.max\", rollup=\"max\").publish(label=\"max\")\ndata(\"taskcluster-queue.api.reportCompleted.all.5m.p99\", rollup=\"max\").publish(label=\"p99\")\ndata(\"taskcluster-queue.api.reportCompleted.all.5m.p95\", rollup=\"max\").publish(label=\"p95\")\ndata(\"taskcluster-queue.api.reportCompleted.all.5m.p75\", rollup=\"max\").publish(label=\"p75\")\ndata(\"taskcluster-queue.api.reportCompleted.all.5m.p50\", rollup=\"max\").publish(label=\"p50\")\ndata(\"taskcluster-queue.api.reportCompleted.all.5m.p25\", rollup=\"max\").publish(label=\"p25\")\ndata(\"taskcluster-queue.api.reportCompleted.all.5m.min\", rollup=\"min\").publish(label=\"min\")\n",
                            "resource_url": "https://app.signalfx.com/#/chart/\u003cid\u003e",
                            "show_data_markers": "true",
                            "stacked": "false",
                            "synced": "true",
                            "time_range": "-1d",
                            "url": "https://app.signalfx.com/#/chart/DU6R_51AcAA",
                            "viz_options.#": "10",
                            "viz_options.104843832.axis": "left",
                            "viz_options.104843832.color": "green",
                            "viz_options.104843832.label": "p50",
                            "viz_options.104843832.plot_type": "",
                            "viz_options.1086408202.axis": "left",
                            "viz_options.1086408202.color": "green",
                            "viz_options.1086408202.label": "min",
                            "viz_options.1086408202.plot_type": "",
                            "viz_options.167522665.axis": "left",
                            "viz_options.167522665.color": "brown",
                            "viz_options.167522665.label": "max",
                            "viz_options.167522665.plot_type": "AreaChart",
                            "viz_options.1961470473.axis": "right",
                            "viz_options.1961470473.color": "pink",
                            "viz_options.1961470473.label": "count",
                            "viz_options.1961470473.plot_type": "",
                            "viz_options.2128466923.axis": "left",
                            "viz_options.2128466923.color": "green",
                            "viz_options.2128466923.label": "p25",
                            "viz_options.2128466923.plot_type": "",
                            "viz_options.2210909955.axis": "right",
                            "viz_options.2210909955.color": "emerald",
                            "viz_options.2210909955.label": "client-errors",
                            "viz_options.2210909955.plot_type": "",
                            "viz_options.2636455216.axis": "left",
                            "viz_options.2636455216.color": "orange",
                            "viz_options.2636455216.label": "p99",
                            "viz_options.2636455216.plot_type": "",
                            "viz_options.2750596149.axis": "left",
                            "viz_options.2750596149.color": "yellow",
                            "viz_options.2750596149.label": "p95",
                            "viz_options.2750596149.plot_type": "",
                            "viz_options.3723831655.axis": "right",
                            "viz_options.3723831655.color": "brown",
                            "viz_options.3723831655.label": "server-errors",
                            "viz_options.3723831655.plot_type": "",
                            "viz_options.4202610054.axis": "left",
                            "viz_options.4202610054.color": "green",
                            "viz_options.4202610054.label": "p75",
                            "viz_options.4202610054.plot_type": ""
                        },
                        "meta": {},
                        "tainted": false
                    },
                    "deposed": [],
                    "provider": "provider.signalform"
                },
                "signalform_time_chart.queue_reportException": {
                    "type": "signalform_time_chart",
                    "depends_on": [],
                    "primary": {
                        "id": "DU6SAJFAgAA",
                        "attributes": {
                            "axis_left.#": "1",
                            "axis_left.1687451994.high_watermark": "3.4028234663852886E+38",
                            "axis_left.1687451994.label": "duration (ms)",
                            "axis_left.1687451994.low_watermark": "-3.4028234663852886E+38",
                            "axis_left.1687451994.max_value": "3.4028234663852886E+38",
                            "axis_left.1687451994.min_value": "-3.4028234663852886E+38",
                            "axis_right.#": "1",
                            "axis_right.2313185360.high_watermark": "3.4028234663852886E+38",
                            "axis_right.2313185360.label": "requests",
                            "axis_right.2313185360.low_watermark": "-3.4028234663852886E+38",
                            "axis_right.2313185360.max_value": "3.4028234663852886E+38",
                            "axis_right.2313185360.min_value": "-3.4028234663852886E+38",
                            "id": "DU6SAJFAgAA",
                            "last_updated": "1.517446183498E+12",
                            "name": "queue.reportException() duration / count",
                            "plot_type": "LineChart",
                            "program_text": "data(\"taskcluster-queue.api.reportException.all.5m.count\", rollup=\"sum\", extrapolation=\"zero\").publish(label=\"count\")\ndata(\"taskcluster-queue.api.reportException.client-error.5m.count\", rollup=\"sum\", extrapolation=\"zero\").publish(label=\"client-errors\")\ndata(\"taskcluster-queue.api.reportException.server-error.5m.count\", rollup=\"sum\", extrapolation=\"zero\").publish(label=\"server-errors\")\ndata(\"taskcluster-queue.api.reportException.all.5m.max\", rollup=\"max\").publish(label=\"max\")\ndata(\"taskcluster-queue.api.reportException.all.5m.p99\", rollup=\"max\").publish(label=\"p99\")\ndata(\"taskcluster-queue.api.reportException.all.5m.p95\", rollup=\"max\").publish(label=\"p95\")\ndata(\"taskcluster-queue.api.reportException.all.5m.p75\", rollup=\"max\").publish(label=\"p75\")\ndata(\"taskcluster-queue.api.reportException.all.5m.p50\", rollup=\"max\").publish(label=\"p50\")\ndata(\"taskcluster-queue.api.reportException.all.5m.p25\", rollup=\"max\").publish(label=\"p25\")\ndata(\"taskcluster-queue.api.reportException.all.5m.min\", rollup=\"min\").publish(label=\"min\")\n",
                            "resource_url": "https://app.signalfx.com/#/chart/\u003cid\u003e",
                            "show_data_markers": "true",
                            "stacked": "false",
                            "synced": "true",
                            "time_range": "-1d",
                            "url": "https://app.signalfx.com/#/chart/DU6SAJFAgAA",
                            "viz_options.#": "10",
                            "viz_options.104843832.axis": "left",
                            "viz_options.104843832.color": "green",
                            "viz_options.104843832.label": "p50",
                            "viz_options.104843832.plot_type": "",
                            "viz_options.1086408202.axis": "left",
                            "viz_options.1086408202.color": "green",
                            "viz_options.1086408202.label": "min",
                            "viz_options.1086408202.plot_type": "",
                            "viz_options.167522665.axis": "left",
                            "viz_options.167522665.color": "brown",
                            "viz_options.167522665.label": "max",
                            "viz_options.167522665.plot_type": "AreaChart",
                            "viz_options.1961470473.axis": "right",
                            "viz_options.1961470473.color": "pink",
                            "viz_options.1961470473.label": "count",
                            "viz_options.1961470473.plot_type": "",
                            "viz_options.2128466923.axis": "left",
                            "viz_options.2128466923.color": "green",
                            "viz_options.2128466923.label": "p25",
                            "viz_options.2128466923.plot_type": "",
                            "viz_options.2210909955.axis": "right",
                            "viz_options.2210909955.color": "emerald",
                            "viz_options.2210909955.label": "client-errors",
                            "viz_options.2210909955.plot_type": "",
                            "viz_options.2636455216.axis": "left",
                            "viz_options.2636455216.color": "orange",
                            "viz_options.2636455216.label": "p99",
                            "viz_options.2636455216.plot_type": "",
                            "viz_options.2750596149.axis": "left",
                            "viz_options.2750596149.color": "yellow",
                            "viz_options.2750596149.label": "p95",
                            "viz_options.2750596149.plot_type": "",
                            "viz_options.3723831655.axis": "right",
                            "viz_options.3723831655.color": "brown",
                            "viz_options.3723831655.label": "server-errors",
                            "viz_options.3723831655.plot_type": "",
                            "viz_options.4202610054.axis": "left",
                            "viz_options.4202610054.color": "green",
                            "viz_options.4202610054.label": "p75",
                            "viz_options.4202610054.plot_type": ""
                        },
                        "meta": {},
                        "tainted": false
                    },
                    "deposed": [],
                    "provider": "provider.signalform"
                },
                "signalform_time_chart.queue_reportFailed": {
                    "type": "signalform_time_chart",
                    "depends_on": [],
                    "primary": {
                        "id": "DU6SBWhAYAA",
                        "attributes": {
                            "axis_left.#": "1",
                            "axis_left.1687451994.high_watermark": "3.4028234663852886E+38",
                            "axis_left.1687451994.label": "duration (ms)",
                            "axis_left.1687451994.low_watermark": "-3.4028234663852886E+38",
                            "axis_left.1687451994.max_value": "3.4028234663852886E+38",
                            "axis_left.1687451994.min_value": "-3.4028234663852886E+38",
                            "axis_right.#": "1",
                            "axis_right.2313185360.high_watermark": "3.4028234663852886E+38",
                            "axis_right.2313185360.label": "requests",
                            "axis_right.2313185360.low_watermark": "-3.4028234663852886E+38",
                            "axis_right.2313185360.max_value": "3.4028234663852886E+38",
                            "axis_right.2313185360.min_value": "-3.4028234663852886E+38",
                            "id": "DU6SBWhAYAA",
                            "last_updated": "1.5174461878E+12",
                            "name": "queue.reportFailed() duration / count",
                            "plot_type": "LineChart",
                            "program_text": "data(\"taskcluster-queue.api.reportFailed.all.5m.count\", rollup=\"sum\", extrapolation=\"zero\").publish(label=\"count\")\ndata(\"taskcluster-queue.api.reportFailed.client-error.5m.count\", rollup=\"sum\", extrapolation=\"zero\").publish(label=\"client-errors\")\ndata(\"taskcluster-queue.api.reportFailed.server-error.5m.count\", rollup=\"sum\", extrapolation=\"zero\").publish(label=\"server-errors\")\ndata(\"taskcluster-queue.api.reportFailed.all.5m.max\", rollup=\"max\").publish(label=\"max\")\ndata(\"taskcluster-queue.api.reportFailed.all.5m.p99\", rollup=\"max\").publish(label=\"p99\")\ndata(\"taskcluster-queue.api.reportFailed.all.5m.p95\", rollup=\"max\").publish(label=\"p95\")\ndata(\"taskcluster-queue.api.reportFailed.all.5m.p75\", rollup=\"max\").publish(label=\"p75\")\ndata(\"taskcluster-queue.api.reportFailed.all.5m.p50\", rollup=\"max\").publish(label=\"p50\")\ndata(\"taskcluster-queue.api.reportFailed.all.5m.p25\", rollup=\"max\").publish(label=\"p25\")\ndata(\"taskcluster-queue.api.reportFailed.all.5m.min\", rollup=\"min\").publish(label=\"min\")\n",
                            "resource_url": "https://app.signalfx.com/#/chart/\u003cid\u003e",
                            "show_data_markers": "true",
                            "stacked": "false",
                            "synced": "true",
                            "time_range": "-1d",
                            "url": "https://app.signalfx.com/#/chart/DU6SBWhAYAA",
                            "viz_options.#": "10",
                            "viz_options.104843832.axis": "left",
                            "viz_options.104843832.color": "green",
                            "viz_options.104843832.label": "p50",
                            "viz_options.104843832.plot_type": "",
                            "viz_options.1086408202.axis": "left",
                            "viz_options.1086408202.color": "green",
                            "viz_options.1086408202.label": "min",
                            "viz_options.1086408202.plot_type": "",
                            "viz_options.167522665.axis": "left",
                            "viz_options.167522665.color": "brown",
                            "viz_options.167522665.label": "max",
                            "viz_options.167522665.plot_type": "AreaChart",
                            "viz_options.1961470473.axis": "right",
                            "viz_options.1961470473.color": "pink",
                            "viz_options.1961470473.label": "count",
                            "viz_options.1961470473.plot_type": "",
                            "viz_options.2128466923.axis": "left",
                            "viz_options.2128466923.color": "green",
                            "viz_options.2128466923.label": "p25",
                            "viz_options.2128466923.plot_type": "",
                            "viz_options.2210909955.axis": "right",
                            "viz_options.2210909955.color": "emerald",
                            "viz_options.2210909955.label": "client-errors",
                            "viz_options.2210909955.plot_type": "",
                            "viz_options.2636455216.axis": "left",
                            "viz_options.2636455216.color": "orange",
                            "viz_options.2636455216.label": "p99",
                            "viz_options.2636455216.plot_type": "",
                            "viz_options.2750596149.axis": "left",
                            "viz_options.2750596149.color": "yellow",
                            "viz_options.2750596149.label": "p95",
                            "viz_options.2750596149.plot_type": "",
                            "viz_options.3723831655.axis": "right",
                            "viz_options.3723831655.color": "brown",
                            "viz_options.3723831655.label": "server-errors",
                            "viz_options.3723831655.plot_type": "",
                            "viz_options.4202610054.axis": "left",
                            "viz_options.4202610054.color": "green",
                            "viz_options.4202610054.label": "p75",
                            "viz_options.4202610054.plot_type": ""
                        },
                        "meta": {},
                        "tainted": false
                    },
                    "deposed": [],
                    "provider": "provider.signalform"
                },
                "signalform_time_chart.queue_rerunTask": {
                    "type": "signalform_time_chart",
                    "depends_on": [],
                    "primary": {
                        "id": "DU6SDoCAcAA",
                        "attributes": {
                            "axis_left.#": "1",
                            "axis_left.1687451994.high_watermark": "3.4028234663852886E+38",
                            "axis_left.1687451994.label": "duration (ms)",
                            "axis_left.1687451994.low_watermark": "-3.4028234663852886E+38",
                            "axis_left.1687451994.max_value": "3.4028234663852886E+38",
                            "axis_left.1687451994.min_value": "-3.4028234663852886E+38",
                            "axis_right.#": "1",
                            "axis_right.2313185360.high_watermark": "3.4028234663852886E+38",
                            "axis_right.2313185360.label": "requests",
                            "axis_right.2313185360.low_watermark": "-3.4028234663852886E+38",
                            "axis_right.2313185360.max_value": "3.4028234663852886E+38",
                            "axis_right.2313185360.min_value": "-3.4028234663852886E+38",
                            "id": "DU6SDoCAcAA",
                            "last_updated": "1.517446186119E+12",
                            "name": "queue.rerunTask() duration / count",
                            "plot_type": "LineChart",
                            "program_text": "data(\"taskcluster-queue.api.rerunTask.all.5m.count\", rollup=\"sum\", extrapolation=\"zero\").publish(label=\"count\")\ndata(\"taskcluster-queue.api.rerunTask.client-error.5m.count\", rollup=\"sum\", extrapolation=\"zero\").publish(label=\"client-errors\")\ndata(\"taskcluster-queue.api.rerunTask.server-error.5m.count\", rollup=\"sum\", extrapolation=\"zero\").publish(label=\"server-errors\")\ndata(\"taskcluster-queue.api.rerunTask.all.5m.max\", rollup=\"max\").publish(label=\"max\")\ndata(\"taskcluster-queue.api.rerunTask.all.5m.p99\", rollup=\"max\").publish(label=\"p99\")\ndata(\"taskcluster-queue.api.rerunTask.all.5m.p95\", rollup=\"max\").publish(label=\"p95\")\ndata(\"taskcluster-queue.api.rerunTask.all.5m.p75\", rollup=\"max\").publish(label=\"p75\")\ndata(\"taskcluster-queue.api.rerunTask.all.5m.p50\", rollup=\"max\").publish(label=\"p50\")\ndata(\"taskcluster-queue.api.rerunTask.all.5m.p25\", rollup=\"max\").publish(label=\"p25\")\ndata(\"taskcluster-queue.api.rerunTask.all.5m.min\", rollup=\"min\").publish(label=\"min\")\n",
                            "resource_url": "https://app.signalfx.com/#/chart/\u003cid\u003e",
                            "show_data_markers": "true",
                            "stacked": "false",
                            "synced": "true",
                            "time_range": "-1d",
                            "url": "https://app.signalfx.com/#/chart/DU6SDoCAcAA",
                            "viz_options.#": "10",
                            "viz_options.104843832.axis": "left",
                            "viz_options.104843832.color": "green",
                            "viz_options.104843832.label": "p50",
                            "viz_options.104843832.plot_type": "",
                            "viz_options.1086408202.axis": "left",
                            "viz_options.1086408202.color": "green",
                            "viz_options.1086408202.label": "min",
                            "viz_options.1086408202.plot_type": "",
                            "viz_options.167522665.axis": "left",
                            "viz_options.167522665.color": "brown",
                            "viz_options.167522665.label": "max",
                            "viz_options.167522665.plot_type": "AreaChart",
                            "viz_options.1961470473.axis": "right",
                            "viz_options.1961470473.color": "pink",
                            "viz_options.1961470473.label": "count",
                            "viz_options.1961470473.plot_type": "",
                            "viz_options.2128466923.axis": "left",
                            "viz_options.2128466923.color": "green",
                            "viz_options.2128466923.label": "p25",
                            "viz_options.2128466923.plot_type": "",
                            "viz_options.2210909955.axis": "right",
                            "viz_options.2210909955.color": "emerald",
                            "viz_options.2210909955.label": "client-errors",
                            "viz_options.2210909955.plot_type": "",
                            "viz_options.2636455216.axis": "left",
                            "viz_options.2636455216.color": "orange",
                            "viz_options.2636455216.label": "p99",
                            "viz_options.2636455216.plot_type": "",
                            "viz_options.2750596149.axis": "left",
                            "viz_options.2750596149.color": "yellow",
                            "viz_options.2750596149.label": "p95",
                            "viz_options.2750596149.plot_type": "",
                            "viz_options.3723831655.axis": "right",
                            "viz_options.3723831655.color": "brown",
                            "viz_options.3723831655.label": "server-errors",
                            "viz_options.3723831655.plot_type": "",
                            "viz_options.4202610054.axis": "left",
                            "viz_options.4202610054.color": "green",
                            "viz_options.4202610054.label": "p75",
                            "viz_options.4202610054.plot_type": ""
                        },
                        "meta": {},
                        "tainted": false
                    },
                    "deposed": [],
                    "provider": "provider.signalform"
                },
                "signalform_time_chart.queue_scheduleTask": {
                    "type": "signalform_time_chart",
                    "depends_on": [],
                    "primary": {
                        "id": "DU6R_frAYAA",
                        "attributes": {
                            "axis_left.#": "1",
                            "axis_left.1687451994.high_watermark": "3.4028234663852886E+38",
                            "axis_left.1687451994.label": "duration (ms)",
                            "axis_left.1687451994.low_watermark": "-3.4028234663852886E+38",
                            "axis_left.1687451994.max_value": "3.4028234663852886E+38",
                            "axis_left.1687451994.min_value": "-3.4028234663852886E+38",
                            "axis_right.#": "1",
                            "axis_right.2313185360.high_watermark": "3.4028234663852886E+38",
                            "axis_right.2313185360.label": "requests",
                            "axis_right.2313185360.low_watermark": "-3.4028234663852886E+38",
                            "axis_right.2313185360.max_value": "3.4028234663852886E+38",
                            "axis_right.2313185360.min_value": "-3.4028234663852886E+38",
                            "id": "DU6R_frAYAA",
                            "last_updated": "1.517446274464E+12",
                            "name": "queue.scheduleTask() duration / count",
                            "plot_type": "LineChart",
                            "program_text": "data(\"taskcluster-queue.api.scheduleTask.all.5m.count\", rollup=\"sum\", extrapolation=\"zero\").publish(label=\"count\")\ndata(\"taskcluster-queue.api.scheduleTask.client-error.5m.count\", rollup=\"sum\", extrapolation=\"zero\").publish(label=\"client-errors\")\ndata(\"taskcluster-queue.api.scheduleTask.server-error.5m.count\", rollup=\"sum\", extrapolation=\"zero\").publish(label=\"server-errors\")\ndata(\"taskcluster-queue.api.scheduleTask.all.5m.max\", rollup=\"max\").publish(label=\"max\")\ndata(\"taskcluster-queue.api.scheduleTask.all.5m.p99\", rollup=\"max\").publish(label=\"p99\")\ndata(\"taskcluster-queue.api.scheduleTask.all.5m.p95\", rollup=\"max\").publish(label=\"p95\")\ndata(\"taskcluster-queue.api.scheduleTask.all.5m.p75\", rollup=\"max\").publish(label=\"p75\")\ndata(\"taskcluster-queue.api.scheduleTask.all.5m.p50\", rollup=\"max\").publish(label=\"p50\")\ndata(\"taskcluster-queue.api.scheduleTask.all.5m.p25\", rollup=\"max\").publish(label=\"p25\")\ndata(\"taskcluster-queue.api.scheduleTask.all.5m.min\", rollup=\"min\").publish(label=\"min\")\n",
                            "resource_url": "https://app.signalfx.com/#/chart/\u003cid\u003e",
                            "show_data_markers": "true",
                            "stacked": "false",
                            "synced": "true",
                            "time_range": "-1d",
                            "url": "https://app.signalfx.com/#/chart/DU6R_frAYAA",
                            "viz_options.#": "10",
                            "viz_options.104843832.axis": "left",
                            "viz_options.104843832.color": "green",
                            "viz_options.104843832.label": "p50",
                            "viz_options.104843832.plot_type": "",
                            "viz_options.1086408202.axis": "left",
                            "viz_options.1086408202.color": "green",
                            "viz_options.1086408202.label": "min",
                            "viz_options.1086408202.plot_type": "",
                            "viz_options.167522665.axis": "left",
                            "viz_options.167522665.color": "brown",
                            "viz_options.167522665.label": "max",
                            "viz_options.167522665.plot_type": "AreaChart",
                            "viz_options.1961470473.axis": "right",
                            "viz_options.1961470473.color": "pink",
                            "viz_options.1961470473.label": "count",
                            "viz_options.1961470473.plot_type": "",
                            "viz_options.2128466923.axis": "left",
                            "viz_options.2128466923.color": "green",
                            "viz_options.2128466923.label": "p25",
                            "viz_options.2128466923.plot_type": "",
                            "viz_options.2210909955.axis": "right",
                            "viz_options.2210909955.color": "emerald",
                            "viz_options.2210909955.label": "client-errors",
                            "viz_options.2210909955.plot_type": "",
                            "viz_options.2636455216.axis": "left",
                            "viz_options.2636455216.color": "orange",
                            "viz_options.2636455216.label": "p99",
                            "viz_options.2636455216.plot_type": "",
                            "viz_options.2750596149.axis": "left",
                            "viz_options.2750596149.color": "yellow",
                            "viz_options.2750596149.label": "p95",
                            "viz_options.2750596149.plot_type": "",
                            "viz_options.3723831655.axis": "right",
                            "viz_options.3723831655.color": "brown",
                            "viz_options.3723831655.label": "server-errors",
                            "viz_options.3723831655.plot_type": "",
                            "viz_options.4202610054.axis": "left",
                            "viz_options.4202610054.color": "green",
                            "viz_options.4202610054.label": "p75",
                            "viz_options.4202610054.plot_type": ""
                        },
                        "meta": {},
                        "tainted": false
                    },
                    "deposed": [],
                    "provider": "provider.signalform"
                },
                "signalform_time_chart.queue_status": {
                    "type": "signalform_time_chart",
                    "depends_on": [],
                    "primary": {
                        "id": "DU6SB0QAgAA",
                        "attributes": {
                            "axis_left.#": "1",
                            "axis_left.1687451994.high_watermark": "3.4028234663852886E+38",
                            "axis_left.1687451994.label": "duration (ms)",
                            "axis_left.1687451994.low_watermark": "-3.4028234663852886E+38",
                            "axis_left.1687451994.max_value": "3.4028234663852886E+38",
                            "axis_left.1687451994.min_value": "-3.4028234663852886E+38",
                            "axis_right.#": "1",
                            "axis_right.2313185360.high_watermark": "3.4028234663852886E+38",
                            "axis_right.2313185360.label": "requests",
                            "axis_right.2313185360.low_watermark": "-3.4028234663852886E+38",
                            "axis_right.2313185360.max_value": "3.4028234663852886E+38",
                            "axis_right.2313185360.min_value": "-3.4028234663852886E+38",
                            "id": "DU6SB0QAgAA",
                            "last_updated": "1.517446182648E+12",
                            "name": "queue.status() duration / count",
                            "plot_type": "LineChart",
                            "program_text": "data(\"taskcluster-queue.api.status.all.5m.count\", rollup=\"sum\", extrapolation=\"zero\").publish(label=\"count\")\ndata(\"taskcluster-queue.api.status.client-error.5m.count\", rollup=\"sum\", extrapolation=\"zero\").publish(label=\"client-errors\")\ndata(\"taskcluster-queue.api.status.server-error.5m.count\", rollup=\"sum\", extrapolation=\"zero\").publish(label=\"server-errors\")\ndata(\"taskcluster-queue.api.status.all.5m.max\", rollup=\"max\").publish(label=\"max\")\ndata(\"taskcluster-queue.api.status.all.5m.p99\", rollup=\"max\").publish(label=\"p99\")\ndata(\"taskcluster-queue.api.status.all.5m.p95\", rollup=\"max\").publish(label=\"p95\")\ndata(\"taskcluster-queue.api.status.all.5m.p75\", rollup=\"max\").publish(label=\"p75\")\ndata(\"taskcluster-queue.api.status.all.5m.p50\", rollup=\"max\").publish(label=\"p50\")\ndata(\"taskcluster-queue.api.status.all.5m.p25\", rollup=\"max\").publish(label=\"p25\")\ndata(\"taskcluster-queue.api.status.all.5m.min\", rollup=\"min\").publish(label=\"min\")\n",
                            "resource_url": "https://app.signalfx.com/#/chart/\u003cid\u003e",
                            "show_data_markers": "true",
                            "stacked": "false",
                            "synced": "true",
                            "time_range": "-1d",
                            "url": "https://app.signalfx.com/#/chart/DU6SB0QAgAA",
                            "viz_options.#": "10",
                            "viz_options.104843832.axis": "left",
                            "viz_options.104843832.color": "green",
                            "viz_options.104843832.label": "p50",
                            "viz_options.104843832.plot_type": "",
                            "viz_options.1086408202.axis": "left",
                            "viz_options.1086408202.color": "green",
                            "viz_options.1086408202.label": "min",
                            "viz_options.1086408202.plot_type": "",
                            "viz_options.167522665.axis": "left",
                            "viz_options.167522665.color": "brown",
                            "viz_options.167522665.label": "max",
                            "viz_options.167522665.plot_type": "AreaChart",
                            "viz_options.1961470473.axis": "right",
                            "viz_options.1961470473.color": "pink",
                            "viz_options.1961470473.label": "count",
                            "viz_options.1961470473.plot_type": "",
                            "viz_options.2128466923.axis": "left",
                            "viz_options.2128466923.color": "green",
                            "viz_options.2128466923.label": "p25",
                            "viz_options.2128466923.plot_type": "",
                            "viz_options.2210909955.axis": "right",
                            "viz_options.2210909955.color": "emerald",
                            "viz_options.2210909955.label": "client-errors",
                            "viz_options.2210909955.plot_type": "",
                            "viz_options.2636455216.axis": "left",
                            "viz_options.2636455216.color": "orange",
                            "viz_options.2636455216.label": "p99",
                            "viz_options.2636455216.plot_type": "",
                            "viz_options.2750596149.axis": "left",
                            "viz_options.2750596149.color": "yellow",
                            "viz_options.2750596149.label": "p95",
                            "viz_options.2750596149.plot_type": "",
                            "viz_options.3723831655.axis": "right",
                            "viz_options.3723831655.color": "brown",
                            "viz_options.3723831655.label": "server-errors",
                            "viz_options.3723831655.plot_type": "",
                            "viz_options.4202610054.axis": "left",
                            "viz_options.4202610054.color": "green",
                            "viz_options.4202610054.label": "p75",
                            "viz_options.4202610054.plot_type": ""
                        },
                        "meta": {},
                        "tainted": false
                    },
                    "deposed": [],
                    "provider": "provider.signalform"
                },
                "signalform_time_chart.queue_task": {
                    "type": "signalform_time_chart",
                    "depends_on": [],
                    "primary": {
                        "id": "DU6SAxjAgAA",
                        "attributes": {
                            "axis_left.#": "1",
                            "axis_left.1687451994.high_watermark": "3.4028234663852886E+38",
                            "axis_left.1687451994.label": "duration (ms)",
                            "axis_left.1687451994.low_watermark": "-3.4028234663852886E+38",
                            "axis_left.1687451994.max_value": "3.4028234663852886E+38",
                            "axis_left.1687451994.min_value": "-3.4028234663852886E+38",
                            "axis_right.#": "1",
                            "axis_right.2313185360.high_watermark": "3.4028234663852886E+38",
                            "axis_right.2313185360.label": "requests",
                            "axis_right.2313185360.low_watermark": "-3.4028234663852886E+38",
                            "axis_right.2313185360.max_value": "3.4028234663852886E+38",
                            "axis_right.2313185360.min_value": "-3.4028234663852886E+38",
                            "id": "DU6SAxjAgAA",
                            "last_updated": "1.51744618734E+12",
                            "name": "queue.task() duration / count",
                            "plot_type": "LineChart",
                            "program_text": "data(\"taskcluster-queue.api.task.all.5m.count\", rollup=\"sum\", extrapolation=\"zero\").publish(label=\"count\")\ndata(\"taskcluster-queue.api.task.client-error.5m.count\", rollup=\"sum\", extrapolation=\"zero\").publish(label=\"client-errors\")\ndata(\"taskcluster-queue.api.task.server-error.5m.count\", rollup=\"sum\", extrapolation=\"zero\").publish(label=\"server-errors\")\ndata(\"taskcluster-queue.api.task.all.5m.max\", rollup=\"max\").publish(label=\"max\")\ndata(\"taskcluster-queue.api.task.all.5m.p99\", rollup=\"max\").publish(label=\"p99\")\ndata(\"taskcluster-queue.api.task.all.5m.p95\", rollup=\"max\").publish(label=\"p95\")\ndata(\"taskcluster-queue.api.task.all.5m.p75\", rollup=\"max\").publish(label=\"p75\")\ndata(\"taskcluster-queue.api.task.all.5m.p50\", rollup=\"max\").publish(label=\"p50\")\ndata(\"taskcluster-queue.api.task.all.5m.p25\", rollup=\"max\").publish(label=\"p25\")\ndata(\"taskcluster-queue.api.task.all.5m.min\", rollup=\"min\").publish(label=\"min\")\n",
                            "resource_url": "https://app.signalfx.com/#/chart/\u003cid\u003e",
                            "show_data_markers": "true",
                            "stacked": "false",
                            "synced": "true",
                            "time_range": "-1d",
                            "url": "https://app.signalfx.com/#/chart/DU6SAxjAgAA",
                            "viz_options.#": "10",
                            "viz_options.104843832.axis": "left",
                            "viz_options.104843832.color": "green",
                            "viz_options.104843832.label": "p50",
                            "viz_options.104843832.plot_type": "",
                            "viz_options.1086408202.axis": "left",
                            "viz_options.1086408202.color": "green",
                            "viz_options.1086408202.label": "min",
                            "viz_options.1086408202.plot_type": "",
                            "viz_options.167522665.axis": "left",
                            "viz_options.167522665.color": "brown",
                            "viz_options.167522665.label": "max",
                            "viz_options.167522665.plot_type": "AreaChart",
                            "viz_options.1961470473.axis": "right",
                            "viz_options.1961470473.color": "pink",
                            "viz_options.1961470473.label": "count",
                            "viz_options.1961470473.plot_type": "",
                            "viz_options.2128466923.axis": "left",
                            "viz_options.2128466923.color": "green",
                            "viz_options.2128466923.label": "p25",
                            "viz_options.2128466923.plot_type": "",
                            "viz_options.2210909955.axis": "right",
                            "viz_options.2210909955.color": "emerald",
                            "viz_options.2210909955.label": "client-errors",
                            "viz_options.2210909955.plot_type": "",
                            "viz_options.2636455216.axis": "left",
                            "viz_options.2636455216.color": "orange",
                            "viz_options.2636455216.label": "p99",
                            "viz_options.2636455216.plot_type": "",
                            "viz_options.2750596149.axis": "left",
                            "viz_options.2750596149.color": "yellow",
                            "viz_options.2750596149.label": "p95",
                            "viz_options.2750596149.plot_type": "",
                            "viz_options.3723831655.axis": "right",
                            "viz_options.3723831655.color": "brown",
                            "viz_options.3723831655.label": "server-errors",
                            "viz_options.3723831655.plot_type": "",
                            "viz_options.4202610054.axis": "left",
                            "viz_options.4202610054.color": "green",
                            "viz_options.4202610054.label": "p75",
                            "viz_options.4202610054.plot_type": ""
                        },
                        "meta": {},
                        "tainted": false
                    },
                    "deposed": [],
                    "provider": "provider.signalform"
                },
                "signalform_time_chart.secrets_get": {
                    "type": "signalform_time_chart",
                    "depends_on": [],
                    "primary": {
                        "id": "DU6SDYbAcAI",
                        "attributes": {
                            "axis_left.#": "1",
                            "axis_left.1687451994.high_watermark": "3.4028234663852886E+38",
                            "axis_left.1687451994.label": "duration (ms)",
                            "axis_left.1687451994.low_watermark": "-3.4028234663852886E+38",
                            "axis_left.1687451994.max_value": "3.4028234663852886E+38",
                            "axis_left.1687451994.min_value": "-3.4028234663852886E+38",
                            "axis_right.#": "1",
                            "axis_right.2313185360.high_watermark": "3.4028234663852886E+38",
                            "axis_right.2313185360.label": "requests",
                            "axis_right.2313185360.low_watermark": "-3.4028234663852886E+38",
                            "axis_right.2313185360.max_value": "3.4028234663852886E+38",
                            "axis_right.2313185360.min_value": "-3.4028234663852886E+38",
                            "id": "DU6SDYbAcAI",
                            "last_updated": "1.517446185598E+12",
                            "name": "secrets.get() duration / count",
                            "plot_type": "LineChart",
                            "program_text": "data(\"taskcluster-secrets.api.get.all.5m.count\", rollup=\"sum\", extrapolation=\"zero\").publish(label=\"count\")\ndata(\"taskcluster-secrets.api.get.client-error.5m.count\", rollup=\"sum\", extrapolation=\"zero\").publish(label=\"client-errors\")\ndata(\"taskcluster-secrets.api.get.server-error.5m.count\", rollup=\"sum\", extrapolation=\"zero\").publish(label=\"server-errors\")\ndata(\"taskcluster-secrets.api.get.all.5m.max\", rollup=\"max\").publish(label=\"max\")\ndata(\"taskcluster-secrets.api.get.all.5m.p99\", rollup=\"max\").publish(label=\"p99\")\ndata(\"taskcluster-secrets.api.get.all.5m.p95\", rollup=\"max\").publish(label=\"p95\")\ndata(\"taskcluster-secrets.api.get.all.5m.p75\", rollup=\"max\").publish(label=\"p75\")\ndata(\"taskcluster-secrets.api.get.all.5m.p50\", rollup=\"max\").publish(label=\"p50\")\ndata(\"taskcluster-secrets.api.get.all.5m.p25\", rollup=\"max\").publish(label=\"p25\")\ndata(\"taskcluster-secrets.api.get.all.5m.min\", rollup=\"min\").publish(label=\"min\")\n",
                            "resource_url": "https://app.signalfx.com/#/chart/\u003cid\u003e",
                            "show_data_markers": "true",
                            "stacked": "false",
                            "synced": "true",
                            "time_range": "-1d",
                            "url": "https://app.signalfx.com/#/chart/DU6SDYbAcAI",
                            "viz_options.#": "10",
                            "viz_options.104843832.axis": "left",
                            "viz_options.104843832.color": "green",
                            "viz_options.104843832.label": "p50",
                            "viz_options.104843832.plot_type": "",
                            "viz_options.1086408202.axis": "left",
                            "viz_options.1086408202.color": "green",
                            "viz_options.1086408202.label": "min",
                            "viz_options.1086408202.plot_type": "",
                            "viz_options.167522665.axis": "left",
                            "viz_options.167522665.color": "brown",
                            "viz_options.167522665.label": "max",
                            "viz_options.167522665.plot_type": "AreaChart",
                            "viz_options.1961470473.axis": "right",
                            "viz_options.1961470473.color": "pink",
                            "viz_options.1961470473.label": "count",
                            "viz_options.1961470473.plot_type": "",
                            "viz_options.2128466923.axis": "left",
                            "viz_options.2128466923.color": "green",
                            "viz_options.2128466923.label": "p25",
                            "viz_options.2128466923.plot_type": "",
                            "viz_options.2210909955.axis": "right",
                            "viz_options.2210909955.color": "emerald",
                            "viz_options.2210909955.label": "client-errors",
                            "viz_options.2210909955.plot_type": "",
                            "viz_options.2636455216.axis": "left",
                            "viz_options.2636455216.color": "orange",
                            "viz_options.2636455216.label": "p99",
                            "viz_options.2636455216.plot_type": "",
                            "viz_options.2750596149.axis": "left",
                            "viz_options.2750596149.color": "yellow",
                            "viz_options.2750596149.label": "p95",
                            "viz_options.2750596149.plot_type": "",
                            "viz_options.3723831655.axis": "right",
                            "viz_options.3723831655.color": "brown",
                            "viz_options.3723831655.label": "server-errors",
                            "viz_options.3723831655.plot_type": "",
                            "viz_options.4202610054.axis": "left",
                            "viz_options.4202610054.color": "green",
                            "viz_options.4202610054.label": "p75",
                            "viz_options.4202610054.plot_type": ""
                        },
                        "meta": {},
                        "tainted": false
                    },
                    "deposed": [],
                    "provider": "provider.signalform"
                },
                "signalform_time_chart.secrets_list": {
                    "type": "signalform_time_chart",
                    "depends_on": [],
                    "primary": {
                        "id": "DU6SA3yAgAA",
                        "attributes": {
                            "axis_left.#": "1",
                            "axis_left.1687451994.high_watermark": "3.4028234663852886E+38",
                            "axis_left.1687451994.label": "duration (ms)",
                            "axis_left.1687451994.low_watermark": "-3.4028234663852886E+38",
                            "axis_left.1687451994.max_value": "3.4028234663852886E+38",
                            "axis_left.1687451994.min_value": "-3.4028234663852886E+38",
                            "axis_right.#": "1",
                            "axis_right.2313185360.high_watermark": "3.4028234663852886E+38",
                            "axis_right.2313185360.label": "requests",
                            "axis_right.2313185360.low_watermark": "-3.4028234663852886E+38",
                            "axis_right.2313185360.max_value": "3.4028234663852886E+38",
                            "axis_right.2313185360.min_value": "-3.4028234663852886E+38",
                            "id": "DU6SA3yAgAA",
                            "last_updated": "1.517446184977E+12",
                            "name": "secrets.list() duration / count",
                            "plot_type": "LineChart",
                            "program_text": "data(\"taskcluster-secrets.api.list.all.5m.count\", rollup=\"sum\", extrapolation=\"zero\").publish(label=\"count\")\ndata(\"taskcluster-secrets.api.list.client-error.5m.count\", rollup=\"sum\", extrapolation=\"zero\").publish(label=\"client-errors\")\ndata(\"taskcluster-secrets.api.list.server-error.5m.count\", rollup=\"sum\", extrapolation=\"zero\").publish(label=\"server-errors\")\ndata(\"taskcluster-secrets.api.list.all.5m.max\", rollup=\"max\").publish(label=\"max\")\ndata(\"taskcluster-secrets.api.list.all.5m.p99\", rollup=\"max\").publish(label=\"p99\")\ndata(\"taskcluster-secrets.api.list.all.5m.p95\", rollup=\"max\").publish(label=\"p95\")\ndata(\"taskcluster-secrets.api.list.all.5m.p75\", rollup=\"max\").publish(label=\"p75\")\ndata(\"taskcluster-secrets.api.list.all.5m.p50\", rollup=\"max\").publish(label=\"p50\")\ndata(\"taskcluster-secrets.api.list.all.5m.p25\", rollup=\"max\").publish(label=\"p25\")\ndata(\"taskcluster-secrets.api.list.all.5m.min\", rollup=\"min\").publish(label=\"min\")\n",
                            "resource_url": "https://app.signalfx.com/#/chart/\u003cid\u003e",
                            "show_data_markers": "true",
                            "stacked": "false",
                            "synced": "true",
                            "time_range": "-1d",
                            "url": "https://app.signalfx.com/#/chart/DU6SA3yAgAA",
                            "viz_options.#": "10",
                            "viz_options.104843832.axis": "left",
                            "viz_options.104843832.color": "green",
                            "viz_options.104843832.label": "p50",
                            "viz_options.104843832.plot_type": "",
                            "viz_options.1086408202.axis": "left",
                            "viz_options.1086408202.color": "green",
                            "viz_options.1086408202.label": "min",
                            "viz_options.1086408202.plot_type": "",
                            "viz_options.167522665.axis": "left",
                            "viz_options.167522665.color": "brown",
                            "viz_options.167522665.label": "max",
                            "viz_options.167522665.plot_type": "AreaChart",
                            "viz_options.1961470473.axis": "right",
                            "viz_options.1961470473.color": "pink",
                            "viz_options.1961470473.label": "count",
                            "viz_options.1961470473.plot_type": "",
                            "viz_options.2128466923.axis": "left",
                            "viz_options.2128466923.color": "green",
                            "viz_options.2128466923.label": "p25",
                            "viz_options.2128466923.plot_type": "",
                            "viz_options.2210909955.axis": "right",
                            "viz_options.2210909955.color": "emerald",
                            "viz_options.2210909955.label": "client-errors",
                            "viz_options.2210909955.plot_type": "",
                            "viz_options.2636455216.axis": "left",
                            "viz_options.2636455216.color": "orange",
                            "viz_options.2636455216.label": "p99",
                            "viz_options.2636455216.plot_type": "",
                            "viz_options.2750596149.axis": "left",
                            "viz_options.2750596149.color": "yellow",
                            "viz_options.2750596149.label": "p95",
                            "viz_options.2750596149.plot_type": "",
                            "viz_options.3723831655.axis": "right",
                            "viz_options.3723831655.color": "brown",
                            "viz_options.3723831655.label": "server-errors",
                            "viz_options.3723831655.plot_type": "",
                            "viz_options.4202610054.axis": "left",
                            "viz_options.4202610054.color": "green",
                            "viz_options.4202610054.label": "p75",
                            "viz_options.4202610054.plot_type": ""
                        },
                        "meta": {},
                        "tainted": false
                    },
                    "deposed": [],
                    "provider": "provider.signalform"
                },
                "signalform_time_chart.secrets_ping": {
                    "type": "signalform_time_chart",
                    "depends_on": [],
                    "primary": {
                        "id": "DU6SCcXAcAA",
                        "attributes": {
                            "axis_left.#": "1",
                            "axis_left.1687451994.high_watermark": "3.4028234663852886E+38",
                            "axis_left.1687451994.label": "duration (ms)",
                            "axis_left.1687451994.low_watermark": "-3.4028234663852886E+38",
                            "axis_left.1687451994.max_value": "3.4028234663852886E+38",
                            "axis_left.1687451994.min_value": "-3.4028234663852886E+38",
                            "axis_right.#": "1",
                            "axis_right.2313185360.high_watermark": "3.4028234663852886E+38",
                            "axis_right.2313185360.label": "requests",
                            "axis_right.2313185360.low_watermark": "-3.4028234663852886E+38",
                            "axis_right.2313185360.max_value": "3.4028234663852886E+38",
                            "axis_right.2313185360.min_value": "-3.4028234663852886E+38",
                            "id": "DU6SCcXAcAA",
                            "last_updated": "1.517446181763E+12",
                            "name": "secrets.ping() duration / count",
                            "plot_type": "LineChart",
                            "program_text": "data(\"taskcluster-secrets.api.ping.all.5m.count\", rollup=\"sum\", extrapolation=\"zero\").publish(label=\"count\")\ndata(\"taskcluster-secrets.api.ping.client-error.5m.count\", rollup=\"sum\", extrapolation=\"zero\").publish(label=\"client-errors\")\ndata(\"taskcluster-secrets.api.ping.server-error.5m.count\", rollup=\"sum\", extrapolation=\"zero\").publish(label=\"server-errors\")\ndata(\"taskcluster-secrets.api.ping.all.5m.max\", rollup=\"max\").publish(label=\"max\")\ndata(\"taskcluster-secrets.api.ping.all.5m.p99\", rollup=\"max\").publish(label=\"p99\")\ndata(\"taskcluster-secrets.api.ping.all.5m.p95\", rollup=\"max\").publish(label=\"p95\")\ndata(\"taskcluster-secrets.api.ping.all.5m.p75\", rollup=\"max\").publish(label=\"p75\")\ndata(\"taskcluster-secrets.api.ping.all.5m.p50\", rollup=\"max\").publish(label=\"p50\")\ndata(\"taskcluster-secrets.api.ping.all.5m.p25\", rollup=\"max\").publish(label=\"p25\")\ndata(\"taskcluster-secrets.api.ping.all.5m.min\", rollup=\"min\").publish(label=\"min\")\n",
                            "resource_url": "https://app.signalfx.com/#/chart/\u003cid\u003e",
                            "show_data_markers": "true",
                            "stacked": "false",
                            "synced": "true",
                            "time_range": "-1d",
                            "url": "https://app.signalfx.com/#/chart/DU6SCcXAcAA",
                            "viz_options.#": "10",
                            "viz_options.104843832.axis": "left",
                            "viz_options.104843832.color": "green",
                            "viz_options.104843832.label": "p50",
                            "viz_options.104843832.plot_type": "",
                            "viz_options.1086408202.axis": "left",
                            "viz_options.1086408202.color": "green",
                            "viz_options.1086408202.label": "min",
                            "viz_options.1086408202.plot_type": "",
                            "viz_options.167522665.axis": "left",
                            "viz_options.167522665.color": "brown",
                            "viz_options.167522665.label": "max",
                            "viz_options.167522665.plot_type": "AreaChart",
                            "viz_options.1961470473.axis": "right",
                            "viz_options.1961470473.color": "pink",
                            "viz_options.1961470473.label": "count",
                            "viz_options.1961470473.plot_type": "",
                            "viz_options.2128466923.axis": "left",
                            "viz_options.2128466923.color": "green",
                            "viz_options.2128466923.label": "p25",
                            "viz_options.2128466923.plot_type": "",
                            "viz_options.2210909955.axis": "right",
                            "viz_options.2210909955.color": "emerald",
                            "viz_options.2210909955.label": "client-errors",
                            "viz_options.2210909955.plot_type": "",
                            "viz_options.2636455216.axis": "left",
                            "viz_options.2636455216.color": "orange",
                            "viz_options.2636455216.label": "p99",
                            "viz_options.2636455216.plot_type": "",
                            "viz_options.2750596149.axis": "left",
                            "viz_options.2750596149.color": "yellow",
                            "viz_options.2750596149.label": "p95",
                            "viz_options.2750596149.plot_type": "",
                            "viz_options.3723831655.axis": "right",
                            "viz_options.3723831655.color": "brown",
                            "viz_options.3723831655.label": "server-errors",
                            "viz_options.3723831655.plot_type": "",
                            "viz_options.4202610054.axis": "left",
                            "viz_options.4202610054.color": "green",
                            "viz_options.4202610054.label": "p75",
                            "viz_options.4202610054.plot_type": ""
                        },
                        "meta": {},
                        "tainted": false
                    },
                    "deposed": [],
                    "provider": "provider.signalform"
                },
                "signalform_time_chart.secrets_remove": {
                    "type": "signalform_time_chart",
                    "depends_on": [],
                    "primary": {
                        "id": "DU6SCx9AgAA",
                        "attributes": {
                            "axis_left.#": "1",
                            "axis_left.1687451994.high_watermark": "3.4028234663852886E+38",
                            "axis_left.1687451994.label": "duration (ms)",
                            "axis_left.1687451994.low_watermark": "-3.4028234663852886E+38",
                            "axis_left.1687451994.max_value": "3.4028234663852886E+38",
                            "axis_left.1687451994.min_value": "-3.4028234663852886E+38",
                            "axis_right.#": "1",
                            "axis_right.2313185360.high_watermark": "3.4028234663852886E+38",
                            "axis_right.2313185360.label": "requests",
                            "axis_right.2313185360.low_watermark": "-3.4028234663852886E+38",
                            "axis_right.2313185360.max_value": "3.4028234663852886E+38",
                            "axis_right.2313185360.min_value": "-3.4028234663852886E+38",
                            "id": "DU6SCx9AgAA",
                            "last_updated": "1.517446182436E+12",
                            "name": "secrets.remove() duration / count",
                            "plot_type": "LineChart",
                            "program_text": "data(\"taskcluster-secrets.api.remove.all.5m.count\", rollup=\"sum\", extrapolation=\"zero\").publish(label=\"count\")\ndata(\"taskcluster-secrets.api.remove.client-error.5m.count\", rollup=\"sum\", extrapolation=\"zero\").publish(label=\"client-errors\")\ndata(\"taskcluster-secrets.api.remove.server-error.5m.count\", rollup=\"sum\", extrapolation=\"zero\").publish(label=\"server-errors\")\ndata(\"taskcluster-secrets.api.remove.all.5m.max\", rollup=\"max\").publish(label=\"max\")\ndata(\"taskcluster-secrets.api.remove.all.5m.p99\", rollup=\"max\").publish(label=\"p99\")\ndata(\"taskcluster-secrets.api.remove.all.5m.p95\", rollup=\"max\").publish(label=\"p95\")\ndata(\"taskcluster-secrets.api.remove.all.5m.p75\", rollup=\"max\").publish(label=\"p75\")\ndata(\"taskcluster-secrets.api.remove.all.5m.p50\", rollup=\"max\").publish(label=\"p50\")\ndata(\"taskcluster-secrets.api.remove.all.5m.p25\", rollup=\"max\").publish(label=\"p25\")\ndata(\"taskcluster-secrets.api.remove.all.5m.min\", rollup=\"min\").publish(label=\"min\")\n",
                            "resource_url": "https://app.signalfx.com/#/chart/\u003cid\u003e",
                            "show_data_markers": "true",
                            "stacked": "false",
                            "synced": "true",
                            "time_range": "-1d",
                            "url": "https://app.signalfx.com/#/chart/DU6SCx9AgAA",
                            "viz_options.#": "10",
                            "viz_options.104843832.axis": "left",
                            "viz_options.104843832.color": "green",
                            "viz_options.104843832.label": "p50",
                            "viz_options.104843832.plot_type": "",
                            "viz_options.1086408202.axis": "left",
                            "viz_options.1086408202.color": "green",
                            "viz_options.1086408202.label": "min",
                            "viz_options.1086408202.plot_type": "",
                            "viz_options.167522665.axis": "left",
                            "viz_options.167522665.color": "brown",
                            "viz_options.167522665.label": "max",
                            "viz_options.167522665.plot_type": "AreaChart",
                            "viz_options.1961470473.axis": "right",
                            "viz_options.1961470473.color": "pink",
                            "viz_options.1961470473.label": "count",
                            "viz_options.1961470473.plot_type": "",
                            "viz_options.2128466923.axis": "left",
                            "viz_options.2128466923.color": "green",
                            "viz_options.2128466923.label": "p25",
                            "viz_options.2128466923.plot_type": "",
                            "viz_options.2210909955.axis": "right",
                            "viz_options.2210909955.color": "emerald",
                            "viz_options.2210909955.label": "client-errors",
                            "viz_options.2210909955.plot_type": "",
                            "viz_options.2636455216.axis": "left",
                            "viz_options.2636455216.color": "orange",
                            "viz_options.2636455216.label": "p99",
                            "viz_options.2636455216.plot_type": "",
                            "viz_options.2750596149.axis": "left",
                            "viz_options.2750596149.color": "yellow",
                            "viz_options.2750596149.label": "p95",
                            "viz_options.2750596149.plot_type": "",
                            "viz_options.3723831655.axis": "right",
                            "viz_options.3723831655.color": "brown",
                            "viz_options.3723831655.label": "server-errors",
                            "viz_options.3723831655.plot_type": "",
                            "viz_options.4202610054.axis": "left",
                            "viz_options.4202610054.color": "green",
                            "viz_options.4202610054.label": "p75",
                            "viz_options.4202610054.plot_type": ""
                        },
                        "meta": {},
                        "tainted": false
                    },
                    "deposed": [],
                    "provider": "provider.signalform"
                },
                "signalform_time_chart.secrets_set": {
                    "type": "signalform_time_chart",
                    "depends_on": [],
                    "primary": {
                        "id": "DU6SBtFAgAA",
                        "attributes": {
                            "axis_left.#": "1",
                            "axis_left.1687451994.high_watermark": "3.4028234663852886E+38",
                            "axis_left.1687451994.label": "duration (ms)",
                            "axis_left.1687451994.low_watermark": "-3.4028234663852886E+38",
                            "axis_left.1687451994.max_value": "3.4028234663852886E+38",
                            "axis_left.1687451994.min_value": "-3.4028234663852886E+38",
                            "axis_right.#": "1",
                            "axis_right.2313185360.high_watermark": "3.4028234663852886E+38",
                            "axis_right.2313185360.label": "requests",
                            "axis_right.2313185360.low_watermark": "-3.4028234663852886E+38",
                            "axis_right.2313185360.max_value": "3.4028234663852886E+38",
                            "axis_right.2313185360.min_value": "-3.4028234663852886E+38",
                            "id": "DU6SBtFAgAA",
                            "last_updated": "1.517446180522E+12",
                            "name": "secrets.set() duration / count",
                            "plot_type": "LineChart",
                            "program_text": "data(\"taskcluster-secrets.api.set.all.5m.count\", rollup=\"sum\", extrapolation=\"zero\").publish(label=\"count\")\ndata(\"taskcluster-secrets.api.set.client-error.5m.count\", rollup=\"sum\", extrapolation=\"zero\").publish(label=\"client-errors\")\ndata(\"taskcluster-secrets.api.set.server-error.5m.count\", rollup=\"sum\", extrapolation=\"zero\").publish(label=\"server-errors\")\ndata(\"taskcluster-secrets.api.set.all.5m.max\", rollup=\"max\").publish(label=\"max\")\ndata(\"taskcluster-secrets.api.set.all.5m.p99\", rollup=\"max\").publish(label=\"p99\")\ndata(\"taskcluster-secrets.api.set.all.5m.p95\", rollup=\"max\").publish(label=\"p95\")\ndata(\"taskcluster-secrets.api.set.all.5m.p75\", rollup=\"max\").publish(label=\"p75\")\ndata(\"taskcluster-secrets.api.set.all.5m.p50\", rollup=\"max\").publish(label=\"p50\")\ndata(\"taskcluster-secrets.api.set.all.5m.p25\", rollup=\"max\").publish(label=\"p25\")\ndata(\"taskcluster-secrets.api.set.all.5m.min\", rollup=\"min\").publish(label=\"min\")\n",
                            "resource_url": "https://app.signalfx.com/#/chart/\u003cid\u003e",
                            "show_data_markers": "true",
                            "stacked": "false",
                            "synced": "true",
                            "time_range": "-1d",
                            "url": "https://app.signalfx.com/#/chart/DU6SBtFAgAA",
                            "viz_options.#": "10",
                            "viz_options.104843832.axis": "left",
                            "viz_options.104843832.color": "green",
                            "viz_options.104843832.label": "p50",
                            "viz_options.104843832.plot_type": "",
                            "viz_options.1086408202.axis": "left",
                            "viz_options.1086408202.color": "green",
                            "viz_options.1086408202.label": "min",
                            "viz_options.1086408202.plot_type": "",
                            "viz_options.167522665.axis": "left",
                            "viz_options.167522665.color": "brown",
                            "viz_options.167522665.label": "max",
                            "viz_options.167522665.plot_type": "AreaChart",
                            "viz_options.1961470473.axis": "right",
                            "viz_options.1961470473.color": "pink",
                            "viz_options.1961470473.label": "count",
                            "viz_options.1961470473.plot_type": "",
                            "viz_options.2128466923.axis": "left",
                            "viz_options.2128466923.color": "green",
                            "viz_options.2128466923.label": "p25",
                            "viz_options.2128466923.plot_type": "",
                            "viz_options.2210909955.axis": "right",
                            "viz_options.2210909955.color": "emerald",
                            "viz_options.2210909955.label": "client-errors",
                            "viz_options.2210909955.plot_type": "",
                            "viz_options.2636455216.axis": "left",
                            "viz_options.2636455216.color": "orange",
                            "viz_options.2636455216.label": "p99",
                            "viz_options.2636455216.plot_type": "",
                            "viz_options.2750596149.axis": "left",
                            "viz_options.2750596149.color": "yellow",
                            "viz_options.2750596149.label": "p95",
                            "viz_options.2750596149.plot_type": "",
                            "viz_options.3723831655.axis": "right",
                            "viz_options.3723831655.color": "brown",
                            "viz_options.3723831655.label": "server-errors",
                            "viz_options.3723831655.plot_type": "",
                            "viz_options.4202610054.axis": "left",
                            "viz_options.4202610054.color": "green",
                            "viz_options.4202610054.label": "p75",
                            "viz_options.4202610054.plot_type": ""
                        },
                        "meta": {},
                        "tainted": false
                    },
                    "deposed": [],
                    "provider": "provider.signalform"
                },
                "signalform_time_chart.tc-treeherder_pulse_jobs": {
                    "type": "signalform_time_chart",
                    "depends_on": [],
                    "primary": {
                        "id": "DU6SC0hAYAA",
                        "attributes": {
                            "axis_left.#": "1",
                            "axis_left.1687451994.high_watermark": "3.4028234663852886E+38",
                            "axis_left.1687451994.label": "duration (ms)",
                            "axis_left.1687451994.low_watermark": "-3.4028234663852886E+38",
                            "axis_left.1687451994.max_value": "3.4028234663852886E+38",
                            "axis_left.1687451994.min_value": "-3.4028234663852886E+38",
                            "axis_right.#": "1",
                            "axis_right.2805749534.high_watermark": "3.4028234663852886E+38",
                            "axis_right.2805749534.label": "messages",
                            "axis_right.2805749534.low_watermark": "-3.4028234663852886E+38",
                            "axis_right.2805749534.max_value": "3.4028234663852886E+38",
                            "axis_right.2805749534.min_value": "-3.4028234663852886E+38",
                            "id": "DU6SC0hAYAA",
                            "last_updated": "1.517446182571E+12",
                            "name": "tc-treeherder - jobs publish duration / messages",
                            "plot_type": "LineChart",
                            "program_text": "data(\"tc-treeherder.publisher.exchange/taskcluster-treeherder/v1//jobs.5m.count\", rollup=\"sum\", extrapolation=\"zero\").publish(label=\"messages\")\ndata(\"tc-treeherder.publisher.exchange/taskcluster-treeherder/v1//jobs.5m.max\", rollup=\"max\").publish(label=\"max\")\ndata(\"tc-treeherder.publisher.exchange/taskcluster-treeherder/v1//jobs.5m.p99\", rollup=\"max\").publish(label=\"p99\")\ndata(\"tc-treeherder.publisher.exchange/taskcluster-treeherder/v1//jobs.5m.p95\", rollup=\"max\").publish(label=\"p95\")\ndata(\"tc-treeherder.publisher.exchange/taskcluster-treeherder/v1//jobs.5m.p75\", rollup=\"max\").publish(label=\"p75\")\ndata(\"tc-treeherder.publisher.exchange/taskcluster-treeherder/v1//jobs.5m.p50\", rollup=\"max\").publish(label=\"p50\")\ndata(\"tc-treeherder.publisher.exchange/taskcluster-treeherder/v1//jobs.5m.p25\", rollup=\"max\").publish(label=\"p25\")\ndata(\"tc-treeherder.publisher.exchange/taskcluster-treeherder/v1//jobs.5m.min\", rollup=\"min\").publish(label=\"min\")\n",
                            "resource_url": "https://app.signalfx.com/#/chart/\u003cid\u003e",
                            "show_data_markers": "true",
                            "stacked": "false",
                            "synced": "true",
                            "time_range": "-1d",
                            "url": "https://app.signalfx.com/#/chart/DU6SC0hAYAA",
                            "viz_options.#": "8",
                            "viz_options.104843832.axis": "left",
                            "viz_options.104843832.color": "green",
                            "viz_options.104843832.label": "p50",
                            "viz_options.104843832.plot_type": "",
                            "viz_options.1086408202.axis": "left",
                            "viz_options.1086408202.color": "green",
                            "viz_options.1086408202.label": "min",
                            "viz_options.1086408202.plot_type": "",
                            "viz_options.167522665.axis": "left",
                            "viz_options.167522665.color": "brown",
                            "viz_options.167522665.label": "max",
                            "viz_options.167522665.plot_type": "AreaChart",
                            "viz_options.2128466923.axis": "left",
                            "viz_options.2128466923.color": "green",
                            "viz_options.2128466923.label": "p25",
                            "viz_options.2128466923.plot_type": "",
                            "viz_options.2636455216.axis": "left",
                            "viz_options.2636455216.color": "orange",
                            "viz_options.2636455216.label": "p99",
                            "viz_options.2636455216.plot_type": "",
                            "viz_options.2750596149.axis": "left",
                            "viz_options.2750596149.color": "yellow",
                            "viz_options.2750596149.label": "p95",
                            "viz_options.2750596149.plot_type": "",
                            "viz_options.4124249296.axis": "right",
                            "viz_options.4124249296.color": "pink",
                            "viz_options.4124249296.label": "messages",
                            "viz_options.4124249296.plot_type": "",
                            "viz_options.4202610054.axis": "left",
                            "viz_options.4202610054.color": "green",
                            "viz_options.4202610054.label": "p75",
                            "viz_options.4202610054.plot_type": ""
                        },
                        "meta": {},
                        "tainted": false
                    },
                    "deposed": [],
                    "provider": "provider.signalform"
                }
            },
            "depends_on": []
        }
    ]
}
